{
  "version": 4,
  "terraform_version": "1.12.2",
  "serial": 264,
  "lineage": "2ef03a83-1203-95eb-006a-ece410ff2724",
  "outputs": {
    "admin_url": {
      "value": "https://app.retirementadvisorpro.com/admin",
      "type": "string"
    },
    "backend_api_url": {
      "value": "https://app.retirementadvisorpro.com/api",
      "type": "string"
    },
    "backend_codebuild_project_name": {
      "value": "rapro-prod-backend-build",
      "type": "string"
    },
    "backend_ecr_repository_url": {
      "value": "794038228127.dkr.ecr.us-east-1.amazonaws.com/rapro-prod-backend",
      "type": "string"
    },
    "backend_service_name": {
      "value": "rapro-prod-backend",
      "type": "string"
    },
    "backups_bucket": {
      "value": "rapro-prod-backups",
      "type": "string"
    },
    "celery_beat_service_name": {
      "value": "rapro-prod-celery-beat",
      "type": "string"
    },
    "celery_flower_url": {
      "value": "https://app.retirementadvisorpro.com/flower",
      "type": "string"
    },
    "celery_worker_service_name": {
      "value": "rapro-prod-celery-worker",
      "type": "string"
    },
    "cloudwatch_dashboard_url": {
      "value": "https://us-east-1.console.aws.amazon.com/cloudwatch/home?region=us-east-1#dashboards:name=rapro-prod-dashboard",
      "type": "string"
    },
    "codepipeline_artifacts_bucket": {
      "value": "rapro-prod-codepipeline-artifacts",
      "type": "string"
    },
    "codepipeline_name": {
      "value": "rapro-prod-pipeline",
      "type": "string"
    },
    "codepipeline_url": {
      "value": "https://us-east-1.console.aws.amazon.com/codesuite/codepipeline/pipelines/rapro-prod-pipeline/view",
      "type": "string"
    },
    "database_endpoint": {
      "value": "rapro-prod-postgres.cmvso6wyccpe.us-east-1.rds.amazonaws.com:5432",
      "type": "string",
      "sensitive": true
    },
    "database_name": {
      "value": "retirementadvisorpro",
      "type": "string"
    },
    "database_port": {
      "value": 5432,
      "type": "number"
    },
    "database_subnet_ids": {
      "value": [
        "subnet-0e611cf1ba5d69e09",
        "subnet-00b47391dc20a3c1b"
      ],
      "type": [
        "tuple",
        [
          "string",
          "string"
        ]
      ]
    },
    "database_username": {
      "value": "postgres",
      "type": "string",
      "sensitive": true
    },
    "ecs_cluster_arn": {
      "value": "arn:aws:ecs:us-east-1:794038228127:cluster/rapro-prod-cluster",
      "type": "string"
    },
    "ecs_cluster_id": {
      "value": "arn:aws:ecs:us-east-1:794038228127:cluster/rapro-prod-cluster",
      "type": "string"
    },
    "estimated_monthly_costs": {
      "value": {
        "alb": "$16-20",
        "cloudfront": "$0",
        "data_transfer": "$10-30",
        "elasticache_redis": "$25-40",
        "fargate_backend": "${var.backend_min_capacity * 0.25 * 24 * 30}",
        "fargate_celery": "${var.celery_worker_min_capacity * 0.25 * 24 * 30}",
        "fargate_frontend": "${var.frontend_min_capacity * 0.25 * 24 * 30}",
        "nat_gateway": "$32-35",
        "note": "Costs vary based on usage, region, and specific configurations. Use AWS Cost Calculator for precise estimates.",
        "rds_instance": "$30-50",
        "s3_storage": "$5-15",
        "total_estimated": "$150-300 per month"
      },
      "type": [
        "object",
        {
          "alb": "string",
          "cloudfront": "string",
          "data_transfer": "string",
          "elasticache_redis": "string",
          "fargate_backend": "string",
          "fargate_celery": "string",
          "fargate_frontend": "string",
          "nat_gateway": "string",
          "note": "string",
          "rds_instance": "string",
          "s3_storage": "string",
          "total_estimated": "string"
        }
      ]
    },
    "frontend_codebuild_project_name": {
      "value": "rapro-prod-frontend-build",
      "type": "string"
    },
    "frontend_ecr_repository_url": {
      "value": "794038228127.dkr.ecr.us-east-1.amazonaws.com/rapro-prod-frontend",
      "type": "string"
    },
    "frontend_service_name": {
      "value": "rapro-prod-frontend",
      "type": "string"
    },
    "frontend_url": {
      "value": "https://app.retirementadvisorpro.com",
      "type": "string"
    },
    "health_check_urls": {
      "value": {
        "api_status": "https://app.retirementadvisorpro.com/api/",
        "backend_health": "https://app.retirementadvisorpro.com/health/",
        "frontend_health": "https://app.retirementadvisorpro.com/"
      },
      "type": [
        "object",
        {
          "api_status": "string",
          "backend_health": "string",
          "frontend_health": "string"
        }
      ]
    },
    "load_balancer_arn": {
      "value": "arn:aws:elasticloadbalancing:us-east-1:794038228127:loadbalancer/app/rapro-prod-alb/a63e15c80482ba7a",
      "type": "string"
    },
    "load_balancer_dns_name": {
      "value": "rapro-prod-alb-1189160617.us-east-1.elb.amazonaws.com",
      "type": "string"
    },
    "load_balancer_zone_id": {
      "value": "Z35SXDOTRQ7X7K",
      "type": "string"
    },
    "manual_configuration_required": {
      "value": {
        "dns_configuration": "Update your DNS to point app.retirementadvisorpro.com to rapro-prod-alb-1189160617.us-east-1.elb.amazonaws.com",
        "github_token_secret": "Create a secret named 'github-token' in AWS Secrets Manager with your GitHub personal access token",
        "secrets_to_update": [
          {
            "aws_cli_command": "aws ssm put-parameter --name '/rapro-prod/auth0/client-secret' --value 'YOUR_AUTH0_CLIENT_SECRET' --type 'SecureString' --overwrite",
            "description": "Set Auth0 client secret from your Auth0 application",
            "parameter_name": "/rapro-prod/auth0/client-secret"
          },
          {
            "aws_cli_command": "aws ssm put-parameter --name '/rapro-prod/stripe/secret-key' --value 'YOUR_STRIPE_SECRET_KEY' --type 'SecureString' --overwrite",
            "description": "Set Stripe secret key from your Stripe dashboard",
            "parameter_name": "/rapro-prod/stripe/secret-key"
          },
          {
            "aws_cli_command": "aws ssm put-parameter --name '/rapro-prod/stripe/monthly-price-id' --value 'YOUR_MONTHLY_PRICE_ID' --type 'String' --overwrite",
            "description": "Set Stripe monthly subscription price ID",
            "parameter_name": "/rapro-prod/stripe/monthly-price-id"
          },
          {
            "aws_cli_command": "aws ssm put-parameter --name '/rapro-prod/stripe/annual-price-id' --value 'YOUR_ANNUAL_PRICE_ID' --type 'String' --overwrite",
            "description": "Set Stripe annual subscription price ID",
            "parameter_name": "/rapro-prod/stripe/annual-price-id"
          }
        ],
        "ssl_certificate": "Request an SSL certificate in AWS Certificate Manager and update the certificate_arn variable"
      },
      "type": [
        "object",
        {
          "dns_configuration": "string",
          "github_token_secret": "string",
          "secrets_to_update": [
            "tuple",
            [
              [
                "object",
                {
                  "aws_cli_command": "string",
                  "description": "string",
                  "parameter_name": "string"
                }
              ],
              [
                "object",
                {
                  "aws_cli_command": "string",
                  "description": "string",
                  "parameter_name": "string"
                }
              ],
              [
                "object",
                {
                  "aws_cli_command": "string",
                  "description": "string",
                  "parameter_name": "string"
                }
              ],
              [
                "object",
                {
                  "aws_cli_command": "string",
                  "description": "string",
                  "parameter_name": "string"
                }
              ]
            ]
          ],
          "ssl_certificate": "string"
        }
      ]
    },
    "media_files_bucket": {
      "value": "rapro-prod-media-files",
      "type": "string"
    },
    "parameter_store_prefix": {
      "value": "/rapro-prod/",
      "type": "string"
    },
    "private_subnet_ids": {
      "value": [
        "subnet-04350b1e31f9f0439",
        "subnet-0491a088b456eee93"
      ],
      "type": [
        "tuple",
        [
          "string",
          "string"
        ]
      ]
    },
    "public_subnet_ids": {
      "value": [
        "subnet-0dece0809bacad08f",
        "subnet-088cff0339d0ad563"
      ],
      "type": [
        "tuple",
        [
          "string",
          "string"
        ]
      ]
    },
    "redis_endpoint": {
      "value": "rapro-prod-redis.ijkoc1.ng.0001.use1.cache.amazonaws.com",
      "type": "string",
      "sensitive": true
    },
    "redis_port": {
      "value": 6379,
      "type": "number"
    },
    "sns_topic_arn": {
      "value": "arn:aws:sns:us-east-1:794038228127:rapro-prod-alerts",
      "type": "string"
    },
    "staging_load_balancer_arn": {
      "value": "arn:aws:elasticloadbalancing:us-east-1:794038228127:loadbalancer/app/rapro-prod-staging/39aa6e17719ee474",
      "type": "string"
    },
    "staging_load_balancer_dns_name": {
      "value": "rapro-prod-staging-573782540.us-east-1.elb.amazonaws.com",
      "type": "string"
    },
    "staging_load_balancer_zone_id": {
      "value": "Z35SXDOTRQ7X7K",
      "type": "string"
    },
    "staging_url": {
      "value": "http://rapro-prod-staging-573782540.us-east-1.elb.amazonaws.com",
      "type": "string"
    },
    "static_assets_bucket": {
      "value": "rapro-prod-static-assets",
      "type": "string"
    },
    "static_assets_bucket_domain": {
      "value": "rapro-prod-static-assets.s3.amazonaws.com",
      "type": "string"
    },
    "useful_aws_cli_commands": {
      "value": {
        "invalidate_cloudfront": "CloudFront not enabled",
        "run_migrations": "aws ecs run-task --cluster rapro-prod-cluster --task-definition arn:aws:ecs:us-east-1:794038228127:task-definition/rapro-prod-backend:1 --overrides '{\"containerOverrides\":[{\"name\":\"backend\",\"command\":[\"python\",\"manage.py\",\"migrate\"]}]}' --network-configuration 'awsvpcConfiguration={subnets=[subnet-04350b1e31f9f0439,subnet-0491a088b456eee93],securityGroups=[sg-0bd802a9db8e9f5c9]}' --launch-type FARGATE",
        "update_ecs_service": {
          "backend": "aws ecs update-service --cluster rapro-prod-cluster --service rapro-prod-backend --force-new-deployment",
          "frontend": "aws ecs update-service --cluster rapro-prod-cluster --service rapro-prod-frontend --force-new-deployment"
        },
        "view_logs": {
          "backend": "aws logs tail /ecs/rapro-prod-backend --follow",
          "frontend": "aws logs tail /ecs/rapro-prod-frontend --follow"
        }
      },
      "type": [
        "object",
        {
          "invalidate_cloudfront": "string",
          "run_migrations": "string",
          "update_ecs_service": [
            "object",
            {
              "backend": "string",
              "frontend": "string"
            }
          ],
          "view_logs": [
            "object",
            {
              "backend": "string",
              "frontend": "string"
            }
          ]
        }
      ]
    },
    "vpc_cidr_block": {
      "value": "10.0.0.0/16",
      "type": "string"
    },
    "vpc_id": {
      "value": "vpc-09aa8258d53221483",
      "type": "string"
    }
  },
  "resources": [
    {
      "mode": "data",
      "type": "aws_availability_zones",
      "name": "available",
      "provider": "provider[\"registry.terraform.io/hashicorp/aws\"]",
      "instances": [
        {
          "schema_version": 0,
          "attributes": {
            "all_availability_zones": null,
            "exclude_names": null,
            "exclude_zone_ids": null,
            "filter": null,
            "group_names": [
              "us-east-1-zg-1"
            ],
            "id": "us-east-1",
            "names": [
              "us-east-1a",
              "us-east-1b",
              "us-east-1c",
              "us-east-1d",
              "us-east-1e",
              "us-east-1f"
            ],
            "state": "available",
            "timeouts": null,
            "zone_ids": [
              "use1-az4",
              "use1-az6",
              "use1-az1",
              "use1-az2",
              "use1-az3",
              "use1-az5"
            ]
          },
          "sensitive_attributes": [],
          "identity_schema_version": 0
        }
      ]
    },
    {
      "mode": "data",
      "type": "aws_caller_identity",
      "name": "current",
      "provider": "provider[\"registry.terraform.io/hashicorp/aws\"]",
      "instances": [
        {
          "schema_version": 0,
          "attributes": {
            "account_id": "794038228127",
            "arn": "arn:aws:iam::794038228127:user/terraform-deploy",
            "id": "794038228127",
            "user_id": "AIDA3RYC52SPYAXWOWQ4K"
          },
          "sensitive_attributes": [],
          "identity_schema_version": 0
        }
      ]
    },
    {
      "mode": "data",
      "type": "aws_ecr_authorization_token",
      "name": "token",
      "provider": "provider[\"registry.terraform.io/hashicorp/aws\"]",
      "instances": [
        {
          "schema_version": 0,
          "attributes": {
            "authorization_token": "QVdTOmV5SndZWGxzYjJGa0lqb2lTbVl3VFhSUmVYRmFSakJHZFhGSVUyMTFLMFJTZDJaU2MyUXdlbGxGUWtwTE5YQTNXV2Q1WmpBM1V6Uk1kRTlzYXpKaFZYUjNVak14UWxsNU9EQjZjR1psS3pGdlFYbEhURVJNYVM5V2R6TTFlbkJUUWtkWFUyRktOV3hZSzFvMWNUTlpSR0Z5TnpoUlUzcHFWeTlXZFhsS2VIQnVNVk1yZVVwNWFYVTRaRXhvWjI5cllXTjBVMWxrV0Rkc1NtZFFjRzlUY0hOT1prbHRlWEl6WWxoM2RtbFBjVFpOU1c5UmMxTkVXa28zV205eGVVTmFWSGxUUm1KS1QzRk9Ta2R4T1ZKbE1raFdjRWQySzAxTFRpdHFkakJGWlVveE1IUlBZV2xWUVZBemFuTk1TM3BuV0VkV1FXVlZVVXBCVVhFcmN6QkdhR05uVUdrclEyWllTVEZwZWtKcGRHTjNhRTh5UjBWNVFpOWtTVEJ1TTNKcVRqQnFWMGMyUm1JeU9VVkhXbkpDYjBzMmJtRmxiMGRtVkdsdGVrcFNNMlUzV0cxSlRtNVdPV2RXYzFOdFMzbEtZaXRMWVZOcFNuVk5ZVUUyUjIxQ05XOTBUemswVkhoSlZrWmlNa1pqVUM5NFNFNUdkMUJTTDFWRlluaGhNMmRIUkdsQ1ZIbFNZM1Z5ZGpaR1prSnhkazlSWWk5UlREQkhibGRXZGk5SVZuSllOWGs0V2pCamFUZG9Za3N3YlRCVllsQXliRXBTWkRCRGQyMXZZVUpoVkZwVlRHZFVhRnBIY1hOclNGSXpialpJWTBSblp6aGxPV1IxVDNVMGRFSnJjVGxGTmpSSWNVcHZUa0ZuVWxaNGJIRklkbVpJUkd0amNqRk1RakpNWWtjd2VFMTNjRTVXWjFoVlltOTRUMmh4YUZZeVQwVndXbEJ3TjAxcFVVUjRWek5UUzB0UU9FeGpOSGd6YTBOME1HNDFaRU5zU0ZjeU9HWnNNa1ZUUlhwcFpWWjVOQ3R5YTBkUlZYZE9iVmhOVkVoaFVFTjRSRTVsTDNkUFpVeHRiVU4xZFRkalRWRmpVRzVIUWxaWFozVmpiRTlEUTJrdmIyeDFWR0V5Ulc1M05YTnhNQ3Q2VkdacVVGcG1aME5rVFZReVMyUmhVV1ZVVkZjNVJpdE9WUzlFUVU0dldsUjFXazV1ZUhkeldtcEhPRTlCWW1ORE9HTnRRVlpJUmpaM1EwTmplbUpEVlc4emVFNVZkMkpQVkhSTE5XVmljelFyY0UxQlNqRmhNRzA1Y0VWTGQySnRhbWxrYTJJeU9YQjVXbkY0WTFOWVpFdG9PVTUxWVdwQlFXbGlabU5IUmtsTk9XOWpNV1EwTTIxeFpUaFlaR0ZQZDBvM1ZXdFFXSFpRWldwb1pFazRWVXQ2ZUd0aVNHVkpURkV3VG5BNFJHdDFkRUpYV0RSck9HcFBXVVF6YkhJMlQzZEdTM2x0WjJWM1JEQmxMMFJSUlhWNGVVMDRTREF3VHpkQk5VeENPU3RzWkhaMlRVcFNjVmd2VjNKa05pdFVlbFJMVjB0YVpXOXBWVTV3UkRsT09HTmxWbGRSV0V4bmFrMVNjRzFrTkhoNll6TTJORzlUWWpSbWRtWjNaSGxwYTFGcWNFcFBTbFZsVlU4eGExQk5hVzVRTlZkcVFVaEVOVVpwV1Raa2NUUkxNV3BzVTBaelQyMW1hSFZ4WTJzMVJsSXpSak5pU0VGbGVXRkNXV2d3VDFsU2NGVTFlREpXUTNKS1pEUmtPVVZ3VlM5dlNHZHFXVFZNZUVsNlRWQk5WbUUyTUdNdldFRlRTQzl1WmpaTVZWVnhhaUlzSW1SaGRHRnJaWGtpT2lKQlVVVkNRVWhvZDIwd1dXRkpVMHBsVW5SS2JUVnVNVWMyZFhGbFpXdFlkVzlZV0ZCbE5WVkdZMlU1VW5FNEx6RTBkMEZCUVVnMGQyWkJXVXBMYjFwSmFIWmpUa0ZSWTBkdlJ6aDNZbEZKUWtGRVFtOUNaMnR4YUd0cFJ6bDNNRUpDZDBWM1NHZFpTbGxKV2tsQlYxVkVRa0ZGZFUxQ1JVVkVRa1pXU2pWTGVuTnhhVU5GUlVkeWQwRkpRa1ZKUVRjdmNrRlFlV0pIT0ZOYVYydHpVWEpPTkhWV1JXOWpaMUo0YjI4dlVVeGpaRGxZYURSalZIUXJaMEV2ZFcxQmR6a3pjbmt3VG5jcmMyZEVhbGx5V0RFMlZXOHdXRE50YUdjeGMxbzBNVXByUFNJc0luWmxjbk5wYjI0aU9pSXlJaXdpZEhsd1pTSTZJa1JCVkVGZlMwVlpJaXdpWlhod2FYSmhkR2x2YmlJNk1UYzFOamsxT1RNMk5IMD0=",
            "expires_at": "2025-09-04T04:16:04Z",
            "id": "us-east-1",
            "password": "eyJwYXlsb2FkIjoiSmYwTXRReXFaRjBGdXFIU211K0RSd2ZSc2QwellFQkpLNXA3WWd5ZjA3UzRMdE9sazJhVXR3UjMxQll5ODB6cGZlKzFvQXlHTERMaS9WdzM1enBTQkdXU2FKNWxYK1o1cTNZRGFyNzhRU3pqVy9WdXlKeHBuMVMreUp5aXU4ZExoZ29rYWN0U1lkWDdsSmdQcG9TcHNOZklteXIzYlh3dmlPcTZNSW9Rc1NEWko3Wm9xeUNaVHlTRmJKT3FOSkdxOVJlMkhWcEd2K01LTitqdjBFZUoxMHRPYWlVQVAzanNMS3pnWEdWQWVVUUpBUXErczBGaGNnUGkrQ2ZYSTFpekJpdGN3aE8yR0V5Qi9kSTBuM3JqTjBqV0c2RmIyOUVHWnJCb0s2bmFlb0dmVGltekpSM2U3WG1JTm5WOWdWc1NtS3lKYitLYVNpSnVNYUE2R21CNW90Tzk0VHhJVkZiMkZjUC94SE5Gd1BSL1VFYnhhM2dHRGlCVHlSY3VydjZGZkJxdk9RYi9RTDBHbldWdi9IVnJYNXk4WjBjaTdoYkswbTBVYlAybEpSZDBDd21vYUJhVFpVTGdUaFpHcXNrSFIzbjZIY0RnZzhlOWR1T3U0dEJrcTlFNjRIcUpvTkFnUlZ4bHFIdmZIRGtjcjFMQjJMYkcweE13cE5WZ1hVYm94T2hxaFYyT0VwWlBwN01pUUR4VzNTS0tQOExjNHgza0N0MG41ZENsSFcyOGZsMkVTRXppZVZ5NCtya0dRVXdObVhNVEhhUEN4RE5lL3dPZUxtbUN1dTdjTVFjUG5HQlZXZ3VjbE9DQ2kvb2x1VGEyRW53NXNxMCt6VGZqUFpmZ0NkTVQyS2RhUWVUVFc5RitOVS9EQU4vWlR1Wk5ueHdzWmpHOE9BYmNDOGNtQVZIRjZ3Q0NjemJDVW8zeE5Vd2JPVHRLNWViczQrcE1BSjFhMG05cEVLd2Jtamlka2IyOXB5WnF4Y1NYZEtoOU51YWpBQWliZmNHRklNOW9jMWQ0M21xZThYZGFPd0o3VWtQWHZQZWpoZEk4VUt6eGtiSGVJTFEwTnA4RGt1dEJXWDRrOGpPWUQzbHI2T3dGS3ltZ2V3RDBlL0RRRXV4eU04SDAwTzdBNUxCOStsZHZ2TUpScVgvV3JkNitUelRLV0taZW9pVU5wRDlOOGNlVldRWExnak1ScG1kNHh6YzM2NG9TYjRmdmZ3ZHlpa1FqcEpPSlVlVU8xa1BNaW5QNVdqQUhENUZpWTZkcTRLMWpsU0ZzT21maHVxY2s1RlIzRjNiSEFleWFCWWgwT1lScFU1eDJWQ3JKZDRkOUVwVS9vSGdqWTVMeEl6TVBNVmE2MGMvWEFTSC9uZjZMVVVxaiIsImRhdGFrZXkiOiJBUUVCQUhod20wWWFJU0plUnRKbTVuMUc2dXFlZWtYdW9YWFBlNVVGY2U5UnE4LzE0d0FBQUg0d2ZBWUpLb1pJaHZjTkFRY0dvRzh3YlFJQkFEQm9CZ2txaGtpRzl3MEJCd0V3SGdZSllJWklBV1VEQkFFdU1CRUVEQkZWSjVLenNxaUNFRUdyd0FJQkVJQTcvckFQeWJHOFNaV2tzUXJONHVWRW9jZ1J4b28vUUxjZDlYaDRjVHQrZ0EvdW1BdzkzcnkwTncrc2dEallyWDE2VW8wWDNtaGcxc1o0MUprPSIsInZlcnNpb24iOiIyIiwidHlwZSI6IkRBVEFfS0VZIiwiZXhwaXJhdGlvbiI6MTc1Njk1OTM2NH0=",
            "proxy_endpoint": "https://794038228127.dkr.ecr.us-east-1.amazonaws.com",
            "registry_id": null,
            "user_name": "AWS"
          },
          "sensitive_attributes": [
            [
              {
                "type": "get_attr",
                "value": "authorization_token"
              }
            ],
            [
              {
                "type": "get_attr",
                "value": "password"
              }
            ]
          ],
          "identity_schema_version": 0
        }
      ]
    },
    {
      "mode": "data",
      "type": "aws_iam_policy_document",
      "name": "ecr_endpoint_policy",
      "provider": "provider[\"registry.terraform.io/hashicorp/aws\"]",
      "instances": [
        {
          "schema_version": 0,
          "attributes": {
            "id": "1117858669",
            "json": "{\n  \"Version\": \"2012-10-17\",\n  \"Statement\": [\n    {\n      \"Effect\": \"Allow\",\n      \"Action\": [\n        \"ecr:GetDownloadUrlForLayer\",\n        \"ecr:GetAuthorizationToken\",\n        \"ecr:BatchGetImage\",\n        \"ecr:BatchCheckLayerAvailability\"\n      ],\n      \"Resource\": \"*\",\n      \"Principal\": \"*\"\n    }\n  ]\n}",
            "minified_json": "{\"Version\":\"2012-10-17\",\"Statement\":[{\"Effect\":\"Allow\",\"Action\":[\"ecr:GetDownloadUrlForLayer\",\"ecr:GetAuthorizationToken\",\"ecr:BatchGetImage\",\"ecr:BatchCheckLayerAvailability\"],\"Resource\":\"*\",\"Principal\":\"*\"}]}",
            "override_json": null,
            "override_policy_documents": null,
            "policy_id": null,
            "source_json": null,
            "source_policy_documents": null,
            "statement": [
              {
                "actions": [
                  "ecr:BatchCheckLayerAvailability",
                  "ecr:BatchGetImage",
                  "ecr:GetAuthorizationToken",
                  "ecr:GetDownloadUrlForLayer"
                ],
                "condition": [],
                "effect": "Allow",
                "not_actions": [],
                "not_principals": [],
                "not_resources": [],
                "principals": [
                  {
                    "identifiers": [
                      "*"
                    ],
                    "type": "*"
                  }
                ],
                "resources": [
                  "*"
                ],
                "sid": ""
              }
            ],
            "version": "2012-10-17"
          },
          "sensitive_attributes": [],
          "identity_schema_version": 0
        }
      ]
    },
    {
      "mode": "data",
      "type": "aws_iam_policy_document",
      "name": "ecr_policy",
      "provider": "provider[\"registry.terraform.io/hashicorp/aws\"]",
      "instances": [
        {
          "schema_version": 0,
          "attributes": {
            "id": "1883299730",
            "json": "{\n  \"Version\": \"2012-10-17\",\n  \"Statement\": [\n    {\n      \"Effect\": \"Allow\",\n      \"Action\": [\n        \"ecr:UploadLayerPart\",\n        \"ecr:StartLifecyclePolicyPreview\",\n        \"ecr:PutLifecyclePolicy\",\n        \"ecr:PutImage\",\n        \"ecr:ListImages\",\n        \"ecr:InitiateLayerUpload\",\n        \"ecr:GetRepositoryPolicy\",\n        \"ecr:GetLifecyclePolicyPreview\",\n        \"ecr:GetLifecyclePolicy\",\n        \"ecr:GetDownloadUrlForLayer\",\n        \"ecr:DescribeRepositories\",\n        \"ecr:DescribeImages\",\n        \"ecr:DeleteLifecyclePolicy\",\n        \"ecr:CompleteLayerUpload\",\n        \"ecr:BatchGetImage\",\n        \"ecr:BatchDeleteImage\",\n        \"ecr:BatchCheckLayerAvailability\"\n      ],\n      \"Principal\": {\n        \"AWS\": \"arn:aws:iam::794038228127:root\"\n      }\n    }\n  ]\n}",
            "minified_json": "{\"Version\":\"2012-10-17\",\"Statement\":[{\"Effect\":\"Allow\",\"Action\":[\"ecr:UploadLayerPart\",\"ecr:StartLifecyclePolicyPreview\",\"ecr:PutLifecyclePolicy\",\"ecr:PutImage\",\"ecr:ListImages\",\"ecr:InitiateLayerUpload\",\"ecr:GetRepositoryPolicy\",\"ecr:GetLifecyclePolicyPreview\",\"ecr:GetLifecyclePolicy\",\"ecr:GetDownloadUrlForLayer\",\"ecr:DescribeRepositories\",\"ecr:DescribeImages\",\"ecr:DeleteLifecyclePolicy\",\"ecr:CompleteLayerUpload\",\"ecr:BatchGetImage\",\"ecr:BatchDeleteImage\",\"ecr:BatchCheckLayerAvailability\"],\"Principal\":{\"AWS\":\"arn:aws:iam::794038228127:root\"}}]}",
            "override_json": null,
            "override_policy_documents": null,
            "policy_id": null,
            "source_json": null,
            "source_policy_documents": null,
            "statement": [
              {
                "actions": [
                  "ecr:BatchCheckLayerAvailability",
                  "ecr:BatchDeleteImage",
                  "ecr:BatchGetImage",
                  "ecr:CompleteLayerUpload",
                  "ecr:DeleteLifecyclePolicy",
                  "ecr:DescribeImages",
                  "ecr:DescribeRepositories",
                  "ecr:GetDownloadUrlForLayer",
                  "ecr:GetLifecyclePolicy",
                  "ecr:GetLifecyclePolicyPreview",
                  "ecr:GetRepositoryPolicy",
                  "ecr:InitiateLayerUpload",
                  "ecr:ListImages",
                  "ecr:PutImage",
                  "ecr:PutLifecyclePolicy",
                  "ecr:StartLifecyclePolicyPreview",
                  "ecr:UploadLayerPart"
                ],
                "condition": [],
                "effect": "Allow",
                "not_actions": [],
                "not_principals": [],
                "not_resources": [],
                "principals": [
                  {
                    "identifiers": [
                      "arn:aws:iam::794038228127:root"
                    ],
                    "type": "AWS"
                  }
                ],
                "resources": [],
                "sid": ""
              }
            ],
            "version": "2012-10-17"
          },
          "sensitive_attributes": [],
          "identity_schema_version": 0
        }
      ]
    },
    {
      "mode": "data",
      "type": "aws_iam_policy_document",
      "name": "s3_access",
      "provider": "provider[\"registry.terraform.io/hashicorp/aws\"]",
      "instances": [
        {
          "schema_version": 0,
          "attributes": {
            "id": "2947871672",
            "json": "{\n  \"Version\": \"2012-10-17\",\n  \"Statement\": [\n    {\n      \"Effect\": \"Allow\",\n      \"Action\": [\n        \"s3:PutObject\",\n        \"s3:ListBucket\",\n        \"s3:GetObject\",\n        \"s3:DeleteObject\"\n      ],\n      \"Resource\": [\n        \"arn:aws:s3:::rapro-prod-static-assets/*\",\n        \"arn:aws:s3:::rapro-prod-static-assets\"\n      ]\n    },\n    {\n      \"Effect\": \"Allow\",\n      \"Action\": [\n        \"s3:PutObject\",\n        \"s3:ListBucket\",\n        \"s3:GetObjectVersion\",\n        \"s3:GetObject\",\n        \"s3:DeleteObject\"\n      ],\n      \"Resource\": [\n        \"arn:aws:s3:::rapro-prod-media-files/*\",\n        \"arn:aws:s3:::rapro-prod-media-files\"\n      ]\n    },\n    {\n      \"Effect\": \"Allow\",\n      \"Action\": [\n        \"s3:PutObject\",\n        \"s3:ListBucket\"\n      ],\n      \"Resource\": [\n        \"arn:aws:s3:::rapro-prod-backups/*\",\n        \"arn:aws:s3:::rapro-prod-backups\"\n      ]\n    }\n  ]\n}",
            "minified_json": "{\"Version\":\"2012-10-17\",\"Statement\":[{\"Effect\":\"Allow\",\"Action\":[\"s3:PutObject\",\"s3:ListBucket\",\"s3:GetObject\",\"s3:DeleteObject\"],\"Resource\":[\"arn:aws:s3:::rapro-prod-static-assets/*\",\"arn:aws:s3:::rapro-prod-static-assets\"]},{\"Effect\":\"Allow\",\"Action\":[\"s3:PutObject\",\"s3:ListBucket\",\"s3:GetObjectVersion\",\"s3:GetObject\",\"s3:DeleteObject\"],\"Resource\":[\"arn:aws:s3:::rapro-prod-media-files/*\",\"arn:aws:s3:::rapro-prod-media-files\"]},{\"Effect\":\"Allow\",\"Action\":[\"s3:PutObject\",\"s3:ListBucket\"],\"Resource\":[\"arn:aws:s3:::rapro-prod-backups/*\",\"arn:aws:s3:::rapro-prod-backups\"]}]}",
            "override_json": null,
            "override_policy_documents": null,
            "policy_id": null,
            "source_json": null,
            "source_policy_documents": null,
            "statement": [
              {
                "actions": [
                  "s3:DeleteObject",
                  "s3:GetObject",
                  "s3:ListBucket",
                  "s3:PutObject"
                ],
                "condition": [],
                "effect": "Allow",
                "not_actions": [],
                "not_principals": [],
                "not_resources": [],
                "principals": [],
                "resources": [
                  "arn:aws:s3:::rapro-prod-static-assets",
                  "arn:aws:s3:::rapro-prod-static-assets/*"
                ],
                "sid": ""
              },
              {
                "actions": [
                  "s3:DeleteObject",
                  "s3:GetObject",
                  "s3:GetObjectVersion",
                  "s3:ListBucket",
                  "s3:PutObject"
                ],
                "condition": [],
                "effect": "Allow",
                "not_actions": [],
                "not_principals": [],
                "not_resources": [],
                "principals": [],
                "resources": [
                  "arn:aws:s3:::rapro-prod-media-files",
                  "arn:aws:s3:::rapro-prod-media-files/*"
                ],
                "sid": ""
              },
              {
                "actions": [
                  "s3:ListBucket",
                  "s3:PutObject"
                ],
                "condition": [],
                "effect": "Allow",
                "not_actions": [],
                "not_principals": [],
                "not_resources": [],
                "principals": [],
                "resources": [
                  "arn:aws:s3:::rapro-prod-backups",
                  "arn:aws:s3:::rapro-prod-backups/*"
                ],
                "sid": ""
              }
            ],
            "version": "2012-10-17"
          },
          "sensitive_attributes": [],
          "identity_schema_version": 0
        }
      ]
    },
    {
      "mode": "data",
      "type": "aws_secretsmanager_secret",
      "name": "github_token",
      "provider": "provider[\"registry.terraform.io/hashicorp/aws\"]",
      "instances": [
        {
          "schema_version": 0,
          "attributes": {
            "arn": "arn:aws:secretsmanager:us-east-1:794038228127:secret:github-token-W1dgxk",
            "created_date": "2025-09-03T13:46:01Z",
            "description": "GitHub personal access token for CodePipeline",
            "id": "arn:aws:secretsmanager:us-east-1:794038228127:secret:github-token-W1dgxk",
            "kms_key_id": "",
            "last_changed_date": "2025-09-03T13:46:01Z",
            "name": "github-token",
            "policy": "",
            "tags": {}
          },
          "sensitive_attributes": [],
          "identity_schema_version": 0
        }
      ]
    },
    {
      "mode": "data",
      "type": "aws_secretsmanager_secret_version",
      "name": "github_token",
      "provider": "provider[\"registry.terraform.io/hashicorp/aws\"]",
      "instances": [
        {
          "schema_version": 0,
          "attributes": {
            "arn": "arn:aws:secretsmanager:us-east-1:794038228127:secret:github-token-W1dgxk",
            "created_date": "2025-09-03T13:46:01Z",
            "id": "arn:aws:secretsmanager:us-east-1:794038228127:secret:github-token-W1dgxk|AWSCURRENT",
            "secret_binary": "",
            "secret_id": "arn:aws:secretsmanager:us-east-1:794038228127:secret:github-token-W1dgxk",
            "secret_string": "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",
            "version_id": "71876b69-c339-4704-aee5-c5c2bfc2eced",
            "version_stage": "AWSCURRENT",
            "version_stages": [
              "AWSCURRENT"
            ]
          },
          "sensitive_attributes": [
            [
              {
                "type": "get_attr",
                "value": "secret_binary"
              }
            ],
            [
              {
                "type": "get_attr",
                "value": "secret_string"
              }
            ]
          ],
          "identity_schema_version": 0
        }
      ]
    },
    {
      "mode": "managed",
      "type": "aws_appautoscaling_policy",
      "name": "backend_cpu",
      "provider": "provider[\"registry.terraform.io/hashicorp/aws\"]",
      "instances": [
        {
          "schema_version": 0,
          "attributes": {
            "alarm_arns": [
              "arn:aws:cloudwatch:us-east-1:794038228127:alarm:TargetTracking-service/rapro-prod-cluster/rapro-prod-backend-AlarmHigh-32a3c3af-f82b-4b9d-8a85-c5b4455b2140",
              "arn:aws:cloudwatch:us-east-1:794038228127:alarm:TargetTracking-service/rapro-prod-cluster/rapro-prod-backend-AlarmLow-1c0f9925-5956-4e97-82d9-a7ed811a7a88"
            ],
            "arn": "arn:aws:autoscaling:us-east-1:794038228127:scalingPolicy:3ed08252-9421-4a75-8d4c-98d2e95d7148:resource/ecs/service/rapro-prod-cluster/rapro-prod-backend:policyName/rapro-prod-backend-cpu-scaling",
            "id": "rapro-prod-backend-cpu-scaling",
            "name": "rapro-prod-backend-cpu-scaling",
            "policy_type": "TargetTrackingScaling",
            "resource_id": "service/rapro-prod-cluster/rapro-prod-backend",
            "scalable_dimension": "ecs:service:DesiredCount",
            "service_namespace": "ecs",
            "step_scaling_policy_configuration": [],
            "target_tracking_scaling_policy_configuration": [
              {
                "customized_metric_specification": [],
                "disable_scale_in": false,
                "predefined_metric_specification": [
                  {
                    "predefined_metric_type": "ECSServiceAverageCPUUtilization",
                    "resource_label": ""
                  }
                ],
                "scale_in_cooldown": 300,
                "scale_out_cooldown": 180,
                "target_value": 70
              }
            ]
          },
          "sensitive_attributes": [],
          "identity_schema_version": 0,
          "private": "bnVsbA==",
          "dependencies": [
            "aws_appautoscaling_target.backend",
            "aws_cloudfront_distribution.frontend",
            "aws_cloudfront_origin_access_identity.frontend",
            "aws_cloudfront_response_headers_policy.security",
            "aws_cloudwatch_log_group.backend",
            "aws_db_instance.main",
            "aws_db_parameter_group.main",
            "aws_db_subnet_group.main",
            "aws_ecr_repository.backend",
            "aws_ecs_cluster.main",
            "aws_ecs_service.backend",
            "aws_ecs_task_definition.backend",
            "aws_elasticache_parameter_group.main",
            "aws_elasticache_replication_group.main",
            "aws_elasticache_subnet_group.main",
            "aws_iam_role.ecs_task_execution_role",
            "aws_iam_role.ecs_task_role",
            "aws_iam_role.rds_monitoring",
            "aws_lb.main",
            "aws_lb_listener.http",
            "aws_lb_listener.https",
            "aws_lb_target_group.backend",
            "aws_lb_target_group.frontend",
            "aws_s3_bucket.media_files",
            "aws_s3_bucket.static_assets",
            "aws_security_group.alb",
            "aws_security_group.ecs_tasks",
            "aws_security_group.elasticache",
            "aws_security_group.rds",
            "aws_sns_topic.alerts",
            "aws_ssm_parameter.anthropic_api_key",
            "aws_ssm_parameter.auth0_client_secret",
            "aws_ssm_parameter.db_password",
            "aws_ssm_parameter.django_secret_key",
            "aws_ssm_parameter.openai_api_key",
            "aws_ssm_parameter.stripe_annual_price_id",
            "aws_ssm_parameter.stripe_monthly_price_id",
            "aws_ssm_parameter.stripe_secret_key",
            "aws_ssm_parameter.stripe_webhook_secret",
            "aws_subnet.database",
            "aws_subnet.private",
            "aws_subnet.public",
            "aws_vpc.main",
            "aws_wafv2_ip_set.admin_whitelist",
            "aws_wafv2_web_acl.main",
            "data.aws_availability_zones.available",
            "random_password.db_password",
            "random_password.django_secret_key"
          ]
        }
      ]
    },
    {
      "mode": "managed",
      "type": "aws_appautoscaling_policy",
      "name": "backend_request_count",
      "provider": "provider[\"registry.terraform.io/hashicorp/aws\"]",
      "instances": [
        {
          "schema_version": 0,
          "attributes": {
            "alarm_arns": [
              "arn:aws:cloudwatch:us-east-1:794038228127:alarm:TargetTracking-service/rapro-prod-cluster/rapro-prod-backend-AlarmHigh-ba539195-f3e8-4ec0-9e47-e8d6bc758ad5",
              "arn:aws:cloudwatch:us-east-1:794038228127:alarm:TargetTracking-service/rapro-prod-cluster/rapro-prod-backend-AlarmLow-705753c2-26ea-4c9a-8e0e-2a0dd80ec68e"
            ],
            "arn": "arn:aws:autoscaling:us-east-1:794038228127:scalingPolicy:3ed08252-9421-4a75-8d4c-98d2e95d7148:resource/ecs/service/rapro-prod-cluster/rapro-prod-backend:policyName/rapro-prod-backend-request-scaling",
            "id": "rapro-prod-backend-request-scaling",
            "name": "rapro-prod-backend-request-scaling",
            "policy_type": "TargetTrackingScaling",
            "resource_id": "service/rapro-prod-cluster/rapro-prod-backend",
            "scalable_dimension": "ecs:service:DesiredCount",
            "service_namespace": "ecs",
            "step_scaling_policy_configuration": [],
            "target_tracking_scaling_policy_configuration": [
              {
                "customized_metric_specification": [],
                "disable_scale_in": false,
                "predefined_metric_specification": [
                  {
                    "predefined_metric_type": "ALBRequestCountPerTarget",
                    "resource_label": "app/rapro-prod-alb/a63e15c80482ba7a/targetgroup/rapro-prod-backend-tg/658905bfef603071"
                  }
                ],
                "scale_in_cooldown": 300,
                "scale_out_cooldown": 180,
                "target_value": 1000
              }
            ]
          },
          "sensitive_attributes": [],
          "identity_schema_version": 0,
          "private": "bnVsbA==",
          "dependencies": [
            "aws_appautoscaling_target.backend",
            "aws_cloudfront_distribution.frontend",
            "aws_cloudfront_origin_access_identity.frontend",
            "aws_cloudfront_response_headers_policy.security",
            "aws_cloudwatch_log_group.backend",
            "aws_db_instance.main",
            "aws_db_parameter_group.main",
            "aws_db_subnet_group.main",
            "aws_ecr_repository.backend",
            "aws_ecs_cluster.main",
            "aws_ecs_service.backend",
            "aws_ecs_task_definition.backend",
            "aws_elasticache_parameter_group.main",
            "aws_elasticache_replication_group.main",
            "aws_elasticache_subnet_group.main",
            "aws_iam_role.ecs_task_execution_role",
            "aws_iam_role.ecs_task_role",
            "aws_iam_role.rds_monitoring",
            "aws_lb.main",
            "aws_lb_listener.http",
            "aws_lb_listener.https",
            "aws_lb_target_group.backend",
            "aws_lb_target_group.frontend",
            "aws_s3_bucket.media_files",
            "aws_s3_bucket.static_assets",
            "aws_security_group.alb",
            "aws_security_group.ecs_tasks",
            "aws_security_group.elasticache",
            "aws_security_group.rds",
            "aws_sns_topic.alerts",
            "aws_ssm_parameter.anthropic_api_key",
            "aws_ssm_parameter.auth0_client_secret",
            "aws_ssm_parameter.db_password",
            "aws_ssm_parameter.django_secret_key",
            "aws_ssm_parameter.openai_api_key",
            "aws_ssm_parameter.stripe_annual_price_id",
            "aws_ssm_parameter.stripe_monthly_price_id",
            "aws_ssm_parameter.stripe_secret_key",
            "aws_ssm_parameter.stripe_webhook_secret",
            "aws_subnet.database",
            "aws_subnet.private",
            "aws_subnet.public",
            "aws_vpc.main",
            "aws_wafv2_ip_set.admin_whitelist",
            "aws_wafv2_web_acl.main",
            "data.aws_availability_zones.available",
            "random_password.db_password",
            "random_password.django_secret_key"
          ]
        }
      ]
    },
    {
      "mode": "managed",
      "type": "aws_appautoscaling_policy",
      "name": "frontend_cpu",
      "provider": "provider[\"registry.terraform.io/hashicorp/aws\"]",
      "instances": [
        {
          "schema_version": 0,
          "attributes": {
            "alarm_arns": [
              "arn:aws:cloudwatch:us-east-1:794038228127:alarm:TargetTracking-service/rapro-prod-cluster/rapro-prod-frontend-AlarmHigh-64fb068c-0b8e-43ad-802c-d0169e77cb14",
              "arn:aws:cloudwatch:us-east-1:794038228127:alarm:TargetTracking-service/rapro-prod-cluster/rapro-prod-frontend-AlarmLow-5bf9b047-6647-44a1-aa95-39e7746695e6"
            ],
            "arn": "arn:aws:autoscaling:us-east-1:794038228127:scalingPolicy:d4f9fa1c-1319-43a7-9107-58322dcbf196:resource/ecs/service/rapro-prod-cluster/rapro-prod-frontend:policyName/rapro-prod-frontend-cpu-scaling",
            "id": "rapro-prod-frontend-cpu-scaling",
            "name": "rapro-prod-frontend-cpu-scaling",
            "policy_type": "TargetTrackingScaling",
            "resource_id": "service/rapro-prod-cluster/rapro-prod-frontend",
            "scalable_dimension": "ecs:service:DesiredCount",
            "service_namespace": "ecs",
            "step_scaling_policy_configuration": [],
            "target_tracking_scaling_policy_configuration": [
              {
                "customized_metric_specification": [],
                "disable_scale_in": false,
                "predefined_metric_specification": [
                  {
                    "predefined_metric_type": "ECSServiceAverageCPUUtilization",
                    "resource_label": ""
                  }
                ],
                "scale_in_cooldown": 300,
                "scale_out_cooldown": 300,
                "target_value": 70
              }
            ]
          },
          "sensitive_attributes": [],
          "identity_schema_version": 0,
          "private": "bnVsbA==",
          "dependencies": [
            "aws_appautoscaling_target.frontend",
            "aws_cloudwatch_log_group.frontend",
            "aws_ecr_repository.frontend",
            "aws_ecs_cluster.main",
            "aws_ecs_service.frontend",
            "aws_ecs_task_definition.frontend",
            "aws_iam_role.ecs_task_execution_role",
            "aws_iam_role.ecs_task_role",
            "aws_lb.main",
            "aws_lb_listener.http",
            "aws_lb_listener.https",
            "aws_lb_target_group.frontend",
            "aws_s3_bucket.static_assets",
            "aws_security_group.alb",
            "aws_security_group.ecs_tasks",
            "aws_subnet.private",
            "aws_subnet.public",
            "aws_vpc.main",
            "data.aws_availability_zones.available"
          ]
        }
      ]
    },
    {
      "mode": "managed",
      "type": "aws_appautoscaling_policy",
      "name": "frontend_memory",
      "provider": "provider[\"registry.terraform.io/hashicorp/aws\"]",
      "instances": [
        {
          "schema_version": 0,
          "attributes": {
            "alarm_arns": [
              "arn:aws:cloudwatch:us-east-1:794038228127:alarm:TargetTracking-service/rapro-prod-cluster/rapro-prod-frontend-AlarmHigh-4a42d3c5-34fd-44f3-ba59-46272171d8a0",
              "arn:aws:cloudwatch:us-east-1:794038228127:alarm:TargetTracking-service/rapro-prod-cluster/rapro-prod-frontend-AlarmLow-3312905b-1a55-4294-a032-631cdbc03d32"
            ],
            "arn": "arn:aws:autoscaling:us-east-1:794038228127:scalingPolicy:d4f9fa1c-1319-43a7-9107-58322dcbf196:resource/ecs/service/rapro-prod-cluster/rapro-prod-frontend:policyName/rapro-prod-frontend-memory-scaling",
            "id": "rapro-prod-frontend-memory-scaling",
            "name": "rapro-prod-frontend-memory-scaling",
            "policy_type": "TargetTrackingScaling",
            "resource_id": "service/rapro-prod-cluster/rapro-prod-frontend",
            "scalable_dimension": "ecs:service:DesiredCount",
            "service_namespace": "ecs",
            "step_scaling_policy_configuration": [],
            "target_tracking_scaling_policy_configuration": [
              {
                "customized_metric_specification": [],
                "disable_scale_in": false,
                "predefined_metric_specification": [
                  {
                    "predefined_metric_type": "ECSServiceAverageMemoryUtilization",
                    "resource_label": ""
                  }
                ],
                "scale_in_cooldown": 300,
                "scale_out_cooldown": 300,
                "target_value": 80
              }
            ]
          },
          "sensitive_attributes": [],
          "identity_schema_version": 0,
          "private": "bnVsbA==",
          "dependencies": [
            "aws_appautoscaling_target.frontend",
            "aws_cloudwatch_log_group.frontend",
            "aws_ecr_repository.frontend",
            "aws_ecs_cluster.main",
            "aws_ecs_service.frontend",
            "aws_ecs_task_definition.frontend",
            "aws_iam_role.ecs_task_execution_role",
            "aws_iam_role.ecs_task_role",
            "aws_lb.main",
            "aws_lb_listener.http",
            "aws_lb_listener.https",
            "aws_lb_target_group.frontend",
            "aws_s3_bucket.static_assets",
            "aws_security_group.alb",
            "aws_security_group.ecs_tasks",
            "aws_subnet.private",
            "aws_subnet.public",
            "aws_vpc.main",
            "data.aws_availability_zones.available"
          ]
        }
      ]
    },
    {
      "mode": "managed",
      "type": "aws_appautoscaling_target",
      "name": "backend",
      "provider": "provider[\"registry.terraform.io/hashicorp/aws\"]",
      "instances": [
        {
          "schema_version": 0,
          "attributes": {
            "arn": "arn:aws:application-autoscaling:us-east-1:794038228127:scalable-target/0ec53ed0825294214a758d4c98d2e95d7148",
            "id": "service/rapro-prod-cluster/rapro-prod-backend",
            "max_capacity": 10,
            "min_capacity": 2,
            "resource_id": "service/rapro-prod-cluster/rapro-prod-backend",
            "role_arn": "arn:aws:iam::794038228127:role/aws-service-role/ecs.application-autoscaling.amazonaws.com/AWSServiceRoleForApplicationAutoScaling_ECSService",
            "scalable_dimension": "ecs:service:DesiredCount",
            "service_namespace": "ecs",
            "suspended_state": [
              {
                "dynamic_scaling_in_suspended": false,
                "dynamic_scaling_out_suspended": false,
                "scheduled_scaling_suspended": false
              }
            ],
            "tags": {
              "Environment": "prod",
              "ManagedBy": "Terraform",
              "Name": "rapro-prod-backend-autoscaling-target",
              "Project": "rapro"
            },
            "tags_all": {
              "Environment": "prod",
              "ManagedBy": "Terraform",
              "Name": "rapro-prod-backend-autoscaling-target",
              "Project": "rapro"
            }
          },
          "sensitive_attributes": [],
          "identity_schema_version": 0,
          "private": "bnVsbA==",
          "dependencies": [
            "aws_cloudfront_distribution.frontend",
            "aws_cloudfront_origin_access_identity.frontend",
            "aws_cloudfront_response_headers_policy.security",
            "aws_cloudwatch_log_group.backend",
            "aws_db_instance.main",
            "aws_db_parameter_group.main",
            "aws_db_subnet_group.main",
            "aws_ecr_repository.backend",
            "aws_ecs_cluster.main",
            "aws_ecs_service.backend",
            "aws_ecs_task_definition.backend",
            "aws_elasticache_parameter_group.main",
            "aws_elasticache_replication_group.main",
            "aws_elasticache_subnet_group.main",
            "aws_iam_role.ecs_task_execution_role",
            "aws_iam_role.ecs_task_role",
            "aws_iam_role.rds_monitoring",
            "aws_lb.main",
            "aws_lb_listener.http",
            "aws_lb_listener.https",
            "aws_lb_target_group.backend",
            "aws_lb_target_group.frontend",
            "aws_s3_bucket.media_files",
            "aws_s3_bucket.static_assets",
            "aws_security_group.alb",
            "aws_security_group.ecs_tasks",
            "aws_security_group.elasticache",
            "aws_security_group.rds",
            "aws_sns_topic.alerts",
            "aws_ssm_parameter.anthropic_api_key",
            "aws_ssm_parameter.auth0_client_secret",
            "aws_ssm_parameter.db_password",
            "aws_ssm_parameter.django_secret_key",
            "aws_ssm_parameter.openai_api_key",
            "aws_ssm_parameter.stripe_annual_price_id",
            "aws_ssm_parameter.stripe_monthly_price_id",
            "aws_ssm_parameter.stripe_secret_key",
            "aws_ssm_parameter.stripe_webhook_secret",
            "aws_subnet.database",
            "aws_subnet.private",
            "aws_subnet.public",
            "aws_vpc.main",
            "aws_wafv2_ip_set.admin_whitelist",
            "aws_wafv2_web_acl.main",
            "data.aws_availability_zones.available",
            "random_password.db_password",
            "random_password.django_secret_key"
          ]
        }
      ]
    },
    {
      "mode": "managed",
      "type": "aws_appautoscaling_target",
      "name": "frontend",
      "provider": "provider[\"registry.terraform.io/hashicorp/aws\"]",
      "instances": [
        {
          "schema_version": 0,
          "attributes": {
            "arn": "arn:aws:application-autoscaling:us-east-1:794038228127:scalable-target/0ec5d4f9fa1c131943a7910758322dcbf196",
            "id": "service/rapro-prod-cluster/rapro-prod-frontend",
            "max_capacity": 5,
            "min_capacity": 1,
            "resource_id": "service/rapro-prod-cluster/rapro-prod-frontend",
            "role_arn": "arn:aws:iam::794038228127:role/aws-service-role/ecs.application-autoscaling.amazonaws.com/AWSServiceRoleForApplicationAutoScaling_ECSService",
            "scalable_dimension": "ecs:service:DesiredCount",
            "service_namespace": "ecs",
            "suspended_state": [
              {
                "dynamic_scaling_in_suspended": false,
                "dynamic_scaling_out_suspended": false,
                "scheduled_scaling_suspended": false
              }
            ],
            "tags": {
              "Environment": "prod",
              "ManagedBy": "Terraform",
              "Name": "rapro-prod-frontend-autoscaling-target",
              "Project": "rapro"
            },
            "tags_all": {
              "Environment": "prod",
              "ManagedBy": "Terraform",
              "Name": "rapro-prod-frontend-autoscaling-target",
              "Project": "rapro"
            }
          },
          "sensitive_attributes": [],
          "identity_schema_version": 0,
          "private": "bnVsbA==",
          "dependencies": [
            "aws_cloudwatch_log_group.frontend",
            "aws_ecr_repository.frontend",
            "aws_ecs_cluster.main",
            "aws_ecs_service.frontend",
            "aws_ecs_task_definition.frontend",
            "aws_iam_role.ecs_task_execution_role",
            "aws_iam_role.ecs_task_role",
            "aws_lb.main",
            "aws_lb_listener.http",
            "aws_lb_listener.https",
            "aws_lb_target_group.frontend",
            "aws_s3_bucket.static_assets",
            "aws_security_group.alb",
            "aws_security_group.ecs_tasks",
            "aws_subnet.private",
            "aws_subnet.public",
            "aws_vpc.main",
            "data.aws_availability_zones.available"
          ]
        }
      ]
    },
    {
      "mode": "managed",
      "type": "aws_cloudwatch_dashboard",
      "name": "main",
      "provider": "provider[\"registry.terraform.io/hashicorp/aws\"]",
      "instances": [
        {
          "schema_version": 0,
          "attributes": {
            "dashboard_arn": "arn:aws:cloudwatch::794038228127:dashboard/rapro-prod-dashboard",
            "dashboard_body": "{\"widgets\":[{\"height\":6,\"properties\":{\"metrics\":[[\"AWS/ApplicationELB\",\"RequestCount\",\"LoadBalancer\",\"app/rapro-prod-alb/a63e15c80482ba7a\"],[\".\",\"TargetResponseTime\",\".\",\".\"],[\".\",\"HTTPCode_Target_2XX_Count\",\".\",\".\"],[\".\",\"HTTPCode_Target_4XX_Count\",\".\",\".\"],[\".\",\"HTTPCode_Target_5XX_Count\",\".\",\".\"]],\"period\":300,\"region\":\"us-east-1\",\"stacked\":false,\"title\":\"Application Load Balancer Metrics\",\"view\":\"timeSeries\"},\"type\":\"metric\",\"width\":12,\"x\":0,\"y\":0},{\"height\":6,\"properties\":{\"metrics\":[[\"AWS/ECS\",\"CPUUtilization\",\"ServiceName\",\"rapro-prod-frontend\",\"ClusterName\",\"rapro-prod-cluster\"],[\".\",\"MemoryUtilization\",\".\",\".\",\".\",\".\"],[\".\",\"CPUUtilization\",\"ServiceName\",\"rapro-prod-backend\",\"ClusterName\",\"rapro-prod-cluster\"],[\".\",\"MemoryUtilization\",\".\",\".\",\".\",\".\"]],\"period\":300,\"region\":\"us-east-1\",\"stacked\":false,\"title\":\"ECS Service Resource Utilization\",\"view\":\"timeSeries\"},\"type\":\"metric\",\"width\":12,\"x\":12,\"y\":0},{\"height\":6,\"properties\":{\"metrics\":[[\"AWS/RDS\",\"CPUUtilization\",\"DBInstanceIdentifier\",\"db-XK6KELUINXQKOAC77MF5CUVLRM\"],[\".\",\"DatabaseConnections\",\".\",\".\"],[\".\",\"FreeableMemory\",\".\",\".\"],[\".\",\"ReadLatency\",\".\",\".\"],[\".\",\"WriteLatency\",\".\",\".\"]],\"period\":300,\"region\":\"us-east-1\",\"stacked\":false,\"title\":\"RDS Database Metrics\",\"view\":\"timeSeries\"},\"type\":\"metric\",\"width\":12,\"x\":0,\"y\":6},{\"height\":6,\"properties\":{\"metrics\":[[\"AWS/ElastiCache\",\"CPUUtilization\",\"CacheClusterId\",\"rapro-prod-redis\"],[\".\",\"DatabaseMemoryUsagePercentage\",\".\",\".\"],[\".\",\"CurrConnections\",\".\",\".\"],[\".\",\"CacheHits\",\".\",\".\"],[\".\",\"CacheMisses\",\".\",\".\"]],\"period\":300,\"region\":\"us-east-1\",\"stacked\":false,\"title\":\"ElastiCache Redis Metrics\",\"view\":\"timeSeries\"},\"type\":\"metric\",\"width\":12,\"x\":12,\"y\":6},{\"height\":6,\"properties\":{\"query\":\"SOURCE '/ecs/rapro-prod-backend' | fields @timestamp, @message | filter @message like /ERROR/ | sort @timestamp desc | limit 20\",\"region\":\"us-east-1\",\"title\":\"Recent Application Errors\"},\"type\":\"log\",\"width\":12,\"x\":12,\"y\":12}]}",
            "dashboard_name": "rapro-prod-dashboard",
            "id": "rapro-prod-dashboard"
          },
          "sensitive_attributes": [],
          "identity_schema_version": 0,
          "private": "bnVsbA==",
          "dependencies": [
            "aws_cloudfront_distribution.frontend",
            "aws_cloudfront_origin_access_identity.frontend",
            "aws_cloudfront_response_headers_policy.security",
            "aws_cloudwatch_log_group.backend",
            "aws_cloudwatch_log_group.frontend",
            "aws_db_instance.main",
            "aws_db_parameter_group.main",
            "aws_db_subnet_group.main",
            "aws_ecr_repository.backend",
            "aws_ecr_repository.frontend",
            "aws_ecs_cluster.main",
            "aws_ecs_service.backend",
            "aws_ecs_service.frontend",
            "aws_ecs_task_definition.backend",
            "aws_ecs_task_definition.frontend",
            "aws_elasticache_parameter_group.main",
            "aws_elasticache_replication_group.main",
            "aws_elasticache_subnet_group.main",
            "aws_iam_role.ecs_task_execution_role",
            "aws_iam_role.ecs_task_role",
            "aws_iam_role.rds_monitoring",
            "aws_lb.main",
            "aws_lb_listener.http",
            "aws_lb_listener.https",
            "aws_lb_target_group.backend",
            "aws_lb_target_group.frontend",
            "aws_s3_bucket.media_files",
            "aws_s3_bucket.static_assets",
            "aws_security_group.alb",
            "aws_security_group.ecs_tasks",
            "aws_security_group.elasticache",
            "aws_security_group.rds",
            "aws_sns_topic.alerts",
            "aws_ssm_parameter.anthropic_api_key",
            "aws_ssm_parameter.auth0_client_secret",
            "aws_ssm_parameter.db_password",
            "aws_ssm_parameter.django_secret_key",
            "aws_ssm_parameter.openai_api_key",
            "aws_ssm_parameter.stripe_annual_price_id",
            "aws_ssm_parameter.stripe_monthly_price_id",
            "aws_ssm_parameter.stripe_secret_key",
            "aws_ssm_parameter.stripe_webhook_secret",
            "aws_subnet.database",
            "aws_subnet.private",
            "aws_subnet.public",
            "aws_vpc.main",
            "aws_wafv2_ip_set.admin_whitelist",
            "aws_wafv2_web_acl.main",
            "data.aws_availability_zones.available",
            "random_password.db_password",
            "random_password.django_secret_key"
          ]
        }
      ]
    },
    {
      "mode": "managed",
      "type": "aws_cloudwatch_event_rule",
      "name": "pipeline_trigger",
      "provider": "provider[\"registry.terraform.io/hashicorp/aws\"]",
      "instances": [
        {
          "schema_version": 1,
          "attributes": {
            "arn": "arn:aws:events:us-east-1:794038228127:rule/rapro-prod-pipeline-trigger",
            "description": "Trigger pipeline on push to main branch",
            "event_bus_name": "default",
            "event_pattern": "{\"detail\":{\"bucket\":{\"name\":[\"rapro-prod-codepipeline-artifacts\"]}},\"detail_type\":[\"Object Created\"],\"source\":[\"aws.s3\"]}",
            "force_destroy": false,
            "id": "rapro-prod-pipeline-trigger",
            "is_enabled": true,
            "name": "rapro-prod-pipeline-trigger",
            "name_prefix": "",
            "role_arn": "",
            "schedule_expression": "",
            "state": "ENABLED",
            "tags": {
              "Environment": "prod",
              "ManagedBy": "Terraform",
              "Name": "rapro-prod-pipeline-trigger",
              "Project": "rapro"
            },
            "tags_all": {
              "Environment": "prod",
              "ManagedBy": "Terraform",
              "Name": "rapro-prod-pipeline-trigger",
              "Project": "rapro"
            }
          },
          "sensitive_attributes": [],
          "identity_schema_version": 0,
          "private": "eyJzY2hlbWFfdmVyc2lvbiI6IjEifQ==",
          "dependencies": [
            "aws_s3_bucket.codepipeline_artifacts"
          ]
        }
      ]
    },
    {
      "mode": "managed",
      "type": "aws_cloudwatch_log_group",
      "name": "backend",
      "provider": "provider[\"registry.terraform.io/hashicorp/aws\"]",
      "instances": [
        {
          "schema_version": 0,
          "attributes": {
            "arn": "arn:aws:logs:us-east-1:794038228127:log-group:/ecs/rapro-prod-backend",
            "id": "/ecs/rapro-prod-backend",
            "kms_key_id": "",
            "log_group_class": "STANDARD",
            "name": "/ecs/rapro-prod-backend",
            "name_prefix": "",
            "retention_in_days": 30,
            "skip_destroy": false,
            "tags": {
              "Environment": "prod",
              "ManagedBy": "Terraform",
              "Name": "rapro-prod-backend-logs",
              "Project": "rapro"
            },
            "tags_all": {
              "Environment": "prod",
              "ManagedBy": "Terraform",
              "Name": "rapro-prod-backend-logs",
              "Project": "rapro"
            }
          },
          "sensitive_attributes": [],
          "identity_schema_version": 0,
          "private": "bnVsbA=="
        }
      ]
    },
    {
      "mode": "managed",
      "type": "aws_cloudwatch_log_group",
      "name": "celery_beat",
      "provider": "provider[\"registry.terraform.io/hashicorp/aws\"]",
      "instances": [
        {
          "schema_version": 0,
          "attributes": {
            "arn": "arn:aws:logs:us-east-1:794038228127:log-group:/ecs/rapro-prod-celery-beat",
            "id": "/ecs/rapro-prod-celery-beat",
            "kms_key_id": "",
            "log_group_class": "STANDARD",
            "name": "/ecs/rapro-prod-celery-beat",
            "name_prefix": "",
            "retention_in_days": 30,
            "skip_destroy": false,
            "tags": {
              "Environment": "prod",
              "ManagedBy": "Terraform",
              "Name": "rapro-prod-celery-beat-logs",
              "Project": "rapro"
            },
            "tags_all": {
              "Environment": "prod",
              "ManagedBy": "Terraform",
              "Name": "rapro-prod-celery-beat-logs",
              "Project": "rapro"
            }
          },
          "sensitive_attributes": [],
          "identity_schema_version": 0,
          "private": "bnVsbA=="
        }
      ]
    },
    {
      "mode": "managed",
      "type": "aws_cloudwatch_log_group",
      "name": "celery_flower",
      "provider": "provider[\"registry.terraform.io/hashicorp/aws\"]",
      "instances": [
        {
          "schema_version": 0,
          "attributes": {
            "arn": "arn:aws:logs:us-east-1:794038228127:log-group:/ecs/rapro-prod-celery-flower",
            "id": "/ecs/rapro-prod-celery-flower",
            "kms_key_id": "",
            "log_group_class": "STANDARD",
            "name": "/ecs/rapro-prod-celery-flower",
            "name_prefix": "",
            "retention_in_days": 30,
            "skip_destroy": false,
            "tags": {
              "Environment": "prod",
              "ManagedBy": "Terraform",
              "Name": "rapro-prod-celery-flower-logs",
              "Project": "rapro"
            },
            "tags_all": {
              "Environment": "prod",
              "ManagedBy": "Terraform",
              "Name": "rapro-prod-celery-flower-logs",
              "Project": "rapro"
            }
          },
          "sensitive_attributes": [],
          "identity_schema_version": 0,
          "private": "bnVsbA=="
        }
      ]
    },
    {
      "mode": "managed",
      "type": "aws_cloudwatch_log_group",
      "name": "celery_worker",
      "provider": "provider[\"registry.terraform.io/hashicorp/aws\"]",
      "instances": [
        {
          "schema_version": 0,
          "attributes": {
            "arn": "arn:aws:logs:us-east-1:794038228127:log-group:/ecs/rapro-prod-celery-worker",
            "id": "/ecs/rapro-prod-celery-worker",
            "kms_key_id": "",
            "log_group_class": "STANDARD",
            "name": "/ecs/rapro-prod-celery-worker",
            "name_prefix": "",
            "retention_in_days": 30,
            "skip_destroy": false,
            "tags": {
              "Environment": "prod",
              "ManagedBy": "Terraform",
              "Name": "rapro-prod-celery-worker-logs",
              "Project": "rapro"
            },
            "tags_all": {
              "Environment": "prod",
              "ManagedBy": "Terraform",
              "Name": "rapro-prod-celery-worker-logs",
              "Project": "rapro"
            }
          },
          "sensitive_attributes": [],
          "identity_schema_version": 0,
          "private": "bnVsbA=="
        }
      ]
    },
    {
      "mode": "managed",
      "type": "aws_cloudwatch_log_group",
      "name": "codebuild",
      "provider": "provider[\"registry.terraform.io/hashicorp/aws\"]",
      "instances": [
        {
          "schema_version": 0,
          "attributes": {
            "arn": "arn:aws:logs:us-east-1:794038228127:log-group:/aws/codebuild/rapro-prod",
            "id": "/aws/codebuild/rapro-prod",
            "kms_key_id": "",
            "log_group_class": "STANDARD",
            "name": "/aws/codebuild/rapro-prod",
            "name_prefix": "",
            "retention_in_days": 30,
            "skip_destroy": false,
            "tags": {
              "Environment": "prod",
              "ManagedBy": "Terraform",
              "Name": "rapro-prod-codebuild-logs",
              "Project": "rapro"
            },
            "tags_all": {
              "Environment": "prod",
              "ManagedBy": "Terraform",
              "Name": "rapro-prod-codebuild-logs",
              "Project": "rapro"
            }
          },
          "sensitive_attributes": [],
          "identity_schema_version": 0,
          "private": "bnVsbA=="
        }
      ]
    },
    {
      "mode": "managed",
      "type": "aws_cloudwatch_log_group",
      "name": "frontend",
      "provider": "provider[\"registry.terraform.io/hashicorp/aws\"]",
      "instances": [
        {
          "schema_version": 0,
          "attributes": {
            "arn": "arn:aws:logs:us-east-1:794038228127:log-group:/ecs/rapro-prod-frontend",
            "id": "/ecs/rapro-prod-frontend",
            "kms_key_id": "",
            "log_group_class": "STANDARD",
            "name": "/ecs/rapro-prod-frontend",
            "name_prefix": "",
            "retention_in_days": 30,
            "skip_destroy": false,
            "tags": {
              "Environment": "prod",
              "ManagedBy": "Terraform",
              "Name": "rapro-prod-frontend-logs",
              "Project": "rapro"
            },
            "tags_all": {
              "Environment": "prod",
              "ManagedBy": "Terraform",
              "Name": "rapro-prod-frontend-logs",
              "Project": "rapro"
            }
          },
          "sensitive_attributes": [],
          "identity_schema_version": 0,
          "private": "bnVsbA=="
        }
      ]
    },
    {
      "mode": "managed",
      "type": "aws_cloudwatch_log_metric_filter",
      "name": "celery_queue_length",
      "provider": "provider[\"registry.terraform.io/hashicorp/aws\"]",
      "instances": [
        {
          "schema_version": 0,
          "attributes": {
            "id": "rapro-prod-celery-queue-length",
            "log_group_name": "/ecs/rapro-prod-celery-worker",
            "metric_transformation": [
              {
                "default_value": "",
                "dimensions": {},
                "name": "CeleryQueueLength",
                "namespace": "RetirementAdvisorPro/Celery",
                "unit": "None",
                "value": "$length"
              }
            ],
            "name": "rapro-prod-celery-queue-length",
            "pattern": "[timestamp, level=\"INFO\", message=\"Queue length:\", length]"
          },
          "sensitive_attributes": [],
          "identity_schema_version": 0,
          "private": "bnVsbA==",
          "dependencies": [
            "aws_cloudwatch_log_group.celery_worker"
          ]
        }
      ]
    },
    {
      "mode": "managed",
      "type": "aws_cloudwatch_log_metric_filter",
      "name": "celery_task_duration",
      "provider": "provider[\"registry.terraform.io/hashicorp/aws\"]",
      "instances": [
        {
          "schema_version": 0,
          "attributes": {
            "id": "rapro-prod-celery-task-duration",
            "log_group_name": "/ecs/rapro-prod-celery-worker",
            "metric_transformation": [
              {
                "default_value": "",
                "dimensions": {},
                "name": "CeleryTaskDuration",
                "namespace": "RetirementAdvisorPro/Celery",
                "unit": "Seconds",
                "value": "$duration"
              }
            ],
            "name": "rapro-prod-celery-task-duration",
            "pattern": "[timestamp, level=\"INFO\", message=\"Task completed in\", duration, seconds]"
          },
          "sensitive_attributes": [],
          "identity_schema_version": 0,
          "private": "bnVsbA==",
          "dependencies": [
            "aws_cloudwatch_log_group.celery_worker"
          ]
        }
      ]
    },
    {
      "mode": "managed",
      "type": "aws_cloudwatch_log_metric_filter",
      "name": "django_response_time",
      "provider": "provider[\"registry.terraform.io/hashicorp/aws\"]",
      "instances": [
        {
          "schema_version": 0,
          "attributes": {
            "id": "rapro-prod-django-response-time",
            "log_group_name": "/ecs/rapro-prod-backend",
            "metric_transformation": [
              {
                "default_value": "",
                "dimensions": {},
                "name": "DjangoResponseTime",
                "namespace": "RetirementAdvisorPro/Django",
                "unit": "Milliseconds",
                "value": "$duration"
              }
            ],
            "name": "rapro-prod-django-response-time",
            "pattern": "[timestamp, level, message=\"Response time:\", duration, ms]"
          },
          "sensitive_attributes": [],
          "identity_schema_version": 0,
          "private": "bnVsbA==",
          "dependencies": [
            "aws_cloudwatch_log_group.backend"
          ]
        }
      ]
    },
    {
      "mode": "managed",
      "type": "aws_cloudwatch_log_metric_filter",
      "name": "error_count",
      "provider": "provider[\"registry.terraform.io/hashicorp/aws\"]",
      "instances": [
        {
          "schema_version": 0,
          "attributes": {
            "id": "rapro-prod-error-count",
            "log_group_name": "/ecs/rapro-prod-backend",
            "metric_transformation": [
              {
                "default_value": "",
                "dimensions": {},
                "name": "ErrorCount",
                "namespace": "RetirementAdvisorPro/Application",
                "unit": "None",
                "value": "1"
              }
            ],
            "name": "rapro-prod-error-count",
            "pattern": "ERROR"
          },
          "sensitive_attributes": [],
          "identity_schema_version": 0,
          "private": "bnVsbA==",
          "dependencies": [
            "aws_cloudwatch_log_group.backend"
          ]
        }
      ]
    },
    {
      "mode": "managed",
      "type": "aws_cloudwatch_metric_alarm",
      "name": "alb_5xx_errors",
      "provider": "provider[\"registry.terraform.io/hashicorp/aws\"]",
      "instances": [
        {
          "schema_version": 1,
          "attributes": {
            "actions_enabled": true,
            "alarm_actions": [
              "arn:aws:sns:us-east-1:794038228127:rapro-prod-alerts"
            ],
            "alarm_description": "ALB 5XX error rate is too high",
            "alarm_name": "rapro-prod-alb-5xx-errors",
            "arn": "arn:aws:cloudwatch:us-east-1:794038228127:alarm:rapro-prod-alb-5xx-errors",
            "comparison_operator": "GreaterThanThreshold",
            "datapoints_to_alarm": 0,
            "dimensions": {
              "LoadBalancer": "app/rapro-prod-alb/a63e15c80482ba7a"
            },
            "evaluate_low_sample_count_percentiles": "",
            "evaluation_periods": 2,
            "extended_statistic": "",
            "id": "rapro-prod-alb-5xx-errors",
            "insufficient_data_actions": [],
            "metric_name": "HTTPCode_ELB_5XX_Count",
            "metric_query": [],
            "namespace": "AWS/ApplicationELB",
            "ok_actions": [],
            "period": 300,
            "statistic": "Sum",
            "tags": {
              "Environment": "prod",
              "ManagedBy": "Terraform",
              "Name": "rapro-prod-alb-5xx-errors",
              "Project": "rapro"
            },
            "tags_all": {
              "Environment": "prod",
              "ManagedBy": "Terraform",
              "Name": "rapro-prod-alb-5xx-errors",
              "Project": "rapro"
            },
            "threshold": 10,
            "threshold_metric_id": "",
            "treat_missing_data": "notBreaching",
            "unit": ""
          },
          "sensitive_attributes": [],
          "identity_schema_version": 0,
          "private": "eyJzY2hlbWFfdmVyc2lvbiI6IjEifQ==",
          "dependencies": [
            "aws_lb.main",
            "aws_s3_bucket.static_assets",
            "aws_security_group.alb",
            "aws_sns_topic.alerts",
            "aws_subnet.public",
            "aws_vpc.main",
            "data.aws_availability_zones.available"
          ]
        }
      ]
    },
    {
      "mode": "managed",
      "type": "aws_cloudwatch_metric_alarm",
      "name": "alb_healthy_hosts",
      "provider": "provider[\"registry.terraform.io/hashicorp/aws\"]",
      "instances": [
        {
          "schema_version": 1,
          "attributes": {
            "actions_enabled": true,
            "alarm_actions": [
              "arn:aws:sns:us-east-1:794038228127:rapro-prod-alerts"
            ],
            "alarm_description": "ALB has less than 1 healthy host",
            "alarm_name": "rapro-prod-alb-healthy-hosts",
            "arn": "arn:aws:cloudwatch:us-east-1:794038228127:alarm:rapro-prod-alb-healthy-hosts",
            "comparison_operator": "LessThanThreshold",
            "datapoints_to_alarm": 0,
            "dimensions": {
              "LoadBalancer": "app/rapro-prod-alb/a63e15c80482ba7a",
              "TargetGroup": "targetgroup/rapro-prod-backend-tg/658905bfef603071"
            },
            "evaluate_low_sample_count_percentiles": "",
            "evaluation_periods": 2,
            "extended_statistic": "",
            "id": "rapro-prod-alb-healthy-hosts",
            "insufficient_data_actions": [],
            "metric_name": "HealthyHostCount",
            "metric_query": [],
            "namespace": "AWS/ApplicationELB",
            "ok_actions": [],
            "period": 300,
            "statistic": "Average",
            "tags": {
              "Environment": "prod",
              "ManagedBy": "Terraform",
              "Name": "rapro-prod-alb-healthy-hosts",
              "Project": "rapro"
            },
            "tags_all": {
              "Environment": "prod",
              "ManagedBy": "Terraform",
              "Name": "rapro-prod-alb-healthy-hosts",
              "Project": "rapro"
            },
            "threshold": 1,
            "threshold_metric_id": "",
            "treat_missing_data": "missing",
            "unit": ""
          },
          "sensitive_attributes": [],
          "identity_schema_version": 0,
          "private": "eyJzY2hlbWFfdmVyc2lvbiI6IjEifQ==",
          "dependencies": [
            "aws_lb.main",
            "aws_lb_target_group.backend",
            "aws_s3_bucket.static_assets",
            "aws_security_group.alb",
            "aws_sns_topic.alerts",
            "aws_subnet.public",
            "aws_vpc.main",
            "data.aws_availability_zones.available"
          ]
        }
      ]
    },
    {
      "mode": "managed",
      "type": "aws_cloudwatch_metric_alarm",
      "name": "alb_response_time",
      "provider": "provider[\"registry.terraform.io/hashicorp/aws\"]",
      "instances": [
        {
          "schema_version": 1,
          "attributes": {
            "actions_enabled": true,
            "alarm_actions": [
              "arn:aws:sns:us-east-1:794038228127:rapro-prod-alerts"
            ],
            "alarm_description": "ALB response time is too high",
            "alarm_name": "rapro-prod-alb-response-time",
            "arn": "arn:aws:cloudwatch:us-east-1:794038228127:alarm:rapro-prod-alb-response-time",
            "comparison_operator": "GreaterThanThreshold",
            "datapoints_to_alarm": 0,
            "dimensions": {
              "LoadBalancer": "app/rapro-prod-alb/a63e15c80482ba7a"
            },
            "evaluate_low_sample_count_percentiles": "",
            "evaluation_periods": 2,
            "extended_statistic": "",
            "id": "rapro-prod-alb-response-time",
            "insufficient_data_actions": [],
            "metric_name": "TargetResponseTime",
            "metric_query": [],
            "namespace": "AWS/ApplicationELB",
            "ok_actions": [],
            "period": 300,
            "statistic": "Average",
            "tags": {
              "Environment": "prod",
              "ManagedBy": "Terraform",
              "Name": "rapro-prod-alb-response-time",
              "Project": "rapro"
            },
            "tags_all": {
              "Environment": "prod",
              "ManagedBy": "Terraform",
              "Name": "rapro-prod-alb-response-time",
              "Project": "rapro"
            },
            "threshold": 2,
            "threshold_metric_id": "",
            "treat_missing_data": "missing",
            "unit": ""
          },
          "sensitive_attributes": [],
          "identity_schema_version": 0,
          "private": "eyJzY2hlbWFfdmVyc2lvbiI6IjEifQ==",
          "dependencies": [
            "aws_lb.main",
            "aws_s3_bucket.static_assets",
            "aws_security_group.alb",
            "aws_sns_topic.alerts",
            "aws_subnet.public",
            "aws_vpc.main",
            "data.aws_availability_zones.available"
          ]
        }
      ]
    },
    {
      "mode": "managed",
      "type": "aws_cloudwatch_metric_alarm",
      "name": "application_errors",
      "provider": "provider[\"registry.terraform.io/hashicorp/aws\"]",
      "instances": [
        {
          "index_key": 0,
          "schema_version": 1,
          "attributes": {
            "actions_enabled": true,
            "alarm_actions": [
              "arn:aws:sns:us-east-1:794038228127:rapro-prod-alerts"
            ],
            "alarm_description": "High application error rate",
            "alarm_name": "rapro-prod-application-errors",
            "arn": "arn:aws:cloudwatch:us-east-1:794038228127:alarm:rapro-prod-application-errors",
            "comparison_operator": "GreaterThanThreshold",
            "datapoints_to_alarm": 0,
            "dimensions": {},
            "evaluate_low_sample_count_percentiles": "",
            "evaluation_periods": 2,
            "extended_statistic": "",
            "id": "rapro-prod-application-errors",
            "insufficient_data_actions": [],
            "metric_name": "ErrorCount",
            "metric_query": [],
            "namespace": "RetirementAdvisorPro/Application",
            "ok_actions": [],
            "period": 300,
            "statistic": "Sum",
            "tags": {
              "Environment": "prod",
              "ManagedBy": "Terraform",
              "Name": "rapro-prod-application-errors",
              "Project": "rapro"
            },
            "tags_all": {
              "Environment": "prod",
              "ManagedBy": "Terraform",
              "Name": "rapro-prod-application-errors",
              "Project": "rapro"
            },
            "threshold": 5,
            "threshold_metric_id": "",
            "treat_missing_data": "notBreaching",
            "unit": ""
          },
          "sensitive_attributes": [],
          "identity_schema_version": 0,
          "private": "eyJzY2hlbWFfdmVyc2lvbiI6IjEifQ==",
          "dependencies": [
            "aws_sns_topic.alerts"
          ]
        }
      ]
    },
    {
      "mode": "managed",
      "type": "aws_cloudwatch_metric_alarm",
      "name": "billing_alarm",
      "provider": "provider[\"registry.terraform.io/hashicorp/aws\"]",
      "instances": [
        {
          "index_key": 0,
          "schema_version": 1,
          "attributes": {
            "actions_enabled": true,
            "alarm_actions": [
              "arn:aws:sns:us-east-1:794038228127:rapro-prod-alerts"
            ],
            "alarm_description": "AWS billing exceeded $200",
            "alarm_name": "rapro-prod-billing-alarm",
            "arn": "arn:aws:cloudwatch:us-east-1:794038228127:alarm:rapro-prod-billing-alarm",
            "comparison_operator": "GreaterThanThreshold",
            "datapoints_to_alarm": 0,
            "dimensions": {
              "Currency": "USD"
            },
            "evaluate_low_sample_count_percentiles": "",
            "evaluation_periods": 1,
            "extended_statistic": "",
            "id": "rapro-prod-billing-alarm",
            "insufficient_data_actions": [],
            "metric_name": "EstimatedCharges",
            "metric_query": [],
            "namespace": "AWS/Billing",
            "ok_actions": [],
            "period": 86400,
            "statistic": "Maximum",
            "tags": {
              "Environment": "prod",
              "ManagedBy": "Terraform",
              "Name": "rapro-prod-billing-alarm",
              "Project": "rapro"
            },
            "tags_all": {
              "Environment": "prod",
              "ManagedBy": "Terraform",
              "Name": "rapro-prod-billing-alarm",
              "Project": "rapro"
            },
            "threshold": 200,
            "threshold_metric_id": "",
            "treat_missing_data": "missing",
            "unit": ""
          },
          "sensitive_attributes": [],
          "identity_schema_version": 0,
          "private": "eyJzY2hlbWFfdmVyc2lvbiI6IjEifQ==",
          "dependencies": [
            "aws_sns_topic.alerts"
          ]
        }
      ]
    },
    {
      "mode": "managed",
      "type": "aws_cloudwatch_metric_alarm",
      "name": "celery_task_duration_high",
      "provider": "provider[\"registry.terraform.io/hashicorp/aws\"]",
      "instances": [
        {
          "index_key": 0,
          "schema_version": 1,
          "attributes": {
            "actions_enabled": true,
            "alarm_actions": [
              "arn:aws:sns:us-east-1:794038228127:rapro-prod-alerts"
            ],
            "alarm_description": "Celery tasks taking too long to complete",
            "alarm_name": "rapro-prod-celery-task-duration-high",
            "arn": "arn:aws:cloudwatch:us-east-1:794038228127:alarm:rapro-prod-celery-task-duration-high",
            "comparison_operator": "GreaterThanThreshold",
            "datapoints_to_alarm": 0,
            "dimensions": {},
            "evaluate_low_sample_count_percentiles": "",
            "evaluation_periods": 2,
            "extended_statistic": "",
            "id": "rapro-prod-celery-task-duration-high",
            "insufficient_data_actions": [],
            "metric_name": "CeleryTaskDuration",
            "metric_query": [],
            "namespace": "RetirementAdvisorPro/Celery",
            "ok_actions": [],
            "period": 300,
            "statistic": "Average",
            "tags": {
              "Environment": "prod",
              "ManagedBy": "Terraform",
              "Name": "rapro-prod-celery-task-duration-high",
              "Project": "rapro"
            },
            "tags_all": {
              "Environment": "prod",
              "ManagedBy": "Terraform",
              "Name": "rapro-prod-celery-task-duration-high",
              "Project": "rapro"
            },
            "threshold": 300,
            "threshold_metric_id": "",
            "treat_missing_data": "notBreaching",
            "unit": ""
          },
          "sensitive_attributes": [],
          "identity_schema_version": 0,
          "private": "eyJzY2hlbWFfdmVyc2lvbiI6IjEifQ==",
          "dependencies": [
            "aws_sns_topic.alerts"
          ]
        }
      ]
    },
    {
      "mode": "managed",
      "type": "aws_cloudwatch_metric_alarm",
      "name": "ecr_backend_repository_size",
      "provider": "provider[\"registry.terraform.io/hashicorp/aws\"]",
      "instances": [
        {
          "index_key": 0,
          "schema_version": 1,
          "attributes": {
            "actions_enabled": true,
            "alarm_actions": [
              "arn:aws:sns:us-east-1:794038228127:rapro-prod-alerts"
            ],
            "alarm_description": "Backend ECR repository size exceeds 2GB",
            "alarm_name": "rapro-prod-ecr-backend-size",
            "arn": "arn:aws:cloudwatch:us-east-1:794038228127:alarm:rapro-prod-ecr-backend-size",
            "comparison_operator": "GreaterThanThreshold",
            "datapoints_to_alarm": 0,
            "dimensions": {
              "RepositoryName": "rapro-prod-backend"
            },
            "evaluate_low_sample_count_percentiles": "",
            "evaluation_periods": 1,
            "extended_statistic": "",
            "id": "rapro-prod-ecr-backend-size",
            "insufficient_data_actions": [],
            "metric_name": "RepositorySizeInBytes",
            "metric_query": [],
            "namespace": "AWS/ECR",
            "ok_actions": [],
            "period": 86400,
            "statistic": "Maximum",
            "tags": {
              "Environment": "prod",
              "ManagedBy": "Terraform",
              "Name": "rapro-prod-ecr-backend-size",
              "Project": "rapro"
            },
            "tags_all": {
              "Environment": "prod",
              "ManagedBy": "Terraform",
              "Name": "rapro-prod-ecr-backend-size",
              "Project": "rapro"
            },
            "threshold": 2147483648,
            "threshold_metric_id": "",
            "treat_missing_data": "missing",
            "unit": ""
          },
          "sensitive_attributes": [],
          "identity_schema_version": 0,
          "private": "eyJzY2hlbWFfdmVyc2lvbiI6IjEifQ==",
          "dependencies": [
            "aws_ecr_repository.backend",
            "aws_sns_topic.alerts"
          ]
        }
      ]
    },
    {
      "mode": "managed",
      "type": "aws_cloudwatch_metric_alarm",
      "name": "ecr_frontend_repository_size",
      "provider": "provider[\"registry.terraform.io/hashicorp/aws\"]",
      "instances": [
        {
          "index_key": 0,
          "schema_version": 1,
          "attributes": {
            "actions_enabled": true,
            "alarm_actions": [
              "arn:aws:sns:us-east-1:794038228127:rapro-prod-alerts"
            ],
            "alarm_description": "Frontend ECR repository size exceeds 2GB",
            "alarm_name": "rapro-prod-ecr-frontend-size",
            "arn": "arn:aws:cloudwatch:us-east-1:794038228127:alarm:rapro-prod-ecr-frontend-size",
            "comparison_operator": "GreaterThanThreshold",
            "datapoints_to_alarm": 0,
            "dimensions": {
              "RepositoryName": "rapro-prod-frontend"
            },
            "evaluate_low_sample_count_percentiles": "",
            "evaluation_periods": 1,
            "extended_statistic": "",
            "id": "rapro-prod-ecr-frontend-size",
            "insufficient_data_actions": [],
            "metric_name": "RepositorySizeInBytes",
            "metric_query": [],
            "namespace": "AWS/ECR",
            "ok_actions": [],
            "period": 86400,
            "statistic": "Maximum",
            "tags": {
              "Environment": "prod",
              "ManagedBy": "Terraform",
              "Name": "rapro-prod-ecr-frontend-size",
              "Project": "rapro"
            },
            "tags_all": {
              "Environment": "prod",
              "ManagedBy": "Terraform",
              "Name": "rapro-prod-ecr-frontend-size",
              "Project": "rapro"
            },
            "threshold": 2147483648,
            "threshold_metric_id": "",
            "treat_missing_data": "missing",
            "unit": ""
          },
          "sensitive_attributes": [],
          "identity_schema_version": 0,
          "private": "eyJzY2hlbWFfdmVyc2lvbiI6IjEifQ==",
          "dependencies": [
            "aws_ecr_repository.frontend",
            "aws_sns_topic.alerts"
          ]
        }
      ]
    },
    {
      "mode": "managed",
      "type": "aws_cloudwatch_metric_alarm",
      "name": "ecs_service_unhealthy",
      "provider": "provider[\"registry.terraform.io/hashicorp/aws\"]",
      "instances": [
        {
          "index_key": 0,
          "schema_version": 1,
          "attributes": {
            "actions_enabled": true,
            "alarm_actions": [
              "arn:aws:sns:us-east-1:794038228127:rapro-prod-alerts"
            ],
            "alarm_description": "No healthy ECS service instances",
            "alarm_name": "rapro-prod-ecs-service-unhealthy",
            "arn": "arn:aws:cloudwatch:us-east-1:794038228127:alarm:rapro-prod-ecs-service-unhealthy",
            "comparison_operator": "LessThanThreshold",
            "datapoints_to_alarm": 0,
            "dimensions": {
              "LoadBalancer": "app/rapro-prod-alb/a63e15c80482ba7a",
              "TargetGroup": "targetgroup/rapro-prod-backend-tg/658905bfef603071"
            },
            "evaluate_low_sample_count_percentiles": "",
            "evaluation_periods": 2,
            "extended_statistic": "",
            "id": "rapro-prod-ecs-service-unhealthy",
            "insufficient_data_actions": [],
            "metric_name": "HealthyHostCount",
            "metric_query": [],
            "namespace": "AWS/ApplicationELB",
            "ok_actions": [],
            "period": 60,
            "statistic": "Average",
            "tags": {
              "Environment": "prod",
              "ManagedBy": "Terraform",
              "Name": "rapro-prod-ecs-service-unhealthy",
              "Project": "rapro"
            },
            "tags_all": {
              "Environment": "prod",
              "ManagedBy": "Terraform",
              "Name": "rapro-prod-ecs-service-unhealthy",
              "Project": "rapro"
            },
            "threshold": 1,
            "threshold_metric_id": "",
            "treat_missing_data": "missing",
            "unit": ""
          },
          "sensitive_attributes": [],
          "identity_schema_version": 0,
          "private": "eyJzY2hlbWFfdmVyc2lvbiI6IjEifQ==",
          "dependencies": [
            "aws_lb.main",
            "aws_lb_target_group.backend",
            "aws_s3_bucket.static_assets",
            "aws_security_group.alb",
            "aws_sns_topic.alerts",
            "aws_subnet.public",
            "aws_vpc.main",
            "data.aws_availability_zones.available"
          ]
        }
      ]
    },
    {
      "mode": "managed",
      "type": "aws_cloudwatch_metric_alarm",
      "name": "high_error_rate",
      "provider": "provider[\"registry.terraform.io/hashicorp/aws\"]",
      "instances": [
        {
          "index_key": 0,
          "schema_version": 1,
          "attributes": {
            "actions_enabled": true,
            "alarm_actions": [
              "arn:aws:sns:us-east-1:794038228127:rapro-prod-alerts"
            ],
            "alarm_description": "High 5XX error rate detected",
            "alarm_name": "rapro-prod-high-error-rate",
            "arn": "arn:aws:cloudwatch:us-east-1:794038228127:alarm:rapro-prod-high-error-rate",
            "comparison_operator": "GreaterThanThreshold",
            "datapoints_to_alarm": 0,
            "dimensions": {
              "LoadBalancer": "app/rapro-prod-alb/a63e15c80482ba7a"
            },
            "evaluate_low_sample_count_percentiles": "",
            "evaluation_periods": 2,
            "extended_statistic": "",
            "id": "rapro-prod-high-error-rate",
            "insufficient_data_actions": [],
            "metric_name": "HTTPCode_Target_5XX_Count",
            "metric_query": [],
            "namespace": "AWS/ApplicationELB",
            "ok_actions": [],
            "period": 300,
            "statistic": "Sum",
            "tags": {
              "Environment": "prod",
              "ManagedBy": "Terraform",
              "Name": "rapro-prod-high-error-rate",
              "Project": "rapro"
            },
            "tags_all": {
              "Environment": "prod",
              "ManagedBy": "Terraform",
              "Name": "rapro-prod-high-error-rate",
              "Project": "rapro"
            },
            "threshold": 10,
            "threshold_metric_id": "",
            "treat_missing_data": "missing",
            "unit": ""
          },
          "sensitive_attributes": [],
          "identity_schema_version": 0,
          "private": "eyJzY2hlbWFfdmVyc2lvbiI6IjEifQ==",
          "dependencies": [
            "aws_lb.main",
            "aws_s3_bucket.static_assets",
            "aws_security_group.alb",
            "aws_sns_topic.alerts",
            "aws_subnet.public",
            "aws_vpc.main",
            "data.aws_availability_zones.available"
          ]
        }
      ]
    },
    {
      "mode": "managed",
      "type": "aws_cloudwatch_metric_alarm",
      "name": "low_request_volume",
      "provider": "provider[\"registry.terraform.io/hashicorp/aws\"]",
      "instances": [
        {
          "index_key": 0,
          "schema_version": 1,
          "attributes": {
            "actions_enabled": true,
            "alarm_actions": [
              "arn:aws:sns:us-east-1:794038228127:rapro-prod-alerts"
            ],
            "alarm_description": "Very low request volume - potential service issue",
            "alarm_name": "rapro-prod-low-request-volume",
            "arn": "arn:aws:cloudwatch:us-east-1:794038228127:alarm:rapro-prod-low-request-volume",
            "comparison_operator": "LessThanThreshold",
            "datapoints_to_alarm": 0,
            "dimensions": {
              "LoadBalancer": "app/rapro-prod-alb/a63e15c80482ba7a"
            },
            "evaluate_low_sample_count_percentiles": "",
            "evaluation_periods": 3,
            "extended_statistic": "",
            "id": "rapro-prod-low-request-volume",
            "insufficient_data_actions": [],
            "metric_name": "RequestCount",
            "metric_query": [],
            "namespace": "AWS/ApplicationELB",
            "ok_actions": [],
            "period": 300,
            "statistic": "Sum",
            "tags": {
              "Environment": "prod",
              "ManagedBy": "Terraform",
              "Name": "rapro-prod-low-request-volume",
              "Project": "rapro"
            },
            "tags_all": {
              "Environment": "prod",
              "ManagedBy": "Terraform",
              "Name": "rapro-prod-low-request-volume",
              "Project": "rapro"
            },
            "threshold": 1,
            "threshold_metric_id": "",
            "treat_missing_data": "breaching",
            "unit": ""
          },
          "sensitive_attributes": [],
          "identity_schema_version": 0,
          "private": "eyJzY2hlbWFfdmVyc2lvbiI6IjEifQ==",
          "dependencies": [
            "aws_lb.main",
            "aws_s3_bucket.static_assets",
            "aws_security_group.alb",
            "aws_sns_topic.alerts",
            "aws_subnet.public",
            "aws_vpc.main",
            "data.aws_availability_zones.available"
          ]
        }
      ]
    },
    {
      "mode": "managed",
      "type": "aws_cloudwatch_metric_alarm",
      "name": "rds_connections_high",
      "provider": "provider[\"registry.terraform.io/hashicorp/aws\"]",
      "instances": [
        {
          "schema_version": 1,
          "attributes": {
            "actions_enabled": true,
            "alarm_actions": [
              "arn:aws:sns:us-east-1:794038228127:rapro-prod-alerts"
            ],
            "alarm_description": "This metric monitors RDS connection count",
            "alarm_name": "rapro-prod-rds-connections-high",
            "arn": "arn:aws:cloudwatch:us-east-1:794038228127:alarm:rapro-prod-rds-connections-high",
            "comparison_operator": "GreaterThanThreshold",
            "datapoints_to_alarm": 0,
            "dimensions": {
              "DBInstanceIdentifier": "db-XK6KELUINXQKOAC77MF5CUVLRM"
            },
            "evaluate_low_sample_count_percentiles": "",
            "evaluation_periods": 2,
            "extended_statistic": "",
            "id": "rapro-prod-rds-connections-high",
            "insufficient_data_actions": [],
            "metric_name": "DatabaseConnections",
            "metric_query": [],
            "namespace": "AWS/RDS",
            "ok_actions": [],
            "period": 300,
            "statistic": "Average",
            "tags": {
              "Environment": "prod",
              "ManagedBy": "Terraform",
              "Name": "rapro-prod-rds-connections-high",
              "Project": "rapro"
            },
            "tags_all": {
              "Environment": "prod",
              "ManagedBy": "Terraform",
              "Name": "rapro-prod-rds-connections-high",
              "Project": "rapro"
            },
            "threshold": 80,
            "threshold_metric_id": "",
            "treat_missing_data": "missing",
            "unit": ""
          },
          "sensitive_attributes": [],
          "identity_schema_version": 0,
          "private": "eyJzY2hlbWFfdmVyc2lvbiI6IjEifQ==",
          "dependencies": [
            "aws_db_instance.main",
            "aws_db_parameter_group.main",
            "aws_db_subnet_group.main",
            "aws_iam_role.rds_monitoring",
            "aws_security_group.alb",
            "aws_security_group.ecs_tasks",
            "aws_security_group.rds",
            "aws_sns_topic.alerts",
            "aws_subnet.database",
            "aws_vpc.main",
            "data.aws_availability_zones.available",
            "random_password.db_password"
          ]
        }
      ]
    },
    {
      "mode": "managed",
      "type": "aws_cloudwatch_metric_alarm",
      "name": "rds_cpu_high",
      "provider": "provider[\"registry.terraform.io/hashicorp/aws\"]",
      "instances": [
        {
          "schema_version": 1,
          "attributes": {
            "actions_enabled": true,
            "alarm_actions": [
              "arn:aws:sns:us-east-1:794038228127:rapro-prod-alerts"
            ],
            "alarm_description": "This metric monitors RDS CPU utilization",
            "alarm_name": "rapro-prod-rds-cpu-high",
            "arn": "arn:aws:cloudwatch:us-east-1:794038228127:alarm:rapro-prod-rds-cpu-high",
            "comparison_operator": "GreaterThanThreshold",
            "datapoints_to_alarm": 0,
            "dimensions": {
              "DBInstanceIdentifier": "db-XK6KELUINXQKOAC77MF5CUVLRM"
            },
            "evaluate_low_sample_count_percentiles": "",
            "evaluation_periods": 2,
            "extended_statistic": "",
            "id": "rapro-prod-rds-cpu-high",
            "insufficient_data_actions": [],
            "metric_name": "CPUUtilization",
            "metric_query": [],
            "namespace": "AWS/RDS",
            "ok_actions": [],
            "period": 300,
            "statistic": "Average",
            "tags": {
              "Environment": "prod",
              "ManagedBy": "Terraform",
              "Name": "rapro-prod-rds-cpu-high",
              "Project": "rapro"
            },
            "tags_all": {
              "Environment": "prod",
              "ManagedBy": "Terraform",
              "Name": "rapro-prod-rds-cpu-high",
              "Project": "rapro"
            },
            "threshold": 80,
            "threshold_metric_id": "",
            "treat_missing_data": "missing",
            "unit": ""
          },
          "sensitive_attributes": [],
          "identity_schema_version": 0,
          "private": "eyJzY2hlbWFfdmVyc2lvbiI6IjEifQ==",
          "dependencies": [
            "aws_db_instance.main",
            "aws_db_parameter_group.main",
            "aws_db_subnet_group.main",
            "aws_iam_role.rds_monitoring",
            "aws_security_group.alb",
            "aws_security_group.ecs_tasks",
            "aws_security_group.rds",
            "aws_sns_topic.alerts",
            "aws_subnet.database",
            "aws_vpc.main",
            "data.aws_availability_zones.available",
            "random_password.db_password"
          ]
        }
      ]
    },
    {
      "mode": "managed",
      "type": "aws_cloudwatch_metric_alarm",
      "name": "redis_connections_high",
      "provider": "provider[\"registry.terraform.io/hashicorp/aws\"]",
      "instances": [
        {
          "schema_version": 1,
          "attributes": {
            "actions_enabled": true,
            "alarm_actions": [
              "arn:aws:sns:us-east-1:794038228127:rapro-prod-alerts"
            ],
            "alarm_description": "This metric monitors ElastiCache connection count",
            "alarm_name": "rapro-prod-redis-connections-high",
            "arn": "arn:aws:cloudwatch:us-east-1:794038228127:alarm:rapro-prod-redis-connections-high",
            "comparison_operator": "GreaterThanThreshold",
            "datapoints_to_alarm": 0,
            "dimensions": {
              "CacheClusterId": "rapro-prod-redis"
            },
            "evaluate_low_sample_count_percentiles": "",
            "evaluation_periods": 2,
            "extended_statistic": "",
            "id": "rapro-prod-redis-connections-high",
            "insufficient_data_actions": [],
            "metric_name": "CurrConnections",
            "metric_query": [],
            "namespace": "AWS/ElastiCache",
            "ok_actions": [],
            "period": 300,
            "statistic": "Average",
            "tags": {
              "Environment": "prod",
              "ManagedBy": "Terraform",
              "Name": "rapro-prod-redis-connections-high",
              "Project": "rapro"
            },
            "tags_all": {
              "Environment": "prod",
              "ManagedBy": "Terraform",
              "Name": "rapro-prod-redis-connections-high",
              "Project": "rapro"
            },
            "threshold": 50,
            "threshold_metric_id": "",
            "treat_missing_data": "missing",
            "unit": ""
          },
          "sensitive_attributes": [],
          "identity_schema_version": 0,
          "private": "eyJzY2hlbWFfdmVyc2lvbiI6IjEifQ==",
          "dependencies": [
            "aws_elasticache_parameter_group.main",
            "aws_elasticache_replication_group.main",
            "aws_elasticache_subnet_group.main",
            "aws_security_group.alb",
            "aws_security_group.ecs_tasks",
            "aws_security_group.elasticache",
            "aws_sns_topic.alerts",
            "aws_subnet.private",
            "aws_vpc.main",
            "data.aws_availability_zones.available"
          ]
        }
      ]
    },
    {
      "mode": "managed",
      "type": "aws_cloudwatch_metric_alarm",
      "name": "redis_cpu_high",
      "provider": "provider[\"registry.terraform.io/hashicorp/aws\"]",
      "instances": [
        {
          "schema_version": 1,
          "attributes": {
            "actions_enabled": true,
            "alarm_actions": [
              "arn:aws:sns:us-east-1:794038228127:rapro-prod-alerts"
            ],
            "alarm_description": "This metric monitors ElastiCache CPU utilization",
            "alarm_name": "rapro-prod-redis-cpu-high",
            "arn": "arn:aws:cloudwatch:us-east-1:794038228127:alarm:rapro-prod-redis-cpu-high",
            "comparison_operator": "GreaterThanThreshold",
            "datapoints_to_alarm": 0,
            "dimensions": {
              "CacheClusterId": "rapro-prod-redis"
            },
            "evaluate_low_sample_count_percentiles": "",
            "evaluation_periods": 2,
            "extended_statistic": "",
            "id": "rapro-prod-redis-cpu-high",
            "insufficient_data_actions": [],
            "metric_name": "CPUUtilization",
            "metric_query": [],
            "namespace": "AWS/ElastiCache",
            "ok_actions": [],
            "period": 300,
            "statistic": "Average",
            "tags": {
              "Environment": "prod",
              "ManagedBy": "Terraform",
              "Name": "rapro-prod-redis-cpu-high",
              "Project": "rapro"
            },
            "tags_all": {
              "Environment": "prod",
              "ManagedBy": "Terraform",
              "Name": "rapro-prod-redis-cpu-high",
              "Project": "rapro"
            },
            "threshold": 75,
            "threshold_metric_id": "",
            "treat_missing_data": "missing",
            "unit": ""
          },
          "sensitive_attributes": [],
          "identity_schema_version": 0,
          "private": "eyJzY2hlbWFfdmVyc2lvbiI6IjEifQ==",
          "dependencies": [
            "aws_elasticache_parameter_group.main",
            "aws_elasticache_replication_group.main",
            "aws_elasticache_subnet_group.main",
            "aws_security_group.alb",
            "aws_security_group.ecs_tasks",
            "aws_security_group.elasticache",
            "aws_sns_topic.alerts",
            "aws_subnet.private",
            "aws_vpc.main",
            "data.aws_availability_zones.available"
          ]
        }
      ]
    },
    {
      "mode": "managed",
      "type": "aws_cloudwatch_metric_alarm",
      "name": "redis_memory_high",
      "provider": "provider[\"registry.terraform.io/hashicorp/aws\"]",
      "instances": [
        {
          "schema_version": 1,
          "attributes": {
            "actions_enabled": true,
            "alarm_actions": [
              "arn:aws:sns:us-east-1:794038228127:rapro-prod-alerts"
            ],
            "alarm_description": "This metric monitors ElastiCache memory usage",
            "alarm_name": "rapro-prod-redis-memory-high",
            "arn": "arn:aws:cloudwatch:us-east-1:794038228127:alarm:rapro-prod-redis-memory-high",
            "comparison_operator": "GreaterThanThreshold",
            "datapoints_to_alarm": 0,
            "dimensions": {
              "CacheClusterId": "rapro-prod-redis"
            },
            "evaluate_low_sample_count_percentiles": "",
            "evaluation_periods": 2,
            "extended_statistic": "",
            "id": "rapro-prod-redis-memory-high",
            "insufficient_data_actions": [],
            "metric_name": "DatabaseMemoryUsagePercentage",
            "metric_query": [],
            "namespace": "AWS/ElastiCache",
            "ok_actions": [],
            "period": 300,
            "statistic": "Average",
            "tags": {
              "Environment": "prod",
              "ManagedBy": "Terraform",
              "Name": "rapro-prod-redis-memory-high",
              "Project": "rapro"
            },
            "tags_all": {
              "Environment": "prod",
              "ManagedBy": "Terraform",
              "Name": "rapro-prod-redis-memory-high",
              "Project": "rapro"
            },
            "threshold": 80,
            "threshold_metric_id": "",
            "treat_missing_data": "missing",
            "unit": ""
          },
          "sensitive_attributes": [],
          "identity_schema_version": 0,
          "private": "eyJzY2hlbWFfdmVyc2lvbiI6IjEifQ==",
          "dependencies": [
            "aws_elasticache_parameter_group.main",
            "aws_elasticache_replication_group.main",
            "aws_elasticache_subnet_group.main",
            "aws_security_group.alb",
            "aws_security_group.ecs_tasks",
            "aws_security_group.elasticache",
            "aws_sns_topic.alerts",
            "aws_subnet.private",
            "aws_vpc.main",
            "data.aws_availability_zones.available"
          ]
        }
      ]
    },
    {
      "mode": "managed",
      "type": "aws_cloudwatch_metric_alarm",
      "name": "s3_media_files_size",
      "provider": "provider[\"registry.terraform.io/hashicorp/aws\"]",
      "instances": [
        {
          "index_key": 0,
          "schema_version": 1,
          "attributes": {
            "actions_enabled": true,
            "alarm_actions": [
              "arn:aws:sns:us-east-1:794038228127:rapro-prod-alerts"
            ],
            "alarm_description": "Media files bucket size exceeds 5GB",
            "alarm_name": "rapro-prod-s3-media-files-size",
            "arn": "arn:aws:cloudwatch:us-east-1:794038228127:alarm:rapro-prod-s3-media-files-size",
            "comparison_operator": "GreaterThanThreshold",
            "datapoints_to_alarm": 0,
            "dimensions": {
              "BucketName": "rapro-prod-media-files",
              "StorageType": "StandardStorage"
            },
            "evaluate_low_sample_count_percentiles": "",
            "evaluation_periods": 1,
            "extended_statistic": "",
            "id": "rapro-prod-s3-media-files-size",
            "insufficient_data_actions": [],
            "metric_name": "BucketSizeBytes",
            "metric_query": [],
            "namespace": "AWS/S3",
            "ok_actions": [],
            "period": 86400,
            "statistic": "Average",
            "tags": {
              "Environment": "prod",
              "ManagedBy": "Terraform",
              "Name": "rapro-prod-s3-media-files-size",
              "Project": "rapro"
            },
            "tags_all": {
              "Environment": "prod",
              "ManagedBy": "Terraform",
              "Name": "rapro-prod-s3-media-files-size",
              "Project": "rapro"
            },
            "threshold": 5368709120,
            "threshold_metric_id": "",
            "treat_missing_data": "missing",
            "unit": ""
          },
          "sensitive_attributes": [],
          "identity_schema_version": 0,
          "private": "eyJzY2hlbWFfdmVyc2lvbiI6IjEifQ==",
          "dependencies": [
            "aws_s3_bucket.media_files",
            "aws_sns_topic.alerts"
          ]
        }
      ]
    },
    {
      "mode": "managed",
      "type": "aws_codebuild_project",
      "name": "backend",
      "provider": "provider[\"registry.terraform.io/hashicorp/aws\"]",
      "instances": [
        {
          "schema_version": 0,
          "attributes": {
            "arn": "arn:aws:codebuild:us-east-1:794038228127:project/rapro-prod-backend-build",
            "artifacts": [
              {
                "artifact_identifier": "",
                "bucket_owner_access": "",
                "encryption_disabled": false,
                "location": "",
                "name": "rapro-prod-backend-build",
                "namespace_type": "",
                "override_artifact_name": false,
                "packaging": "NONE",
                "path": "",
                "type": "CODEPIPELINE"
              }
            ],
            "badge_enabled": false,
            "badge_url": "",
            "build_batch_config": [],
            "build_timeout": 60,
            "cache": [
              {
                "location": "",
                "modes": [],
                "type": "NO_CACHE"
              }
            ],
            "concurrent_build_limit": 0,
            "description": "Build project for RetirementAdvisorPro backend",
            "encryption_key": "arn:aws:kms:us-east-1:794038228127:alias/aws/s3",
            "environment": [
              {
                "certificate": "",
                "compute_type": "BUILD_GENERAL1_SMALL",
                "environment_variable": [
                  {
                    "name": "AWS_DEFAULT_REGION",
                    "type": "PLAINTEXT",
                    "value": "us-east-1"
                  },
                  {
                    "name": "AWS_ACCOUNT_ID",
                    "type": "PLAINTEXT",
                    "value": "794038228127"
                  },
                  {
                    "name": "IMAGE_REPO_NAME",
                    "type": "PLAINTEXT",
                    "value": "rapro-prod-backend"
                  },
                  {
                    "name": "IMAGE_TAG",
                    "type": "PLAINTEXT",
                    "value": "latest"
                  },
                  {
                    "name": "CLUSTER_NAME",
                    "type": "PLAINTEXT",
                    "value": "rapro-prod-cluster"
                  },
                  {
                    "name": "FRONTEND_SERVICE_NAME",
                    "type": "PLAINTEXT",
                    "value": "rapro-prod-frontend"
                  },
                  {
                    "name": "BACKEND_SERVICE_NAME",
                    "type": "PLAINTEXT",
                    "value": "rapro-prod-backend"
                  },
                  {
                    "name": "CELERY_WORKER_SERVICE_NAME",
                    "type": "PLAINTEXT",
                    "value": "rapro-prod-celery-worker"
                  },
                  {
                    "name": "CELERY_BEAT_SERVICE_NAME",
                    "type": "PLAINTEXT",
                    "value": "rapro-prod-celery-beat"
                  }
                ],
                "fleet": [],
                "image": "aws/codebuild/amazonlinux2-x86_64-standard:5.0",
                "image_pull_credentials_type": "CODEBUILD",
                "privileged_mode": true,
                "registry_credential": [],
                "type": "LINUX_CONTAINER"
              }
            ],
            "file_system_locations": [],
            "id": "arn:aws:codebuild:us-east-1:794038228127:project/rapro-prod-backend-build",
            "logs_config": [
              {
                "cloudwatch_logs": [
                  {
                    "group_name": "",
                    "status": "ENABLED",
                    "stream_name": ""
                  }
                ],
                "s3_logs": [
                  {
                    "bucket_owner_access": "",
                    "encryption_disabled": false,
                    "location": "",
                    "status": "DISABLED"
                  }
                ]
              }
            ],
            "name": "rapro-prod-backend-build",
            "project_visibility": "PRIVATE",
            "public_project_alias": "",
            "queued_timeout": 480,
            "resource_access_role": "",
            "secondary_artifacts": [],
            "secondary_source_version": [],
            "secondary_sources": [],
            "service_role": "arn:aws:iam::794038228127:role/rapro-prod-codebuild-role",
            "source": [
              {
                "auth": [],
                "build_status_config": [],
                "buildspec": "\"artifacts\":\n  \"files\":\n  - \"imagedefinitions.json\"\n  - \"imagedefinitions_celery.json\"\n  \"name\": \"backend-build-$(date +%Y-%m-%d)\"\n\"phases\":\n  \"build\":\n    \"commands\":\n    - \"echo Build started on `date`\"\n    - \"echo Building Django Docker image...\"\n    - \"docker build -f docker/Dockerfile.backend -t $IMAGE_REPO_NAME:$IMAGE_TAG .\"\n    - \"docker tag $IMAGE_REPO_NAME:$IMAGE_TAG $AWS_ACCOUNT_ID.dkr.ecr.$AWS_DEFAULT_REGION.amazonaws.com/$IMAGE_REPO_NAME:$IMAGE_TAG\"\n  \"post_build\":\n    \"commands\":\n    - \"echo Build completed on `date`\"\n    - \"echo Pushing Docker image to ECR...\"\n    - \"docker push $AWS_ACCOUNT_ID.dkr.ecr.$AWS_DEFAULT_REGION.amazonaws.com/$IMAGE_REPO_NAME:$IMAGE_TAG\"\n    - \"printf '[{\\\"name\\\":\\\"backend\\\",\\\"imageUri\\\":\\\"%s\\\"}]' $AWS_ACCOUNT_ID.dkr.ecr.$AWS_DEFAULT_REGION.amazonaws.com/$IMAGE_REPO_NAME:$IMAGE_TAG\n      \u003e imagedefinitions.json\"\n    - \"printf '[{\\\"name\\\":\\\"celery-worker\\\",\\\"imageUri\\\":\\\"%s\\\"}]' $AWS_ACCOUNT_ID.dkr.ecr.$AWS_DEFAULT_REGION.amazonaws.com/$IMAGE_REPO_NAME:$IMAGE_TAG\n      \u003e imagedefinitions_celery.json\"\n    - \"cat imagedefinitions.json\"\n    - \"cat imagedefinitions_celery.json\"\n  \"pre_build\":\n    \"commands\":\n    - \"echo Logging in to Amazon ECR...\"\n    - \"aws ecr get-login-password --region $AWS_DEFAULT_REGION | docker login --username\n      AWS --password-stdin $AWS_ACCOUNT_ID.dkr.ecr.$AWS_DEFAULT_REGION.amazonaws.com\"\n    - \"echo Pre-build started on `date`\"\n\"version\": \"0.2\"\n",
                "git_clone_depth": 0,
                "git_submodules_config": [],
                "insecure_ssl": false,
                "location": "",
                "report_build_status": false,
                "type": "CODEPIPELINE"
              }
            ],
            "source_version": "",
            "tags": {
              "Environment": "prod",
              "ManagedBy": "Terraform",
              "Name": "rapro-prod-backend-build",
              "Project": "rapro"
            },
            "tags_all": {
              "Environment": "prod",
              "ManagedBy": "Terraform",
              "Name": "rapro-prod-backend-build",
              "Project": "rapro"
            },
            "vpc_config": [
              {
                "security_group_ids": [
                  "sg-009d7ce20fff40655"
                ],
                "subnets": [
                  "subnet-04350b1e31f9f0439",
                  "subnet-0491a088b456eee93"
                ],
                "vpc_id": "vpc-09aa8258d53221483"
              }
            ]
          },
          "sensitive_attributes": [],
          "identity_schema_version": 0,
          "private": "bnVsbA==",
          "dependencies": [
            "aws_cloudfront_distribution.frontend",
            "aws_cloudfront_origin_access_identity.frontend",
            "aws_cloudfront_response_headers_policy.security",
            "aws_cloudwatch_log_group.backend",
            "aws_cloudwatch_log_group.celery_beat",
            "aws_cloudwatch_log_group.celery_worker",
            "aws_cloudwatch_log_group.frontend",
            "aws_db_instance.main",
            "aws_db_parameter_group.main",
            "aws_db_subnet_group.main",
            "aws_ecr_repository.backend",
            "aws_ecr_repository.frontend",
            "aws_ecs_cluster.main",
            "aws_ecs_service.backend",
            "aws_ecs_service.celery_beat",
            "aws_ecs_service.celery_worker",
            "aws_ecs_service.frontend",
            "aws_ecs_task_definition.backend",
            "aws_ecs_task_definition.celery_beat",
            "aws_ecs_task_definition.celery_worker",
            "aws_ecs_task_definition.frontend",
            "aws_elasticache_parameter_group.main",
            "aws_elasticache_replication_group.main",
            "aws_elasticache_subnet_group.main",
            "aws_iam_role.codebuild_role",
            "aws_iam_role.ecs_task_execution_role",
            "aws_iam_role.ecs_task_role",
            "aws_iam_role.rds_monitoring",
            "aws_lb.main",
            "aws_lb_listener.http",
            "aws_lb_listener.https",
            "aws_lb_target_group.backend",
            "aws_lb_target_group.frontend",
            "aws_s3_bucket.media_files",
            "aws_s3_bucket.static_assets",
            "aws_security_group.alb",
            "aws_security_group.codebuild",
            "aws_security_group.ecs_tasks",
            "aws_security_group.elasticache",
            "aws_security_group.rds",
            "aws_sns_topic.alerts",
            "aws_ssm_parameter.anthropic_api_key",
            "aws_ssm_parameter.auth0_client_secret",
            "aws_ssm_parameter.db_password",
            "aws_ssm_parameter.django_secret_key",
            "aws_ssm_parameter.openai_api_key",
            "aws_ssm_parameter.stripe_annual_price_id",
            "aws_ssm_parameter.stripe_monthly_price_id",
            "aws_ssm_parameter.stripe_secret_key",
            "aws_ssm_parameter.stripe_webhook_secret",
            "aws_subnet.database",
            "aws_subnet.private",
            "aws_subnet.public",
            "aws_vpc.main",
            "aws_wafv2_ip_set.admin_whitelist",
            "aws_wafv2_web_acl.main",
            "data.aws_availability_zones.available",
            "data.aws_caller_identity.current",
            "random_password.db_password",
            "random_password.django_secret_key"
          ]
        }
      ]
    },
    {
      "mode": "managed",
      "type": "aws_codebuild_project",
      "name": "frontend",
      "provider": "provider[\"registry.terraform.io/hashicorp/aws\"]",
      "instances": [
        {
          "schema_version": 0,
          "attributes": {
            "arn": "arn:aws:codebuild:us-east-1:794038228127:project/rapro-prod-frontend-build",
            "artifacts": [
              {
                "artifact_identifier": "",
                "bucket_owner_access": "",
                "encryption_disabled": false,
                "location": "",
                "name": "rapro-prod-frontend-build",
                "namespace_type": "",
                "override_artifact_name": false,
                "packaging": "NONE",
                "path": "",
                "type": "CODEPIPELINE"
              }
            ],
            "badge_enabled": false,
            "badge_url": "",
            "build_batch_config": [],
            "build_timeout": 60,
            "cache": [
              {
                "location": "",
                "modes": [],
                "type": "NO_CACHE"
              }
            ],
            "concurrent_build_limit": 0,
            "description": "Build project for RetirementAdvisorPro frontend",
            "encryption_key": "arn:aws:kms:us-east-1:794038228127:alias/aws/s3",
            "environment": [
              {
                "certificate": "",
                "compute_type": "BUILD_GENERAL1_SMALL",
                "environment_variable": [
                  {
                    "name": "AWS_DEFAULT_REGION",
                    "type": "PLAINTEXT",
                    "value": "us-east-1"
                  },
                  {
                    "name": "AWS_ACCOUNT_ID",
                    "type": "PLAINTEXT",
                    "value": "794038228127"
                  },
                  {
                    "name": "IMAGE_REPO_NAME",
                    "type": "PLAINTEXT",
                    "value": "rapro-prod-frontend"
                  },
                  {
                    "name": "IMAGE_TAG",
                    "type": "PLAINTEXT",
                    "value": "latest"
                  },
                  {
                    "name": "STATIC_BUCKET",
                    "type": "PLAINTEXT",
                    "value": "rapro-prod-static-assets"
                  },
                  {
                    "name": "VITE_AUTH0_DOMAIN",
                    "type": "PLAINTEXT",
                    "value": "genai-030069804226358743.us.auth0.com"
                  },
                  {
                    "name": "VITE_AUTH0_CLIENT_ID",
                    "type": "PLAINTEXT",
                    "value": "MS2O3usgLl8btDkPNwO6i0ZzC4LxR0Jw"
                  },
                  {
                    "name": "VITE_AUTH0_AUDIENCE",
                    "type": "PLAINTEXT",
                    "value": "https://api.retirementadvisorpro.com"
                  },
                  {
                    "name": "VITE_STRIPE_PUBLIC_KEY",
                    "type": "PLAINTEXT",
                    "value": "pk_live_51MKmFTDXYH4nUgjBhJ8lIWxB9iNkkZIXV3tHKUxOKiNWk5Zlgkx4lOBtiYpAsW55OvI1U7E9Ty82nSErHQHxW7BS00YEJ4LkEq"
                  },
                  {
                    "name": "VITE_API_BASE_URL",
                    "type": "PLAINTEXT",
                    "value": "https://app.retirementadvisorpro.com"
                  },
                  {
                    "name": "VITE_API_URL",
                    "type": "PLAINTEXT",
                    "value": "https://app.retirementadvisorpro.com/api"
                  },
                  {
                    "name": "VITE_FRONTEND_URL",
                    "type": "PLAINTEXT",
                    "value": "https://app.retirementadvisorpro.com"
                  }
                ],
                "fleet": [],
                "image": "aws/codebuild/amazonlinux2-x86_64-standard:5.0",
                "image_pull_credentials_type": "CODEBUILD",
                "privileged_mode": true,
                "registry_credential": [],
                "type": "LINUX_CONTAINER"
              }
            ],
            "file_system_locations": [],
            "id": "arn:aws:codebuild:us-east-1:794038228127:project/rapro-prod-frontend-build",
            "logs_config": [
              {
                "cloudwatch_logs": [
                  {
                    "group_name": "",
                    "status": "ENABLED",
                    "stream_name": ""
                  }
                ],
                "s3_logs": [
                  {
                    "bucket_owner_access": "",
                    "encryption_disabled": false,
                    "location": "",
                    "status": "DISABLED"
                  }
                ]
              }
            ],
            "name": "rapro-prod-frontend-build",
            "project_visibility": "PRIVATE",
            "public_project_alias": "",
            "queued_timeout": 480,
            "resource_access_role": "",
            "secondary_artifacts": [],
            "secondary_source_version": [],
            "secondary_sources": [],
            "service_role": "arn:aws:iam::794038228127:role/rapro-prod-codebuild-role",
            "source": [
              {
                "auth": [],
                "build_status_config": [],
                "buildspec": "\"artifacts\":\n  \"files\":\n  - \"imagedefinitions.json\"\n  \"name\": \"frontend-build-$(date +%Y-%m-%d)\"\n\"phases\":\n  \"build\":\n    \"commands\":\n    - \"echo Build started on `date`\"\n    - \"echo Building the Vue.js application...\"\n    - \"echo Current directory: $(pwd)\"\n    - \"echo Node version: $(node --version)\"\n    - \"echo NPM version: $(npm --version)\"\n    - \"echo Checking if vite is available:\"\n    - \"which vite || echo 'vite not in PATH'\"\n    - \"npx vite --version || echo 'npx vite failed'\"\n    - \"echo Running npm run build...\"\n    - \"npm run build\"\n    - \"echo Uploading static assets to S3...\"\n    - \"aws s3 sync dist/ s3://$STATIC_BUCKET --delete --cache-control \\\"public, max-age=31536000\\\"\"\n    - \"aws s3 cp s3://$STATIC_BUCKET/index.html s3://$STATIC_BUCKET/index.html --cache-control\n      \\\"public, max-age=0, must-revalidate\\\" --metadata-directive REPLACE\"\n    - \"echo Building Docker image for frontend...\"\n    - \"cd .. \u0026\u0026 ls -la \u0026\u0026 ls -la docker/ \u0026\u0026 docker build -f ./docker/Dockerfile.frontend.prod\n      -t $IMAGE_REPO_NAME:$IMAGE_TAG .\"\n    - \"docker tag $IMAGE_REPO_NAME:$IMAGE_TAG $AWS_ACCOUNT_ID.dkr.ecr.$AWS_DEFAULT_REGION.amazonaws.com/$IMAGE_REPO_NAME:$IMAGE_TAG\"\n  \"post_build\":\n    \"commands\":\n    - \"echo Build completed on `date`\"\n    - \"echo Pushing Docker image to ECR...\"\n    - \"docker push $AWS_ACCOUNT_ID.dkr.ecr.$AWS_DEFAULT_REGION.amazonaws.com/$IMAGE_REPO_NAME:$IMAGE_TAG\"\n    - \"printf '[{\\\"name\\\":\\\"frontend\\\",\\\"imageUri\\\":\\\"%s\\\"}]' $AWS_ACCOUNT_ID.dkr.ecr.$AWS_DEFAULT_REGION.amazonaws.com/$IMAGE_REPO_NAME:$IMAGE_TAG\n      \u003e imagedefinitions.json\"\n    - \"cat imagedefinitions.json\"\n  \"pre_build\":\n    \"commands\":\n    - \"echo Logging in to Amazon ECR...\"\n    - \"aws ecr get-login-password --region $AWS_DEFAULT_REGION | docker login --username\n      AWS --password-stdin $AWS_ACCOUNT_ID.dkr.ecr.$AWS_DEFAULT_REGION.amazonaws.com\"\n    - \"echo Pre-build started on `date`\"\n    - \"echo Installing dependencies...\"\n    - \"cd frontend\"\n    - \"npm install\"\n\"version\": \"0.2\"\n",
                "git_clone_depth": 0,
                "git_submodules_config": [],
                "insecure_ssl": false,
                "location": "",
                "report_build_status": false,
                "type": "CODEPIPELINE"
              }
            ],
            "source_version": "",
            "tags": {
              "Environment": "prod",
              "ManagedBy": "Terraform",
              "Name": "rapro-prod-frontend-build",
              "Project": "rapro"
            },
            "tags_all": {
              "Environment": "prod",
              "ManagedBy": "Terraform",
              "Name": "rapro-prod-frontend-build",
              "Project": "rapro"
            },
            "vpc_config": [
              {
                "security_group_ids": [
                  "sg-009d7ce20fff40655"
                ],
                "subnets": [
                  "subnet-04350b1e31f9f0439",
                  "subnet-0491a088b456eee93"
                ],
                "vpc_id": "vpc-09aa8258d53221483"
              }
            ]
          },
          "sensitive_attributes": [],
          "identity_schema_version": 0,
          "private": "bnVsbA==",
          "dependencies": [
            "aws_cloudfront_distribution.frontend",
            "aws_cloudfront_origin_access_identity.frontend",
            "aws_cloudfront_response_headers_policy.security",
            "aws_ecr_repository.frontend",
            "aws_iam_role.codebuild_role",
            "aws_lb.main",
            "aws_s3_bucket.static_assets",
            "aws_security_group.alb",
            "aws_security_group.codebuild",
            "aws_subnet.private",
            "aws_subnet.public",
            "aws_vpc.main",
            "aws_wafv2_ip_set.admin_whitelist",
            "aws_wafv2_web_acl.main",
            "data.aws_availability_zones.available",
            "data.aws_caller_identity.current"
          ]
        }
      ]
    },
    {
      "mode": "managed",
      "type": "aws_codebuild_project",
      "name": "frontend_build_staging",
      "provider": "provider[\"registry.terraform.io/hashicorp/aws\"]",
      "instances": [
        {
          "schema_version": 0,
          "attributes": {
            "arn": "arn:aws:codebuild:us-east-1:794038228127:project/rapro-prod-frontend-build-staging",
            "artifacts": [
              {
                "artifact_identifier": "",
                "bucket_owner_access": "",
                "encryption_disabled": false,
                "location": "",
                "name": "rapro-prod-frontend-build-staging",
                "namespace_type": "",
                "override_artifact_name": false,
                "packaging": "NONE",
                "path": "",
                "type": "CODEPIPELINE"
              }
            ],
            "badge_enabled": false,
            "badge_url": "",
            "build_batch_config": [],
            "build_timeout": 60,
            "cache": [
              {
                "location": "",
                "modes": [],
                "type": "NO_CACHE"
              }
            ],
            "concurrent_build_limit": 0,
            "description": "",
            "encryption_key": "arn:aws:kms:us-east-1:794038228127:alias/aws/s3",
            "environment": [
              {
                "certificate": "",
                "compute_type": "BUILD_GENERAL1_SMALL",
                "environment_variable": [
                  {
                    "name": "ECR_REPOSITORY_URI",
                    "type": "PLAINTEXT",
                    "value": "794038228127.dkr.ecr.us-east-1.amazonaws.com/rapro-prod-frontend"
                  },
                  {
                    "name": "IMAGE_TAG",
                    "type": "PLAINTEXT",
                    "value": "staging"
                  },
                  {
                    "name": "ENVIRONMENT",
                    "type": "PLAINTEXT",
                    "value": "staging"
                  }
                ],
                "fleet": [],
                "image": "aws/codebuild/standard:5.0",
                "image_pull_credentials_type": "CODEBUILD",
                "privileged_mode": true,
                "registry_credential": [],
                "type": "LINUX_CONTAINER"
              }
            ],
            "file_system_locations": [],
            "id": "arn:aws:codebuild:us-east-1:794038228127:project/rapro-prod-frontend-build-staging",
            "logs_config": [
              {
                "cloudwatch_logs": [
                  {
                    "group_name": "/aws/codebuild/rapro-prod",
                    "status": "ENABLED",
                    "stream_name": "rapro-prod-frontend-staging"
                  }
                ],
                "s3_logs": [
                  {
                    "bucket_owner_access": "",
                    "encryption_disabled": false,
                    "location": "",
                    "status": "DISABLED"
                  }
                ]
              }
            ],
            "name": "rapro-prod-frontend-build-staging",
            "project_visibility": "PRIVATE",
            "public_project_alias": "",
            "queued_timeout": 480,
            "resource_access_role": "",
            "secondary_artifacts": [],
            "secondary_source_version": [],
            "secondary_sources": [],
            "service_role": "arn:aws:iam::794038228127:role/rapro-prod-codebuild-role",
            "source": [
              {
                "auth": [],
                "build_status_config": [],
                "buildspec": "# CodeBuild buildspec for RetirementAdvisorPro frontend\n# Builds Vue.js application and deploys to S3 + ECR\n\nversion: 0.2\n\nphases:\n  pre_build:\n    commands:\n      - echo Logging in to Amazon ECR...\n      - aws ecr get-login-password --region $AWS_DEFAULT_REGION | docker login --username AWS --password-stdin $AWS_ACCOUNT_ID.dkr.ecr.$AWS_DEFAULT_REGION.amazonaws.com\n      - echo Pre-build started on `date`\n      - echo Installing dependencies...\n      - cd frontend\n      - npm ci --only=production\n\n  build:\n    commands:\n      - echo Build started on `date`\n      - echo Building the Vue.js application...\n      \n      # Build production assets\n      - npm run build\n      \n      # Copy build artifacts to S3 for static hosting\n      - echo Uploading static assets to S3...\n      - aws s3 sync dist/ s3://$STATIC_BUCKET --delete --cache-control \"public, max-age=31536000\"\n      - aws s3 cp s3://$STATIC_BUCKET/index.html s3://$STATIC_BUCKET/index.html --cache-control \"public, max-age=0, must-revalidate\" --metadata-directive REPLACE\n      \n      # Build Docker image for container deployment\n      - echo Building Docker image for frontend...\n      - cd ..\n      - docker build -f docker/Dockerfile.frontend -t $IMAGE_REPO_NAME:$IMAGE_TAG .\n      - docker tag $IMAGE_REPO_NAME:$IMAGE_TAG $AWS_ACCOUNT_ID.dkr.ecr.$AWS_DEFAULT_REGION.amazonaws.com/$IMAGE_REPO_NAME:$IMAGE_TAG\n\n  post_build:\n    commands:\n      - echo Build completed on `date`\n      - echo Pushing Docker image to ECR...\n      - docker push $AWS_ACCOUNT_ID.dkr.ecr.$AWS_DEFAULT_REGION.amazonaws.com/$IMAGE_REPO_NAME:$IMAGE_TAG\n      \n      # Invalidate CloudFront cache if distribution exists\n      - |\n        if [ ! -z \"$CLOUDFRONT_DISTRIBUTION_ID\" ]; then\n          echo Invalidating CloudFront cache...\n          aws cloudfront create-invalidation --distribution-id $CLOUDFRONT_DISTRIBUTION_ID --paths \"/*\"\n        fi\n      \n      # Create imagedefinitions.json for ECS deployment\n      - printf '[{\"name\":\"frontend\",\"imageUri\":\"%s\"}]' $AWS_ACCOUNT_ID.dkr.ecr.$AWS_DEFAULT_REGION.amazonaws.com/$IMAGE_REPO_NAME:$IMAGE_TAG \u003e imagedefinitions.json\n      - cat imagedefinitions.json\n\nartifacts:\n  files:\n    - imagedefinitions.json\n  name: frontend-build-$(date +%Y-%m-%d)",
                "git_clone_depth": 0,
                "git_submodules_config": [],
                "insecure_ssl": false,
                "location": "",
                "report_build_status": false,
                "type": "CODEPIPELINE"
              }
            ],
            "source_version": "",
            "tags": {
              "Environment": "staging",
              "ManagedBy": "Terraform",
              "Name": "rapro-prod-frontend-build-staging",
              "Project": "rapro"
            },
            "tags_all": {
              "Environment": "staging",
              "ManagedBy": "Terraform",
              "Name": "rapro-prod-frontend-build-staging",
              "Project": "rapro"
            },
            "vpc_config": []
          },
          "sensitive_attributes": [],
          "identity_schema_version": 0,
          "private": "bnVsbA==",
          "dependencies": [
            "aws_cloudwatch_log_group.codebuild",
            "aws_ecr_repository.frontend",
            "aws_iam_role.codebuild_role"
          ]
        }
      ]
    },
    {
      "mode": "managed",
      "type": "aws_codebuild_project",
      "name": "integration_tests",
      "provider": "provider[\"registry.terraform.io/hashicorp/aws\"]",
      "instances": [
        {
          "schema_version": 0,
          "attributes": {
            "arn": "arn:aws:codebuild:us-east-1:794038228127:project/rapro-prod-integration-tests",
            "artifacts": [
              {
                "artifact_identifier": "",
                "bucket_owner_access": "",
                "encryption_disabled": false,
                "location": "",
                "name": "rapro-prod-integration-tests",
                "namespace_type": "",
                "override_artifact_name": false,
                "packaging": "NONE",
                "path": "",
                "type": "CODEPIPELINE"
              }
            ],
            "badge_enabled": false,
            "badge_url": "",
            "build_batch_config": [],
            "build_timeout": 60,
            "cache": [
              {
                "location": "",
                "modes": [],
                "type": "NO_CACHE"
              }
            ],
            "concurrent_build_limit": 0,
            "description": "",
            "encryption_key": "arn:aws:kms:us-east-1:794038228127:alias/aws/s3",
            "environment": [
              {
                "certificate": "",
                "compute_type": "BUILD_GENERAL1_SMALL",
                "environment_variable": [],
                "fleet": [],
                "image": "aws/codebuild/standard:5.0",
                "image_pull_credentials_type": "CODEBUILD",
                "privileged_mode": false,
                "registry_credential": [],
                "type": "LINUX_CONTAINER"
              }
            ],
            "file_system_locations": [],
            "id": "arn:aws:codebuild:us-east-1:794038228127:project/rapro-prod-integration-tests",
            "logs_config": [
              {
                "cloudwatch_logs": [
                  {
                    "group_name": "/aws/codebuild/rapro-prod",
                    "status": "ENABLED",
                    "stream_name": "rapro-prod-integration-tests"
                  }
                ],
                "s3_logs": [
                  {
                    "bucket_owner_access": "",
                    "encryption_disabled": false,
                    "location": "",
                    "status": "DISABLED"
                  }
                ]
              }
            ],
            "name": "rapro-prod-integration-tests",
            "project_visibility": "PRIVATE",
            "public_project_alias": "",
            "queued_timeout": 480,
            "resource_access_role": "",
            "secondary_artifacts": [],
            "secondary_source_version": [],
            "secondary_sources": [],
            "service_role": "arn:aws:iam::794038228127:role/rapro-prod-codebuild-role",
            "source": [
              {
                "auth": [],
                "build_status_config": [],
                "buildspec": "buildspec-tests.yml",
                "git_clone_depth": 0,
                "git_submodules_config": [],
                "insecure_ssl": false,
                "location": "",
                "report_build_status": false,
                "type": "CODEPIPELINE"
              }
            ],
            "source_version": "",
            "tags": {
              "Environment": "prod",
              "ManagedBy": "Terraform",
              "Name": "rapro-prod-integration-tests",
              "Project": "rapro"
            },
            "tags_all": {
              "Environment": "prod",
              "ManagedBy": "Terraform",
              "Name": "rapro-prod-integration-tests",
              "Project": "rapro"
            },
            "vpc_config": []
          },
          "sensitive_attributes": [],
          "identity_schema_version": 0,
          "private": "bnVsbA==",
          "dependencies": [
            "aws_cloudwatch_log_group.codebuild",
            "aws_iam_role.codebuild_role"
          ]
        }
      ]
    },
    {
      "mode": "managed",
      "type": "aws_codebuild_project",
      "name": "smoke_tests",
      "provider": "provider[\"registry.terraform.io/hashicorp/aws\"]",
      "instances": [
        {
          "schema_version": 0,
          "attributes": {
            "arn": "arn:aws:codebuild:us-east-1:794038228127:project/rapro-prod-smoke-tests",
            "artifacts": [
              {
                "artifact_identifier": "",
                "bucket_owner_access": "",
                "encryption_disabled": false,
                "location": "",
                "name": "rapro-prod-smoke-tests",
                "namespace_type": "",
                "override_artifact_name": false,
                "packaging": "NONE",
                "path": "",
                "type": "CODEPIPELINE"
              }
            ],
            "badge_enabled": false,
            "badge_url": "",
            "build_batch_config": [],
            "build_timeout": 60,
            "cache": [
              {
                "location": "",
                "modes": [],
                "type": "NO_CACHE"
              }
            ],
            "concurrent_build_limit": 0,
            "description": "",
            "encryption_key": "arn:aws:kms:us-east-1:794038228127:alias/aws/s3",
            "environment": [
              {
                "certificate": "",
                "compute_type": "BUILD_GENERAL1_SMALL",
                "environment_variable": [],
                "fleet": [],
                "image": "aws/codebuild/standard:5.0",
                "image_pull_credentials_type": "CODEBUILD",
                "privileged_mode": false,
                "registry_credential": [],
                "type": "LINUX_CONTAINER"
              }
            ],
            "file_system_locations": [],
            "id": "arn:aws:codebuild:us-east-1:794038228127:project/rapro-prod-smoke-tests",
            "logs_config": [
              {
                "cloudwatch_logs": [
                  {
                    "group_name": "/aws/codebuild/rapro-prod",
                    "status": "ENABLED",
                    "stream_name": "rapro-prod-smoke-tests"
                  }
                ],
                "s3_logs": [
                  {
                    "bucket_owner_access": "",
                    "encryption_disabled": false,
                    "location": "",
                    "status": "DISABLED"
                  }
                ]
              }
            ],
            "name": "rapro-prod-smoke-tests",
            "project_visibility": "PRIVATE",
            "public_project_alias": "",
            "queued_timeout": 480,
            "resource_access_role": "",
            "secondary_artifacts": [],
            "secondary_source_version": [],
            "secondary_sources": [],
            "service_role": "arn:aws:iam::794038228127:role/rapro-prod-codebuild-role",
            "source": [
              {
                "auth": [],
                "build_status_config": [],
                "buildspec": "buildspec-smoke-tests.yml",
                "git_clone_depth": 0,
                "git_submodules_config": [],
                "insecure_ssl": false,
                "location": "",
                "report_build_status": false,
                "type": "CODEPIPELINE"
              }
            ],
            "source_version": "",
            "tags": {
              "Environment": "prod",
              "ManagedBy": "Terraform",
              "Name": "rapro-prod-smoke-tests",
              "Project": "rapro"
            },
            "tags_all": {
              "Environment": "prod",
              "ManagedBy": "Terraform",
              "Name": "rapro-prod-smoke-tests",
              "Project": "rapro"
            },
            "vpc_config": []
          },
          "sensitive_attributes": [],
          "identity_schema_version": 0,
          "private": "bnVsbA==",
          "dependencies": [
            "aws_cloudwatch_log_group.codebuild",
            "aws_iam_role.codebuild_role"
          ]
        }
      ]
    },
    {
      "mode": "managed",
      "type": "aws_codepipeline",
      "name": "main_pipeline",
      "provider": "provider[\"registry.terraform.io/hashicorp/aws\"]",
      "instances": [
        {
          "schema_version": 0,
          "attributes": {
            "arn": "arn:aws:codepipeline:us-east-1:794038228127:rapro-prod-pipeline",
            "artifact_store": [
              {
                "encryption_key": [],
                "location": "rapro-prod-codepipeline-artifacts",
                "region": "",
                "type": "S3"
              }
            ],
            "execution_mode": "SUPERSEDED",
            "id": "rapro-prod-pipeline",
            "name": "rapro-prod-pipeline",
            "pipeline_type": "V1",
            "role_arn": "arn:aws:iam::794038228127:role/rapro-prod-codepipeline-role",
            "stage": [
              {
                "action": [
                  {
                    "category": "Source",
                    "configuration": {
                      "Branch": "main",
                      "OAuthToken": "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",
                      "Owner": "wearemimic",
                      "Repo": "retirementadvisorpro"
                    },
                    "input_artifacts": null,
                    "name": "GitHub_Source",
                    "namespace": "",
                    "output_artifacts": [
                      "source_output"
                    ],
                    "owner": "ThirdParty",
                    "provider": "GitHub",
                    "region": "",
                    "role_arn": "",
                    "run_order": 1,
                    "timeout_in_minutes": 0,
                    "version": "1"
                  }
                ],
                "before_entry": [],
                "name": "Source",
                "on_failure": [],
                "on_success": []
              },
              {
                "action": [
                  {
                    "category": "Build",
                    "configuration": {
                      "ProjectName": "rapro-prod-frontend-build"
                    },
                    "input_artifacts": [
                      "source_output"
                    ],
                    "name": "Build_Frontend",
                    "namespace": "",
                    "output_artifacts": [
                      "frontend_build_output"
                    ],
                    "owner": "AWS",
                    "provider": "CodeBuild",
                    "region": "",
                    "role_arn": "",
                    "run_order": 1,
                    "timeout_in_minutes": 0,
                    "version": "1"
                  },
                  {
                    "category": "Build",
                    "configuration": {
                      "ProjectName": "rapro-prod-backend-build"
                    },
                    "input_artifacts": [
                      "source_output"
                    ],
                    "name": "Build_Backend",
                    "namespace": "",
                    "output_artifacts": [
                      "backend_build_output"
                    ],
                    "owner": "AWS",
                    "provider": "CodeBuild",
                    "region": "",
                    "role_arn": "",
                    "run_order": 1,
                    "timeout_in_minutes": 0,
                    "version": "1"
                  }
                ],
                "before_entry": [],
                "name": "Build",
                "on_failure": [],
                "on_success": []
              },
              {
                "action": [
                  {
                    "category": "Deploy",
                    "configuration": {
                      "ClusterName": "rapro-prod-staging",
                      "FileName": "imagedefinitions.json",
                      "ServiceName": "rapro-prod-frontend-staging"
                    },
                    "input_artifacts": [
                      "frontend_build_output"
                    ],
                    "name": "Deploy_Frontend_Staging",
                    "namespace": "",
                    "output_artifacts": null,
                    "owner": "AWS",
                    "provider": "ECS",
                    "region": "",
                    "role_arn": "",
                    "run_order": 1,
                    "timeout_in_minutes": 0,
                    "version": "1"
                  },
                  {
                    "category": "Deploy",
                    "configuration": {
                      "ClusterName": "rapro-prod-staging",
                      "FileName": "imagedefinitions.json",
                      "ServiceName": "rapro-prod-backend-staging"
                    },
                    "input_artifacts": [
                      "backend_build_output"
                    ],
                    "name": "Deploy_Backend_Staging",
                    "namespace": "",
                    "output_artifacts": null,
                    "owner": "AWS",
                    "provider": "ECS",
                    "region": "",
                    "role_arn": "",
                    "run_order": 1,
                    "timeout_in_minutes": 0,
                    "version": "1"
                  },
                  {
                    "category": "Deploy",
                    "configuration": {
                      "ClusterName": "rapro-prod-staging",
                      "FileName": "imagedefinitions_celery.json",
                      "ServiceName": "rapro-prod-celery-worker-staging"
                    },
                    "input_artifacts": [
                      "backend_build_output"
                    ],
                    "name": "Deploy_Celery_Staging",
                    "namespace": "",
                    "output_artifacts": null,
                    "owner": "AWS",
                    "provider": "ECS",
                    "region": "",
                    "role_arn": "",
                    "run_order": 1,
                    "timeout_in_minutes": 0,
                    "version": "1"
                  }
                ],
                "before_entry": [],
                "name": "Deploy_to_Staging",
                "on_failure": [],
                "on_success": []
              },
              {
                "action": [
                  {
                    "category": "Build",
                    "configuration": {
                      "ProjectName": "rapro-prod-integration-tests"
                    },
                    "input_artifacts": [
                      "source_output"
                    ],
                    "name": "Run_Integration_Tests",
                    "namespace": "",
                    "output_artifacts": [
                      "test_output"
                    ],
                    "owner": "AWS",
                    "provider": "CodeBuild",
                    "region": "",
                    "role_arn": "",
                    "run_order": 1,
                    "timeout_in_minutes": 0,
                    "version": "1"
                  }
                ],
                "before_entry": [],
                "name": "Test_Staging",
                "on_failure": [],
                "on_success": []
              },
              {
                "action": [
                  {
                    "category": "Approval",
                    "configuration": {
                      "CustomData": "Please review staging deployment and approve for production. Staging URL: https://rapro-prod-staging-573782540.us-east-1.elb.amazonaws.com",
                      "NotificationArn": "arn:aws:sns:us-east-1:794038228127:rapro-prod-pipeline-approval"
                    },
                    "input_artifacts": null,
                    "name": "Manual_Approval",
                    "namespace": "",
                    "output_artifacts": null,
                    "owner": "AWS",
                    "provider": "Manual",
                    "region": "",
                    "role_arn": "",
                    "run_order": 1,
                    "timeout_in_minutes": 0,
                    "version": "1"
                  }
                ],
                "before_entry": [],
                "name": "Approve_Production_Deployment",
                "on_failure": [],
                "on_success": []
              },
              {
                "action": [
                  {
                    "category": "Deploy",
                    "configuration": {
                      "ClusterName": "rapro-prod-cluster",
                      "FileName": "imagedefinitions.json",
                      "ServiceName": "rapro-prod-frontend"
                    },
                    "input_artifacts": [
                      "frontend_build_output"
                    ],
                    "name": "Deploy_Frontend_Production",
                    "namespace": "",
                    "output_artifacts": null,
                    "owner": "AWS",
                    "provider": "ECS",
                    "region": "",
                    "role_arn": "",
                    "run_order": 1,
                    "timeout_in_minutes": 0,
                    "version": "1"
                  },
                  {
                    "category": "Deploy",
                    "configuration": {
                      "ClusterName": "rapro-prod-cluster",
                      "FileName": "imagedefinitions.json",
                      "ServiceName": "rapro-prod-backend"
                    },
                    "input_artifacts": [
                      "backend_build_output"
                    ],
                    "name": "Deploy_Backend_Production",
                    "namespace": "",
                    "output_artifacts": null,
                    "owner": "AWS",
                    "provider": "ECS",
                    "region": "",
                    "role_arn": "",
                    "run_order": 1,
                    "timeout_in_minutes": 0,
                    "version": "1"
                  },
                  {
                    "category": "Deploy",
                    "configuration": {
                      "ClusterName": "rapro-prod-cluster",
                      "FileName": "imagedefinitions_celery.json",
                      "ServiceName": "rapro-prod-celery-worker"
                    },
                    "input_artifacts": [
                      "backend_build_output"
                    ],
                    "name": "Deploy_Celery_Production",
                    "namespace": "",
                    "output_artifacts": null,
                    "owner": "AWS",
                    "provider": "ECS",
                    "region": "",
                    "role_arn": "",
                    "run_order": 1,
                    "timeout_in_minutes": 0,
                    "version": "1"
                  }
                ],
                "before_entry": [],
                "name": "Deploy_to_Production",
                "on_failure": [],
                "on_success": []
              },
              {
                "action": [
                  {
                    "category": "Build",
                    "configuration": {
                      "ProjectName": "rapro-prod-smoke-tests"
                    },
                    "input_artifacts": [
                      "source_output"
                    ],
                    "name": "Smoke_Tests",
                    "namespace": "",
                    "output_artifacts": null,
                    "owner": "AWS",
                    "provider": "CodeBuild",
                    "region": "",
                    "role_arn": "",
                    "run_order": 1,
                    "timeout_in_minutes": 0,
                    "version": "1"
                  }
                ],
                "before_entry": [],
                "name": "Validate_Production",
                "on_failure": [],
                "on_success": []
              }
            ],
            "tags": {
              "Environment": "prod",
              "ManagedBy": "Terraform",
              "Name": "rapro-prod-pipeline",
              "Project": "rapro"
            },
            "tags_all": {
              "Environment": "prod",
              "ManagedBy": "Terraform",
              "Name": "rapro-prod-pipeline",
              "Project": "rapro"
            },
            "trigger": [],
            "trigger_all": [],
            "variable": []
          },
          "sensitive_attributes": [
            [
              {
                "type": "get_attr",
                "value": "stage"
              },
              {
                "type": "index",
                "value": {
                  "value": 0,
                  "type": "number"
                }
              },
              {
                "type": "get_attr",
                "value": "action"
              },
              {
                "type": "index",
                "value": {
                  "value": 0,
                  "type": "number"
                }
              },
              {
                "type": "get_attr",
                "value": "configuration"
              },
              {
                "type": "index",
                "value": {
                  "value": "OAuthToken",
                  "type": "string"
                }
              }
            ]
          ],
          "identity_schema_version": 0,
          "private": "bnVsbA==",
          "dependencies": [
            "aws_cloudfront_distribution.frontend",
            "aws_cloudfront_origin_access_identity.frontend",
            "aws_cloudfront_response_headers_policy.security",
            "aws_cloudwatch_log_group.backend",
            "aws_cloudwatch_log_group.celery_beat",
            "aws_cloudwatch_log_group.celery_worker",
            "aws_cloudwatch_log_group.codebuild",
            "aws_cloudwatch_log_group.frontend",
            "aws_codebuild_project.backend",
            "aws_codebuild_project.frontend",
            "aws_codebuild_project.integration_tests",
            "aws_codebuild_project.smoke_tests",
            "aws_db_instance.main",
            "aws_db_parameter_group.main",
            "aws_db_subnet_group.main",
            "aws_ecr_repository.backend",
            "aws_ecr_repository.frontend",
            "aws_ecs_cluster.main",
            "aws_ecs_cluster.staging",
            "aws_ecs_service.backend",
            "aws_ecs_service.backend_staging",
            "aws_ecs_service.celery_beat",
            "aws_ecs_service.celery_worker",
            "aws_ecs_service.celery_worker_staging",
            "aws_ecs_service.frontend",
            "aws_ecs_service.frontend_staging",
            "aws_ecs_task_definition.backend",
            "aws_ecs_task_definition.backend_staging",
            "aws_ecs_task_definition.celery_beat",
            "aws_ecs_task_definition.celery_worker",
            "aws_ecs_task_definition.celery_worker_staging",
            "aws_ecs_task_definition.frontend",
            "aws_ecs_task_definition.frontend_staging",
            "aws_elasticache_parameter_group.main",
            "aws_elasticache_replication_group.main",
            "aws_elasticache_subnet_group.main",
            "aws_iam_role.codebuild_role",
            "aws_iam_role.codepipeline_role",
            "aws_iam_role.ecs_task_execution_role",
            "aws_iam_role.ecs_task_role",
            "aws_iam_role.rds_monitoring",
            "aws_lb.main",
            "aws_lb.staging",
            "aws_lb_listener.http",
            "aws_lb_listener.https",
            "aws_lb_listener.staging_http",
            "aws_lb_target_group.backend",
            "aws_lb_target_group.backend_staging",
            "aws_lb_target_group.frontend",
            "aws_lb_target_group.frontend_staging",
            "aws_s3_bucket.codepipeline_artifacts",
            "aws_s3_bucket.media_files",
            "aws_s3_bucket.static_assets",
            "aws_security_group.alb",
            "aws_security_group.codebuild",
            "aws_security_group.ecs_tasks",
            "aws_security_group.elasticache",
            "aws_security_group.rds",
            "aws_sns_topic.alerts",
            "aws_sns_topic.pipeline_approval",
            "aws_ssm_parameter.anthropic_api_key",
            "aws_ssm_parameter.auth0_client_secret",
            "aws_ssm_parameter.db_password",
            "aws_ssm_parameter.django_secret_key",
            "aws_ssm_parameter.openai_api_key",
            "aws_ssm_parameter.stripe_annual_price_id",
            "aws_ssm_parameter.stripe_monthly_price_id",
            "aws_ssm_parameter.stripe_secret_key",
            "aws_ssm_parameter.stripe_webhook_secret",
            "aws_subnet.database",
            "aws_subnet.private",
            "aws_subnet.public",
            "aws_vpc.main",
            "aws_wafv2_ip_set.admin_whitelist",
            "aws_wafv2_web_acl.main",
            "data.aws_availability_zones.available",
            "data.aws_caller_identity.current",
            "data.aws_secretsmanager_secret.github_token",
            "data.aws_secretsmanager_secret_version.github_token",
            "random_password.db_password",
            "random_password.django_secret_key"
          ]
        }
      ]
    },
    {
      "mode": "managed",
      "type": "aws_db_instance",
      "name": "main",
      "provider": "provider[\"registry.terraform.io/hashicorp/aws\"]",
      "instances": [
        {
          "schema_version": 2,
          "attributes": {
            "address": "rapro-prod-postgres.cmvso6wyccpe.us-east-1.rds.amazonaws.com",
            "allocated_storage": 30,
            "allow_major_version_upgrade": null,
            "apply_immediately": false,
            "arn": "arn:aws:rds:us-east-1:794038228127:db:rapro-prod-postgres",
            "auto_minor_version_upgrade": true,
            "availability_zone": "us-east-1a",
            "backup_retention_period": 7,
            "backup_target": "region",
            "backup_window": "03:00-04:00",
            "blue_green_update": [],
            "ca_cert_identifier": "rds-ca-rsa2048-g1",
            "character_set_name": "",
            "copy_tags_to_snapshot": false,
            "custom_iam_instance_profile": "",
            "customer_owned_ip_enabled": false,
            "database_insights_mode": "standard",
            "db_name": "retirementadvisorpro",
            "db_subnet_group_name": "rapro-prod-db-subnet-group",
            "dedicated_log_volume": false,
            "delete_automated_backups": true,
            "deletion_protection": true,
            "domain": "",
            "domain_auth_secret_arn": "",
            "domain_dns_ips": [],
            "domain_fqdn": "",
            "domain_iam_role_name": "",
            "domain_ou": "",
            "enabled_cloudwatch_logs_exports": [],
            "endpoint": "rapro-prod-postgres.cmvso6wyccpe.us-east-1.rds.amazonaws.com:5432",
            "engine": "postgres",
            "engine_lifecycle_support": "open-source-rds-extended-support",
            "engine_version": "14.19",
            "engine_version_actual": "14.19",
            "final_snapshot_identifier": "rapro-prod-final-snapshot-2025-09-03-1413",
            "hosted_zone_id": "Z2R2ITUGPM61AM",
            "iam_database_authentication_enabled": false,
            "id": "db-XK6KELUINXQKOAC77MF5CUVLRM",
            "identifier": "rapro-prod-postgres",
            "identifier_prefix": "",
            "instance_class": "db.t3.small",
            "iops": 0,
            "kms_key_id": "arn:aws:kms:us-east-1:794038228127:key/ccab4eff-4e02-4048-b60b-3af8c8522d43",
            "latest_restorable_time": "2025-09-04T14:04:35Z",
            "license_model": "postgresql-license",
            "listener_endpoint": [],
            "maintenance_window": "sun:04:00-sun:05:00",
            "manage_master_user_password": null,
            "master_user_secret": [],
            "master_user_secret_kms_key_id": null,
            "max_allocated_storage": 200,
            "monitoring_interval": 0,
            "monitoring_role_arn": "",
            "multi_az": false,
            "nchar_character_set_name": "",
            "network_type": "IPV4",
            "option_group_name": "default:postgres-14",
            "parameter_group_name": "rapro-prod-db-params",
            "password": "Md22%0#]!#ku5:Rcp3EShK(!(pVUy(_Q",
            "password_wo": null,
            "password_wo_version": null,
            "performance_insights_enabled": true,
            "performance_insights_kms_key_id": "arn:aws:kms:us-east-1:794038228127:key/ccab4eff-4e02-4048-b60b-3af8c8522d43",
            "performance_insights_retention_period": 7,
            "port": 5432,
            "publicly_accessible": false,
            "replica_mode": "",
            "replicas": [],
            "replicate_source_db": "",
            "resource_id": "db-XK6KELUINXQKOAC77MF5CUVLRM",
            "restore_to_point_in_time": [],
            "s3_import": [],
            "skip_final_snapshot": false,
            "snapshot_identifier": null,
            "status": "available",
            "storage_encrypted": true,
            "storage_throughput": 0,
            "storage_type": "gp2",
            "tags": {
              "Environment": "prod",
              "ManagedBy": "Terraform",
              "Name": "rapro-prod-postgres",
              "Project": "rapro"
            },
            "tags_all": {
              "Environment": "prod",
              "ManagedBy": "Terraform",
              "Name": "rapro-prod-postgres",
              "Project": "rapro"
            },
            "timeouts": null,
            "timezone": "",
            "upgrade_storage_config": null,
            "username": "postgres",
            "vpc_security_group_ids": [
              "sg-0293139127fd6214c"
            ]
          },
          "sensitive_attributes": [
            [
              {
                "type": "get_attr",
                "value": "password"
              }
            ],
            [
              {
                "type": "get_attr",
                "value": "password_wo"
              }
            ]
          ],
          "identity_schema_version": 0,
          "private": "eyJlMmJmYjczMC1lY2FhLTExZTYtOGY4OC0zNDM2M2JjN2M0YzAiOnsiY3JlYXRlIjozMDAwMDAwMDAwMDAwLCJkZWxldGUiOjM2MDAwMDAwMDAwMDAsInVwZGF0ZSI6NDgwMDAwMDAwMDAwMH0sInNjaGVtYV92ZXJzaW9uIjoiMiJ9",
          "dependencies": [
            "aws_db_parameter_group.main",
            "aws_db_subnet_group.main",
            "aws_iam_role.rds_monitoring",
            "aws_security_group.alb",
            "aws_security_group.ecs_tasks",
            "aws_security_group.rds",
            "aws_subnet.database",
            "aws_vpc.main",
            "data.aws_availability_zones.available",
            "random_password.db_password"
          ]
        }
      ]
    },
    {
      "mode": "managed",
      "type": "aws_db_parameter_group",
      "name": "main",
      "provider": "provider[\"registry.terraform.io/hashicorp/aws\"]",
      "instances": [
        {
          "schema_version": 0,
          "attributes": {
            "arn": "arn:aws:rds:us-east-1:794038228127:pg:rapro-prod-db-params",
            "description": "Managed by Terraform",
            "family": "postgres14",
            "id": "rapro-prod-db-params",
            "name": "rapro-prod-db-params",
            "name_prefix": "",
            "parameter": [
              {
                "apply_method": "immediate",
                "name": "log_duration",
                "value": "1"
              },
              {
                "apply_method": "immediate",
                "name": "log_min_duration_statement",
                "value": "1000"
              },
              {
                "apply_method": "immediate",
                "name": "log_statement",
                "value": "all"
              },
              {
                "apply_method": "pending-reboot",
                "name": "max_connections",
                "value": "100"
              },
              {
                "apply_method": "pending-reboot",
                "name": "shared_preload_libraries",
                "value": "pg_stat_statements"
              }
            ],
            "skip_destroy": false,
            "tags": {
              "Environment": "prod",
              "ManagedBy": "Terraform",
              "Name": "rapro-prod-db-params",
              "Project": "rapro"
            },
            "tags_all": {
              "Environment": "prod",
              "ManagedBy": "Terraform",
              "Name": "rapro-prod-db-params",
              "Project": "rapro"
            }
          },
          "sensitive_attributes": [],
          "identity_schema_version": 0,
          "private": "bnVsbA=="
        }
      ]
    },
    {
      "mode": "managed",
      "type": "aws_db_subnet_group",
      "name": "main",
      "provider": "provider[\"registry.terraform.io/hashicorp/aws\"]",
      "instances": [
        {
          "schema_version": 0,
          "attributes": {
            "arn": "arn:aws:rds:us-east-1:794038228127:subgrp:rapro-prod-db-subnet-group",
            "description": "Managed by Terraform",
            "id": "rapro-prod-db-subnet-group",
            "name": "rapro-prod-db-subnet-group",
            "name_prefix": "",
            "subnet_ids": [
              "subnet-00b47391dc20a3c1b",
              "subnet-0e611cf1ba5d69e09"
            ],
            "supported_network_types": [
              "IPV4"
            ],
            "tags": {
              "Environment": "prod",
              "ManagedBy": "Terraform",
              "Name": "rapro-prod-db-subnet-group",
              "Project": "rapro"
            },
            "tags_all": {
              "Environment": "prod",
              "ManagedBy": "Terraform",
              "Name": "rapro-prod-db-subnet-group",
              "Project": "rapro"
            },
            "vpc_id": "vpc-09aa8258d53221483"
          },
          "sensitive_attributes": [],
          "identity_schema_version": 0,
          "private": "bnVsbA==",
          "dependencies": [
            "aws_subnet.database",
            "aws_vpc.main",
            "data.aws_availability_zones.available"
          ]
        }
      ]
    },
    {
      "mode": "managed",
      "type": "aws_ecr_lifecycle_policy",
      "name": "backend",
      "provider": "provider[\"registry.terraform.io/hashicorp/aws\"]",
      "instances": [
        {
          "schema_version": 0,
          "attributes": {
            "id": "rapro-prod-backend",
            "policy": "{\"rules\":[{\"action\":{\"type\":\"expire\"},\"description\":\"Keep last 10 production images\",\"rulePriority\":1,\"selection\":{\"countNumber\":10,\"countType\":\"imageCountMoreThan\",\"tagPrefixList\":[\"prod\",\"latest\",\"v\"],\"tagStatus\":\"tagged\"}},{\"action\":{\"type\":\"expire\"},\"description\":\"Keep last 5 development images\",\"rulePriority\":2,\"selection\":{\"countNumber\":5,\"countType\":\"imageCountMoreThan\",\"tagPrefixList\":[\"dev\",\"staging\",\"feature\"],\"tagStatus\":\"tagged\"}},{\"action\":{\"type\":\"expire\"},\"description\":\"Delete untagged images older than 1 day\",\"rulePriority\":3,\"selection\":{\"countNumber\":1,\"countType\":\"sinceImagePushed\",\"countUnit\":\"days\",\"tagStatus\":\"untagged\"}}]}",
            "registry_id": "794038228127",
            "repository": "rapro-prod-backend"
          },
          "sensitive_attributes": [],
          "identity_schema_version": 0,
          "private": "bnVsbA==",
          "dependencies": [
            "aws_ecr_repository.backend"
          ]
        }
      ]
    },
    {
      "mode": "managed",
      "type": "aws_ecr_lifecycle_policy",
      "name": "frontend",
      "provider": "provider[\"registry.terraform.io/hashicorp/aws\"]",
      "instances": [
        {
          "schema_version": 0,
          "attributes": {
            "id": "rapro-prod-frontend",
            "policy": "{\"rules\":[{\"action\":{\"type\":\"expire\"},\"description\":\"Keep last 10 production images\",\"rulePriority\":1,\"selection\":{\"countNumber\":10,\"countType\":\"imageCountMoreThan\",\"tagPrefixList\":[\"prod\",\"latest\",\"v\"],\"tagStatus\":\"tagged\"}},{\"action\":{\"type\":\"expire\"},\"description\":\"Keep last 5 development images\",\"rulePriority\":2,\"selection\":{\"countNumber\":5,\"countType\":\"imageCountMoreThan\",\"tagPrefixList\":[\"dev\",\"staging\",\"feature\"],\"tagStatus\":\"tagged\"}},{\"action\":{\"type\":\"expire\"},\"description\":\"Delete untagged images older than 1 day\",\"rulePriority\":3,\"selection\":{\"countNumber\":1,\"countType\":\"sinceImagePushed\",\"countUnit\":\"days\",\"tagStatus\":\"untagged\"}}]}",
            "registry_id": "794038228127",
            "repository": "rapro-prod-frontend"
          },
          "sensitive_attributes": [],
          "identity_schema_version": 0,
          "private": "bnVsbA==",
          "dependencies": [
            "aws_ecr_repository.frontend"
          ]
        }
      ]
    },
    {
      "mode": "managed",
      "type": "aws_ecr_repository",
      "name": "backend",
      "provider": "provider[\"registry.terraform.io/hashicorp/aws\"]",
      "instances": [
        {
          "schema_version": 0,
          "attributes": {
            "arn": "arn:aws:ecr:us-east-1:794038228127:repository/rapro-prod-backend",
            "encryption_configuration": [
              {
                "encryption_type": "AES256",
                "kms_key": ""
              }
            ],
            "force_delete": null,
            "id": "rapro-prod-backend",
            "image_scanning_configuration": [
              {
                "scan_on_push": true
              }
            ],
            "image_tag_mutability": "MUTABLE",
            "name": "rapro-prod-backend",
            "registry_id": "794038228127",
            "repository_url": "794038228127.dkr.ecr.us-east-1.amazonaws.com/rapro-prod-backend",
            "tags": {
              "Environment": "prod",
              "ManagedBy": "Terraform",
              "Name": "rapro-prod-backend",
              "Project": "rapro"
            },
            "tags_all": {
              "Environment": "prod",
              "ManagedBy": "Terraform",
              "Name": "rapro-prod-backend",
              "Project": "rapro"
            },
            "timeouts": null
          },
          "sensitive_attributes": [],
          "identity_schema_version": 0,
          "private": "eyJlMmJmYjczMC1lY2FhLTExZTYtOGY4OC0zNDM2M2JjN2M0YzAiOnsiZGVsZXRlIjoxMjAwMDAwMDAwMDAwfX0="
        }
      ]
    },
    {
      "mode": "managed",
      "type": "aws_ecr_repository",
      "name": "frontend",
      "provider": "provider[\"registry.terraform.io/hashicorp/aws\"]",
      "instances": [
        {
          "schema_version": 0,
          "attributes": {
            "arn": "arn:aws:ecr:us-east-1:794038228127:repository/rapro-prod-frontend",
            "encryption_configuration": [
              {
                "encryption_type": "AES256",
                "kms_key": ""
              }
            ],
            "force_delete": null,
            "id": "rapro-prod-frontend",
            "image_scanning_configuration": [
              {
                "scan_on_push": true
              }
            ],
            "image_tag_mutability": "MUTABLE",
            "name": "rapro-prod-frontend",
            "registry_id": "794038228127",
            "repository_url": "794038228127.dkr.ecr.us-east-1.amazonaws.com/rapro-prod-frontend",
            "tags": {
              "Environment": "prod",
              "ManagedBy": "Terraform",
              "Name": "rapro-prod-frontend",
              "Project": "rapro"
            },
            "tags_all": {
              "Environment": "prod",
              "ManagedBy": "Terraform",
              "Name": "rapro-prod-frontend",
              "Project": "rapro"
            },
            "timeouts": null
          },
          "sensitive_attributes": [],
          "identity_schema_version": 0,
          "private": "eyJlMmJmYjczMC1lY2FhLTExZTYtOGY4OC0zNDM2M2JjN2M0YzAiOnsiZGVsZXRlIjoxMjAwMDAwMDAwMDAwfX0="
        }
      ]
    },
    {
      "mode": "managed",
      "type": "aws_ecr_repository_policy",
      "name": "backend",
      "provider": "provider[\"registry.terraform.io/hashicorp/aws\"]",
      "instances": [
        {
          "schema_version": 0,
          "attributes": {
            "id": "rapro-prod-backend",
            "policy": "{\"Statement\":[{\"Action\":[\"ecr:UploadLayerPart\",\"ecr:StartLifecyclePolicyPreview\",\"ecr:PutLifecyclePolicy\",\"ecr:PutImage\",\"ecr:ListImages\",\"ecr:InitiateLayerUpload\",\"ecr:GetRepositoryPolicy\",\"ecr:GetLifecyclePolicyPreview\",\"ecr:GetLifecyclePolicy\",\"ecr:GetDownloadUrlForLayer\",\"ecr:DescribeRepositories\",\"ecr:DescribeImages\",\"ecr:DeleteLifecyclePolicy\",\"ecr:CompleteLayerUpload\",\"ecr:BatchGetImage\",\"ecr:BatchDeleteImage\",\"ecr:BatchCheckLayerAvailability\"],\"Effect\":\"Allow\",\"Principal\":{\"AWS\":\"arn:aws:iam::794038228127:root\"}}],\"Version\":\"2012-10-17\"}",
            "registry_id": "794038228127",
            "repository": "rapro-prod-backend"
          },
          "sensitive_attributes": [],
          "identity_schema_version": 0,
          "private": "bnVsbA==",
          "dependencies": [
            "aws_ecr_repository.backend",
            "data.aws_caller_identity.current",
            "data.aws_iam_policy_document.ecr_policy"
          ]
        }
      ]
    },
    {
      "mode": "managed",
      "type": "aws_ecr_repository_policy",
      "name": "frontend",
      "provider": "provider[\"registry.terraform.io/hashicorp/aws\"]",
      "instances": [
        {
          "schema_version": 0,
          "attributes": {
            "id": "rapro-prod-frontend",
            "policy": "{\"Statement\":[{\"Action\":[\"ecr:UploadLayerPart\",\"ecr:StartLifecyclePolicyPreview\",\"ecr:PutLifecyclePolicy\",\"ecr:PutImage\",\"ecr:ListImages\",\"ecr:InitiateLayerUpload\",\"ecr:GetRepositoryPolicy\",\"ecr:GetLifecyclePolicyPreview\",\"ecr:GetLifecyclePolicy\",\"ecr:GetDownloadUrlForLayer\",\"ecr:DescribeRepositories\",\"ecr:DescribeImages\",\"ecr:DeleteLifecyclePolicy\",\"ecr:CompleteLayerUpload\",\"ecr:BatchGetImage\",\"ecr:BatchDeleteImage\",\"ecr:BatchCheckLayerAvailability\"],\"Effect\":\"Allow\",\"Principal\":{\"AWS\":\"arn:aws:iam::794038228127:root\"}}],\"Version\":\"2012-10-17\"}",
            "registry_id": "794038228127",
            "repository": "rapro-prod-frontend"
          },
          "sensitive_attributes": [],
          "identity_schema_version": 0,
          "private": "bnVsbA==",
          "dependencies": [
            "aws_ecr_repository.frontend",
            "data.aws_caller_identity.current",
            "data.aws_iam_policy_document.ecr_policy"
          ]
        }
      ]
    },
    {
      "mode": "managed",
      "type": "aws_ecs_cluster",
      "name": "main",
      "provider": "provider[\"registry.terraform.io/hashicorp/aws\"]",
      "instances": [
        {
          "schema_version": 0,
          "attributes": {
            "arn": "arn:aws:ecs:us-east-1:794038228127:cluster/rapro-prod-cluster",
            "configuration": [],
            "id": "arn:aws:ecs:us-east-1:794038228127:cluster/rapro-prod-cluster",
            "name": "rapro-prod-cluster",
            "service_connect_defaults": [],
            "setting": [
              {
                "name": "containerInsights",
                "value": "disabled"
              }
            ],
            "tags": {
              "Environment": "prod",
              "ManagedBy": "Terraform",
              "Name": "rapro-prod-cluster",
              "Project": "rapro"
            },
            "tags_all": {
              "Environment": "prod",
              "ManagedBy": "Terraform",
              "Name": "rapro-prod-cluster",
              "Project": "rapro"
            }
          },
          "sensitive_attributes": [],
          "identity_schema_version": 0,
          "private": "bnVsbA=="
        }
      ]
    },
    {
      "mode": "managed",
      "type": "aws_ecs_cluster",
      "name": "staging",
      "provider": "provider[\"registry.terraform.io/hashicorp/aws\"]",
      "instances": [
        {
          "schema_version": 0,
          "attributes": {
            "arn": "arn:aws:ecs:us-east-1:794038228127:cluster/rapro-prod-staging",
            "configuration": [],
            "id": "arn:aws:ecs:us-east-1:794038228127:cluster/rapro-prod-staging",
            "name": "rapro-prod-staging",
            "service_connect_defaults": [],
            "setting": [
              {
                "name": "containerInsights",
                "value": "enabled"
              }
            ],
            "tags": {
              "Environment": "staging",
              "ManagedBy": "Terraform",
              "Name": "rapro-prod-staging",
              "Project": "rapro"
            },
            "tags_all": {
              "Environment": "staging",
              "ManagedBy": "Terraform",
              "Name": "rapro-prod-staging",
              "Project": "rapro"
            }
          },
          "sensitive_attributes": [],
          "identity_schema_version": 0,
          "private": "bnVsbA=="
        }
      ]
    },
    {
      "mode": "managed",
      "type": "aws_ecs_cluster_capacity_providers",
      "name": "main",
      "provider": "provider[\"registry.terraform.io/hashicorp/aws\"]",
      "instances": [
        {
          "schema_version": 0,
          "attributes": {
            "capacity_providers": [
              "FARGATE",
              "FARGATE_SPOT"
            ],
            "cluster_name": "rapro-prod-cluster",
            "default_capacity_provider_strategy": [
              {
                "base": 1,
                "capacity_provider": "FARGATE_SPOT",
                "weight": 1
              }
            ],
            "id": "rapro-prod-cluster"
          },
          "sensitive_attributes": [],
          "identity_schema_version": 0,
          "private": "bnVsbA==",
          "dependencies": [
            "aws_ecs_cluster.main"
          ]
        }
      ]
    },
    {
      "mode": "managed",
      "type": "aws_ecs_cluster_capacity_providers",
      "name": "staging",
      "provider": "provider[\"registry.terraform.io/hashicorp/aws\"]",
      "instances": [
        {
          "schema_version": 0,
          "attributes": {
            "capacity_providers": [
              "FARGATE",
              "FARGATE_SPOT"
            ],
            "cluster_name": "rapro-prod-staging",
            "default_capacity_provider_strategy": [
              {
                "base": 0,
                "capacity_provider": "FARGATE_SPOT",
                "weight": 100
              }
            ],
            "id": "rapro-prod-staging"
          },
          "sensitive_attributes": [],
          "identity_schema_version": 0,
          "private": "bnVsbA==",
          "dependencies": [
            "aws_ecs_cluster.staging"
          ]
        }
      ]
    },
    {
      "mode": "managed",
      "type": "aws_ecs_service",
      "name": "backend",
      "provider": "provider[\"registry.terraform.io/hashicorp/aws\"]",
      "instances": [
        {
          "schema_version": 1,
          "attributes": {
            "alarms": [],
            "availability_zone_rebalancing": "DISABLED",
            "capacity_provider_strategy": [
              {
                "base": 2,
                "capacity_provider": "FARGATE_SPOT",
                "weight": 1
              }
            ],
            "cluster": "arn:aws:ecs:us-east-1:794038228127:cluster/rapro-prod-cluster",
            "deployment_circuit_breaker": [
              {
                "enable": true,
                "rollback": true
              }
            ],
            "deployment_controller": [
              {
                "type": "ECS"
              }
            ],
            "deployment_maximum_percent": 200,
            "deployment_minimum_healthy_percent": 50,
            "desired_count": 2,
            "enable_ecs_managed_tags": false,
            "enable_execute_command": false,
            "force_delete": null,
            "force_new_deployment": null,
            "health_check_grace_period_seconds": 120,
            "iam_role": "/aws-service-role/ecs.amazonaws.com/AWSServiceRoleForECS",
            "id": "arn:aws:ecs:us-east-1:794038228127:service/rapro-prod-cluster/rapro-prod-backend",
            "launch_type": "",
            "load_balancer": [
              {
                "container_name": "backend",
                "container_port": 8000,
                "elb_name": "",
                "target_group_arn": "arn:aws:elasticloadbalancing:us-east-1:794038228127:targetgroup/rapro-prod-backend-tg/658905bfef603071"
              }
            ],
            "name": "rapro-prod-backend",
            "network_configuration": [
              {
                "assign_public_ip": false,
                "security_groups": [
                  "sg-0bd802a9db8e9f5c9"
                ],
                "subnets": [
                  "subnet-04350b1e31f9f0439",
                  "subnet-0491a088b456eee93"
                ]
              }
            ],
            "ordered_placement_strategy": [],
            "placement_constraints": [],
            "platform_version": "LATEST",
            "propagate_tags": "NONE",
            "scheduling_strategy": "REPLICA",
            "service_connect_configuration": [],
            "service_registries": [],
            "tags": {
              "Environment": "prod",
              "ManagedBy": "Terraform",
              "Name": "rapro-prod-backend-service",
              "Project": "rapro"
            },
            "tags_all": {
              "Environment": "prod",
              "ManagedBy": "Terraform",
              "Name": "rapro-prod-backend-service",
              "Project": "rapro"
            },
            "task_definition": "arn:aws:ecs:us-east-1:794038228127:task-definition/rapro-prod-backend:1",
            "timeouts": null,
            "triggers": {},
            "volume_configuration": [],
            "vpc_lattice_configurations": [],
            "wait_for_steady_state": false
          },
          "sensitive_attributes": [],
          "identity_schema_version": 0,
          "private": "eyJlMmJmYjczMC1lY2FhLTExZTYtOGY4OC0zNDM2M2JjN2M0YzAiOnsiY3JlYXRlIjoxMjAwMDAwMDAwMDAwLCJkZWxldGUiOjEyMDAwMDAwMDAwMDAsInVwZGF0ZSI6MTIwMDAwMDAwMDAwMH0sInNjaGVtYV92ZXJzaW9uIjoiMSJ9",
          "dependencies": [
            "aws_cloudfront_distribution.frontend",
            "aws_cloudfront_origin_access_identity.frontend",
            "aws_cloudfront_response_headers_policy.security",
            "aws_cloudwatch_log_group.backend",
            "aws_db_instance.main",
            "aws_db_parameter_group.main",
            "aws_db_subnet_group.main",
            "aws_ecr_repository.backend",
            "aws_ecs_cluster.main",
            "aws_ecs_task_definition.backend",
            "aws_elasticache_parameter_group.main",
            "aws_elasticache_replication_group.main",
            "aws_elasticache_subnet_group.main",
            "aws_iam_role.ecs_task_execution_role",
            "aws_iam_role.ecs_task_role",
            "aws_iam_role.rds_monitoring",
            "aws_lb.main",
            "aws_lb_listener.http",
            "aws_lb_listener.https",
            "aws_lb_target_group.backend",
            "aws_lb_target_group.frontend",
            "aws_s3_bucket.media_files",
            "aws_s3_bucket.static_assets",
            "aws_security_group.alb",
            "aws_security_group.ecs_tasks",
            "aws_security_group.elasticache",
            "aws_security_group.rds",
            "aws_sns_topic.alerts",
            "aws_ssm_parameter.anthropic_api_key",
            "aws_ssm_parameter.auth0_client_secret",
            "aws_ssm_parameter.db_password",
            "aws_ssm_parameter.django_secret_key",
            "aws_ssm_parameter.openai_api_key",
            "aws_ssm_parameter.stripe_annual_price_id",
            "aws_ssm_parameter.stripe_monthly_price_id",
            "aws_ssm_parameter.stripe_secret_key",
            "aws_ssm_parameter.stripe_webhook_secret",
            "aws_subnet.database",
            "aws_subnet.private",
            "aws_subnet.public",
            "aws_vpc.main",
            "aws_wafv2_ip_set.admin_whitelist",
            "aws_wafv2_web_acl.main",
            "data.aws_availability_zones.available",
            "random_password.db_password",
            "random_password.django_secret_key"
          ]
        }
      ]
    },
    {
      "mode": "managed",
      "type": "aws_ecs_service",
      "name": "backend_staging",
      "provider": "provider[\"registry.terraform.io/hashicorp/aws\"]",
      "instances": [
        {
          "schema_version": 1,
          "attributes": {
            "alarms": [],
            "availability_zone_rebalancing": "DISABLED",
            "capacity_provider_strategy": [
              {
                "base": 1,
                "capacity_provider": "FARGATE_SPOT",
                "weight": 1
              }
            ],
            "cluster": "arn:aws:ecs:us-east-1:794038228127:cluster/rapro-prod-staging",
            "deployment_circuit_breaker": [
              {
                "enable": false,
                "rollback": false
              }
            ],
            "deployment_controller": [
              {
                "type": "ECS"
              }
            ],
            "deployment_maximum_percent": 200,
            "deployment_minimum_healthy_percent": 50,
            "desired_count": 1,
            "enable_ecs_managed_tags": false,
            "enable_execute_command": false,
            "force_delete": null,
            "force_new_deployment": null,
            "health_check_grace_period_seconds": 0,
            "iam_role": "/aws-service-role/ecs.amazonaws.com/AWSServiceRoleForECS",
            "id": "arn:aws:ecs:us-east-1:794038228127:service/rapro-prod-staging/rapro-prod-backend-staging",
            "launch_type": "",
            "load_balancer": [
              {
                "container_name": "backend",
                "container_port": 8000,
                "elb_name": "",
                "target_group_arn": "arn:aws:elasticloadbalancing:us-east-1:794038228127:targetgroup/rapro-prod-backend-staging/e45bf1413d4affa0"
              }
            ],
            "name": "rapro-prod-backend-staging",
            "network_configuration": [
              {
                "assign_public_ip": false,
                "security_groups": [
                  "sg-0bd802a9db8e9f5c9"
                ],
                "subnets": [
                  "subnet-04350b1e31f9f0439",
                  "subnet-0491a088b456eee93"
                ]
              }
            ],
            "ordered_placement_strategy": [],
            "placement_constraints": [],
            "platform_version": "LATEST",
            "propagate_tags": "NONE",
            "scheduling_strategy": "REPLICA",
            "service_connect_configuration": [],
            "service_registries": [],
            "tags": {
              "Environment": "staging",
              "ManagedBy": "Terraform",
              "Name": "rapro-prod-backend-staging",
              "Project": "rapro"
            },
            "tags_all": {
              "Environment": "staging",
              "ManagedBy": "Terraform",
              "Name": "rapro-prod-backend-staging",
              "Project": "rapro"
            },
            "task_definition": "arn:aws:ecs:us-east-1:794038228127:task-definition/rapro-prod-backend-staging:1",
            "timeouts": null,
            "triggers": {},
            "volume_configuration": [],
            "vpc_lattice_configurations": [],
            "wait_for_steady_state": false
          },
          "sensitive_attributes": [],
          "identity_schema_version": 0,
          "private": "eyJlMmJmYjczMC1lY2FhLTExZTYtOGY4OC0zNDM2M2JjN2M0YzAiOnsiY3JlYXRlIjoxMjAwMDAwMDAwMDAwLCJkZWxldGUiOjEyMDAwMDAwMDAwMDAsInVwZGF0ZSI6MTIwMDAwMDAwMDAwMH0sInNjaGVtYV92ZXJzaW9uIjoiMSJ9",
          "dependencies": [
            "aws_cloudwatch_log_group.backend",
            "aws_db_instance.main",
            "aws_db_parameter_group.main",
            "aws_db_subnet_group.main",
            "aws_ecr_repository.backend",
            "aws_ecs_cluster.staging",
            "aws_ecs_task_definition.backend_staging",
            "aws_elasticache_parameter_group.main",
            "aws_elasticache_replication_group.main",
            "aws_elasticache_subnet_group.main",
            "aws_iam_role.ecs_task_execution_role",
            "aws_iam_role.ecs_task_role",
            "aws_iam_role.rds_monitoring",
            "aws_lb.staging",
            "aws_lb_listener.staging_http",
            "aws_lb_target_group.backend_staging",
            "aws_lb_target_group.frontend_staging",
            "aws_s3_bucket.media_files",
            "aws_security_group.alb",
            "aws_security_group.ecs_tasks",
            "aws_security_group.elasticache",
            "aws_security_group.rds",
            "aws_sns_topic.alerts",
            "aws_ssm_parameter.anthropic_api_key",
            "aws_ssm_parameter.auth0_client_secret",
            "aws_ssm_parameter.db_password",
            "aws_ssm_parameter.django_secret_key",
            "aws_ssm_parameter.openai_api_key",
            "aws_ssm_parameter.stripe_annual_price_id",
            "aws_ssm_parameter.stripe_monthly_price_id",
            "aws_ssm_parameter.stripe_secret_key",
            "aws_ssm_parameter.stripe_webhook_secret",
            "aws_subnet.database",
            "aws_subnet.private",
            "aws_subnet.public",
            "aws_vpc.main",
            "data.aws_availability_zones.available",
            "random_password.db_password",
            "random_password.django_secret_key"
          ]
        }
      ]
    },
    {
      "mode": "managed",
      "type": "aws_ecs_service",
      "name": "celery_beat",
      "provider": "provider[\"registry.terraform.io/hashicorp/aws\"]",
      "instances": [
        {
          "schema_version": 1,
          "attributes": {
            "alarms": [],
            "availability_zone_rebalancing": "DISABLED",
            "capacity_provider_strategy": [
              {
                "base": 1,
                "capacity_provider": "FARGATE",
                "weight": 1
              }
            ],
            "cluster": "arn:aws:ecs:us-east-1:794038228127:cluster/rapro-prod-cluster",
            "deployment_circuit_breaker": [
              {
                "enable": true,
                "rollback": true
              }
            ],
            "deployment_controller": [
              {
                "type": "ECS"
              }
            ],
            "deployment_maximum_percent": 100,
            "deployment_minimum_healthy_percent": 0,
            "desired_count": 1,
            "enable_ecs_managed_tags": false,
            "enable_execute_command": false,
            "force_delete": null,
            "force_new_deployment": null,
            "health_check_grace_period_seconds": 0,
            "iam_role": "/aws-service-role/ecs.amazonaws.com/AWSServiceRoleForECS",
            "id": "arn:aws:ecs:us-east-1:794038228127:service/rapro-prod-cluster/rapro-prod-celery-beat",
            "launch_type": "",
            "load_balancer": [],
            "name": "rapro-prod-celery-beat",
            "network_configuration": [
              {
                "assign_public_ip": false,
                "security_groups": [
                  "sg-0bd802a9db8e9f5c9"
                ],
                "subnets": [
                  "subnet-04350b1e31f9f0439",
                  "subnet-0491a088b456eee93"
                ]
              }
            ],
            "ordered_placement_strategy": [],
            "placement_constraints": [],
            "platform_version": "LATEST",
            "propagate_tags": "NONE",
            "scheduling_strategy": "REPLICA",
            "service_connect_configuration": [],
            "service_registries": [],
            "tags": {
              "Environment": "prod",
              "ManagedBy": "Terraform",
              "Name": "rapro-prod-celery-beat-service",
              "Project": "rapro"
            },
            "tags_all": {
              "Environment": "prod",
              "ManagedBy": "Terraform",
              "Name": "rapro-prod-celery-beat-service",
              "Project": "rapro"
            },
            "task_definition": "arn:aws:ecs:us-east-1:794038228127:task-definition/rapro-prod-celery-beat:2",
            "timeouts": null,
            "triggers": {},
            "volume_configuration": [],
            "vpc_lattice_configurations": [],
            "wait_for_steady_state": false
          },
          "sensitive_attributes": [],
          "identity_schema_version": 0,
          "private": "eyJlMmJmYjczMC1lY2FhLTExZTYtOGY4OC0zNDM2M2JjN2M0YzAiOnsiY3JlYXRlIjoxMjAwMDAwMDAwMDAwLCJkZWxldGUiOjEyMDAwMDAwMDAwMDAsInVwZGF0ZSI6MTIwMDAwMDAwMDAwMH0sInNjaGVtYV92ZXJzaW9uIjoiMSJ9",
          "dependencies": [
            "aws_cloudwatch_log_group.celery_beat",
            "aws_db_instance.main",
            "aws_db_parameter_group.main",
            "aws_db_subnet_group.main",
            "aws_ecr_repository.backend",
            "aws_ecs_cluster.main",
            "aws_ecs_task_definition.celery_beat",
            "aws_elasticache_parameter_group.main",
            "aws_elasticache_replication_group.main",
            "aws_elasticache_subnet_group.main",
            "aws_iam_role.ecs_task_execution_role",
            "aws_iam_role.ecs_task_role",
            "aws_iam_role.rds_monitoring",
            "aws_security_group.alb",
            "aws_security_group.ecs_tasks",
            "aws_security_group.elasticache",
            "aws_security_group.rds",
            "aws_sns_topic.alerts",
            "aws_subnet.database",
            "aws_subnet.private",
            "aws_vpc.main",
            "data.aws_availability_zones.available",
            "random_password.db_password"
          ]
        }
      ]
    },
    {
      "mode": "managed",
      "type": "aws_ecs_service",
      "name": "celery_worker",
      "provider": "provider[\"registry.terraform.io/hashicorp/aws\"]",
      "instances": [
        {
          "schema_version": 1,
          "attributes": {
            "alarms": [],
            "availability_zone_rebalancing": "DISABLED",
            "capacity_provider_strategy": [
              {
                "base": 1,
                "capacity_provider": "FARGATE_SPOT",
                "weight": 1
              }
            ],
            "cluster": "arn:aws:ecs:us-east-1:794038228127:cluster/rapro-prod-cluster",
            "deployment_circuit_breaker": [
              {
                "enable": true,
                "rollback": true
              }
            ],
            "deployment_controller": [
              {
                "type": "ECS"
              }
            ],
            "deployment_maximum_percent": 200,
            "deployment_minimum_healthy_percent": 0,
            "desired_count": 1,
            "enable_ecs_managed_tags": false,
            "enable_execute_command": false,
            "force_delete": null,
            "force_new_deployment": null,
            "health_check_grace_period_seconds": 0,
            "iam_role": "/aws-service-role/ecs.amazonaws.com/AWSServiceRoleForECS",
            "id": "arn:aws:ecs:us-east-1:794038228127:service/rapro-prod-cluster/rapro-prod-celery-worker",
            "launch_type": "",
            "load_balancer": [],
            "name": "rapro-prod-celery-worker",
            "network_configuration": [
              {
                "assign_public_ip": false,
                "security_groups": [
                  "sg-0bd802a9db8e9f5c9"
                ],
                "subnets": [
                  "subnet-04350b1e31f9f0439",
                  "subnet-0491a088b456eee93"
                ]
              }
            ],
            "ordered_placement_strategy": [],
            "placement_constraints": [],
            "platform_version": "LATEST",
            "propagate_tags": "NONE",
            "scheduling_strategy": "REPLICA",
            "service_connect_configuration": [],
            "service_registries": [],
            "tags": {
              "Environment": "prod",
              "ManagedBy": "Terraform",
              "Name": "rapro-prod-celery-worker-service",
              "Project": "rapro"
            },
            "tags_all": {
              "Environment": "prod",
              "ManagedBy": "Terraform",
              "Name": "rapro-prod-celery-worker-service",
              "Project": "rapro"
            },
            "task_definition": "arn:aws:ecs:us-east-1:794038228127:task-definition/rapro-prod-celery-worker:1",
            "timeouts": null,
            "triggers": {},
            "volume_configuration": [],
            "vpc_lattice_configurations": [],
            "wait_for_steady_state": false
          },
          "sensitive_attributes": [],
          "identity_schema_version": 0,
          "private": "eyJlMmJmYjczMC1lY2FhLTExZTYtOGY4OC0zNDM2M2JjN2M0YzAiOnsiY3JlYXRlIjoxMjAwMDAwMDAwMDAwLCJkZWxldGUiOjEyMDAwMDAwMDAwMDAsInVwZGF0ZSI6MTIwMDAwMDAwMDAwMH0sInNjaGVtYV92ZXJzaW9uIjoiMSJ9",
          "dependencies": [
            "aws_cloudwatch_log_group.celery_worker",
            "aws_db_instance.main",
            "aws_db_parameter_group.main",
            "aws_db_subnet_group.main",
            "aws_ecr_repository.backend",
            "aws_ecs_cluster.main",
            "aws_ecs_task_definition.celery_worker",
            "aws_elasticache_parameter_group.main",
            "aws_elasticache_replication_group.main",
            "aws_elasticache_subnet_group.main",
            "aws_iam_role.ecs_task_execution_role",
            "aws_iam_role.ecs_task_role",
            "aws_iam_role.rds_monitoring",
            "aws_s3_bucket.media_files",
            "aws_security_group.alb",
            "aws_security_group.ecs_tasks",
            "aws_security_group.elasticache",
            "aws_security_group.rds",
            "aws_sns_topic.alerts",
            "aws_ssm_parameter.anthropic_api_key",
            "aws_ssm_parameter.db_password",
            "aws_ssm_parameter.django_secret_key",
            "aws_ssm_parameter.openai_api_key",
            "aws_ssm_parameter.stripe_secret_key",
            "aws_subnet.database",
            "aws_subnet.private",
            "aws_vpc.main",
            "data.aws_availability_zones.available",
            "random_password.db_password",
            "random_password.django_secret_key"
          ]
        }
      ]
    },
    {
      "mode": "managed",
      "type": "aws_ecs_service",
      "name": "celery_worker_staging",
      "provider": "provider[\"registry.terraform.io/hashicorp/aws\"]",
      "instances": [
        {
          "schema_version": 1,
          "attributes": {
            "alarms": [],
            "availability_zone_rebalancing": "DISABLED",
            "capacity_provider_strategy": [
              {
                "base": 1,
                "capacity_provider": "FARGATE_SPOT",
                "weight": 1
              }
            ],
            "cluster": "arn:aws:ecs:us-east-1:794038228127:cluster/rapro-prod-staging",
            "deployment_circuit_breaker": [
              {
                "enable": false,
                "rollback": false
              }
            ],
            "deployment_controller": [
              {
                "type": "ECS"
              }
            ],
            "deployment_maximum_percent": 200,
            "deployment_minimum_healthy_percent": 0,
            "desired_count": 1,
            "enable_ecs_managed_tags": false,
            "enable_execute_command": false,
            "force_delete": null,
            "force_new_deployment": null,
            "health_check_grace_period_seconds": 0,
            "iam_role": "/aws-service-role/ecs.amazonaws.com/AWSServiceRoleForECS",
            "id": "arn:aws:ecs:us-east-1:794038228127:service/rapro-prod-staging/rapro-prod-celery-worker-staging",
            "launch_type": "",
            "load_balancer": [],
            "name": "rapro-prod-celery-worker-staging",
            "network_configuration": [
              {
                "assign_public_ip": false,
                "security_groups": [
                  "sg-0bd802a9db8e9f5c9"
                ],
                "subnets": [
                  "subnet-04350b1e31f9f0439",
                  "subnet-0491a088b456eee93"
                ]
              }
            ],
            "ordered_placement_strategy": [],
            "placement_constraints": [],
            "platform_version": "LATEST",
            "propagate_tags": "NONE",
            "scheduling_strategy": "REPLICA",
            "service_connect_configuration": [],
            "service_registries": [],
            "tags": {
              "Environment": "staging",
              "ManagedBy": "Terraform",
              "Name": "rapro-prod-celery-worker-staging",
              "Project": "rapro"
            },
            "tags_all": {
              "Environment": "staging",
              "ManagedBy": "Terraform",
              "Name": "rapro-prod-celery-worker-staging",
              "Project": "rapro"
            },
            "task_definition": "arn:aws:ecs:us-east-1:794038228127:task-definition/rapro-prod-celery-worker-staging:1",
            "timeouts": null,
            "triggers": {},
            "volume_configuration": [],
            "vpc_lattice_configurations": [],
            "wait_for_steady_state": false
          },
          "sensitive_attributes": [],
          "identity_schema_version": 0,
          "private": "eyJlMmJmYjczMC1lY2FhLTExZTYtOGY4OC0zNDM2M2JjN2M0YzAiOnsiY3JlYXRlIjoxMjAwMDAwMDAwMDAwLCJkZWxldGUiOjEyMDAwMDAwMDAwMDAsInVwZGF0ZSI6MTIwMDAwMDAwMDAwMH0sInNjaGVtYV92ZXJzaW9uIjoiMSJ9",
          "dependencies": [
            "aws_cloudwatch_log_group.celery_worker",
            "aws_db_instance.main",
            "aws_db_parameter_group.main",
            "aws_db_subnet_group.main",
            "aws_ecr_repository.backend",
            "aws_ecs_cluster.staging",
            "aws_ecs_task_definition.celery_worker_staging",
            "aws_elasticache_parameter_group.main",
            "aws_elasticache_replication_group.main",
            "aws_elasticache_subnet_group.main",
            "aws_iam_role.ecs_task_execution_role",
            "aws_iam_role.ecs_task_role",
            "aws_iam_role.rds_monitoring",
            "aws_s3_bucket.media_files",
            "aws_security_group.alb",
            "aws_security_group.ecs_tasks",
            "aws_security_group.elasticache",
            "aws_security_group.rds",
            "aws_sns_topic.alerts",
            "aws_ssm_parameter.anthropic_api_key",
            "aws_ssm_parameter.db_password",
            "aws_ssm_parameter.django_secret_key",
            "aws_ssm_parameter.openai_api_key",
            "aws_subnet.database",
            "aws_subnet.private",
            "aws_vpc.main",
            "data.aws_availability_zones.available",
            "random_password.db_password",
            "random_password.django_secret_key"
          ]
        }
      ]
    },
    {
      "mode": "managed",
      "type": "aws_ecs_service",
      "name": "frontend",
      "provider": "provider[\"registry.terraform.io/hashicorp/aws\"]",
      "instances": [
        {
          "schema_version": 1,
          "attributes": {
            "alarms": [],
            "availability_zone_rebalancing": "DISABLED",
            "capacity_provider_strategy": [
              {
                "base": 1,
                "capacity_provider": "FARGATE_SPOT",
                "weight": 1
              }
            ],
            "cluster": "arn:aws:ecs:us-east-1:794038228127:cluster/rapro-prod-cluster",
            "deployment_circuit_breaker": [
              {
                "enable": true,
                "rollback": true
              }
            ],
            "deployment_controller": [
              {
                "type": "ECS"
              }
            ],
            "deployment_maximum_percent": 200,
            "deployment_minimum_healthy_percent": 100,
            "desired_count": 1,
            "enable_ecs_managed_tags": false,
            "enable_execute_command": false,
            "force_delete": null,
            "force_new_deployment": null,
            "health_check_grace_period_seconds": 60,
            "iam_role": "/aws-service-role/ecs.amazonaws.com/AWSServiceRoleForECS",
            "id": "arn:aws:ecs:us-east-1:794038228127:service/rapro-prod-cluster/rapro-prod-frontend",
            "launch_type": "",
            "load_balancer": [
              {
                "container_name": "frontend",
                "container_port": 3000,
                "elb_name": "",
                "target_group_arn": "arn:aws:elasticloadbalancing:us-east-1:794038228127:targetgroup/rapro-prod-frontend-tg/b05989e6eaf56744"
              }
            ],
            "name": "rapro-prod-frontend",
            "network_configuration": [
              {
                "assign_public_ip": false,
                "security_groups": [
                  "sg-0bd802a9db8e9f5c9"
                ],
                "subnets": [
                  "subnet-04350b1e31f9f0439",
                  "subnet-0491a088b456eee93"
                ]
              }
            ],
            "ordered_placement_strategy": [],
            "placement_constraints": [],
            "platform_version": "LATEST",
            "propagate_tags": "NONE",
            "scheduling_strategy": "REPLICA",
            "service_connect_configuration": [],
            "service_registries": [],
            "tags": {
              "Environment": "prod",
              "ManagedBy": "Terraform",
              "Name": "rapro-prod-frontend-service",
              "Project": "rapro"
            },
            "tags_all": {
              "Environment": "prod",
              "ManagedBy": "Terraform",
              "Name": "rapro-prod-frontend-service",
              "Project": "rapro"
            },
            "task_definition": "arn:aws:ecs:us-east-1:794038228127:task-definition/rapro-prod-frontend:1",
            "timeouts": null,
            "triggers": {},
            "volume_configuration": [],
            "vpc_lattice_configurations": [],
            "wait_for_steady_state": false
          },
          "sensitive_attributes": [],
          "identity_schema_version": 0,
          "private": "eyJlMmJmYjczMC1lY2FhLTExZTYtOGY4OC0zNDM2M2JjN2M0YzAiOnsiY3JlYXRlIjoxMjAwMDAwMDAwMDAwLCJkZWxldGUiOjEyMDAwMDAwMDAwMDAsInVwZGF0ZSI6MTIwMDAwMDAwMDAwMH0sInNjaGVtYV92ZXJzaW9uIjoiMSJ9",
          "dependencies": [
            "aws_cloudwatch_log_group.frontend",
            "aws_ecr_repository.frontend",
            "aws_ecs_cluster.main",
            "aws_ecs_task_definition.frontend",
            "aws_iam_role.ecs_task_execution_role",
            "aws_iam_role.ecs_task_role",
            "aws_lb.main",
            "aws_lb_listener.http",
            "aws_lb_listener.https",
            "aws_lb_target_group.frontend",
            "aws_s3_bucket.static_assets",
            "aws_security_group.alb",
            "aws_security_group.ecs_tasks",
            "aws_subnet.private",
            "aws_subnet.public",
            "aws_vpc.main",
            "data.aws_availability_zones.available"
          ]
        }
      ]
    },
    {
      "mode": "managed",
      "type": "aws_ecs_service",
      "name": "frontend_staging",
      "provider": "provider[\"registry.terraform.io/hashicorp/aws\"]",
      "instances": [
        {
          "schema_version": 1,
          "attributes": {
            "alarms": [],
            "availability_zone_rebalancing": "DISABLED",
            "capacity_provider_strategy": [
              {
                "base": 1,
                "capacity_provider": "FARGATE_SPOT",
                "weight": 1
              }
            ],
            "cluster": "arn:aws:ecs:us-east-1:794038228127:cluster/rapro-prod-staging",
            "deployment_circuit_breaker": [
              {
                "enable": false,
                "rollback": false
              }
            ],
            "deployment_controller": [
              {
                "type": "ECS"
              }
            ],
            "deployment_maximum_percent": 200,
            "deployment_minimum_healthy_percent": 50,
            "desired_count": 1,
            "enable_ecs_managed_tags": false,
            "enable_execute_command": false,
            "force_delete": null,
            "force_new_deployment": null,
            "health_check_grace_period_seconds": 0,
            "iam_role": "/aws-service-role/ecs.amazonaws.com/AWSServiceRoleForECS",
            "id": "arn:aws:ecs:us-east-1:794038228127:service/rapro-prod-staging/rapro-prod-frontend-staging",
            "launch_type": "",
            "load_balancer": [
              {
                "container_name": "frontend",
                "container_port": 3000,
                "elb_name": "",
                "target_group_arn": "arn:aws:elasticloadbalancing:us-east-1:794038228127:targetgroup/rapro-prod-frontend-staging/d7e6b54972b84f7f"
              }
            ],
            "name": "rapro-prod-frontend-staging",
            "network_configuration": [
              {
                "assign_public_ip": false,
                "security_groups": [
                  "sg-0bd802a9db8e9f5c9"
                ],
                "subnets": [
                  "subnet-04350b1e31f9f0439",
                  "subnet-0491a088b456eee93"
                ]
              }
            ],
            "ordered_placement_strategy": [],
            "placement_constraints": [],
            "platform_version": "LATEST",
            "propagate_tags": "NONE",
            "scheduling_strategy": "REPLICA",
            "service_connect_configuration": [],
            "service_registries": [],
            "tags": {
              "Environment": "staging",
              "ManagedBy": "Terraform",
              "Name": "rapro-prod-frontend-staging",
              "Project": "rapro"
            },
            "tags_all": {
              "Environment": "staging",
              "ManagedBy": "Terraform",
              "Name": "rapro-prod-frontend-staging",
              "Project": "rapro"
            },
            "task_definition": "arn:aws:ecs:us-east-1:794038228127:task-definition/rapro-prod-frontend-staging:1",
            "timeouts": null,
            "triggers": {},
            "volume_configuration": [],
            "vpc_lattice_configurations": [],
            "wait_for_steady_state": false
          },
          "sensitive_attributes": [],
          "identity_schema_version": 0,
          "private": "eyJlMmJmYjczMC1lY2FhLTExZTYtOGY4OC0zNDM2M2JjN2M0YzAiOnsiY3JlYXRlIjoxMjAwMDAwMDAwMDAwLCJkZWxldGUiOjEyMDAwMDAwMDAwMDAsInVwZGF0ZSI6MTIwMDAwMDAwMDAwMH0sInNjaGVtYV92ZXJzaW9uIjoiMSJ9",
          "dependencies": [
            "aws_cloudwatch_log_group.frontend",
            "aws_ecr_repository.frontend",
            "aws_ecs_cluster.staging",
            "aws_ecs_task_definition.frontend_staging",
            "aws_iam_role.ecs_task_execution_role",
            "aws_iam_role.ecs_task_role",
            "aws_lb.staging",
            "aws_lb_listener.staging_http",
            "aws_lb_target_group.frontend_staging",
            "aws_security_group.alb",
            "aws_security_group.ecs_tasks",
            "aws_subnet.private",
            "aws_subnet.public",
            "aws_vpc.main",
            "data.aws_availability_zones.available"
          ]
        }
      ]
    },
    {
      "mode": "managed",
      "type": "aws_ecs_task_definition",
      "name": "backend",
      "provider": "provider[\"registry.terraform.io/hashicorp/aws\"]",
      "instances": [
        {
          "schema_version": 1,
          "attributes": {
            "arn": "arn:aws:ecs:us-east-1:794038228127:task-definition/rapro-prod-backend:1",
            "arn_without_revision": "arn:aws:ecs:us-east-1:794038228127:task-definition/rapro-prod-backend",
            "container_definitions": "[{\"environment\":[{\"name\":\"AI_COST_LIMIT_PER_USER_MONTHLY\",\"value\":\"100.00\"},{\"name\":\"ANALYTICS_RETENTION_MONTHS\",\"value\":\"12\"},{\"name\":\"AUTH0_ALGORITHM\",\"value\":\"RS256\"},{\"name\":\"AUTH0_AUDIENCE\",\"value\":\"https://api.retirementadvisorpro.com\"},{\"name\":\"AUTH0_CLIENT_ID\",\"value\":\"MS2O3usgLl8btDkPNwO6i0ZzC4LxR0Jw\"},{\"name\":\"AUTH0_DOMAIN\",\"value\":\"genai-030069804226358743.us.auth0.com\"},{\"name\":\"AWS_DEFAULT_ACL\",\"value\":\"private\"},{\"name\":\"AWS_S3_CUSTOM_DOMAIN\",\"value\":\"rapro-prod-static-assets.s3.amazonaws.com\"},{\"name\":\"AWS_S3_REGION_NAME\",\"value\":\"us-east-1\"},{\"name\":\"AWS_STORAGE_BUCKET_NAME\",\"value\":\"rapro-prod-media-files\"},{\"name\":\"BULK_EXPORT_BATCH_SIZE\",\"value\":\"50\"},{\"name\":\"CELERY_BROKER_URL\",\"value\":\"redis://rapro-prod-redis.ijkoc1.ng.0001.use1.cache.amazonaws.com:6379/0\"},{\"name\":\"CELERY_RESULT_BACKEND\",\"value\":\"redis://rapro-prod-redis.ijkoc1.ng.0001.use1.cache.amazonaws.com:6379/0\"},{\"name\":\"DATABASE_URL\",\"value\":\"postgres://postgres:Md22%0#]!#ku5:Rcp3EShK(!(pVUy(_Q@rapro-prod-postgres.cmvso6wyccpe.us-east-1.rds.amazonaws.com:5432:5432/retirementadvisorpro\"},{\"name\":\"DEBUG\",\"value\":\"False\"},{\"name\":\"DJANGO_SETTINGS_MODULE\",\"value\":\"retirementadvisorpro.settings\"},{\"name\":\"ENABLE_AI_FEATURES\",\"value\":\"True\"},{\"name\":\"ENABLE_BULK_EXPORTS\",\"value\":\"True\"},{\"name\":\"ENABLE_CLIENT_PORTAL\",\"value\":\"True\"},{\"name\":\"ENABLE_REPORT_SCHEDULING\",\"value\":\"True\"},{\"name\":\"ENVIRONMENT\",\"value\":\"prod\"},{\"name\":\"MAX_UPLOAD_SIZE\",\"value\":\"52428800\"},{\"name\":\"OPENAI_MODEL_VERSION\",\"value\":\"gpt-4-turbo-preview\"},{\"name\":\"POSTGRES_DB\",\"value\":\"retirementadvisorpro\"},{\"name\":\"POSTGRES_USER\",\"value\":\"postgres\"},{\"name\":\"REDIS_URL\",\"value\":\"redis://rapro-prod-redis.ijkoc1.ng.0001.use1.cache.amazonaws.com:6379/0\"},{\"name\":\"REPORT_FILE_RETENTION_DAYS\",\"value\":\"90\"},{\"name\":\"REPORT_GENERATION_TIMEOUT\",\"value\":\"300\"},{\"name\":\"SS_AI_PROVIDER\",\"value\":\"anthropic\"},{\"name\":\"STRIPE_ANNUAL_PRICE_ID\",\"value\":\"PLACEHOLDER_SET_MANUALLY\"},{\"name\":\"STRIPE_MONTHLY_PRICE_ID\",\"value\":\"PLACEHOLDER_SET_MANUALLY\"},{\"name\":\"STRIPE_PUBLISHABLE_KEY\",\"value\":\"pk_live_51MKmFTDXYH4nUgjBhJ8lIWxB9iNkkZIXV3tHKUxOKiNWk5Zlgkx4lOBtiYpAsW55OvI1U7E9Ty82nSErHQHxW7BS00YEJ4LkEq\"},{\"name\":\"TEMPLATE_CACHE_TIMEOUT\",\"value\":\"3600\"},{\"name\":\"USE_S3\",\"value\":\"True\"}],\"essential\":true,\"healthCheck\":{\"command\":[\"CMD-SHELL\",\"curl -f http://localhost:8000/health/ || exit 1\"],\"interval\":30,\"retries\":3,\"startPeriod\":90,\"timeout\":5},\"image\":\"794038228127.dkr.ecr.us-east-1.amazonaws.com/rapro-prod-backend:latest\",\"logConfiguration\":{\"logDriver\":\"awslogs\",\"options\":{\"awslogs-group\":\"/ecs/rapro-prod-backend\",\"awslogs-region\":\"us-east-1\",\"awslogs-stream-prefix\":\"ecs\"}},\"mountPoints\":[],\"name\":\"backend\",\"portMappings\":[{\"containerPort\":8000,\"hostPort\":8000,\"protocol\":\"tcp\"}],\"secrets\":[{\"name\":\"ANTHROPIC_API_KEY\",\"valueFrom\":\"arn:aws:ssm:us-east-1:794038228127:parameter/rapro-prod/ai/anthropic-api-key\"},{\"name\":\"AUTH0_CLIENT_SECRET\",\"valueFrom\":\"arn:aws:ssm:us-east-1:794038228127:parameter/rapro-prod/auth0/client-secret\"},{\"name\":\"DJANGO_SECRET_KEY\",\"valueFrom\":\"arn:aws:ssm:us-east-1:794038228127:parameter/rapro-prod/django/secret-key\"},{\"name\":\"OPENAI_API_KEY\",\"valueFrom\":\"arn:aws:ssm:us-east-1:794038228127:parameter/rapro-prod/ai/openai-api-key\"},{\"name\":\"POSTGRES_PASSWORD\",\"valueFrom\":\"arn:aws:ssm:us-east-1:794038228127:parameter/rapro-prod/database/password\"},{\"name\":\"STRIPE_SECRET_KEY\",\"valueFrom\":\"arn:aws:ssm:us-east-1:794038228127:parameter/rapro-prod/stripe/secret-key\"},{\"name\":\"STRIPE_WEBHOOK_SECRET\",\"valueFrom\":\"arn:aws:ssm:us-east-1:794038228127:parameter/rapro-prod/stripe/webhook-secret\"}],\"systemControls\":[],\"volumesFrom\":[]}]",
            "cpu": "1024",
            "enable_fault_injection": false,
            "ephemeral_storage": [],
            "execution_role_arn": "arn:aws:iam::794038228127:role/rapro-prod-ecs-task-execution-role",
            "family": "rapro-prod-backend",
            "id": "rapro-prod-backend",
            "inference_accelerator": [],
            "ipc_mode": "",
            "memory": "2048",
            "network_mode": "awsvpc",
            "pid_mode": "",
            "placement_constraints": [],
            "proxy_configuration": [],
            "requires_compatibilities": [
              "FARGATE"
            ],
            "revision": 1,
            "runtime_platform": [],
            "skip_destroy": false,
            "tags": {
              "Environment": "prod",
              "ManagedBy": "Terraform",
              "Name": "rapro-prod-backend-task",
              "Project": "rapro"
            },
            "tags_all": {
              "Environment": "prod",
              "ManagedBy": "Terraform",
              "Name": "rapro-prod-backend-task",
              "Project": "rapro"
            },
            "task_role_arn": "arn:aws:iam::794038228127:role/rapro-prod-ecs-task-role",
            "track_latest": false,
            "volume": []
          },
          "sensitive_attributes": [
            [
              {
                "type": "get_attr",
                "value": "container_definitions"
              }
            ]
          ],
          "identity_schema_version": 0,
          "private": "eyJzY2hlbWFfdmVyc2lvbiI6IjEifQ==",
          "dependencies": [
            "aws_cloudfront_distribution.frontend",
            "aws_cloudfront_origin_access_identity.frontend",
            "aws_cloudfront_response_headers_policy.security",
            "aws_cloudwatch_log_group.backend",
            "aws_db_instance.main",
            "aws_db_parameter_group.main",
            "aws_db_subnet_group.main",
            "aws_ecr_repository.backend",
            "aws_elasticache_parameter_group.main",
            "aws_elasticache_replication_group.main",
            "aws_elasticache_subnet_group.main",
            "aws_iam_role.ecs_task_execution_role",
            "aws_iam_role.ecs_task_role",
            "aws_iam_role.rds_monitoring",
            "aws_lb.main",
            "aws_s3_bucket.media_files",
            "aws_s3_bucket.static_assets",
            "aws_security_group.alb",
            "aws_security_group.ecs_tasks",
            "aws_security_group.elasticache",
            "aws_security_group.rds",
            "aws_sns_topic.alerts",
            "aws_ssm_parameter.anthropic_api_key",
            "aws_ssm_parameter.auth0_client_secret",
            "aws_ssm_parameter.db_password",
            "aws_ssm_parameter.django_secret_key",
            "aws_ssm_parameter.openai_api_key",
            "aws_ssm_parameter.stripe_annual_price_id",
            "aws_ssm_parameter.stripe_monthly_price_id",
            "aws_ssm_parameter.stripe_secret_key",
            "aws_ssm_parameter.stripe_webhook_secret",
            "aws_subnet.database",
            "aws_subnet.private",
            "aws_subnet.public",
            "aws_vpc.main",
            "aws_wafv2_ip_set.admin_whitelist",
            "aws_wafv2_web_acl.main",
            "data.aws_availability_zones.available",
            "random_password.db_password",
            "random_password.django_secret_key"
          ]
        }
      ]
    },
    {
      "mode": "managed",
      "type": "aws_ecs_task_definition",
      "name": "backend_staging",
      "provider": "provider[\"registry.terraform.io/hashicorp/aws\"]",
      "instances": [
        {
          "schema_version": 1,
          "attributes": {
            "arn": "arn:aws:ecs:us-east-1:794038228127:task-definition/rapro-prod-backend-staging:2",
            "arn_without_revision": "arn:aws:ecs:us-east-1:794038228127:task-definition/rapro-prod-backend-staging",
            "container_definitions": "[{\"environment\":[{\"name\":\"AI_COST_LIMIT_PER_USER_MONTHLY\",\"value\":\"100.00\"},{\"name\":\"ALLOWED_HOSTS\",\"value\":\"rapro-prod-staging-573782540.us-east-1.elb.amazonaws.com,localhost\"},{\"name\":\"AUTH0_ALGORITHM\",\"value\":\"RS256\"},{\"name\":\"AUTH0_AUDIENCE\",\"value\":\"https://api.retirementadvisorpro.com\"},{\"name\":\"AUTH0_CLIENT_ID\",\"value\":\"MS2O3usgLl8btDkPNwO6i0ZzC4LxR0Jw\"},{\"name\":\"AUTH0_DOMAIN\",\"value\":\"genai-030069804226358743.us.auth0.com\"},{\"name\":\"AWS_S3_REGION_NAME\",\"value\":\"us-east-1\"},{\"name\":\"AWS_STORAGE_BUCKET_NAME\",\"value\":\"rapro-prod-media-files\"},{\"name\":\"CELERY_BROKER_URL\",\"value\":\"redis://rapro-prod-redis.ijkoc1.ng.0001.use1.cache.amazonaws.com:6379/0\"},{\"name\":\"CELERY_RESULT_BACKEND\",\"value\":\"redis://rapro-prod-redis.ijkoc1.ng.0001.use1.cache.amazonaws.com:6379/0\"},{\"name\":\"DATABASE_HOST\",\"value\":\"rapro-prod-postgres.cmvso6wyccpe.us-east-1.rds.amazonaws.com\"},{\"name\":\"DATABASE_NAME\",\"value\":\"retirementadvisorpro\"},{\"name\":\"DATABASE_URL\",\"value\":\"postgres://postgres:Md22%0#]!#ku5:Rcp3EShK(!(pVUy(_Q@rapro-prod-postgres.cmvso6wyccpe.us-east-1.rds.amazonaws.com:5432/retirementadvisorpro?options=-c%20search_path=staging,public\"},{\"name\":\"DATABASE_USER\",\"value\":\"postgres\"},{\"name\":\"DB_SCHEMA_PREFIX\",\"value\":\"staging\"},{\"name\":\"DEBUG\",\"value\":\"True\"},{\"name\":\"DJANGO_SETTINGS_MODULE\",\"value\":\"retirementadvisorpro.settings\"},{\"name\":\"ENABLE_AI_FEATURES\",\"value\":\"True\"},{\"name\":\"ENABLE_BULK_EXPORTS\",\"value\":\"True\"},{\"name\":\"ENABLE_CLIENT_PORTAL\",\"value\":\"True\"},{\"name\":\"ENVIRONMENT\",\"value\":\"staging\"},{\"name\":\"OPENAI_MODEL_VERSION\",\"value\":\"gpt-4-turbo-preview\"},{\"name\":\"POSTGRES_DB\",\"value\":\"retirementadvisorpro\"},{\"name\":\"POSTGRES_USER\",\"value\":\"postgres\"},{\"name\":\"REDIS_HOST\",\"value\":\"rapro-prod-redis.ijkoc1.ng.0001.use1.cache.amazonaws.com\"},{\"name\":\"REDIS_PORT\",\"value\":\"6379\"},{\"name\":\"REDIS_URL\",\"value\":\"redis://rapro-prod-redis.ijkoc1.ng.0001.use1.cache.amazonaws.com:6379/0\"},{\"name\":\"REPORT_GENERATION_TIMEOUT\",\"value\":\"300\"},{\"name\":\"SS_AI_PROVIDER\",\"value\":\"anthropic\"},{\"name\":\"STRIPE_ANNUAL_PRICE_ID\",\"value\":\"PLACEHOLDER_SET_MANUALLY\"},{\"name\":\"STRIPE_MONTHLY_PRICE_ID\",\"value\":\"PLACEHOLDER_SET_MANUALLY\"},{\"name\":\"STRIPE_PUBLISHABLE_KEY\",\"value\":\"pk_live_51MKmFTDXYH4nUgjBhJ8lIWxB9iNkkZIXV3tHKUxOKiNWk5Zlgkx4lOBtiYpAsW55OvI1U7E9Ty82nSErHQHxW7BS00YEJ4LkEq\"},{\"name\":\"USE_S3\",\"value\":\"True\"}],\"essential\":true,\"image\":\"794038228127.dkr.ecr.us-east-1.amazonaws.com/rapro-prod-backend:latest\",\"logConfiguration\":{\"logDriver\":\"awslogs\",\"options\":{\"awslogs-region\":\"us-east-1\",\"awslogs-stream-prefix\":\"backend-staging\",\"awslogs-group\":\"/ecs/rapro-prod-backend\"}},\"mountPoints\":[],\"name\":\"backend\",\"portMappings\":[{\"containerPort\":8000,\"hostPort\":8000,\"protocol\":\"tcp\"}],\"secrets\":[{\"name\":\"ANTHROPIC_API_KEY\",\"valueFrom\":\"arn:aws:ssm:us-east-1:794038228127:parameter/rapro-prod/ai/anthropic-api-key\"},{\"name\":\"AUTH0_CLIENT_SECRET\",\"valueFrom\":\"arn:aws:ssm:us-east-1:794038228127:parameter/rapro-prod/auth0/client-secret\"},{\"name\":\"DATABASE_PASSWORD\",\"valueFrom\":\"arn:aws:ssm:us-east-1:794038228127:parameter/rapro-prod/database/password\"},{\"name\":\"DJANGO_SECRET_KEY\",\"valueFrom\":\"arn:aws:ssm:us-east-1:794038228127:parameter/rapro-prod/django/secret-key\"},{\"name\":\"OPENAI_API_KEY\",\"valueFrom\":\"arn:aws:ssm:us-east-1:794038228127:parameter/rapro-prod/ai/openai-api-key\"},{\"name\":\"POSTGRES_PASSWORD\",\"valueFrom\":\"arn:aws:ssm:us-east-1:794038228127:parameter/rapro-prod/database/password\"},{\"name\":\"STRIPE_SECRET_KEY\",\"valueFrom\":\"arn:aws:ssm:us-east-1:794038228127:parameter/rapro-prod/stripe/secret-key\"},{\"name\":\"STRIPE_WEBHOOK_SECRET\",\"valueFrom\":\"arn:aws:ssm:us-east-1:794038228127:parameter/rapro-prod/stripe/webhook-secret\"}],\"systemControls\":[],\"volumesFrom\":[]}]",
            "cpu": "256",
            "enable_fault_injection": false,
            "ephemeral_storage": [],
            "execution_role_arn": "arn:aws:iam::794038228127:role/rapro-prod-ecs-task-execution-role",
            "family": "rapro-prod-backend-staging",
            "id": "rapro-prod-backend-staging",
            "inference_accelerator": [],
            "ipc_mode": "",
            "memory": "512",
            "network_mode": "awsvpc",
            "pid_mode": "",
            "placement_constraints": [],
            "proxy_configuration": [],
            "requires_compatibilities": [
              "FARGATE"
            ],
            "revision": 2,
            "runtime_platform": [],
            "skip_destroy": false,
            "tags": {
              "Environment": "staging",
              "ManagedBy": "Terraform",
              "Name": "rapro-prod-backend-staging",
              "Project": "rapro"
            },
            "tags_all": {
              "Environment": "staging",
              "ManagedBy": "Terraform",
              "Name": "rapro-prod-backend-staging",
              "Project": "rapro"
            },
            "task_role_arn": "arn:aws:iam::794038228127:role/rapro-prod-ecs-task-role",
            "track_latest": false,
            "volume": []
          },
          "sensitive_attributes": [
            [
              {
                "type": "get_attr",
                "value": "container_definitions"
              }
            ]
          ],
          "identity_schema_version": 0,
          "private": "eyJzY2hlbWFfdmVyc2lvbiI6IjEifQ==",
          "dependencies": [
            "aws_cloudwatch_log_group.backend",
            "aws_db_instance.main",
            "aws_db_parameter_group.main",
            "aws_db_subnet_group.main",
            "aws_ecr_repository.backend",
            "aws_elasticache_parameter_group.main",
            "aws_elasticache_replication_group.main",
            "aws_elasticache_subnet_group.main",
            "aws_iam_role.ecs_task_execution_role",
            "aws_iam_role.ecs_task_role",
            "aws_iam_role.rds_monitoring",
            "aws_lb.staging",
            "aws_s3_bucket.media_files",
            "aws_security_group.alb",
            "aws_security_group.ecs_tasks",
            "aws_security_group.elasticache",
            "aws_security_group.rds",
            "aws_sns_topic.alerts",
            "aws_ssm_parameter.anthropic_api_key",
            "aws_ssm_parameter.auth0_client_secret",
            "aws_ssm_parameter.db_password",
            "aws_ssm_parameter.django_secret_key",
            "aws_ssm_parameter.openai_api_key",
            "aws_ssm_parameter.stripe_annual_price_id",
            "aws_ssm_parameter.stripe_monthly_price_id",
            "aws_ssm_parameter.stripe_secret_key",
            "aws_ssm_parameter.stripe_webhook_secret",
            "aws_subnet.database",
            "aws_subnet.private",
            "aws_subnet.public",
            "aws_vpc.main",
            "data.aws_availability_zones.available",
            "random_password.db_password",
            "random_password.django_secret_key"
          ]
        }
      ]
    },
    {
      "mode": "managed",
      "type": "aws_ecs_task_definition",
      "name": "celery_beat",
      "provider": "provider[\"registry.terraform.io/hashicorp/aws\"]",
      "instances": [
        {
          "schema_version": 1,
          "attributes": {
            "arn": "arn:aws:ecs:us-east-1:794038228127:task-definition/rapro-prod-celery-beat:2",
            "arn_without_revision": "arn:aws:ecs:us-east-1:794038228127:task-definition/rapro-prod-celery-beat",
            "container_definitions": "[{\"command\":[\"sh\",\"-c\",\"celery -A retirementadvisorpro beat --loglevel=info --scheduler django_celery_beat.schedulers:DatabaseScheduler\"],\"environment\":[{\"name\":\"CELERY_BROKER_URL\",\"value\":\"redis://rapro-prod-redis.ijkoc1.ng.0001.use1.cache.amazonaws.com:6379/0\"},{\"name\":\"CELERY_RESULT_BACKEND\",\"value\":\"redis://rapro-prod-redis.ijkoc1.ng.0001.use1.cache.amazonaws.com:6379/0\"},{\"name\":\"DATABASE_URL\",\"value\":\"postgres://postgres:Md22%0#]!#ku5:Rcp3EShK(!(pVUy(_Q@rapro-prod-postgres.cmvso6wyccpe.us-east-1.rds.amazonaws.com:5432:5432/retirementadvisorpro\"},{\"name\":\"DJANGO_SETTINGS_MODULE\",\"value\":\"retirementadvisorpro.settings\"}],\"essential\":true,\"image\":\"794038228127.dkr.ecr.us-east-1.amazonaws.com/rapro-prod-backend:latest\",\"logConfiguration\":{\"logDriver\":\"awslogs\",\"options\":{\"awslogs-group\":\"/ecs/rapro-prod-celery-beat\",\"awslogs-region\":\"us-east-1\",\"awslogs-stream-prefix\":\"ecs\"}},\"mountPoints\":[],\"name\":\"celery-beat\",\"portMappings\":[],\"secrets\":[],\"systemControls\":[],\"volumesFrom\":[]}]",
            "cpu": "256",
            "enable_fault_injection": false,
            "ephemeral_storage": [],
            "execution_role_arn": "arn:aws:iam::794038228127:role/rapro-prod-ecs-task-execution-role",
            "family": "rapro-prod-celery-beat",
            "id": "rapro-prod-celery-beat",
            "inference_accelerator": [],
            "ipc_mode": "",
            "memory": "512",
            "network_mode": "awsvpc",
            "pid_mode": "",
            "placement_constraints": [],
            "proxy_configuration": [],
            "requires_compatibilities": [
              "FARGATE"
            ],
            "revision": 2,
            "runtime_platform": [],
            "skip_destroy": false,
            "tags": {
              "Environment": "prod",
              "ManagedBy": "Terraform",
              "Name": "rapro-prod-celery-beat-task",
              "Project": "rapro"
            },
            "tags_all": {
              "Environment": "prod",
              "ManagedBy": "Terraform",
              "Name": "rapro-prod-celery-beat-task",
              "Project": "rapro"
            },
            "task_role_arn": "arn:aws:iam::794038228127:role/rapro-prod-ecs-task-role",
            "track_latest": false,
            "volume": []
          },
          "sensitive_attributes": [
            [
              {
                "type": "get_attr",
                "value": "container_definitions"
              }
            ]
          ],
          "identity_schema_version": 0,
          "private": "eyJzY2hlbWFfdmVyc2lvbiI6IjEifQ==",
          "dependencies": [
            "aws_cloudwatch_log_group.celery_beat",
            "aws_db_instance.main",
            "aws_db_parameter_group.main",
            "aws_db_subnet_group.main",
            "aws_ecr_repository.backend",
            "aws_elasticache_parameter_group.main",
            "aws_elasticache_replication_group.main",
            "aws_elasticache_subnet_group.main",
            "aws_iam_role.ecs_task_execution_role",
            "aws_iam_role.ecs_task_role",
            "aws_iam_role.rds_monitoring",
            "aws_security_group.alb",
            "aws_security_group.ecs_tasks",
            "aws_security_group.elasticache",
            "aws_security_group.rds",
            "aws_sns_topic.alerts",
            "aws_subnet.database",
            "aws_subnet.private",
            "aws_vpc.main",
            "data.aws_availability_zones.available",
            "random_password.db_password"
          ]
        }
      ]
    },
    {
      "mode": "managed",
      "type": "aws_ecs_task_definition",
      "name": "celery_flower",
      "provider": "provider[\"registry.terraform.io/hashicorp/aws\"]",
      "instances": [
        {
          "index_key": 0,
          "schema_version": 1,
          "attributes": {
            "arn": "arn:aws:ecs:us-east-1:794038228127:task-definition/rapro-prod-celery-flower:1",
            "arn_without_revision": "arn:aws:ecs:us-east-1:794038228127:task-definition/rapro-prod-celery-flower",
            "container_definitions": "[{\"command\":[\"sh\",\"-c\",\"celery -A retirementadvisorpro flower --port=5555 --address=0.0.0.0\"],\"environment\":[{\"name\":\"CELERY_BROKER_URL\",\"value\":\"redis://rapro-prod-redis.ijkoc1.ng.0001.use1.cache.amazonaws.com:6379/0\"},{\"name\":\"CELERY_RESULT_BACKEND\",\"value\":\"redis://rapro-prod-redis.ijkoc1.ng.0001.use1.cache.amazonaws.com:6379/0\"}],\"essential\":true,\"healthCheck\":{\"command\":[\"CMD-SHELL\",\"curl -f http://localhost:5555/ || exit 1\"],\"interval\":30,\"retries\":3,\"startPeriod\":60,\"timeout\":5},\"image\":\"794038228127.dkr.ecr.us-east-1.amazonaws.com/rapro-prod-backend:latest\",\"logConfiguration\":{\"logDriver\":\"awslogs\",\"options\":{\"awslogs-stream-prefix\":\"ecs\",\"awslogs-group\":\"/ecs/rapro-prod-celery-flower\",\"awslogs-region\":\"us-east-1\"}},\"mountPoints\":[],\"name\":\"celery-flower\",\"portMappings\":[{\"containerPort\":5555,\"hostPort\":5555,\"protocol\":\"tcp\"}],\"systemControls\":[],\"volumesFrom\":[]}]",
            "cpu": "256",
            "enable_fault_injection": false,
            "ephemeral_storage": [],
            "execution_role_arn": "arn:aws:iam::794038228127:role/rapro-prod-ecs-task-execution-role",
            "family": "rapro-prod-celery-flower",
            "id": "rapro-prod-celery-flower",
            "inference_accelerator": [],
            "ipc_mode": "",
            "memory": "512",
            "network_mode": "awsvpc",
            "pid_mode": "",
            "placement_constraints": [],
            "proxy_configuration": [],
            "requires_compatibilities": [
              "FARGATE"
            ],
            "revision": 1,
            "runtime_platform": [],
            "skip_destroy": false,
            "tags": {
              "Environment": "prod",
              "ManagedBy": "Terraform",
              "Name": "rapro-prod-celery-flower-task",
              "Project": "rapro"
            },
            "tags_all": {
              "Environment": "prod",
              "ManagedBy": "Terraform",
              "Name": "rapro-prod-celery-flower-task",
              "Project": "rapro"
            },
            "task_role_arn": "arn:aws:iam::794038228127:role/rapro-prod-ecs-task-role",
            "track_latest": false,
            "volume": []
          },
          "sensitive_attributes": [],
          "identity_schema_version": 0,
          "private": "eyJzY2hlbWFfdmVyc2lvbiI6IjEifQ==",
          "dependencies": [
            "aws_cloudwatch_log_group.celery_flower",
            "aws_ecr_repository.backend",
            "aws_elasticache_parameter_group.main",
            "aws_elasticache_replication_group.main",
            "aws_elasticache_subnet_group.main",
            "aws_iam_role.ecs_task_execution_role",
            "aws_iam_role.ecs_task_role",
            "aws_security_group.alb",
            "aws_security_group.ecs_tasks",
            "aws_security_group.elasticache",
            "aws_sns_topic.alerts",
            "aws_subnet.private",
            "aws_vpc.main",
            "data.aws_availability_zones.available"
          ]
        }
      ]
    },
    {
      "mode": "managed",
      "type": "aws_ecs_task_definition",
      "name": "celery_worker",
      "provider": "provider[\"registry.terraform.io/hashicorp/aws\"]",
      "instances": [
        {
          "schema_version": 1,
          "attributes": {
            "arn": "arn:aws:ecs:us-east-1:794038228127:task-definition/rapro-prod-celery-worker:1",
            "arn_without_revision": "arn:aws:ecs:us-east-1:794038228127:task-definition/rapro-prod-celery-worker",
            "container_definitions": "[{\"command\":[\"sh\",\"-c\",\"celery -A retirementadvisorpro worker --loglevel=info --concurrency=4 --max-tasks-per-child=100\"],\"environment\":[{\"name\":\"AI_COST_LIMIT_PER_USER_MONTHLY\",\"value\":\"100.00\"},{\"name\":\"AUTH0_ALGORITHM\",\"value\":\"RS256\"},{\"name\":\"AUTH0_AUDIENCE\",\"value\":\"https://api.retirementadvisorpro.com\"},{\"name\":\"AUTH0_CLIENT_ID\",\"value\":\"MS2O3usgLl8btDkPNwO6i0ZzC4LxR0Jw\"},{\"name\":\"AUTH0_DOMAIN\",\"value\":\"genai-030069804226358743.us.auth0.com\"},{\"name\":\"AWS_DEFAULT_ACL\",\"value\":\"private\"},{\"name\":\"AWS_S3_REGION_NAME\",\"value\":\"us-east-1\"},{\"name\":\"AWS_STORAGE_BUCKET_NAME\",\"value\":\"rapro-prod-media-files\"},{\"name\":\"BULK_EXPORT_BATCH_SIZE\",\"value\":\"50\"},{\"name\":\"CELERY_BROKER_URL\",\"value\":\"redis://rapro-prod-redis.ijkoc1.ng.0001.use1.cache.amazonaws.com:6379/0\"},{\"name\":\"CELERY_RESULT_BACKEND\",\"value\":\"redis://rapro-prod-redis.ijkoc1.ng.0001.use1.cache.amazonaws.com:6379/0\"},{\"name\":\"DATABASE_URL\",\"value\":\"postgres://postgres:Md22%0#]!#ku5:Rcp3EShK(!(pVUy(_Q@rapro-prod-postgres.cmvso6wyccpe.us-east-1.rds.amazonaws.com:5432:5432/retirementadvisorpro\"},{\"name\":\"DEBUG\",\"value\":\"False\"},{\"name\":\"DJANGO_SETTINGS_MODULE\",\"value\":\"retirementadvisorpro.settings\"},{\"name\":\"ENVIRONMENT\",\"value\":\"prod\"},{\"name\":\"OPENAI_MODEL_VERSION\",\"value\":\"gpt-4-turbo-preview\"},{\"name\":\"POSTGRES_DB\",\"value\":\"retirementadvisorpro\"},{\"name\":\"POSTGRES_USER\",\"value\":\"postgres\"},{\"name\":\"REDIS_URL\",\"value\":\"redis://rapro-prod-redis.ijkoc1.ng.0001.use1.cache.amazonaws.com:6379/0\"},{\"name\":\"REPORT_GENERATION_TIMEOUT\",\"value\":\"300\"},{\"name\":\"SS_AI_PROVIDER\",\"value\":\"anthropic\"},{\"name\":\"USE_S3\",\"value\":\"True\"}],\"essential\":true,\"image\":\"794038228127.dkr.ecr.us-east-1.amazonaws.com/rapro-prod-backend:latest\",\"logConfiguration\":{\"logDriver\":\"awslogs\",\"options\":{\"awslogs-group\":\"/ecs/rapro-prod-celery-worker\",\"awslogs-region\":\"us-east-1\",\"awslogs-stream-prefix\":\"ecs\"}},\"mountPoints\":[],\"name\":\"celery-worker\",\"portMappings\":[],\"secrets\":[{\"name\":\"ANTHROPIC_API_KEY\",\"valueFrom\":\"arn:aws:ssm:us-east-1:794038228127:parameter/rapro-prod/ai/anthropic-api-key\"},{\"name\":\"DJANGO_SECRET_KEY\",\"valueFrom\":\"arn:aws:ssm:us-east-1:794038228127:parameter/rapro-prod/django/secret-key\"},{\"name\":\"OPENAI_API_KEY\",\"valueFrom\":\"arn:aws:ssm:us-east-1:794038228127:parameter/rapro-prod/ai/openai-api-key\"},{\"name\":\"POSTGRES_PASSWORD\",\"valueFrom\":\"arn:aws:ssm:us-east-1:794038228127:parameter/rapro-prod/database/password\"},{\"name\":\"STRIPE_SECRET_KEY\",\"valueFrom\":\"arn:aws:ssm:us-east-1:794038228127:parameter/rapro-prod/stripe/secret-key\"}],\"systemControls\":[],\"volumesFrom\":[]}]",
            "cpu": "512",
            "enable_fault_injection": false,
            "ephemeral_storage": [],
            "execution_role_arn": "arn:aws:iam::794038228127:role/rapro-prod-ecs-task-execution-role",
            "family": "rapro-prod-celery-worker",
            "id": "rapro-prod-celery-worker",
            "inference_accelerator": [],
            "ipc_mode": "",
            "memory": "1024",
            "network_mode": "awsvpc",
            "pid_mode": "",
            "placement_constraints": [],
            "proxy_configuration": [],
            "requires_compatibilities": [
              "FARGATE"
            ],
            "revision": 1,
            "runtime_platform": [],
            "skip_destroy": false,
            "tags": {
              "Environment": "prod",
              "ManagedBy": "Terraform",
              "Name": "rapro-prod-celery-worker-task",
              "Project": "rapro"
            },
            "tags_all": {
              "Environment": "prod",
              "ManagedBy": "Terraform",
              "Name": "rapro-prod-celery-worker-task",
              "Project": "rapro"
            },
            "task_role_arn": "arn:aws:iam::794038228127:role/rapro-prod-ecs-task-role",
            "track_latest": false,
            "volume": []
          },
          "sensitive_attributes": [
            [
              {
                "type": "get_attr",
                "value": "container_definitions"
              }
            ]
          ],
          "identity_schema_version": 0,
          "private": "eyJzY2hlbWFfdmVyc2lvbiI6IjEifQ==",
          "dependencies": [
            "aws_cloudwatch_log_group.celery_worker",
            "aws_db_instance.main",
            "aws_db_parameter_group.main",
            "aws_db_subnet_group.main",
            "aws_ecr_repository.backend",
            "aws_elasticache_parameter_group.main",
            "aws_elasticache_replication_group.main",
            "aws_elasticache_subnet_group.main",
            "aws_iam_role.ecs_task_execution_role",
            "aws_iam_role.ecs_task_role",
            "aws_iam_role.rds_monitoring",
            "aws_s3_bucket.media_files",
            "aws_security_group.alb",
            "aws_security_group.ecs_tasks",
            "aws_security_group.elasticache",
            "aws_security_group.rds",
            "aws_sns_topic.alerts",
            "aws_ssm_parameter.anthropic_api_key",
            "aws_ssm_parameter.db_password",
            "aws_ssm_parameter.django_secret_key",
            "aws_ssm_parameter.openai_api_key",
            "aws_ssm_parameter.stripe_secret_key",
            "aws_subnet.database",
            "aws_subnet.private",
            "aws_vpc.main",
            "data.aws_availability_zones.available",
            "random_password.db_password",
            "random_password.django_secret_key"
          ]
        }
      ]
    },
    {
      "mode": "managed",
      "type": "aws_ecs_task_definition",
      "name": "celery_worker_staging",
      "provider": "provider[\"registry.terraform.io/hashicorp/aws\"]",
      "instances": [
        {
          "schema_version": 1,
          "attributes": {
            "arn": "arn:aws:ecs:us-east-1:794038228127:task-definition/rapro-prod-celery-worker-staging:2",
            "arn_without_revision": "arn:aws:ecs:us-east-1:794038228127:task-definition/rapro-prod-celery-worker-staging",
            "container_definitions": "[{\"command\":[\"celery\",\"-A\",\"retirementadvisorpro\",\"worker\",\"--loglevel=info\",\"--concurrency=2\"],\"environment\":[{\"name\":\"AI_COST_LIMIT_PER_USER_MONTHLY\",\"value\":\"100.00\"},{\"name\":\"AWS_S3_REGION_NAME\",\"value\":\"us-east-1\"},{\"name\":\"AWS_STORAGE_BUCKET_NAME\",\"value\":\"rapro-prod-media-files\"},{\"name\":\"CELERY_BROKER_URL\",\"value\":\"redis://rapro-prod-redis.ijkoc1.ng.0001.use1.cache.amazonaws.com:6379/0\"},{\"name\":\"CELERY_RESULT_BACKEND\",\"value\":\"redis://rapro-prod-redis.ijkoc1.ng.0001.use1.cache.amazonaws.com:6379/0\"},{\"name\":\"DATABASE_HOST\",\"value\":\"rapro-prod-postgres.cmvso6wyccpe.us-east-1.rds.amazonaws.com\"},{\"name\":\"DATABASE_NAME\",\"value\":\"retirementadvisorpro\"},{\"name\":\"DATABASE_URL\",\"value\":\"postgres://postgres:Md22%0#]!#ku5:Rcp3EShK(!(pVUy(_Q@rapro-prod-postgres.cmvso6wyccpe.us-east-1.rds.amazonaws.com:5432/retirementadvisorpro?options=-c%20search_path=staging,public\"},{\"name\":\"DATABASE_USER\",\"value\":\"postgres\"},{\"name\":\"DB_SCHEMA_PREFIX\",\"value\":\"staging\"},{\"name\":\"DEBUG\",\"value\":\"True\"},{\"name\":\"DJANGO_SETTINGS_MODULE\",\"value\":\"retirementadvisorpro.settings\"},{\"name\":\"ENVIRONMENT\",\"value\":\"staging\"},{\"name\":\"OPENAI_MODEL_VERSION\",\"value\":\"gpt-4-turbo-preview\"},{\"name\":\"REDIS_URL\",\"value\":\"redis://rapro-prod-redis.ijkoc1.ng.0001.use1.cache.amazonaws.com:6379/0\"},{\"name\":\"REPORT_GENERATION_TIMEOUT\",\"value\":\"300\"},{\"name\":\"SS_AI_PROVIDER\",\"value\":\"anthropic\"},{\"name\":\"USE_S3\",\"value\":\"True\"}],\"essential\":true,\"image\":\"794038228127.dkr.ecr.us-east-1.amazonaws.com/rapro-prod-backend:latest\",\"logConfiguration\":{\"logDriver\":\"awslogs\",\"options\":{\"awslogs-group\":\"/ecs/rapro-prod-celery-worker\",\"awslogs-region\":\"us-east-1\",\"awslogs-stream-prefix\":\"celery-worker-staging\"}},\"mountPoints\":[],\"name\":\"celery-worker\",\"portMappings\":[],\"secrets\":[{\"name\":\"ANTHROPIC_API_KEY\",\"valueFrom\":\"arn:aws:ssm:us-east-1:794038228127:parameter/rapro-prod/ai/anthropic-api-key\"},{\"name\":\"DATABASE_PASSWORD\",\"valueFrom\":\"arn:aws:ssm:us-east-1:794038228127:parameter/rapro-prod/database/password\"},{\"name\":\"DJANGO_SECRET_KEY\",\"valueFrom\":\"arn:aws:ssm:us-east-1:794038228127:parameter/rapro-prod/django/secret-key\"},{\"name\":\"OPENAI_API_KEY\",\"valueFrom\":\"arn:aws:ssm:us-east-1:794038228127:parameter/rapro-prod/ai/openai-api-key\"},{\"name\":\"POSTGRES_PASSWORD\",\"valueFrom\":\"arn:aws:ssm:us-east-1:794038228127:parameter/rapro-prod/database/password\"}],\"systemControls\":[],\"volumesFrom\":[]}]",
            "cpu": "256",
            "enable_fault_injection": false,
            "ephemeral_storage": [],
            "execution_role_arn": "arn:aws:iam::794038228127:role/rapro-prod-ecs-task-execution-role",
            "family": "rapro-prod-celery-worker-staging",
            "id": "rapro-prod-celery-worker-staging",
            "inference_accelerator": [],
            "ipc_mode": "",
            "memory": "512",
            "network_mode": "awsvpc",
            "pid_mode": "",
            "placement_constraints": [],
            "proxy_configuration": [],
            "requires_compatibilities": [
              "FARGATE"
            ],
            "revision": 2,
            "runtime_platform": [],
            "skip_destroy": false,
            "tags": {
              "Environment": "staging",
              "ManagedBy": "Terraform",
              "Name": "rapro-prod-celery-worker-staging",
              "Project": "rapro"
            },
            "tags_all": {
              "Environment": "staging",
              "ManagedBy": "Terraform",
              "Name": "rapro-prod-celery-worker-staging",
              "Project": "rapro"
            },
            "task_role_arn": "arn:aws:iam::794038228127:role/rapro-prod-ecs-task-role",
            "track_latest": false,
            "volume": []
          },
          "sensitive_attributes": [
            [
              {
                "type": "get_attr",
                "value": "container_definitions"
              }
            ]
          ],
          "identity_schema_version": 0,
          "private": "eyJzY2hlbWFfdmVyc2lvbiI6IjEifQ==",
          "dependencies": [
            "aws_cloudwatch_log_group.celery_worker",
            "aws_db_instance.main",
            "aws_db_parameter_group.main",
            "aws_db_subnet_group.main",
            "aws_ecr_repository.backend",
            "aws_elasticache_parameter_group.main",
            "aws_elasticache_replication_group.main",
            "aws_elasticache_subnet_group.main",
            "aws_iam_role.ecs_task_execution_role",
            "aws_iam_role.ecs_task_role",
            "aws_iam_role.rds_monitoring",
            "aws_s3_bucket.media_files",
            "aws_security_group.alb",
            "aws_security_group.ecs_tasks",
            "aws_security_group.elasticache",
            "aws_security_group.rds",
            "aws_sns_topic.alerts",
            "aws_ssm_parameter.anthropic_api_key",
            "aws_ssm_parameter.db_password",
            "aws_ssm_parameter.django_secret_key",
            "aws_ssm_parameter.openai_api_key",
            "aws_subnet.database",
            "aws_subnet.private",
            "aws_vpc.main",
            "data.aws_availability_zones.available",
            "random_password.db_password",
            "random_password.django_secret_key"
          ]
        }
      ]
    },
    {
      "mode": "managed",
      "type": "aws_ecs_task_definition",
      "name": "frontend",
      "provider": "provider[\"registry.terraform.io/hashicorp/aws\"]",
      "instances": [
        {
          "schema_version": 1,
          "attributes": {
            "arn": "arn:aws:ecs:us-east-1:794038228127:task-definition/rapro-prod-frontend:1",
            "arn_without_revision": "arn:aws:ecs:us-east-1:794038228127:task-definition/rapro-prod-frontend",
            "container_definitions": "[{\"environment\":[{\"name\":\"NODE_ENV\",\"value\":\"production\"},{\"name\":\"PORT\",\"value\":\"3000\"},{\"name\":\"VITE_API_BASE_URL\",\"value\":\"https://app.retirementadvisorpro.com\"},{\"name\":\"VITE_API_URL\",\"value\":\"https://app.retirementadvisorpro.com/api\"},{\"name\":\"VITE_AUTH0_AUDIENCE\",\"value\":\"https://api.retirementadvisorpro.com\"},{\"name\":\"VITE_AUTH0_CLIENT_ID\",\"value\":\"MS2O3usgLl8btDkPNwO6i0ZzC4LxR0Jw\"},{\"name\":\"VITE_AUTH0_DOMAIN\",\"value\":\"genai-030069804226358743.us.auth0.com\"},{\"name\":\"VITE_STRIPE_PUBLIC_KEY\",\"value\":\"pk_live_51MKmFTDXYH4nUgjBhJ8lIWxB9iNkkZIXV3tHKUxOKiNWk5Zlgkx4lOBtiYpAsW55OvI1U7E9Ty82nSErHQHxW7BS00YEJ4LkEq\"}],\"essential\":true,\"healthCheck\":{\"command\":[\"CMD-SHELL\",\"curl -f http://localhost:3000/ || exit 1\"],\"interval\":30,\"retries\":3,\"startPeriod\":60,\"timeout\":5},\"image\":\"794038228127.dkr.ecr.us-east-1.amazonaws.com/rapro-prod-frontend:latest\",\"logConfiguration\":{\"logDriver\":\"awslogs\",\"options\":{\"awslogs-region\":\"us-east-1\",\"awslogs-stream-prefix\":\"ecs\",\"awslogs-group\":\"/ecs/rapro-prod-frontend\"}},\"mountPoints\":[],\"name\":\"frontend\",\"portMappings\":[{\"containerPort\":3000,\"hostPort\":3000,\"protocol\":\"tcp\"}],\"systemControls\":[],\"volumesFrom\":[]}]",
            "cpu": "512",
            "enable_fault_injection": false,
            "ephemeral_storage": [],
            "execution_role_arn": "arn:aws:iam::794038228127:role/rapro-prod-ecs-task-execution-role",
            "family": "rapro-prod-frontend",
            "id": "rapro-prod-frontend",
            "inference_accelerator": [],
            "ipc_mode": "",
            "memory": "1024",
            "network_mode": "awsvpc",
            "pid_mode": "",
            "placement_constraints": [],
            "proxy_configuration": [],
            "requires_compatibilities": [
              "FARGATE"
            ],
            "revision": 1,
            "runtime_platform": [],
            "skip_destroy": false,
            "tags": {
              "Environment": "prod",
              "ManagedBy": "Terraform",
              "Name": "rapro-prod-frontend-task",
              "Project": "rapro"
            },
            "tags_all": {
              "Environment": "prod",
              "ManagedBy": "Terraform",
              "Name": "rapro-prod-frontend-task",
              "Project": "rapro"
            },
            "task_role_arn": "arn:aws:iam::794038228127:role/rapro-prod-ecs-task-role",
            "track_latest": false,
            "volume": []
          },
          "sensitive_attributes": [],
          "identity_schema_version": 0,
          "private": "eyJzY2hlbWFfdmVyc2lvbiI6IjEifQ==",
          "dependencies": [
            "aws_cloudwatch_log_group.frontend",
            "aws_ecr_repository.frontend",
            "aws_iam_role.ecs_task_execution_role",
            "aws_iam_role.ecs_task_role",
            "aws_lb.main",
            "aws_s3_bucket.static_assets",
            "aws_security_group.alb",
            "aws_subnet.public",
            "aws_vpc.main",
            "data.aws_availability_zones.available"
          ]
        }
      ]
    },
    {
      "mode": "managed",
      "type": "aws_ecs_task_definition",
      "name": "frontend_staging",
      "provider": "provider[\"registry.terraform.io/hashicorp/aws\"]",
      "instances": [
        {
          "schema_version": 1,
          "attributes": {
            "arn": "arn:aws:ecs:us-east-1:794038228127:task-definition/rapro-prod-frontend-staging:3",
            "arn_without_revision": "arn:aws:ecs:us-east-1:794038228127:task-definition/rapro-prod-frontend-staging",
            "container_definitions": "[{\"environment\":[{\"name\":\"NODE_ENV\",\"value\":\"staging\"},{\"name\":\"PORT\",\"value\":\"3000\"},{\"name\":\"VITE_API_BASE_URL\",\"value\":\"http://rapro-prod-staging-573782540.us-east-1.elb.amazonaws.com\"},{\"name\":\"VITE_API_URL\",\"value\":\"http://rapro-prod-staging-573782540.us-east-1.elb.amazonaws.com/api\"},{\"name\":\"VITE_AUTH0_AUDIENCE\",\"value\":\"https://api.retirementadvisorpro.com\"},{\"name\":\"VITE_AUTH0_CLIENT_ID\",\"value\":\"MS2O3usgLl8btDkPNwO6i0ZzC4LxR0Jw\"},{\"name\":\"VITE_AUTH0_DOMAIN\",\"value\":\"genai-030069804226358743.us.auth0.com\"},{\"name\":\"VITE_FRONTEND_URL\",\"value\":\"http://rapro-prod-staging-573782540.us-east-1.elb.amazonaws.com\"},{\"name\":\"VITE_STRIPE_PUBLIC_KEY\",\"value\":\"pk_live_51MKmFTDXYH4nUgjBhJ8lIWxB9iNkkZIXV3tHKUxOKiNWk5Zlgkx4lOBtiYpAsW55OvI1U7E9Ty82nSErHQHxW7BS00YEJ4LkEq\"}],\"essential\":true,\"image\":\"794038228127.dkr.ecr.us-east-1.amazonaws.com/rapro-prod-frontend:latest\",\"logConfiguration\":{\"logDriver\":\"awslogs\",\"options\":{\"awslogs-region\":\"us-east-1\",\"awslogs-stream-prefix\":\"frontend-staging\",\"awslogs-group\":\"/ecs/rapro-prod-frontend\"}},\"mountPoints\":[],\"name\":\"frontend\",\"portMappings\":[{\"containerPort\":3000,\"hostPort\":3000,\"protocol\":\"tcp\"}],\"systemControls\":[],\"volumesFrom\":[]}]",
            "cpu": "256",
            "enable_fault_injection": false,
            "ephemeral_storage": [],
            "execution_role_arn": "arn:aws:iam::794038228127:role/rapro-prod-ecs-task-execution-role",
            "family": "rapro-prod-frontend-staging",
            "id": "rapro-prod-frontend-staging",
            "inference_accelerator": [],
            "ipc_mode": "",
            "memory": "512",
            "network_mode": "awsvpc",
            "pid_mode": "",
            "placement_constraints": [],
            "proxy_configuration": [],
            "requires_compatibilities": [
              "FARGATE"
            ],
            "revision": 3,
            "runtime_platform": [],
            "skip_destroy": false,
            "tags": {
              "Environment": "staging",
              "ManagedBy": "Terraform",
              "Name": "rapro-prod-frontend-staging",
              "Project": "rapro"
            },
            "tags_all": {
              "Environment": "staging",
              "ManagedBy": "Terraform",
              "Name": "rapro-prod-frontend-staging",
              "Project": "rapro"
            },
            "task_role_arn": "arn:aws:iam::794038228127:role/rapro-prod-ecs-task-role",
            "track_latest": false,
            "volume": []
          },
          "sensitive_attributes": [],
          "identity_schema_version": 0,
          "private": "eyJzY2hlbWFfdmVyc2lvbiI6IjEifQ==",
          "dependencies": [
            "aws_cloudwatch_log_group.frontend",
            "aws_ecr_repository.frontend",
            "aws_iam_role.ecs_task_execution_role",
            "aws_iam_role.ecs_task_role",
            "aws_lb.staging",
            "aws_security_group.alb",
            "aws_subnet.public",
            "aws_vpc.main",
            "data.aws_availability_zones.available"
          ]
        }
      ]
    },
    {
      "mode": "managed",
      "type": "aws_eip",
      "name": "nat",
      "provider": "provider[\"registry.terraform.io/hashicorp/aws\"]",
      "instances": [
        {
          "index_key": 0,
          "schema_version": 0,
          "attributes": {
            "address": null,
            "allocation_id": "eipalloc-09daa4f979faffd5c",
            "arn": "arn:aws:ec2:us-east-1:794038228127:elastic-ip/eipalloc-09daa4f979faffd5c",
            "associate_with_private_ip": null,
            "association_id": "eipassoc-04dbdc2c9ad4eb7bf",
            "carrier_ip": "",
            "customer_owned_ip": "",
            "customer_owned_ipv4_pool": "",
            "domain": "vpc",
            "id": "eipalloc-09daa4f979faffd5c",
            "instance": "",
            "ipam_pool_id": null,
            "network_border_group": "us-east-1",
            "network_interface": "eni-0360178e1e13a7684",
            "private_dns": "ip-10-0-10-188.ec2.internal",
            "private_ip": "10.0.10.188",
            "ptr_record": "",
            "public_dns": "ec2-44-220-2-175.compute-1.amazonaws.com",
            "public_ip": "44.220.2.175",
            "public_ipv4_pool": "amazon",
            "tags": {
              "Environment": "prod",
              "ManagedBy": "Terraform",
              "Name": "rapro-prod-nat-eip-1",
              "Project": "rapro"
            },
            "tags_all": {
              "Environment": "prod",
              "ManagedBy": "Terraform",
              "Name": "rapro-prod-nat-eip-1",
              "Project": "rapro"
            },
            "timeouts": null,
            "vpc": true
          },
          "sensitive_attributes": [],
          "identity_schema_version": 0,
          "private": "eyJlMmJmYjczMC1lY2FhLTExZTYtOGY4OC0zNDM2M2JjN2M0YzAiOnsiZGVsZXRlIjoxODAwMDAwMDAwMDAsInJlYWQiOjkwMDAwMDAwMDAwMCwidXBkYXRlIjozMDAwMDAwMDAwMDB9fQ==",
          "dependencies": [
            "aws_internet_gateway.main",
            "aws_vpc.main",
            "data.aws_availability_zones.available"
          ]
        }
      ]
    },
    {
      "mode": "managed",
      "type": "aws_elasticache_parameter_group",
      "name": "main",
      "provider": "provider[\"registry.terraform.io/hashicorp/aws\"]",
      "instances": [
        {
          "schema_version": 0,
          "attributes": {
            "arn": "arn:aws:elasticache:us-east-1:794038228127:parametergroup:rapro-prod-redis-params",
            "description": "Managed by Terraform",
            "family": "redis7",
            "id": "rapro-prod-redis-params",
            "name": "rapro-prod-redis-params",
            "parameter": [
              {
                "name": "maxmemory-policy",
                "value": "allkeys-lru"
              },
              {
                "name": "tcp-keepalive",
                "value": "60"
              },
              {
                "name": "timeout",
                "value": "300"
              }
            ],
            "tags": {
              "Environment": "prod",
              "ManagedBy": "Terraform",
              "Name": "rapro-prod-redis-params",
              "Project": "rapro"
            },
            "tags_all": {
              "Environment": "prod",
              "ManagedBy": "Terraform",
              "Name": "rapro-prod-redis-params",
              "Project": "rapro"
            }
          },
          "sensitive_attributes": [],
          "identity_schema_version": 0,
          "private": "bnVsbA=="
        }
      ]
    },
    {
      "mode": "managed",
      "type": "aws_elasticache_replication_group",
      "name": "main",
      "provider": "provider[\"registry.terraform.io/hashicorp/aws\"]",
      "instances": [
        {
          "schema_version": 2,
          "attributes": {
            "apply_immediately": null,
            "arn": "arn:aws:elasticache:us-east-1:794038228127:replicationgroup:rapro-prod-redis",
            "at_rest_encryption_enabled": "true",
            "auth_token": "",
            "auth_token_update_strategy": "ROTATE",
            "auto_minor_version_upgrade": "true",
            "automatic_failover_enabled": false,
            "cluster_enabled": false,
            "cluster_mode": "disabled",
            "configuration_endpoint_address": null,
            "data_tiering_enabled": false,
            "description": "Redis cluster for RetirementAdvisorPro caching and Celery",
            "engine": "redis",
            "engine_version": "7.0",
            "engine_version_actual": "7.0.7",
            "final_snapshot_identifier": null,
            "global_replication_group_id": null,
            "id": "rapro-prod-redis",
            "ip_discovery": "ipv4",
            "kms_key_id": "",
            "log_delivery_configuration": [],
            "maintenance_window": "sun:05:00-sun:06:00",
            "member_clusters": [
              "rapro-prod-redis-001"
            ],
            "multi_az_enabled": false,
            "network_type": "ipv4",
            "node_type": "cache.t3.small",
            "notification_topic_arn": "arn:aws:sns:us-east-1:794038228127:rapro-prod-alerts",
            "num_cache_clusters": 1,
            "num_node_groups": 1,
            "parameter_group_name": "rapro-prod-redis-params",
            "port": 6379,
            "preferred_cache_cluster_azs": null,
            "primary_endpoint_address": "rapro-prod-redis.ijkoc1.ng.0001.use1.cache.amazonaws.com",
            "reader_endpoint_address": "rapro-prod-redis-ro.ijkoc1.ng.0001.use1.cache.amazonaws.com",
            "replicas_per_node_group": 0,
            "replication_group_id": "rapro-prod-redis",
            "security_group_ids": [
              "sg-09f5a4dfdedce043a"
            ],
            "security_group_names": [],
            "snapshot_arns": null,
            "snapshot_name": null,
            "snapshot_retention_limit": 1,
            "snapshot_window": "03:00-05:00",
            "subnet_group_name": "rapro-prod-redis-subnet-group",
            "tags": {
              "Environment": "prod",
              "ManagedBy": "Terraform",
              "Name": "rapro-prod-redis",
              "Project": "rapro"
            },
            "tags_all": {
              "Environment": "prod",
              "ManagedBy": "Terraform",
              "Name": "rapro-prod-redis",
              "Project": "rapro"
            },
            "timeouts": null,
            "transit_encryption_enabled": false,
            "transit_encryption_mode": "",
            "user_group_ids": []
          },
          "sensitive_attributes": [
            [
              {
                "type": "get_attr",
                "value": "auth_token"
              }
            ]
          ],
          "identity_schema_version": 0,
          "private": "eyJlMmJmYjczMC1lY2FhLTExZTYtOGY4OC0zNDM2M2JjN2M0YzAiOnsiY3JlYXRlIjozNjAwMDAwMDAwMDAwLCJkZWxldGUiOjI3MDAwMDAwMDAwMDAsInVwZGF0ZSI6MjQwMDAwMDAwMDAwMH0sInNjaGVtYV92ZXJzaW9uIjoiMiJ9",
          "dependencies": [
            "aws_elasticache_parameter_group.main",
            "aws_elasticache_subnet_group.main",
            "aws_security_group.alb",
            "aws_security_group.ecs_tasks",
            "aws_security_group.elasticache",
            "aws_sns_topic.alerts",
            "aws_subnet.private",
            "aws_vpc.main",
            "data.aws_availability_zones.available"
          ]
        }
      ]
    },
    {
      "mode": "managed",
      "type": "aws_elasticache_subnet_group",
      "name": "main",
      "provider": "provider[\"registry.terraform.io/hashicorp/aws\"]",
      "instances": [
        {
          "schema_version": 0,
          "attributes": {
            "arn": "arn:aws:elasticache:us-east-1:794038228127:subnetgroup:rapro-prod-redis-subnet-group",
            "description": "Managed by Terraform",
            "id": "rapro-prod-redis-subnet-group",
            "name": "rapro-prod-redis-subnet-group",
            "subnet_ids": [
              "subnet-04350b1e31f9f0439",
              "subnet-0491a088b456eee93"
            ],
            "tags": {
              "Environment": "prod",
              "ManagedBy": "Terraform",
              "Name": "rapro-prod-redis-subnet-group",
              "Project": "rapro"
            },
            "tags_all": {
              "Environment": "prod",
              "ManagedBy": "Terraform",
              "Name": "rapro-prod-redis-subnet-group",
              "Project": "rapro"
            },
            "vpc_id": "vpc-09aa8258d53221483"
          },
          "sensitive_attributes": [],
          "identity_schema_version": 0,
          "private": "bnVsbA==",
          "dependencies": [
            "aws_subnet.private",
            "aws_vpc.main",
            "data.aws_availability_zones.available"
          ]
        }
      ]
    },
    {
      "mode": "managed",
      "type": "aws_iam_policy",
      "name": "parameter_store_read",
      "provider": "provider[\"registry.terraform.io/hashicorp/aws\"]",
      "instances": [
        {
          "schema_version": 0,
          "attributes": {
            "arn": "arn:aws:iam::794038228127:policy/rapro-prod-parameter-store-read",
            "attachment_count": 1,
            "description": "Allow reading RetirementAdvisorPro parameters from Parameter Store",
            "id": "arn:aws:iam::794038228127:policy/rapro-prod-parameter-store-read",
            "name": "rapro-prod-parameter-store-read",
            "name_prefix": "",
            "path": "/",
            "policy": "{\"Statement\":[{\"Action\":[\"ssm:GetParameter\",\"ssm:GetParameters\",\"ssm:GetParametersByPath\"],\"Effect\":\"Allow\",\"Resource\":[\"arn:aws:ssm:us-east-1:794038228127:parameter/rapro-prod/*\"]},{\"Action\":[\"kms:Decrypt\"],\"Condition\":{\"StringEquals\":{\"kms:ViaService\":\"ssm.us-east-1.amazonaws.com\"}},\"Effect\":\"Allow\",\"Resource\":[\"arn:aws:kms:us-east-1:794038228127:key/*\"]}],\"Version\":\"2012-10-17\"}",
            "policy_id": "ANPA3RYC52SPSUUVVXELY",
            "tags": {
              "Environment": "prod",
              "ManagedBy": "Terraform",
              "Name": "rapro-prod-parameter-store-read",
              "Project": "rapro"
            },
            "tags_all": {
              "Environment": "prod",
              "ManagedBy": "Terraform",
              "Name": "rapro-prod-parameter-store-read",
              "Project": "rapro"
            }
          },
          "sensitive_attributes": [],
          "identity_schema_version": 0,
          "private": "bnVsbA==",
          "dependencies": [
            "data.aws_caller_identity.current"
          ]
        }
      ]
    },
    {
      "mode": "managed",
      "type": "aws_iam_role",
      "name": "codebuild_role",
      "provider": "provider[\"registry.terraform.io/hashicorp/aws\"]",
      "instances": [
        {
          "schema_version": 0,
          "attributes": {
            "arn": "arn:aws:iam::794038228127:role/rapro-prod-codebuild-role",
            "assume_role_policy": "{\"Statement\":[{\"Action\":\"sts:AssumeRole\",\"Effect\":\"Allow\",\"Principal\":{\"Service\":\"codebuild.amazonaws.com\"}}],\"Version\":\"2012-10-17\"}",
            "create_date": "2025-09-03T13:47:39Z",
            "description": "",
            "force_detach_policies": false,
            "id": "rapro-prod-codebuild-role",
            "inline_policy": [
              {
                "name": "terraform-2025090313480142440000000d",
                "policy": "{\"Version\":\"2012-10-17\",\"Statement\":[{\"Action\":[\"ec2:CreateNetworkInterface\",\"ec2:DescribeDhcpOptions\",\"ec2:DescribeNetworkInterfaces\",\"ec2:DeleteNetworkInterface\",\"ec2:DescribeSubnets\",\"ec2:DescribeSecurityGroups\",\"ec2:DescribeVpcs\"],\"Effect\":\"Allow\",\"Resource\":\"*\"},{\"Action\":[\"ec2:CreateNetworkInterfacePermission\"],\"Condition\":{\"StringEquals\":{\"ec2:AuthorizedService\":\"codebuild.amazonaws.com\",\"ec2:Subnet\":[\"arn:aws:ec2:us-east-1:794038228127:subnet/subnet-04350b1e31f9f0439\",\"arn:aws:ec2:us-east-1:794038228127:subnet/subnet-0491a088b456eee93\"]}},\"Effect\":\"Allow\",\"Resource\":\"arn:aws:ec2:us-east-1:794038228127:network-interface/*\"}]}"
              },
              {
                "name": "terraform-20250903171246926000000001",
                "policy": "{\"Version\":\"2012-10-17\",\"Statement\":[{\"Action\":[\"logs:CreateLogGroup\",\"logs:CreateLogStream\",\"logs:PutLogEvents\"],\"Effect\":\"Allow\",\"Resource\":[\"arn:aws:logs:*:*:*\",\"arn:aws:logs:us-east-1:794038228127:log-group:/aws/codebuild/rapro-prod-*\",\"arn:aws:logs:us-east-1:794038228127:log-group:/aws/codebuild/rapro-prod-*:*\"]},{\"Action\":[\"ecr:BatchCheckLayerAvailability\",\"ecr:GetDownloadUrlForLayer\",\"ecr:BatchGetImage\",\"ecr:GetAuthorizationToken\"],\"Effect\":\"Allow\",\"Resource\":\"*\"},{\"Action\":[\"ecr:InitiateLayerUpload\",\"ecr:UploadLayerPart\",\"ecr:CompleteLayerUpload\",\"ecr:PutImage\"],\"Effect\":\"Allow\",\"Resource\":[\"arn:aws:ecr:us-east-1:794038228127:repository/rapro-prod-frontend\",\"arn:aws:ecr:us-east-1:794038228127:repository/rapro-prod-backend\"]},{\"Action\":[\"s3:GetBucketAcl\",\"s3:GetBucketLocation\",\"s3:GetObject\",\"s3:GetObjectVersion\",\"s3:PutObject\",\"s3:DeleteObject\",\"s3:ListBucket\"],\"Effect\":\"Allow\",\"Resource\":[\"arn:aws:s3:::rapro-prod-codepipeline-artifacts\",\"arn:aws:s3:::rapro-prod-codepipeline-artifacts/*\",\"arn:aws:s3:::rapro-prod-static-assets\",\"arn:aws:s3:::rapro-prod-static-assets/*\"]},{\"Action\":[\"ecs:DescribeTaskDefinition\",\"ecs:RegisterTaskDefinition\"],\"Effect\":\"Allow\",\"Resource\":\"*\"},{\"Action\":[\"ecs:UpdateService\",\"ecs:DescribeServices\"],\"Effect\":\"Allow\",\"Resource\":[\"arn:aws:ecs:us-east-1:794038228127:service/rapro-prod-cluster/rapro-prod-frontend\",\"arn:aws:ecs:us-east-1:794038228127:service/rapro-prod-cluster/rapro-prod-backend\",\"arn:aws:ecs:us-east-1:794038228127:service/rapro-prod-cluster/rapro-prod-celery-worker\",\"arn:aws:ecs:us-east-1:794038228127:service/rapro-prod-cluster/rapro-prod-celery-beat\"]},{\"Action\":[\"iam:PassRole\"],\"Effect\":\"Allow\",\"Resource\":[\"arn:aws:iam::794038228127:role/rapro-prod-ecs-task-execution-role\",\"arn:aws:iam::794038228127:role/rapro-prod-ecs-task-role\"]},{\"Action\":[\"ssm:GetParameter\",\"ssm:GetParameters\"],\"Effect\":\"Allow\",\"Resource\":\"arn:aws:ssm:us-east-1:794038228127:parameter/rapro-prod/*\"}]}"
              }
            ],
            "managed_policy_arns": [],
            "max_session_duration": 3600,
            "name": "rapro-prod-codebuild-role",
            "name_prefix": "",
            "path": "/",
            "permissions_boundary": "",
            "tags": {
              "Environment": "prod",
              "ManagedBy": "Terraform",
              "Name": "rapro-prod-codebuild-role",
              "Project": "rapro"
            },
            "tags_all": {
              "Environment": "prod",
              "ManagedBy": "Terraform",
              "Name": "rapro-prod-codebuild-role",
              "Project": "rapro"
            },
            "unique_id": "AROA3RYC52SPQEETVWDQI"
          },
          "sensitive_attributes": [],
          "identity_schema_version": 0,
          "private": "bnVsbA=="
        }
      ]
    },
    {
      "mode": "managed",
      "type": "aws_iam_role",
      "name": "codepipeline_event_role",
      "provider": "provider[\"registry.terraform.io/hashicorp/aws\"]",
      "instances": [
        {
          "schema_version": 0,
          "attributes": {
            "arn": "arn:aws:iam::794038228127:role/rapro-prod-codepipeline-event-role",
            "assume_role_policy": "{\"Statement\":[{\"Action\":\"sts:AssumeRole\",\"Effect\":\"Allow\",\"Principal\":{\"Service\":\"events.amazonaws.com\"}}],\"Version\":\"2012-10-17\"}",
            "create_date": "2025-09-03T13:47:40Z",
            "description": "",
            "force_detach_policies": false,
            "id": "rapro-prod-codepipeline-event-role",
            "inline_policy": [],
            "managed_policy_arns": [],
            "max_session_duration": 3600,
            "name": "rapro-prod-codepipeline-event-role",
            "name_prefix": "",
            "path": "/",
            "permissions_boundary": "",
            "tags": {
              "Environment": "prod",
              "ManagedBy": "Terraform",
              "Name": "rapro-prod-codepipeline-event-role",
              "Project": "rapro"
            },
            "tags_all": {
              "Environment": "prod",
              "ManagedBy": "Terraform",
              "Name": "rapro-prod-codepipeline-event-role",
              "Project": "rapro"
            },
            "unique_id": "AROA3RYC52SPW55OYZMFL"
          },
          "sensitive_attributes": [],
          "identity_schema_version": 0,
          "private": "bnVsbA=="
        }
      ]
    },
    {
      "mode": "managed",
      "type": "aws_iam_role",
      "name": "codepipeline_role",
      "provider": "provider[\"registry.terraform.io/hashicorp/aws\"]",
      "instances": [
        {
          "schema_version": 0,
          "attributes": {
            "arn": "arn:aws:iam::794038228127:role/rapro-prod-codepipeline-role",
            "assume_role_policy": "{\"Statement\":[{\"Action\":\"sts:AssumeRole\",\"Effect\":\"Allow\",\"Principal\":{\"Service\":\"codepipeline.amazonaws.com\"}}],\"Version\":\"2012-10-17\"}",
            "create_date": "2025-09-03T13:47:40Z",
            "description": "",
            "force_detach_policies": false,
            "id": "rapro-prod-codepipeline-role",
            "inline_policy": [
              {
                "name": "terraform-20250903170904847800000001",
                "policy": "{\"Version\":\"2012-10-17\",\"Statement\":[{\"Action\":[\"s3:GetBucketAcl\",\"s3:GetBucketLocation\",\"s3:GetObject\",\"s3:GetObjectVersion\",\"s3:PutObject\"],\"Effect\":\"Allow\",\"Resource\":[\"arn:aws:s3:::rapro-prod-codepipeline-artifacts\",\"arn:aws:s3:::rapro-prod-codepipeline-artifacts/*\"]},{\"Action\":[\"codebuild:BatchGetBuilds\",\"codebuild:StartBuild\"],\"Effect\":\"Allow\",\"Resource\":[\"arn:aws:codebuild:us-east-1:794038228127:project/rapro-prod-frontend-build\",\"arn:aws:codebuild:us-east-1:794038228127:project/rapro-prod-backend-build\",\"arn:aws:codebuild:us-east-1:794038228127:project/rapro-prod-integration-tests\",\"arn:aws:codebuild:us-east-1:794038228127:project/rapro-prod-smoke-tests\"]},{\"Action\":[\"ecs:DescribeServices\",\"ecs:UpdateService\",\"ecs:DescribeTaskDefinition\",\"ecs:RegisterTaskDefinition\"],\"Effect\":\"Allow\",\"Resource\":\"*\"},{\"Action\":[\"iam:PassRole\"],\"Effect\":\"Allow\",\"Resource\":[\"arn:aws:iam::794038228127:role/rapro-prod-ecs-task-execution-role\",\"arn:aws:iam::794038228127:role/rapro-prod-ecs-task-role\"]},{\"Action\":[\"sns:Publish\"],\"Effect\":\"Allow\",\"Resource\":\"arn:aws:sns:us-east-1:794038228127:rapro-prod-pipeline-approval\"}]}"
              }
            ],
            "managed_policy_arns": [],
            "max_session_duration": 3600,
            "name": "rapro-prod-codepipeline-role",
            "name_prefix": "",
            "path": "/",
            "permissions_boundary": "",
            "tags": {
              "Environment": "prod",
              "ManagedBy": "Terraform",
              "Name": "rapro-prod-codepipeline-role",
              "Project": "rapro"
            },
            "tags_all": {
              "Environment": "prod",
              "ManagedBy": "Terraform",
              "Name": "rapro-prod-codepipeline-role",
              "Project": "rapro"
            },
            "unique_id": "AROA3RYC52SPZ6GCTQ6B5"
          },
          "sensitive_attributes": [],
          "identity_schema_version": 0,
          "private": "bnVsbA=="
        }
      ]
    },
    {
      "mode": "managed",
      "type": "aws_iam_role",
      "name": "ecs_task_execution_role",
      "provider": "provider[\"registry.terraform.io/hashicorp/aws\"]",
      "instances": [
        {
          "schema_version": 0,
          "attributes": {
            "arn": "arn:aws:iam::794038228127:role/rapro-prod-ecs-task-execution-role",
            "assume_role_policy": "{\"Statement\":[{\"Action\":\"sts:AssumeRole\",\"Effect\":\"Allow\",\"Principal\":{\"Service\":\"ecs-tasks.amazonaws.com\"}}],\"Version\":\"2012-10-17\"}",
            "create_date": "2025-09-03T13:47:39Z",
            "description": "",
            "force_detach_policies": false,
            "id": "rapro-prod-ecs-task-execution-role",
            "inline_policy": [],
            "managed_policy_arns": [
              "arn:aws:iam::794038228127:policy/rapro-prod-parameter-store-read",
              "arn:aws:iam::aws:policy/service-role/AmazonECSTaskExecutionRolePolicy"
            ],
            "max_session_duration": 3600,
            "name": "rapro-prod-ecs-task-execution-role",
            "name_prefix": "",
            "path": "/",
            "permissions_boundary": "",
            "tags": {
              "Environment": "prod",
              "ManagedBy": "Terraform",
              "Name": "rapro-prod-ecs-task-execution-role",
              "Project": "rapro"
            },
            "tags_all": {
              "Environment": "prod",
              "ManagedBy": "Terraform",
              "Name": "rapro-prod-ecs-task-execution-role",
              "Project": "rapro"
            },
            "unique_id": "AROA3RYC52SPS4IRPJ2T4"
          },
          "sensitive_attributes": [],
          "identity_schema_version": 0,
          "private": "bnVsbA=="
        }
      ]
    },
    {
      "mode": "managed",
      "type": "aws_iam_role",
      "name": "ecs_task_role",
      "provider": "provider[\"registry.terraform.io/hashicorp/aws\"]",
      "instances": [
        {
          "schema_version": 0,
          "attributes": {
            "arn": "arn:aws:iam::794038228127:role/rapro-prod-ecs-task-role",
            "assume_role_policy": "{\"Statement\":[{\"Action\":\"sts:AssumeRole\",\"Effect\":\"Allow\",\"Principal\":{\"Service\":\"ecs-tasks.amazonaws.com\"}}],\"Version\":\"2012-10-17\"}",
            "create_date": "2025-09-03T13:47:39Z",
            "description": "",
            "force_detach_policies": false,
            "id": "rapro-prod-ecs-task-role",
            "inline_policy": [
              {
                "name": "rapro-prod-ecs-task-s3-policy",
                "policy": "{\"Version\":\"2012-10-17\",\"Statement\":[{\"Action\":[\"s3:PutObject\",\"s3:ListBucket\",\"s3:GetObject\",\"s3:DeleteObject\"],\"Effect\":\"Allow\",\"Resource\":[\"arn:aws:s3:::rapro-prod-static-assets/*\",\"arn:aws:s3:::rapro-prod-static-assets\"]},{\"Action\":[\"s3:PutObject\",\"s3:ListBucket\",\"s3:GetObjectVersion\",\"s3:GetObject\",\"s3:DeleteObject\"],\"Effect\":\"Allow\",\"Resource\":[\"arn:aws:s3:::rapro-prod-media-files/*\",\"arn:aws:s3:::rapro-prod-media-files\"]},{\"Action\":[\"s3:PutObject\",\"s3:ListBucket\"],\"Effect\":\"Allow\",\"Resource\":[\"arn:aws:s3:::rapro-prod-backups/*\",\"arn:aws:s3:::rapro-prod-backups\"]}]}"
              }
            ],
            "managed_policy_arns": [],
            "max_session_duration": 3600,
            "name": "rapro-prod-ecs-task-role",
            "name_prefix": "",
            "path": "/",
            "permissions_boundary": "",
            "tags": {
              "Environment": "prod",
              "ManagedBy": "Terraform",
              "Name": "rapro-prod-ecs-task-role",
              "Project": "rapro"
            },
            "tags_all": {
              "Environment": "prod",
              "ManagedBy": "Terraform",
              "Name": "rapro-prod-ecs-task-role",
              "Project": "rapro"
            },
            "unique_id": "AROA3RYC52SPXJIPIEWCS"
          },
          "sensitive_attributes": [],
          "identity_schema_version": 0,
          "private": "bnVsbA=="
        }
      ]
    },
    {
      "mode": "managed",
      "type": "aws_iam_role_policy",
      "name": "codebuild_policy",
      "provider": "provider[\"registry.terraform.io/hashicorp/aws\"]",
      "instances": [
        {
          "schema_version": 0,
          "attributes": {
            "id": "rapro-prod-codebuild-role:terraform-20250903171246926000000001",
            "name": "terraform-20250903171246926000000001",
            "name_prefix": "terraform-",
            "policy": "{\"Version\":\"2012-10-17\",\"Statement\":[{\"Action\":[\"logs:CreateLogGroup\",\"logs:CreateLogStream\",\"logs:PutLogEvents\"],\"Effect\":\"Allow\",\"Resource\":[\"arn:aws:logs:*:*:*\",\"arn:aws:logs:us-east-1:794038228127:log-group:/aws/codebuild/rapro-prod-*\",\"arn:aws:logs:us-east-1:794038228127:log-group:/aws/codebuild/rapro-prod-*:*\"]},{\"Action\":[\"ecr:BatchCheckLayerAvailability\",\"ecr:GetDownloadUrlForLayer\",\"ecr:BatchGetImage\",\"ecr:GetAuthorizationToken\"],\"Effect\":\"Allow\",\"Resource\":\"*\"},{\"Action\":[\"ecr:InitiateLayerUpload\",\"ecr:UploadLayerPart\",\"ecr:CompleteLayerUpload\",\"ecr:PutImage\"],\"Effect\":\"Allow\",\"Resource\":[\"arn:aws:ecr:us-east-1:794038228127:repository/rapro-prod-frontend\",\"arn:aws:ecr:us-east-1:794038228127:repository/rapro-prod-backend\"]},{\"Action\":[\"s3:GetBucketAcl\",\"s3:GetBucketLocation\",\"s3:GetObject\",\"s3:GetObjectVersion\",\"s3:PutObject\",\"s3:DeleteObject\"],\"Effect\":\"Allow\",\"Resource\":[\"arn:aws:s3:::rapro-prod-codepipeline-artifacts\",\"arn:aws:s3:::rapro-prod-codepipeline-artifacts/*\",\"arn:aws:s3:::rapro-prod-static-assets\",\"arn:aws:s3:::rapro-prod-static-assets/*\"]},{\"Action\":[\"ecs:DescribeTaskDefinition\",\"ecs:RegisterTaskDefinition\"],\"Effect\":\"Allow\",\"Resource\":\"*\"},{\"Action\":[\"ecs:UpdateService\",\"ecs:DescribeServices\"],\"Effect\":\"Allow\",\"Resource\":[\"arn:aws:ecs:us-east-1:794038228127:service/rapro-prod-cluster/rapro-prod-frontend\",\"arn:aws:ecs:us-east-1:794038228127:service/rapro-prod-cluster/rapro-prod-backend\",\"arn:aws:ecs:us-east-1:794038228127:service/rapro-prod-cluster/rapro-prod-celery-worker\",\"arn:aws:ecs:us-east-1:794038228127:service/rapro-prod-cluster/rapro-prod-celery-beat\"]},{\"Action\":[\"iam:PassRole\"],\"Effect\":\"Allow\",\"Resource\":[\"arn:aws:iam::794038228127:role/rapro-prod-ecs-task-execution-role\",\"arn:aws:iam::794038228127:role/rapro-prod-ecs-task-role\"]},{\"Action\":[\"ssm:GetParameter\",\"ssm:GetParameters\"],\"Effect\":\"Allow\",\"Resource\":\"arn:aws:ssm:us-east-1:794038228127:parameter/rapro-prod/*\"}]}",
            "role": "rapro-prod-codebuild-role"
          },
          "sensitive_attributes": [],
          "identity_schema_version": 0,
          "private": "bnVsbA==",
          "dependencies": [
            "aws_cloudfront_distribution.frontend",
            "aws_cloudfront_origin_access_identity.frontend",
            "aws_cloudfront_response_headers_policy.security",
            "aws_cloudwatch_log_group.backend",
            "aws_cloudwatch_log_group.celery_beat",
            "aws_cloudwatch_log_group.celery_worker",
            "aws_cloudwatch_log_group.frontend",
            "aws_db_instance.main",
            "aws_db_parameter_group.main",
            "aws_db_subnet_group.main",
            "aws_ecr_repository.backend",
            "aws_ecr_repository.frontend",
            "aws_ecs_cluster.main",
            "aws_ecs_service.backend",
            "aws_ecs_service.celery_beat",
            "aws_ecs_service.celery_worker",
            "aws_ecs_service.frontend",
            "aws_ecs_task_definition.backend",
            "aws_ecs_task_definition.celery_beat",
            "aws_ecs_task_definition.celery_worker",
            "aws_ecs_task_definition.frontend",
            "aws_elasticache_parameter_group.main",
            "aws_elasticache_replication_group.main",
            "aws_elasticache_subnet_group.main",
            "aws_iam_role.codebuild_role",
            "aws_iam_role.ecs_task_execution_role",
            "aws_iam_role.ecs_task_role",
            "aws_iam_role.rds_monitoring",
            "aws_lb.main",
            "aws_lb_listener.http",
            "aws_lb_listener.https",
            "aws_lb_target_group.backend",
            "aws_lb_target_group.frontend",
            "aws_s3_bucket.codepipeline_artifacts",
            "aws_s3_bucket.media_files",
            "aws_s3_bucket.static_assets",
            "aws_security_group.alb",
            "aws_security_group.ecs_tasks",
            "aws_security_group.elasticache",
            "aws_security_group.rds",
            "aws_sns_topic.alerts",
            "aws_ssm_parameter.anthropic_api_key",
            "aws_ssm_parameter.auth0_client_secret",
            "aws_ssm_parameter.db_password",
            "aws_ssm_parameter.django_secret_key",
            "aws_ssm_parameter.openai_api_key",
            "aws_ssm_parameter.stripe_annual_price_id",
            "aws_ssm_parameter.stripe_monthly_price_id",
            "aws_ssm_parameter.stripe_secret_key",
            "aws_ssm_parameter.stripe_webhook_secret",
            "aws_subnet.database",
            "aws_subnet.private",
            "aws_subnet.public",
            "aws_vpc.main",
            "aws_wafv2_ip_set.admin_whitelist",
            "aws_wafv2_web_acl.main",
            "data.aws_availability_zones.available",
            "data.aws_caller_identity.current",
            "random_password.db_password",
            "random_password.django_secret_key"
          ]
        }
      ]
    },
    {
      "mode": "managed",
      "type": "aws_iam_role_policy",
      "name": "codebuild_vpc_policy",
      "provider": "provider[\"registry.terraform.io/hashicorp/aws\"]",
      "instances": [
        {
          "schema_version": 0,
          "attributes": {
            "id": "rapro-prod-codebuild-role:terraform-2025090313480142440000000d",
            "name": "terraform-2025090313480142440000000d",
            "name_prefix": "terraform-",
            "policy": "{\"Version\":\"2012-10-17\",\"Statement\":[{\"Action\":[\"ec2:CreateNetworkInterface\",\"ec2:DescribeDhcpOptions\",\"ec2:DescribeNetworkInterfaces\",\"ec2:DeleteNetworkInterface\",\"ec2:DescribeSubnets\",\"ec2:DescribeSecurityGroups\",\"ec2:DescribeVpcs\"],\"Effect\":\"Allow\",\"Resource\":\"*\"},{\"Action\":[\"ec2:CreateNetworkInterfacePermission\"],\"Condition\":{\"StringEquals\":{\"ec2:AuthorizedService\":\"codebuild.amazonaws.com\",\"ec2:Subnet\":[\"arn:aws:ec2:us-east-1:794038228127:subnet/subnet-04350b1e31f9f0439\",\"arn:aws:ec2:us-east-1:794038228127:subnet/subnet-0491a088b456eee93\"]}},\"Effect\":\"Allow\",\"Resource\":\"arn:aws:ec2:us-east-1:794038228127:network-interface/*\"}]}",
            "role": "rapro-prod-codebuild-role"
          },
          "sensitive_attributes": [],
          "identity_schema_version": 0,
          "private": "bnVsbA==",
          "dependencies": [
            "aws_iam_role.codebuild_role",
            "aws_subnet.private",
            "aws_vpc.main",
            "data.aws_availability_zones.available",
            "data.aws_caller_identity.current"
          ]
        }
      ]
    },
    {
      "mode": "managed",
      "type": "aws_iam_role_policy",
      "name": "codepipeline_policy",
      "provider": "provider[\"registry.terraform.io/hashicorp/aws\"]",
      "instances": [
        {
          "schema_version": 0,
          "attributes": {
            "id": "rapro-prod-codepipeline-role:terraform-20250903170904847800000001",
            "name": "terraform-20250903170904847800000001",
            "name_prefix": "terraform-",
            "policy": "{\"Version\":\"2012-10-17\",\"Statement\":[{\"Action\":[\"s3:GetBucketAcl\",\"s3:GetBucketLocation\",\"s3:GetObject\",\"s3:GetObjectVersion\",\"s3:PutObject\"],\"Effect\":\"Allow\",\"Resource\":[\"arn:aws:s3:::rapro-prod-codepipeline-artifacts\",\"arn:aws:s3:::rapro-prod-codepipeline-artifacts/*\"]},{\"Action\":[\"codebuild:BatchGetBuilds\",\"codebuild:StartBuild\"],\"Effect\":\"Allow\",\"Resource\":[\"arn:aws:codebuild:us-east-1:794038228127:project/rapro-prod-frontend-build\",\"arn:aws:codebuild:us-east-1:794038228127:project/rapro-prod-backend-build\",\"arn:aws:codebuild:us-east-1:794038228127:project/rapro-prod-integration-tests\",\"arn:aws:codebuild:us-east-1:794038228127:project/rapro-prod-smoke-tests\"]},{\"Action\":[\"ecs:DescribeServices\",\"ecs:UpdateService\",\"ecs:DescribeTaskDefinition\",\"ecs:RegisterTaskDefinition\"],\"Effect\":\"Allow\",\"Resource\":\"*\"},{\"Action\":[\"iam:PassRole\"],\"Effect\":\"Allow\",\"Resource\":[\"arn:aws:iam::794038228127:role/rapro-prod-ecs-task-execution-role\",\"arn:aws:iam::794038228127:role/rapro-prod-ecs-task-role\"]},{\"Action\":[\"sns:Publish\"],\"Effect\":\"Allow\",\"Resource\":\"arn:aws:sns:us-east-1:794038228127:rapro-prod-pipeline-approval\"}]}",
            "role": "rapro-prod-codepipeline-role"
          },
          "sensitive_attributes": [],
          "identity_schema_version": 0,
          "private": "bnVsbA==",
          "dependencies": [
            "aws_cloudfront_distribution.frontend",
            "aws_cloudfront_origin_access_identity.frontend",
            "aws_cloudfront_response_headers_policy.security",
            "aws_cloudwatch_log_group.backend",
            "aws_cloudwatch_log_group.celery_beat",
            "aws_cloudwatch_log_group.celery_worker",
            "aws_cloudwatch_log_group.codebuild",
            "aws_cloudwatch_log_group.frontend",
            "aws_codebuild_project.backend",
            "aws_codebuild_project.frontend",
            "aws_codebuild_project.integration_tests",
            "aws_codebuild_project.smoke_tests",
            "aws_db_instance.main",
            "aws_db_parameter_group.main",
            "aws_db_subnet_group.main",
            "aws_ecr_repository.backend",
            "aws_ecr_repository.frontend",
            "aws_ecs_cluster.main",
            "aws_ecs_service.backend",
            "aws_ecs_service.celery_beat",
            "aws_ecs_service.celery_worker",
            "aws_ecs_service.frontend",
            "aws_ecs_task_definition.backend",
            "aws_ecs_task_definition.celery_beat",
            "aws_ecs_task_definition.celery_worker",
            "aws_ecs_task_definition.frontend",
            "aws_elasticache_parameter_group.main",
            "aws_elasticache_replication_group.main",
            "aws_elasticache_subnet_group.main",
            "aws_iam_role.codebuild_role",
            "aws_iam_role.codepipeline_role",
            "aws_iam_role.ecs_task_execution_role",
            "aws_iam_role.ecs_task_role",
            "aws_iam_role.rds_monitoring",
            "aws_lb.main",
            "aws_lb_listener.http",
            "aws_lb_listener.https",
            "aws_lb_target_group.backend",
            "aws_lb_target_group.frontend",
            "aws_s3_bucket.codepipeline_artifacts",
            "aws_s3_bucket.media_files",
            "aws_s3_bucket.static_assets",
            "aws_security_group.alb",
            "aws_security_group.codebuild",
            "aws_security_group.ecs_tasks",
            "aws_security_group.elasticache",
            "aws_security_group.rds",
            "aws_sns_topic.alerts",
            "aws_sns_topic.pipeline_approval",
            "aws_ssm_parameter.anthropic_api_key",
            "aws_ssm_parameter.auth0_client_secret",
            "aws_ssm_parameter.db_password",
            "aws_ssm_parameter.django_secret_key",
            "aws_ssm_parameter.openai_api_key",
            "aws_ssm_parameter.stripe_annual_price_id",
            "aws_ssm_parameter.stripe_monthly_price_id",
            "aws_ssm_parameter.stripe_secret_key",
            "aws_ssm_parameter.stripe_webhook_secret",
            "aws_subnet.database",
            "aws_subnet.private",
            "aws_subnet.public",
            "aws_vpc.main",
            "aws_wafv2_ip_set.admin_whitelist",
            "aws_wafv2_web_acl.main",
            "data.aws_availability_zones.available",
            "data.aws_caller_identity.current",
            "random_password.db_password",
            "random_password.django_secret_key"
          ]
        }
      ]
    },
    {
      "mode": "managed",
      "type": "aws_iam_role_policy",
      "name": "ecs_task_s3_policy",
      "provider": "provider[\"registry.terraform.io/hashicorp/aws\"]",
      "instances": [
        {
          "schema_version": 0,
          "attributes": {
            "id": "rapro-prod-ecs-task-role:rapro-prod-ecs-task-s3-policy",
            "name": "rapro-prod-ecs-task-s3-policy",
            "name_prefix": "",
            "policy": "{\"Version\":\"2012-10-17\",\"Statement\":[{\"Action\":[\"s3:PutObject\",\"s3:ListBucket\",\"s3:GetObject\",\"s3:DeleteObject\"],\"Effect\":\"Allow\",\"Resource\":[\"arn:aws:s3:::rapro-prod-static-assets/*\",\"arn:aws:s3:::rapro-prod-static-assets\"]},{\"Action\":[\"s3:PutObject\",\"s3:ListBucket\",\"s3:GetObjectVersion\",\"s3:GetObject\",\"s3:DeleteObject\"],\"Effect\":\"Allow\",\"Resource\":[\"arn:aws:s3:::rapro-prod-media-files/*\",\"arn:aws:s3:::rapro-prod-media-files\"]},{\"Action\":[\"s3:PutObject\",\"s3:ListBucket\"],\"Effect\":\"Allow\",\"Resource\":[\"arn:aws:s3:::rapro-prod-backups/*\",\"arn:aws:s3:::rapro-prod-backups\"]}]}",
            "role": "rapro-prod-ecs-task-role"
          },
          "sensitive_attributes": [],
          "identity_schema_version": 0,
          "private": "bnVsbA==",
          "dependencies": [
            "aws_iam_role.ecs_task_role",
            "aws_s3_bucket.backups",
            "aws_s3_bucket.media_files",
            "aws_s3_bucket.static_assets",
            "data.aws_iam_policy_document.s3_access"
          ]
        }
      ]
    },
    {
      "mode": "managed",
      "type": "aws_iam_role_policy_attachment",
      "name": "ecs_task_execution_parameter_store",
      "provider": "provider[\"registry.terraform.io/hashicorp/aws\"]",
      "instances": [
        {
          "schema_version": 0,
          "attributes": {
            "id": "rapro-prod-ecs-task-execution-role-20250903134742128100000004",
            "policy_arn": "arn:aws:iam::794038228127:policy/rapro-prod-parameter-store-read",
            "role": "rapro-prod-ecs-task-execution-role"
          },
          "sensitive_attributes": [],
          "identity_schema_version": 0,
          "private": "bnVsbA==",
          "dependencies": [
            "aws_iam_policy.parameter_store_read",
            "aws_iam_role.ecs_task_execution_role",
            "data.aws_caller_identity.current"
          ]
        }
      ]
    },
    {
      "mode": "managed",
      "type": "aws_iam_role_policy_attachment",
      "name": "ecs_task_execution_role_policy",
      "provider": "provider[\"registry.terraform.io/hashicorp/aws\"]",
      "instances": [
        {
          "schema_version": 0,
          "attributes": {
            "id": "rapro-prod-ecs-task-execution-role-20250903134740927800000003",
            "policy_arn": "arn:aws:iam::aws:policy/service-role/AmazonECSTaskExecutionRolePolicy",
            "role": "rapro-prod-ecs-task-execution-role"
          },
          "sensitive_attributes": [],
          "identity_schema_version": 0,
          "private": "bnVsbA==",
          "dependencies": [
            "aws_iam_role.ecs_task_execution_role"
          ]
        }
      ]
    },
    {
      "mode": "managed",
      "type": "aws_internet_gateway",
      "name": "main",
      "provider": "provider[\"registry.terraform.io/hashicorp/aws\"]",
      "instances": [
        {
          "schema_version": 0,
          "attributes": {
            "arn": "arn:aws:ec2:us-east-1:794038228127:internet-gateway/igw-0d308031a0f635bfd",
            "id": "igw-0d308031a0f635bfd",
            "owner_id": "794038228127",
            "tags": {
              "Environment": "prod",
              "ManagedBy": "Terraform",
              "Name": "rapro-prod-igw",
              "Project": "rapro"
            },
            "tags_all": {
              "Environment": "prod",
              "ManagedBy": "Terraform",
              "Name": "rapro-prod-igw",
              "Project": "rapro"
            },
            "timeouts": null,
            "vpc_id": "vpc-09aa8258d53221483"
          },
          "sensitive_attributes": [],
          "identity_schema_version": 0,
          "private": "eyJlMmJmYjczMC1lY2FhLTExZTYtOGY4OC0zNDM2M2JjN2M0YzAiOnsiY3JlYXRlIjoxMjAwMDAwMDAwMDAwLCJkZWxldGUiOjEyMDAwMDAwMDAwMDAsInVwZGF0ZSI6MTIwMDAwMDAwMDAwMH19",
          "dependencies": [
            "aws_vpc.main"
          ]
        }
      ]
    },
    {
      "mode": "managed",
      "type": "aws_lb",
      "name": "main",
      "provider": "provider[\"registry.terraform.io/hashicorp/aws\"]",
      "instances": [
        {
          "schema_version": 0,
          "attributes": {
            "access_logs": [
              {
                "bucket": "",
                "enabled": false,
                "prefix": ""
              }
            ],
            "arn": "arn:aws:elasticloadbalancing:us-east-1:794038228127:loadbalancer/app/rapro-prod-alb/a63e15c80482ba7a",
            "arn_suffix": "app/rapro-prod-alb/a63e15c80482ba7a",
            "client_keep_alive": 3600,
            "connection_logs": [
              {
                "bucket": "",
                "enabled": false,
                "prefix": ""
              }
            ],
            "customer_owned_ipv4_pool": "",
            "desync_mitigation_mode": "defensive",
            "dns_name": "rapro-prod-alb-1189160617.us-east-1.elb.amazonaws.com",
            "dns_record_client_routing_policy": null,
            "drop_invalid_header_fields": false,
            "enable_cross_zone_load_balancing": true,
            "enable_deletion_protection": true,
            "enable_http2": true,
            "enable_tls_version_and_cipher_suite_headers": false,
            "enable_waf_fail_open": false,
            "enable_xff_client_port": false,
            "enable_zonal_shift": false,
            "enforce_security_group_inbound_rules_on_private_link_traffic": "",
            "id": "arn:aws:elasticloadbalancing:us-east-1:794038228127:loadbalancer/app/rapro-prod-alb/a63e15c80482ba7a",
            "idle_timeout": 60,
            "internal": false,
            "ip_address_type": "ipv4",
            "ipam_pools": [],
            "load_balancer_type": "application",
            "minimum_load_balancer_capacity": [],
            "name": "rapro-prod-alb",
            "name_prefix": "",
            "preserve_host_header": false,
            "security_groups": [
              "sg-03e197eaf22577163"
            ],
            "subnet_mapping": [
              {
                "allocation_id": "",
                "ipv6_address": "",
                "outpost_id": "",
                "private_ipv4_address": "",
                "subnet_id": "subnet-088cff0339d0ad563"
              },
              {
                "allocation_id": "",
                "ipv6_address": "",
                "outpost_id": "",
                "private_ipv4_address": "",
                "subnet_id": "subnet-0dece0809bacad08f"
              }
            ],
            "subnets": [
              "subnet-088cff0339d0ad563",
              "subnet-0dece0809bacad08f"
            ],
            "tags": {
              "Environment": "prod",
              "ManagedBy": "Terraform",
              "Name": "rapro-prod-alb",
              "Project": "rapro"
            },
            "tags_all": {
              "Environment": "prod",
              "ManagedBy": "Terraform",
              "Name": "rapro-prod-alb",
              "Project": "rapro"
            },
            "timeouts": null,
            "vpc_id": "vpc-09aa8258d53221483",
            "xff_header_processing_mode": "append",
            "zone_id": "Z35SXDOTRQ7X7K"
          },
          "sensitive_attributes": [],
          "identity_schema_version": 0,
          "private": "eyJlMmJmYjczMC1lY2FhLTExZTYtOGY4OC0zNDM2M2JjN2M0YzAiOnsiY3JlYXRlIjo2MDAwMDAwMDAwMDAsImRlbGV0ZSI6NjAwMDAwMDAwMDAwLCJ1cGRhdGUiOjYwMDAwMDAwMDAwMH19",
          "dependencies": [
            "aws_s3_bucket.static_assets",
            "aws_security_group.alb",
            "aws_subnet.public",
            "aws_vpc.main",
            "data.aws_availability_zones.available"
          ]
        }
      ]
    },
    {
      "mode": "managed",
      "type": "aws_lb",
      "name": "staging",
      "provider": "provider[\"registry.terraform.io/hashicorp/aws\"]",
      "instances": [
        {
          "schema_version": 0,
          "attributes": {
            "access_logs": [
              {
                "bucket": "",
                "enabled": false,
                "prefix": ""
              }
            ],
            "arn": "arn:aws:elasticloadbalancing:us-east-1:794038228127:loadbalancer/app/rapro-prod-staging/39aa6e17719ee474",
            "arn_suffix": "app/rapro-prod-staging/39aa6e17719ee474",
            "client_keep_alive": 3600,
            "connection_logs": [
              {
                "bucket": "",
                "enabled": false,
                "prefix": ""
              }
            ],
            "customer_owned_ipv4_pool": "",
            "desync_mitigation_mode": "defensive",
            "dns_name": "rapro-prod-staging-573782540.us-east-1.elb.amazonaws.com",
            "dns_record_client_routing_policy": null,
            "drop_invalid_header_fields": false,
            "enable_cross_zone_load_balancing": true,
            "enable_deletion_protection": false,
            "enable_http2": true,
            "enable_tls_version_and_cipher_suite_headers": false,
            "enable_waf_fail_open": false,
            "enable_xff_client_port": false,
            "enable_zonal_shift": false,
            "enforce_security_group_inbound_rules_on_private_link_traffic": "",
            "id": "arn:aws:elasticloadbalancing:us-east-1:794038228127:loadbalancer/app/rapro-prod-staging/39aa6e17719ee474",
            "idle_timeout": 60,
            "internal": false,
            "ip_address_type": "ipv4",
            "ipam_pools": [],
            "load_balancer_type": "application",
            "minimum_load_balancer_capacity": [],
            "name": "rapro-prod-staging",
            "name_prefix": "",
            "preserve_host_header": false,
            "security_groups": [
              "sg-03e197eaf22577163"
            ],
            "subnet_mapping": [
              {
                "allocation_id": "",
                "ipv6_address": "",
                "outpost_id": "",
                "private_ipv4_address": "",
                "subnet_id": "subnet-088cff0339d0ad563"
              },
              {
                "allocation_id": "",
                "ipv6_address": "",
                "outpost_id": "",
                "private_ipv4_address": "",
                "subnet_id": "subnet-0dece0809bacad08f"
              }
            ],
            "subnets": [
              "subnet-088cff0339d0ad563",
              "subnet-0dece0809bacad08f"
            ],
            "tags": {
              "Environment": "staging",
              "ManagedBy": "Terraform",
              "Name": "rapro-prod-staging",
              "Project": "rapro"
            },
            "tags_all": {
              "Environment": "staging",
              "ManagedBy": "Terraform",
              "Name": "rapro-prod-staging",
              "Project": "rapro"
            },
            "timeouts": null,
            "vpc_id": "vpc-09aa8258d53221483",
            "xff_header_processing_mode": "append",
            "zone_id": "Z35SXDOTRQ7X7K"
          },
          "sensitive_attributes": [],
          "identity_schema_version": 0,
          "private": "eyJlMmJmYjczMC1lY2FhLTExZTYtOGY4OC0zNDM2M2JjN2M0YzAiOnsiY3JlYXRlIjo2MDAwMDAwMDAwMDAsImRlbGV0ZSI6NjAwMDAwMDAwMDAwLCJ1cGRhdGUiOjYwMDAwMDAwMDAwMH19",
          "dependencies": [
            "aws_security_group.alb",
            "aws_subnet.public",
            "aws_vpc.main",
            "data.aws_availability_zones.available"
          ]
        }
      ]
    },
    {
      "mode": "managed",
      "type": "aws_lb_listener",
      "name": "http",
      "provider": "provider[\"registry.terraform.io/hashicorp/aws\"]",
      "instances": [
        {
          "schema_version": 0,
          "attributes": {
            "alpn_policy": null,
            "arn": "arn:aws:elasticloadbalancing:us-east-1:794038228127:listener/app/rapro-prod-alb/a63e15c80482ba7a/54c37ae09455c5df",
            "certificate_arn": null,
            "default_action": [
              {
                "authenticate_cognito": [],
                "authenticate_oidc": [],
                "fixed_response": [],
                "forward": [],
                "order": 1,
                "redirect": [],
                "target_group_arn": "arn:aws:elasticloadbalancing:us-east-1:794038228127:targetgroup/rapro-prod-frontend-tg/b05989e6eaf56744",
                "type": "forward"
              }
            ],
            "id": "arn:aws:elasticloadbalancing:us-east-1:794038228127:listener/app/rapro-prod-alb/a63e15c80482ba7a/54c37ae09455c5df",
            "load_balancer_arn": "arn:aws:elasticloadbalancing:us-east-1:794038228127:loadbalancer/app/rapro-prod-alb/a63e15c80482ba7a",
            "mutual_authentication": [],
            "port": 80,
            "protocol": "HTTP",
            "routing_http_request_x_amzn_mtls_clientcert_header_name": null,
            "routing_http_request_x_amzn_mtls_clientcert_issuer_header_name": null,
            "routing_http_request_x_amzn_mtls_clientcert_leaf_header_name": null,
            "routing_http_request_x_amzn_mtls_clientcert_serial_number_header_name": null,
            "routing_http_request_x_amzn_mtls_clientcert_subject_header_name": null,
            "routing_http_request_x_amzn_mtls_clientcert_validity_header_name": null,
            "routing_http_request_x_amzn_tls_cipher_suite_header_name": null,
            "routing_http_request_x_amzn_tls_version_header_name": null,
            "routing_http_response_access_control_allow_credentials_header_value": "",
            "routing_http_response_access_control_allow_headers_header_value": "",
            "routing_http_response_access_control_allow_methods_header_value": "",
            "routing_http_response_access_control_allow_origin_header_value": "",
            "routing_http_response_access_control_expose_headers_header_value": "",
            "routing_http_response_access_control_max_age_header_value": "",
            "routing_http_response_content_security_policy_header_value": "",
            "routing_http_response_server_enabled": true,
            "routing_http_response_strict_transport_security_header_value": "",
            "routing_http_response_x_content_type_options_header_value": "",
            "routing_http_response_x_frame_options_header_value": "",
            "ssl_policy": "",
            "tags": {
              "Environment": "prod",
              "ManagedBy": "Terraform",
              "Name": "rapro-prod-http-listener",
              "Project": "rapro"
            },
            "tags_all": {
              "Environment": "prod",
              "ManagedBy": "Terraform",
              "Name": "rapro-prod-http-listener",
              "Project": "rapro"
            },
            "tcp_idle_timeout_seconds": null,
            "timeouts": null
          },
          "sensitive_attributes": [],
          "identity_schema_version": 0,
          "private": "eyJlMmJmYjczMC1lY2FhLTExZTYtOGY4OC0zNDM2M2JjN2M0YzAiOnsiY3JlYXRlIjozMDAwMDAwMDAwMDAsInVwZGF0ZSI6MzAwMDAwMDAwMDAwfX0=",
          "dependencies": [
            "aws_lb.main",
            "aws_lb_target_group.frontend",
            "aws_s3_bucket.static_assets",
            "aws_security_group.alb",
            "aws_subnet.public",
            "aws_vpc.main",
            "data.aws_availability_zones.available"
          ]
        }
      ]
    },
    {
      "mode": "managed",
      "type": "aws_lb_listener",
      "name": "staging_http",
      "provider": "provider[\"registry.terraform.io/hashicorp/aws\"]",
      "instances": [
        {
          "schema_version": 0,
          "attributes": {
            "alpn_policy": null,
            "arn": "arn:aws:elasticloadbalancing:us-east-1:794038228127:listener/app/rapro-prod-staging/39aa6e17719ee474/6c9ca42c3e842316",
            "certificate_arn": null,
            "default_action": [
              {
                "authenticate_cognito": [],
                "authenticate_oidc": [],
                "fixed_response": [],
                "forward": [],
                "order": 1,
                "redirect": [],
                "target_group_arn": "arn:aws:elasticloadbalancing:us-east-1:794038228127:targetgroup/rapro-prod-frontend-staging/d7e6b54972b84f7f",
                "type": "forward"
              }
            ],
            "id": "arn:aws:elasticloadbalancing:us-east-1:794038228127:listener/app/rapro-prod-staging/39aa6e17719ee474/6c9ca42c3e842316",
            "load_balancer_arn": "arn:aws:elasticloadbalancing:us-east-1:794038228127:loadbalancer/app/rapro-prod-staging/39aa6e17719ee474",
            "mutual_authentication": [],
            "port": 80,
            "protocol": "HTTP",
            "routing_http_request_x_amzn_mtls_clientcert_header_name": null,
            "routing_http_request_x_amzn_mtls_clientcert_issuer_header_name": null,
            "routing_http_request_x_amzn_mtls_clientcert_leaf_header_name": null,
            "routing_http_request_x_amzn_mtls_clientcert_serial_number_header_name": null,
            "routing_http_request_x_amzn_mtls_clientcert_subject_header_name": null,
            "routing_http_request_x_amzn_mtls_clientcert_validity_header_name": null,
            "routing_http_request_x_amzn_tls_cipher_suite_header_name": null,
            "routing_http_request_x_amzn_tls_version_header_name": null,
            "routing_http_response_access_control_allow_credentials_header_value": "",
            "routing_http_response_access_control_allow_headers_header_value": "",
            "routing_http_response_access_control_allow_methods_header_value": "",
            "routing_http_response_access_control_allow_origin_header_value": "",
            "routing_http_response_access_control_expose_headers_header_value": "",
            "routing_http_response_access_control_max_age_header_value": "",
            "routing_http_response_content_security_policy_header_value": "",
            "routing_http_response_server_enabled": true,
            "routing_http_response_strict_transport_security_header_value": "",
            "routing_http_response_x_content_type_options_header_value": "",
            "routing_http_response_x_frame_options_header_value": "",
            "ssl_policy": "",
            "tags": {},
            "tags_all": {
              "Environment": "prod",
              "ManagedBy": "Terraform",
              "Project": "RetirementAdvisorPro"
            },
            "tcp_idle_timeout_seconds": null,
            "timeouts": null
          },
          "sensitive_attributes": [],
          "identity_schema_version": 0,
          "private": "eyJlMmJmYjczMC1lY2FhLTExZTYtOGY4OC0zNDM2M2JjN2M0YzAiOnsiY3JlYXRlIjozMDAwMDAwMDAwMDAsInVwZGF0ZSI6MzAwMDAwMDAwMDAwfX0=",
          "dependencies": [
            "aws_lb.staging",
            "aws_lb_target_group.frontend_staging",
            "aws_security_group.alb",
            "aws_subnet.public",
            "aws_vpc.main",
            "data.aws_availability_zones.available"
          ]
        }
      ]
    },
    {
      "mode": "managed",
      "type": "aws_lb_listener_rule",
      "name": "api_http",
      "provider": "provider[\"registry.terraform.io/hashicorp/aws\"]",
      "instances": [
        {
          "index_key": 0,
          "schema_version": 0,
          "attributes": {
            "action": [
              {
                "authenticate_cognito": [],
                "authenticate_oidc": [],
                "fixed_response": [],
                "forward": [],
                "order": 1,
                "redirect": [],
                "target_group_arn": "arn:aws:elasticloadbalancing:us-east-1:794038228127:targetgroup/rapro-prod-backend-tg/658905bfef603071",
                "type": "forward"
              }
            ],
            "arn": "arn:aws:elasticloadbalancing:us-east-1:794038228127:listener-rule/app/rapro-prod-alb/a63e15c80482ba7a/54c37ae09455c5df/76ee8e5f8714b2a6",
            "condition": [
              {
                "host_header": [],
                "http_header": [],
                "http_request_method": [],
                "path_pattern": [
                  {
                    "values": [
                      "/admin/*",
                      "/api/*",
                      "/auth/*"
                    ]
                  }
                ],
                "query_string": [],
                "source_ip": []
              }
            ],
            "id": "arn:aws:elasticloadbalancing:us-east-1:794038228127:listener-rule/app/rapro-prod-alb/a63e15c80482ba7a/54c37ae09455c5df/76ee8e5f8714b2a6",
            "listener_arn": "arn:aws:elasticloadbalancing:us-east-1:794038228127:listener/app/rapro-prod-alb/a63e15c80482ba7a/54c37ae09455c5df",
            "priority": 100,
            "tags": {
              "Environment": "prod",
              "ManagedBy": "Terraform",
              "Name": "rapro-prod-api-http-rule",
              "Project": "rapro"
            },
            "tags_all": {
              "Environment": "prod",
              "ManagedBy": "Terraform",
              "Name": "rapro-prod-api-http-rule",
              "Project": "rapro"
            }
          },
          "sensitive_attributes": [],
          "identity_schema_version": 0,
          "private": "bnVsbA==",
          "dependencies": [
            "aws_lb.main",
            "aws_lb_listener.http",
            "aws_lb_target_group.backend",
            "aws_lb_target_group.frontend",
            "aws_s3_bucket.static_assets",
            "aws_security_group.alb",
            "aws_subnet.public",
            "aws_vpc.main",
            "data.aws_availability_zones.available"
          ]
        }
      ]
    },
    {
      "mode": "managed",
      "type": "aws_lb_listener_rule",
      "name": "backend_api_staging",
      "provider": "provider[\"registry.terraform.io/hashicorp/aws\"]",
      "instances": [
        {
          "schema_version": 0,
          "attributes": {
            "action": [
              {
                "authenticate_cognito": [],
                "authenticate_oidc": [],
                "fixed_response": [],
                "forward": [],
                "order": 1,
                "redirect": [],
                "target_group_arn": "arn:aws:elasticloadbalancing:us-east-1:794038228127:targetgroup/rapro-prod-backend-staging/e45bf1413d4affa0",
                "type": "forward"
              }
            ],
            "arn": "arn:aws:elasticloadbalancing:us-east-1:794038228127:listener-rule/app/rapro-prod-staging/39aa6e17719ee474/6c9ca42c3e842316/8b3a2f170e9cecb9",
            "condition": [
              {
                "host_header": [],
                "http_header": [],
                "http_request_method": [],
                "path_pattern": [
                  {
                    "values": [
                      "/admin/*",
                      "/api/*",
                      "/media/*",
                      "/static/*"
                    ]
                  }
                ],
                "query_string": [],
                "source_ip": []
              }
            ],
            "id": "arn:aws:elasticloadbalancing:us-east-1:794038228127:listener-rule/app/rapro-prod-staging/39aa6e17719ee474/6c9ca42c3e842316/8b3a2f170e9cecb9",
            "listener_arn": "arn:aws:elasticloadbalancing:us-east-1:794038228127:listener/app/rapro-prod-staging/39aa6e17719ee474/6c9ca42c3e842316",
            "priority": 100,
            "tags": {},
            "tags_all": {
              "Environment": "prod",
              "ManagedBy": "Terraform",
              "Project": "RetirementAdvisorPro"
            }
          },
          "sensitive_attributes": [],
          "identity_schema_version": 0,
          "private": "bnVsbA==",
          "dependencies": [
            "aws_lb.staging",
            "aws_lb_listener.staging_http",
            "aws_lb_listener.staging_https",
            "aws_lb_target_group.backend_staging",
            "aws_lb_target_group.frontend_staging",
            "aws_security_group.alb",
            "aws_subnet.public",
            "aws_vpc.main",
            "data.aws_availability_zones.available"
          ]
        }
      ]
    },
    {
      "mode": "managed",
      "type": "aws_lb_listener_rule",
      "name": "static_files",
      "provider": "provider[\"registry.terraform.io/hashicorp/aws\"]",
      "instances": [
        {
          "index_key": 0,
          "schema_version": 0,
          "attributes": {
            "action": [
              {
                "authenticate_cognito": [],
                "authenticate_oidc": [],
                "fixed_response": [],
                "forward": [],
                "order": 1,
                "redirect": [],
                "target_group_arn": "arn:aws:elasticloadbalancing:us-east-1:794038228127:targetgroup/rapro-prod-backend-tg/658905bfef603071",
                "type": "forward"
              }
            ],
            "arn": "arn:aws:elasticloadbalancing:us-east-1:794038228127:listener-rule/app/rapro-prod-alb/a63e15c80482ba7a/54c37ae09455c5df/83be059da9789b68",
            "condition": [
              {
                "host_header": [],
                "http_header": [],
                "http_request_method": [],
                "path_pattern": [
                  {
                    "values": [
                      "/media/*",
                      "/static/*"
                    ]
                  }
                ],
                "query_string": [],
                "source_ip": []
              }
            ],
            "id": "arn:aws:elasticloadbalancing:us-east-1:794038228127:listener-rule/app/rapro-prod-alb/a63e15c80482ba7a/54c37ae09455c5df/83be059da9789b68",
            "listener_arn": "arn:aws:elasticloadbalancing:us-east-1:794038228127:listener/app/rapro-prod-alb/a63e15c80482ba7a/54c37ae09455c5df",
            "priority": 300,
            "tags": {
              "Environment": "prod",
              "ManagedBy": "Terraform",
              "Name": "rapro-prod-static-files-rule",
              "Project": "rapro"
            },
            "tags_all": {
              "Environment": "prod",
              "ManagedBy": "Terraform",
              "Name": "rapro-prod-static-files-rule",
              "Project": "rapro"
            }
          },
          "sensitive_attributes": [],
          "identity_schema_version": 0,
          "private": "bnVsbA==",
          "dependencies": [
            "aws_lb.main",
            "aws_lb_listener.http",
            "aws_lb_listener.https",
            "aws_lb_target_group.backend",
            "aws_lb_target_group.frontend",
            "aws_s3_bucket.static_assets",
            "aws_security_group.alb",
            "aws_subnet.public",
            "aws_vpc.main",
            "data.aws_availability_zones.available"
          ]
        }
      ]
    },
    {
      "mode": "managed",
      "type": "aws_lb_target_group",
      "name": "backend",
      "provider": "provider[\"registry.terraform.io/hashicorp/aws\"]",
      "instances": [
        {
          "schema_version": 0,
          "attributes": {
            "arn": "arn:aws:elasticloadbalancing:us-east-1:794038228127:targetgroup/rapro-prod-backend-tg/658905bfef603071",
            "arn_suffix": "targetgroup/rapro-prod-backend-tg/658905bfef603071",
            "connection_termination": null,
            "deregistration_delay": "60",
            "health_check": [
              {
                "enabled": true,
                "healthy_threshold": 2,
                "interval": 30,
                "matcher": "200",
                "path": "/health/",
                "port": "traffic-port",
                "protocol": "HTTP",
                "timeout": 5,
                "unhealthy_threshold": 2
              }
            ],
            "id": "arn:aws:elasticloadbalancing:us-east-1:794038228127:targetgroup/rapro-prod-backend-tg/658905bfef603071",
            "ip_address_type": "ipv4",
            "lambda_multi_value_headers_enabled": false,
            "load_balancer_arns": [
              "arn:aws:elasticloadbalancing:us-east-1:794038228127:loadbalancer/app/rapro-prod-alb/a63e15c80482ba7a"
            ],
            "load_balancing_algorithm_type": "round_robin",
            "load_balancing_anomaly_mitigation": "off",
            "load_balancing_cross_zone_enabled": "use_load_balancer_configuration",
            "name": "rapro-prod-backend-tg",
            "name_prefix": "",
            "port": 8000,
            "preserve_client_ip": null,
            "protocol": "HTTP",
            "protocol_version": "HTTP1",
            "proxy_protocol_v2": false,
            "slow_start": 0,
            "stickiness": [
              {
                "cookie_duration": 86400,
                "cookie_name": "",
                "enabled": false,
                "type": "lb_cookie"
              }
            ],
            "tags": {
              "Environment": "prod",
              "ManagedBy": "Terraform",
              "Name": "rapro-prod-backend-tg",
              "Project": "rapro"
            },
            "tags_all": {
              "Environment": "prod",
              "ManagedBy": "Terraform",
              "Name": "rapro-prod-backend-tg",
              "Project": "rapro"
            },
            "target_failover": [
              {
                "on_deregistration": null,
                "on_unhealthy": null
              }
            ],
            "target_group_health": [
              {
                "dns_failover": [
                  {
                    "minimum_healthy_targets_count": "1",
                    "minimum_healthy_targets_percentage": "off"
                  }
                ],
                "unhealthy_state_routing": [
                  {
                    "minimum_healthy_targets_count": 1,
                    "minimum_healthy_targets_percentage": "off"
                  }
                ]
              }
            ],
            "target_health_state": [
              {
                "enable_unhealthy_connection_termination": null,
                "unhealthy_draining_interval": null
              }
            ],
            "target_type": "ip",
            "vpc_id": "vpc-09aa8258d53221483"
          },
          "sensitive_attributes": [],
          "identity_schema_version": 0,
          "private": "bnVsbA==",
          "dependencies": [
            "aws_vpc.main"
          ],
          "create_before_destroy": true
        }
      ]
    },
    {
      "mode": "managed",
      "type": "aws_lb_target_group",
      "name": "backend_staging",
      "provider": "provider[\"registry.terraform.io/hashicorp/aws\"]",
      "instances": [
        {
          "schema_version": 0,
          "attributes": {
            "arn": "arn:aws:elasticloadbalancing:us-east-1:794038228127:targetgroup/rapro-prod-backend-staging/e45bf1413d4affa0",
            "arn_suffix": "targetgroup/rapro-prod-backend-staging/e45bf1413d4affa0",
            "connection_termination": null,
            "deregistration_delay": "30",
            "health_check": [
              {
                "enabled": true,
                "healthy_threshold": 2,
                "interval": 30,
                "matcher": "200",
                "path": "/health/",
                "port": "traffic-port",
                "protocol": "HTTP",
                "timeout": 5,
                "unhealthy_threshold": 2
              }
            ],
            "id": "arn:aws:elasticloadbalancing:us-east-1:794038228127:targetgroup/rapro-prod-backend-staging/e45bf1413d4affa0",
            "ip_address_type": "ipv4",
            "lambda_multi_value_headers_enabled": false,
            "load_balancer_arns": [
              "arn:aws:elasticloadbalancing:us-east-1:794038228127:loadbalancer/app/rapro-prod-staging/39aa6e17719ee474"
            ],
            "load_balancing_algorithm_type": "round_robin",
            "load_balancing_anomaly_mitigation": "off",
            "load_balancing_cross_zone_enabled": "use_load_balancer_configuration",
            "name": "rapro-prod-backend-staging",
            "name_prefix": "",
            "port": 8000,
            "preserve_client_ip": null,
            "protocol": "HTTP",
            "protocol_version": "HTTP1",
            "proxy_protocol_v2": false,
            "slow_start": 0,
            "stickiness": [
              {
                "cookie_duration": 86400,
                "cookie_name": "",
                "enabled": false,
                "type": "lb_cookie"
              }
            ],
            "tags": {
              "Environment": "staging",
              "ManagedBy": "Terraform",
              "Name": "rapro-prod-backend-staging",
              "Project": "rapro"
            },
            "tags_all": {
              "Environment": "staging",
              "ManagedBy": "Terraform",
              "Name": "rapro-prod-backend-staging",
              "Project": "rapro"
            },
            "target_failover": [
              {
                "on_deregistration": null,
                "on_unhealthy": null
              }
            ],
            "target_group_health": [
              {
                "dns_failover": [
                  {
                    "minimum_healthy_targets_count": "1",
                    "minimum_healthy_targets_percentage": "off"
                  }
                ],
                "unhealthy_state_routing": [
                  {
                    "minimum_healthy_targets_count": 1,
                    "minimum_healthy_targets_percentage": "off"
                  }
                ]
              }
            ],
            "target_health_state": [
              {
                "enable_unhealthy_connection_termination": null,
                "unhealthy_draining_interval": null
              }
            ],
            "target_type": "ip",
            "vpc_id": "vpc-09aa8258d53221483"
          },
          "sensitive_attributes": [],
          "identity_schema_version": 0,
          "private": "bnVsbA==",
          "dependencies": [
            "aws_vpc.main"
          ]
        }
      ]
    },
    {
      "mode": "managed",
      "type": "aws_lb_target_group",
      "name": "celery_flower",
      "provider": "provider[\"registry.terraform.io/hashicorp/aws\"]",
      "instances": [
        {
          "index_key": 0,
          "schema_version": 0,
          "attributes": {
            "arn": "arn:aws:elasticloadbalancing:us-east-1:794038228127:targetgroup/rapro-prod-flower-tg/270663156c74fb09",
            "arn_suffix": "targetgroup/rapro-prod-flower-tg/270663156c74fb09",
            "connection_termination": null,
            "deregistration_delay": "30",
            "health_check": [
              {
                "enabled": true,
                "healthy_threshold": 2,
                "interval": 30,
                "matcher": "200",
                "path": "/",
                "port": "traffic-port",
                "protocol": "HTTP",
                "timeout": 5,
                "unhealthy_threshold": 2
              }
            ],
            "id": "arn:aws:elasticloadbalancing:us-east-1:794038228127:targetgroup/rapro-prod-flower-tg/270663156c74fb09",
            "ip_address_type": "ipv4",
            "lambda_multi_value_headers_enabled": false,
            "load_balancer_arns": [],
            "load_balancing_algorithm_type": "round_robin",
            "load_balancing_anomaly_mitigation": "off",
            "load_balancing_cross_zone_enabled": "use_load_balancer_configuration",
            "name": "rapro-prod-flower-tg",
            "name_prefix": "",
            "port": 5555,
            "preserve_client_ip": null,
            "protocol": "HTTP",
            "protocol_version": "HTTP1",
            "proxy_protocol_v2": false,
            "slow_start": 0,
            "stickiness": [
              {
                "cookie_duration": 86400,
                "cookie_name": "",
                "enabled": false,
                "type": "lb_cookie"
              }
            ],
            "tags": {
              "Environment": "prod",
              "ManagedBy": "Terraform",
              "Name": "rapro-prod-flower-tg",
              "Project": "rapro"
            },
            "tags_all": {
              "Environment": "prod",
              "ManagedBy": "Terraform",
              "Name": "rapro-prod-flower-tg",
              "Project": "rapro"
            },
            "target_failover": [
              {
                "on_deregistration": null,
                "on_unhealthy": null
              }
            ],
            "target_group_health": [
              {
                "dns_failover": [
                  {
                    "minimum_healthy_targets_count": "1",
                    "minimum_healthy_targets_percentage": "off"
                  }
                ],
                "unhealthy_state_routing": [
                  {
                    "minimum_healthy_targets_count": 1,
                    "minimum_healthy_targets_percentage": "off"
                  }
                ]
              }
            ],
            "target_health_state": [
              {
                "enable_unhealthy_connection_termination": null,
                "unhealthy_draining_interval": null
              }
            ],
            "target_type": "ip",
            "vpc_id": "vpc-09aa8258d53221483"
          },
          "sensitive_attributes": [],
          "identity_schema_version": 0,
          "private": "bnVsbA==",
          "dependencies": [
            "aws_vpc.main"
          ],
          "create_before_destroy": true
        }
      ]
    },
    {
      "mode": "managed",
      "type": "aws_lb_target_group",
      "name": "frontend",
      "provider": "provider[\"registry.terraform.io/hashicorp/aws\"]",
      "instances": [
        {
          "schema_version": 0,
          "attributes": {
            "arn": "arn:aws:elasticloadbalancing:us-east-1:794038228127:targetgroup/rapro-prod-frontend-tg/b05989e6eaf56744",
            "arn_suffix": "targetgroup/rapro-prod-frontend-tg/b05989e6eaf56744",
            "connection_termination": null,
            "deregistration_delay": "30",
            "health_check": [
              {
                "enabled": true,
                "healthy_threshold": 2,
                "interval": 30,
                "matcher": "200",
                "path": "/",
                "port": "traffic-port",
                "protocol": "HTTP",
                "timeout": 5,
                "unhealthy_threshold": 2
              }
            ],
            "id": "arn:aws:elasticloadbalancing:us-east-1:794038228127:targetgroup/rapro-prod-frontend-tg/b05989e6eaf56744",
            "ip_address_type": "ipv4",
            "lambda_multi_value_headers_enabled": false,
            "load_balancer_arns": [
              "arn:aws:elasticloadbalancing:us-east-1:794038228127:loadbalancer/app/rapro-prod-alb/a63e15c80482ba7a"
            ],
            "load_balancing_algorithm_type": "round_robin",
            "load_balancing_anomaly_mitigation": "off",
            "load_balancing_cross_zone_enabled": "use_load_balancer_configuration",
            "name": "rapro-prod-frontend-tg",
            "name_prefix": "",
            "port": 3000,
            "preserve_client_ip": null,
            "protocol": "HTTP",
            "protocol_version": "HTTP1",
            "proxy_protocol_v2": false,
            "slow_start": 0,
            "stickiness": [
              {
                "cookie_duration": 86400,
                "cookie_name": "",
                "enabled": false,
                "type": "lb_cookie"
              }
            ],
            "tags": {
              "Environment": "prod",
              "ManagedBy": "Terraform",
              "Name": "rapro-prod-frontend-tg",
              "Project": "rapro"
            },
            "tags_all": {
              "Environment": "prod",
              "ManagedBy": "Terraform",
              "Name": "rapro-prod-frontend-tg",
              "Project": "rapro"
            },
            "target_failover": [
              {
                "on_deregistration": null,
                "on_unhealthy": null
              }
            ],
            "target_group_health": [
              {
                "dns_failover": [
                  {
                    "minimum_healthy_targets_count": "1",
                    "minimum_healthy_targets_percentage": "off"
                  }
                ],
                "unhealthy_state_routing": [
                  {
                    "minimum_healthy_targets_count": 1,
                    "minimum_healthy_targets_percentage": "off"
                  }
                ]
              }
            ],
            "target_health_state": [
              {
                "enable_unhealthy_connection_termination": null,
                "unhealthy_draining_interval": null
              }
            ],
            "target_type": "ip",
            "vpc_id": "vpc-09aa8258d53221483"
          },
          "sensitive_attributes": [],
          "identity_schema_version": 0,
          "private": "bnVsbA==",
          "dependencies": [
            "aws_vpc.main"
          ],
          "create_before_destroy": true
        }
      ]
    },
    {
      "mode": "managed",
      "type": "aws_lb_target_group",
      "name": "frontend_staging",
      "provider": "provider[\"registry.terraform.io/hashicorp/aws\"]",
      "instances": [
        {
          "schema_version": 0,
          "attributes": {
            "arn": "arn:aws:elasticloadbalancing:us-east-1:794038228127:targetgroup/rapro-prod-frontend-staging/d7e6b54972b84f7f",
            "arn_suffix": "targetgroup/rapro-prod-frontend-staging/d7e6b54972b84f7f",
            "connection_termination": null,
            "deregistration_delay": "30",
            "health_check": [
              {
                "enabled": true,
                "healthy_threshold": 2,
                "interval": 30,
                "matcher": "200",
                "path": "/",
                "port": "traffic-port",
                "protocol": "HTTP",
                "timeout": 5,
                "unhealthy_threshold": 2
              }
            ],
            "id": "arn:aws:elasticloadbalancing:us-east-1:794038228127:targetgroup/rapro-prod-frontend-staging/d7e6b54972b84f7f",
            "ip_address_type": "ipv4",
            "lambda_multi_value_headers_enabled": false,
            "load_balancer_arns": [
              "arn:aws:elasticloadbalancing:us-east-1:794038228127:loadbalancer/app/rapro-prod-staging/39aa6e17719ee474"
            ],
            "load_balancing_algorithm_type": "round_robin",
            "load_balancing_anomaly_mitigation": "off",
            "load_balancing_cross_zone_enabled": "use_load_balancer_configuration",
            "name": "rapro-prod-frontend-staging",
            "name_prefix": "",
            "port": 3000,
            "preserve_client_ip": null,
            "protocol": "HTTP",
            "protocol_version": "HTTP1",
            "proxy_protocol_v2": false,
            "slow_start": 0,
            "stickiness": [
              {
                "cookie_duration": 86400,
                "cookie_name": "",
                "enabled": false,
                "type": "lb_cookie"
              }
            ],
            "tags": {
              "Environment": "staging",
              "ManagedBy": "Terraform",
              "Name": "rapro-prod-frontend-staging",
              "Project": "rapro"
            },
            "tags_all": {
              "Environment": "staging",
              "ManagedBy": "Terraform",
              "Name": "rapro-prod-frontend-staging",
              "Project": "rapro"
            },
            "target_failover": [
              {
                "on_deregistration": null,
                "on_unhealthy": null
              }
            ],
            "target_group_health": [
              {
                "dns_failover": [
                  {
                    "minimum_healthy_targets_count": "1",
                    "minimum_healthy_targets_percentage": "off"
                  }
                ],
                "unhealthy_state_routing": [
                  {
                    "minimum_healthy_targets_count": 1,
                    "minimum_healthy_targets_percentage": "off"
                  }
                ]
              }
            ],
            "target_health_state": [
              {
                "enable_unhealthy_connection_termination": null,
                "unhealthy_draining_interval": null
              }
            ],
            "target_type": "ip",
            "vpc_id": "vpc-09aa8258d53221483"
          },
          "sensitive_attributes": [],
          "identity_schema_version": 0,
          "private": "bnVsbA==",
          "dependencies": [
            "aws_vpc.main"
          ]
        }
      ]
    },
    {
      "mode": "managed",
      "type": "aws_nat_gateway",
      "name": "main",
      "provider": "provider[\"registry.terraform.io/hashicorp/aws\"]",
      "instances": [
        {
          "index_key": 0,
          "schema_version": 0,
          "attributes": {
            "allocation_id": "eipalloc-09daa4f979faffd5c",
            "association_id": "eipassoc-04dbdc2c9ad4eb7bf",
            "connectivity_type": "public",
            "id": "nat-01f5365a4c65cd5a7",
            "network_interface_id": "eni-0360178e1e13a7684",
            "private_ip": "10.0.10.188",
            "public_ip": "44.220.2.175",
            "secondary_allocation_ids": [],
            "secondary_private_ip_address_count": 0,
            "secondary_private_ip_addresses": [],
            "subnet_id": "subnet-0dece0809bacad08f",
            "tags": {
              "Environment": "prod",
              "ManagedBy": "Terraform",
              "Name": "rapro-prod-nat-gateway-1",
              "Project": "rapro"
            },
            "tags_all": {
              "Environment": "prod",
              "ManagedBy": "Terraform",
              "Name": "rapro-prod-nat-gateway-1",
              "Project": "rapro"
            },
            "timeouts": null
          },
          "sensitive_attributes": [],
          "identity_schema_version": 0,
          "private": "eyJlMmJmYjczMC1lY2FhLTExZTYtOGY4OC0zNDM2M2JjN2M0YzAiOnsiY3JlYXRlIjo2MDAwMDAwMDAwMDAsImRlbGV0ZSI6MTgwMDAwMDAwMDAwMCwidXBkYXRlIjo2MDAwMDAwMDAwMDB9fQ==",
          "dependencies": [
            "aws_eip.nat",
            "aws_internet_gateway.main",
            "aws_subnet.public",
            "aws_vpc.main",
            "data.aws_availability_zones.available"
          ]
        }
      ]
    },
    {
      "mode": "managed",
      "type": "aws_route_table",
      "name": "database",
      "provider": "provider[\"registry.terraform.io/hashicorp/aws\"]",
      "instances": [
        {
          "schema_version": 0,
          "attributes": {
            "arn": "arn:aws:ec2:us-east-1:794038228127:route-table/rtb-0d48664edcebfde2e",
            "id": "rtb-0d48664edcebfde2e",
            "owner_id": "794038228127",
            "propagating_vgws": [],
            "route": [],
            "tags": {
              "Environment": "prod",
              "ManagedBy": "Terraform",
              "Name": "rapro-prod-database-rt",
              "Project": "rapro"
            },
            "tags_all": {
              "Environment": "prod",
              "ManagedBy": "Terraform",
              "Name": "rapro-prod-database-rt",
              "Project": "rapro"
            },
            "timeouts": null,
            "vpc_id": "vpc-09aa8258d53221483"
          },
          "sensitive_attributes": [],
          "identity_schema_version": 0,
          "private": "eyJlMmJmYjczMC1lY2FhLTExZTYtOGY4OC0zNDM2M2JjN2M0YzAiOnsiY3JlYXRlIjozMDAwMDAwMDAwMDAsImRlbGV0ZSI6MzAwMDAwMDAwMDAwLCJ1cGRhdGUiOjEyMDAwMDAwMDAwMH19",
          "dependencies": [
            "aws_vpc.main"
          ]
        }
      ]
    },
    {
      "mode": "managed",
      "type": "aws_route_table",
      "name": "private",
      "provider": "provider[\"registry.terraform.io/hashicorp/aws\"]",
      "instances": [
        {
          "index_key": 0,
          "schema_version": 0,
          "attributes": {
            "arn": "arn:aws:ec2:us-east-1:794038228127:route-table/rtb-0c8cec57ecb1453a4",
            "id": "rtb-0c8cec57ecb1453a4",
            "owner_id": "794038228127",
            "propagating_vgws": [],
            "route": [
              {
                "carrier_gateway_id": "",
                "cidr_block": "0.0.0.0/0",
                "core_network_arn": "",
                "destination_prefix_list_id": "",
                "egress_only_gateway_id": "",
                "gateway_id": "",
                "ipv6_cidr_block": "",
                "local_gateway_id": "",
                "nat_gateway_id": "nat-01f5365a4c65cd5a7",
                "network_interface_id": "",
                "transit_gateway_id": "",
                "vpc_endpoint_id": "",
                "vpc_peering_connection_id": ""
              }
            ],
            "tags": {
              "Environment": "prod",
              "ManagedBy": "Terraform",
              "Name": "rapro-prod-private-rt-1",
              "Project": "rapro"
            },
            "tags_all": {
              "Environment": "prod",
              "ManagedBy": "Terraform",
              "Name": "rapro-prod-private-rt-1",
              "Project": "rapro"
            },
            "timeouts": null,
            "vpc_id": "vpc-09aa8258d53221483"
          },
          "sensitive_attributes": [],
          "identity_schema_version": 0,
          "private": "eyJlMmJmYjczMC1lY2FhLTExZTYtOGY4OC0zNDM2M2JjN2M0YzAiOnsiY3JlYXRlIjozMDAwMDAwMDAwMDAsImRlbGV0ZSI6MzAwMDAwMDAwMDAwLCJ1cGRhdGUiOjEyMDAwMDAwMDAwMH19",
          "dependencies": [
            "aws_eip.nat",
            "aws_internet_gateway.main",
            "aws_nat_gateway.main",
            "aws_subnet.public",
            "aws_vpc.main",
            "data.aws_availability_zones.available"
          ]
        },
        {
          "index_key": 1,
          "schema_version": 0,
          "attributes": {
            "arn": "arn:aws:ec2:us-east-1:794038228127:route-table/rtb-0fb06a963e27d497c",
            "id": "rtb-0fb06a963e27d497c",
            "owner_id": "794038228127",
            "propagating_vgws": [],
            "route": [
              {
                "carrier_gateway_id": "",
                "cidr_block": "0.0.0.0/0",
                "core_network_arn": "",
                "destination_prefix_list_id": "",
                "egress_only_gateway_id": "",
                "gateway_id": "",
                "ipv6_cidr_block": "",
                "local_gateway_id": "",
                "nat_gateway_id": "nat-01f5365a4c65cd5a7",
                "network_interface_id": "",
                "transit_gateway_id": "",
                "vpc_endpoint_id": "",
                "vpc_peering_connection_id": ""
              }
            ],
            "tags": {
              "Environment": "prod",
              "ManagedBy": "Terraform",
              "Name": "rapro-prod-private-rt-2",
              "Project": "rapro"
            },
            "tags_all": {
              "Environment": "prod",
              "ManagedBy": "Terraform",
              "Name": "rapro-prod-private-rt-2",
              "Project": "rapro"
            },
            "timeouts": null,
            "vpc_id": "vpc-09aa8258d53221483"
          },
          "sensitive_attributes": [],
          "identity_schema_version": 0,
          "private": "eyJlMmJmYjczMC1lY2FhLTExZTYtOGY4OC0zNDM2M2JjN2M0YzAiOnsiY3JlYXRlIjozMDAwMDAwMDAwMDAsImRlbGV0ZSI6MzAwMDAwMDAwMDAwLCJ1cGRhdGUiOjEyMDAwMDAwMDAwMH19",
          "dependencies": [
            "aws_eip.nat",
            "aws_internet_gateway.main",
            "aws_nat_gateway.main",
            "aws_subnet.public",
            "aws_vpc.main",
            "data.aws_availability_zones.available"
          ]
        }
      ]
    },
    {
      "mode": "managed",
      "type": "aws_route_table",
      "name": "public",
      "provider": "provider[\"registry.terraform.io/hashicorp/aws\"]",
      "instances": [
        {
          "schema_version": 0,
          "attributes": {
            "arn": "arn:aws:ec2:us-east-1:794038228127:route-table/rtb-07e936fd5a79435d5",
            "id": "rtb-07e936fd5a79435d5",
            "owner_id": "794038228127",
            "propagating_vgws": [],
            "route": [
              {
                "carrier_gateway_id": "",
                "cidr_block": "0.0.0.0/0",
                "core_network_arn": "",
                "destination_prefix_list_id": "",
                "egress_only_gateway_id": "",
                "gateway_id": "igw-0d308031a0f635bfd",
                "ipv6_cidr_block": "",
                "local_gateway_id": "",
                "nat_gateway_id": "",
                "network_interface_id": "",
                "transit_gateway_id": "",
                "vpc_endpoint_id": "",
                "vpc_peering_connection_id": ""
              }
            ],
            "tags": {
              "Environment": "prod",
              "ManagedBy": "Terraform",
              "Name": "rapro-prod-public-rt",
              "Project": "rapro"
            },
            "tags_all": {
              "Environment": "prod",
              "ManagedBy": "Terraform",
              "Name": "rapro-prod-public-rt",
              "Project": "rapro"
            },
            "timeouts": null,
            "vpc_id": "vpc-09aa8258d53221483"
          },
          "sensitive_attributes": [],
          "identity_schema_version": 0,
          "private": "eyJlMmJmYjczMC1lY2FhLTExZTYtOGY4OC0zNDM2M2JjN2M0YzAiOnsiY3JlYXRlIjozMDAwMDAwMDAwMDAsImRlbGV0ZSI6MzAwMDAwMDAwMDAwLCJ1cGRhdGUiOjEyMDAwMDAwMDAwMH19",
          "dependencies": [
            "aws_internet_gateway.main",
            "aws_vpc.main"
          ]
        }
      ]
    },
    {
      "mode": "managed",
      "type": "aws_route_table_association",
      "name": "database",
      "provider": "provider[\"registry.terraform.io/hashicorp/aws\"]",
      "instances": [
        {
          "index_key": 0,
          "schema_version": 0,
          "attributes": {
            "gateway_id": "",
            "id": "rtbassoc-0b477744aab407495",
            "route_table_id": "rtb-0d48664edcebfde2e",
            "subnet_id": "subnet-0e611cf1ba5d69e09",
            "timeouts": null
          },
          "sensitive_attributes": [],
          "identity_schema_version": 0,
          "private": "eyJlMmJmYjczMC1lY2FhLTExZTYtOGY4OC0zNDM2M2JjN2M0YzAiOnsiY3JlYXRlIjozMDAwMDAwMDAwMDAsImRlbGV0ZSI6MzAwMDAwMDAwMDAwLCJ1cGRhdGUiOjEyMDAwMDAwMDAwMH19",
          "dependencies": [
            "aws_route_table.database",
            "aws_subnet.database",
            "aws_vpc.main",
            "data.aws_availability_zones.available"
          ]
        },
        {
          "index_key": 1,
          "schema_version": 0,
          "attributes": {
            "gateway_id": "",
            "id": "rtbassoc-065ac196b8d073a63",
            "route_table_id": "rtb-0d48664edcebfde2e",
            "subnet_id": "subnet-00b47391dc20a3c1b",
            "timeouts": null
          },
          "sensitive_attributes": [],
          "identity_schema_version": 0,
          "private": "eyJlMmJmYjczMC1lY2FhLTExZTYtOGY4OC0zNDM2M2JjN2M0YzAiOnsiY3JlYXRlIjozMDAwMDAwMDAwMDAsImRlbGV0ZSI6MzAwMDAwMDAwMDAwLCJ1cGRhdGUiOjEyMDAwMDAwMDAwMH19",
          "dependencies": [
            "aws_route_table.database",
            "aws_subnet.database",
            "aws_vpc.main",
            "data.aws_availability_zones.available"
          ]
        }
      ]
    },
    {
      "mode": "managed",
      "type": "aws_route_table_association",
      "name": "private",
      "provider": "provider[\"registry.terraform.io/hashicorp/aws\"]",
      "instances": [
        {
          "index_key": 0,
          "schema_version": 0,
          "attributes": {
            "gateway_id": "",
            "id": "rtbassoc-00b8b6cfbd2537a17",
            "route_table_id": "rtb-0c8cec57ecb1453a4",
            "subnet_id": "subnet-04350b1e31f9f0439",
            "timeouts": null
          },
          "sensitive_attributes": [],
          "identity_schema_version": 0,
          "private": "eyJlMmJmYjczMC1lY2FhLTExZTYtOGY4OC0zNDM2M2JjN2M0YzAiOnsiY3JlYXRlIjozMDAwMDAwMDAwMDAsImRlbGV0ZSI6MzAwMDAwMDAwMDAwLCJ1cGRhdGUiOjEyMDAwMDAwMDAwMH19",
          "dependencies": [
            "aws_eip.nat",
            "aws_internet_gateway.main",
            "aws_nat_gateway.main",
            "aws_route_table.private",
            "aws_subnet.private",
            "aws_subnet.public",
            "aws_vpc.main",
            "data.aws_availability_zones.available"
          ]
        },
        {
          "index_key": 1,
          "schema_version": 0,
          "attributes": {
            "gateway_id": "",
            "id": "rtbassoc-02537535bc7a662e3",
            "route_table_id": "rtb-0fb06a963e27d497c",
            "subnet_id": "subnet-0491a088b456eee93",
            "timeouts": null
          },
          "sensitive_attributes": [],
          "identity_schema_version": 0,
          "private": "eyJlMmJmYjczMC1lY2FhLTExZTYtOGY4OC0zNDM2M2JjN2M0YzAiOnsiY3JlYXRlIjozMDAwMDAwMDAwMDAsImRlbGV0ZSI6MzAwMDAwMDAwMDAwLCJ1cGRhdGUiOjEyMDAwMDAwMDAwMH19",
          "dependencies": [
            "aws_eip.nat",
            "aws_internet_gateway.main",
            "aws_nat_gateway.main",
            "aws_route_table.private",
            "aws_subnet.private",
            "aws_subnet.public",
            "aws_vpc.main",
            "data.aws_availability_zones.available"
          ]
        }
      ]
    },
    {
      "mode": "managed",
      "type": "aws_route_table_association",
      "name": "public",
      "provider": "provider[\"registry.terraform.io/hashicorp/aws\"]",
      "instances": [
        {
          "index_key": 0,
          "schema_version": 0,
          "attributes": {
            "gateway_id": "",
            "id": "rtbassoc-013f0b0b99baade26",
            "route_table_id": "rtb-07e936fd5a79435d5",
            "subnet_id": "subnet-0dece0809bacad08f",
            "timeouts": null
          },
          "sensitive_attributes": [],
          "identity_schema_version": 0,
          "private": "eyJlMmJmYjczMC1lY2FhLTExZTYtOGY4OC0zNDM2M2JjN2M0YzAiOnsiY3JlYXRlIjozMDAwMDAwMDAwMDAsImRlbGV0ZSI6MzAwMDAwMDAwMDAwLCJ1cGRhdGUiOjEyMDAwMDAwMDAwMH19",
          "dependencies": [
            "aws_internet_gateway.main",
            "aws_route_table.public",
            "aws_subnet.public",
            "aws_vpc.main",
            "data.aws_availability_zones.available"
          ]
        },
        {
          "index_key": 1,
          "schema_version": 0,
          "attributes": {
            "gateway_id": "",
            "id": "rtbassoc-0bcd29043f3f2f99b",
            "route_table_id": "rtb-07e936fd5a79435d5",
            "subnet_id": "subnet-088cff0339d0ad563",
            "timeouts": null
          },
          "sensitive_attributes": [],
          "identity_schema_version": 0,
          "private": "eyJlMmJmYjczMC1lY2FhLTExZTYtOGY4OC0zNDM2M2JjN2M0YzAiOnsiY3JlYXRlIjozMDAwMDAwMDAwMDAsImRlbGV0ZSI6MzAwMDAwMDAwMDAwLCJ1cGRhdGUiOjEyMDAwMDAwMDAwMH19",
          "dependencies": [
            "aws_internet_gateway.main",
            "aws_route_table.public",
            "aws_subnet.public",
            "aws_vpc.main",
            "data.aws_availability_zones.available"
          ]
        }
      ]
    },
    {
      "mode": "managed",
      "type": "aws_s3_bucket",
      "name": "backups",
      "provider": "provider[\"registry.terraform.io/hashicorp/aws\"]",
      "instances": [
        {
          "schema_version": 0,
          "attributes": {
            "acceleration_status": "",
            "acl": null,
            "arn": "arn:aws:s3:::rapro-prod-backups",
            "bucket": "rapro-prod-backups",
            "bucket_domain_name": "rapro-prod-backups.s3.amazonaws.com",
            "bucket_prefix": "",
            "bucket_regional_domain_name": "rapro-prod-backups.s3.us-east-1.amazonaws.com",
            "cors_rule": [],
            "force_destroy": false,
            "grant": [
              {
                "id": "26319b6c7b8490f2ea9171d4874ec0a14fc09670f6ed213103b3eefafe3641cf",
                "permissions": [
                  "FULL_CONTROL"
                ],
                "type": "CanonicalUser",
                "uri": ""
              }
            ],
            "hosted_zone_id": "Z3AQBSTGFYJSTF",
            "id": "rapro-prod-backups",
            "lifecycle_rule": [
              {
                "abort_incomplete_multipart_upload_days": 0,
                "enabled": true,
                "expiration": [
                  {
                    "date": "",
                    "days": 2555,
                    "expired_object_delete_marker": false
                  }
                ],
                "id": "backups_lifecycle",
                "noncurrent_version_expiration": [
                  {
                    "days": 30
                  }
                ],
                "noncurrent_version_transition": [],
                "prefix": "",
                "tags": {},
                "transition": [
                  {
                    "date": "",
                    "days": 30,
                    "storage_class": "STANDARD_IA"
                  },
                  {
                    "date": "",
                    "days": 365,
                    "storage_class": "DEEP_ARCHIVE"
                  },
                  {
                    "date": "",
                    "days": 90,
                    "storage_class": "GLACIER"
                  }
                ]
              }
            ],
            "logging": [],
            "object_lock_configuration": [],
            "object_lock_enabled": false,
            "policy": "",
            "region": "us-east-1",
            "replication_configuration": [],
            "request_payer": "BucketOwner",
            "server_side_encryption_configuration": [
              {
                "rule": [
                  {
                    "apply_server_side_encryption_by_default": [
                      {
                        "kms_master_key_id": "",
                        "sse_algorithm": "AES256"
                      }
                    ],
                    "bucket_key_enabled": false
                  }
                ]
              }
            ],
            "tags": {
              "Environment": "prod",
              "ManagedBy": "Terraform",
              "Name": "rapro-prod-backups",
              "Project": "rapro"
            },
            "tags_all": {
              "Environment": "prod",
              "ManagedBy": "Terraform",
              "Name": "rapro-prod-backups",
              "Project": "rapro"
            },
            "timeouts": null,
            "versioning": [
              {
                "enabled": true,
                "mfa_delete": false
              }
            ],
            "website": [],
            "website_domain": null,
            "website_endpoint": null
          },
          "sensitive_attributes": [],
          "identity_schema_version": 0,
          "private": "eyJlMmJmYjczMC1lY2FhLTExZTYtOGY4OC0zNDM2M2JjN2M0YzAiOnsiY3JlYXRlIjoxMjAwMDAwMDAwMDAwLCJkZWxldGUiOjM2MDAwMDAwMDAwMDAsInJlYWQiOjEyMDAwMDAwMDAwMDAsInVwZGF0ZSI6MTIwMDAwMDAwMDAwMH19"
        }
      ]
    },
    {
      "mode": "managed",
      "type": "aws_s3_bucket",
      "name": "codepipeline_artifacts",
      "provider": "provider[\"registry.terraform.io/hashicorp/aws\"]",
      "instances": [
        {
          "schema_version": 0,
          "attributes": {
            "acceleration_status": "",
            "acl": null,
            "arn": "arn:aws:s3:::rapro-prod-codepipeline-artifacts",
            "bucket": "rapro-prod-codepipeline-artifacts",
            "bucket_domain_name": "rapro-prod-codepipeline-artifacts.s3.amazonaws.com",
            "bucket_prefix": "",
            "bucket_regional_domain_name": "rapro-prod-codepipeline-artifacts.s3.us-east-1.amazonaws.com",
            "cors_rule": [],
            "force_destroy": false,
            "grant": [
              {
                "id": "26319b6c7b8490f2ea9171d4874ec0a14fc09670f6ed213103b3eefafe3641cf",
                "permissions": [
                  "FULL_CONTROL"
                ],
                "type": "CanonicalUser",
                "uri": ""
              }
            ],
            "hosted_zone_id": "Z3AQBSTGFYJSTF",
            "id": "rapro-prod-codepipeline-artifacts",
            "lifecycle_rule": [
              {
                "abort_incomplete_multipart_upload_days": 1,
                "enabled": true,
                "expiration": [
                  {
                    "date": "",
                    "days": 30,
                    "expired_object_delete_marker": false
                  }
                ],
                "id": "codepipeline_artifacts_lifecycle",
                "noncurrent_version_expiration": [
                  {
                    "days": 7
                  }
                ],
                "noncurrent_version_transition": [],
                "prefix": "",
                "tags": {},
                "transition": []
              }
            ],
            "logging": [],
            "object_lock_configuration": [],
            "object_lock_enabled": false,
            "policy": "",
            "region": "us-east-1",
            "replication_configuration": [],
            "request_payer": "BucketOwner",
            "server_side_encryption_configuration": [
              {
                "rule": [
                  {
                    "apply_server_side_encryption_by_default": [
                      {
                        "kms_master_key_id": "",
                        "sse_algorithm": "AES256"
                      }
                    ],
                    "bucket_key_enabled": false
                  }
                ]
              }
            ],
            "tags": {
              "Environment": "prod",
              "ManagedBy": "Terraform",
              "Name": "rapro-prod-codepipeline-artifacts",
              "Project": "rapro"
            },
            "tags_all": {
              "Environment": "prod",
              "ManagedBy": "Terraform",
              "Name": "rapro-prod-codepipeline-artifacts",
              "Project": "rapro"
            },
            "timeouts": null,
            "versioning": [
              {
                "enabled": true,
                "mfa_delete": false
              }
            ],
            "website": [],
            "website_domain": null,
            "website_endpoint": null
          },
          "sensitive_attributes": [],
          "identity_schema_version": 0,
          "private": "eyJlMmJmYjczMC1lY2FhLTExZTYtOGY4OC0zNDM2M2JjN2M0YzAiOnsiY3JlYXRlIjoxMjAwMDAwMDAwMDAwLCJkZWxldGUiOjM2MDAwMDAwMDAwMDAsInJlYWQiOjEyMDAwMDAwMDAwMDAsInVwZGF0ZSI6MTIwMDAwMDAwMDAwMH19"
        }
      ]
    },
    {
      "mode": "managed",
      "type": "aws_s3_bucket",
      "name": "media_files",
      "provider": "provider[\"registry.terraform.io/hashicorp/aws\"]",
      "instances": [
        {
          "schema_version": 0,
          "attributes": {
            "acceleration_status": "",
            "acl": null,
            "arn": "arn:aws:s3:::rapro-prod-media-files",
            "bucket": "rapro-prod-media-files",
            "bucket_domain_name": "rapro-prod-media-files.s3.amazonaws.com",
            "bucket_prefix": "",
            "bucket_regional_domain_name": "rapro-prod-media-files.s3.us-east-1.amazonaws.com",
            "cors_rule": [
              {
                "allowed_headers": [
                  "*"
                ],
                "allowed_methods": [
                  "POST",
                  "GET",
                  "DELETE",
                  "PUT"
                ],
                "allowed_origins": [
                  "https://www.app.retirementadvisorpro.com",
                  "https://app.retirementadvisorpro.com"
                ],
                "expose_headers": [
                  "ETag"
                ],
                "max_age_seconds": 3000
              }
            ],
            "force_destroy": false,
            "grant": [
              {
                "id": "26319b6c7b8490f2ea9171d4874ec0a14fc09670f6ed213103b3eefafe3641cf",
                "permissions": [
                  "FULL_CONTROL"
                ],
                "type": "CanonicalUser",
                "uri": ""
              }
            ],
            "hosted_zone_id": "Z3AQBSTGFYJSTF",
            "id": "rapro-prod-media-files",
            "lifecycle_rule": [
              {
                "abort_incomplete_multipart_upload_days": 7,
                "enabled": true,
                "expiration": [],
                "id": "media_files_lifecycle",
                "noncurrent_version_expiration": [
                  {
                    "days": 90
                  }
                ],
                "noncurrent_version_transition": [],
                "prefix": "",
                "tags": {},
                "transition": [
                  {
                    "date": "",
                    "days": 30,
                    "storage_class": "STANDARD_IA"
                  },
                  {
                    "date": "",
                    "days": 90,
                    "storage_class": "GLACIER"
                  }
                ]
              }
            ],
            "logging": [],
            "object_lock_configuration": [],
            "object_lock_enabled": false,
            "policy": "",
            "region": "us-east-1",
            "replication_configuration": [],
            "request_payer": "BucketOwner",
            "server_side_encryption_configuration": [
              {
                "rule": [
                  {
                    "apply_server_side_encryption_by_default": [
                      {
                        "kms_master_key_id": "",
                        "sse_algorithm": "AES256"
                      }
                    ],
                    "bucket_key_enabled": false
                  }
                ]
              }
            ],
            "tags": {
              "Environment": "prod",
              "ManagedBy": "Terraform",
              "Name": "rapro-prod-media-files",
              "Project": "rapro"
            },
            "tags_all": {
              "Environment": "prod",
              "ManagedBy": "Terraform",
              "Name": "rapro-prod-media-files",
              "Project": "rapro"
            },
            "timeouts": null,
            "versioning": [
              {
                "enabled": true,
                "mfa_delete": false
              }
            ],
            "website": [],
            "website_domain": null,
            "website_endpoint": null
          },
          "sensitive_attributes": [],
          "identity_schema_version": 0,
          "private": "eyJlMmJmYjczMC1lY2FhLTExZTYtOGY4OC0zNDM2M2JjN2M0YzAiOnsiY3JlYXRlIjoxMjAwMDAwMDAwMDAwLCJkZWxldGUiOjM2MDAwMDAwMDAwMDAsInJlYWQiOjEyMDAwMDAwMDAwMDAsInVwZGF0ZSI6MTIwMDAwMDAwMDAwMH19"
        }
      ]
    },
    {
      "mode": "managed",
      "type": "aws_s3_bucket",
      "name": "static_assets",
      "provider": "provider[\"registry.terraform.io/hashicorp/aws\"]",
      "instances": [
        {
          "schema_version": 0,
          "attributes": {
            "acceleration_status": "",
            "acl": null,
            "arn": "arn:aws:s3:::rapro-prod-static-assets",
            "bucket": "rapro-prod-static-assets",
            "bucket_domain_name": "rapro-prod-static-assets.s3.amazonaws.com",
            "bucket_prefix": "",
            "bucket_regional_domain_name": "rapro-prod-static-assets.s3.us-east-1.amazonaws.com",
            "cors_rule": [
              {
                "allowed_headers": [
                  "*"
                ],
                "allowed_methods": [
                  "GET",
                  "HEAD"
                ],
                "allowed_origins": [
                  "*"
                ],
                "expose_headers": [
                  "ETag"
                ],
                "max_age_seconds": 3000
              }
            ],
            "force_destroy": false,
            "grant": [
              {
                "id": "26319b6c7b8490f2ea9171d4874ec0a14fc09670f6ed213103b3eefafe3641cf",
                "permissions": [
                  "FULL_CONTROL"
                ],
                "type": "CanonicalUser",
                "uri": ""
              }
            ],
            "hosted_zone_id": "Z3AQBSTGFYJSTF",
            "id": "rapro-prod-static-assets",
            "lifecycle_rule": [
              {
                "abort_incomplete_multipart_upload_days": 0,
                "enabled": true,
                "expiration": [],
                "id": "static_assets_lifecycle",
                "noncurrent_version_expiration": [
                  {
                    "days": 30
                  }
                ],
                "noncurrent_version_transition": [],
                "prefix": "",
                "tags": {},
                "transition": [
                  {
                    "date": "",
                    "days": 30,
                    "storage_class": "INTELLIGENT_TIERING"
                  }
                ]
              }
            ],
            "logging": [],
            "object_lock_configuration": [],
            "object_lock_enabled": false,
            "policy": "",
            "region": "us-east-1",
            "replication_configuration": [],
            "request_payer": "BucketOwner",
            "server_side_encryption_configuration": [
              {
                "rule": [
                  {
                    "apply_server_side_encryption_by_default": [
                      {
                        "kms_master_key_id": "",
                        "sse_algorithm": "AES256"
                      }
                    ],
                    "bucket_key_enabled": false
                  }
                ]
              }
            ],
            "tags": {
              "Environment": "prod",
              "ManagedBy": "Terraform",
              "Name": "rapro-prod-static-assets",
              "Project": "rapro"
            },
            "tags_all": {
              "Environment": "prod",
              "ManagedBy": "Terraform",
              "Name": "rapro-prod-static-assets",
              "Project": "rapro"
            },
            "timeouts": null,
            "versioning": [
              {
                "enabled": true,
                "mfa_delete": false
              }
            ],
            "website": [],
            "website_domain": null,
            "website_endpoint": null
          },
          "sensitive_attributes": [],
          "identity_schema_version": 0,
          "private": "eyJlMmJmYjczMC1lY2FhLTExZTYtOGY4OC0zNDM2M2JjN2M0YzAiOnsiY3JlYXRlIjoxMjAwMDAwMDAwMDAwLCJkZWxldGUiOjM2MDAwMDAwMDAwMDAsInJlYWQiOjEyMDAwMDAwMDAwMDAsInVwZGF0ZSI6MTIwMDAwMDAwMDAwMH19"
        }
      ]
    },
    {
      "mode": "managed",
      "type": "aws_s3_bucket_cors_configuration",
      "name": "media_files",
      "provider": "provider[\"registry.terraform.io/hashicorp/aws\"]",
      "instances": [
        {
          "schema_version": 0,
          "attributes": {
            "bucket": "rapro-prod-media-files",
            "cors_rule": [
              {
                "allowed_headers": [
                  "*"
                ],
                "allowed_methods": [
                  "DELETE",
                  "GET",
                  "POST",
                  "PUT"
                ],
                "allowed_origins": [
                  "https://app.retirementadvisorpro.com",
                  "https://www.app.retirementadvisorpro.com"
                ],
                "expose_headers": [
                  "ETag"
                ],
                "id": "",
                "max_age_seconds": 3000
              }
            ],
            "expected_bucket_owner": "",
            "id": "rapro-prod-media-files"
          },
          "sensitive_attributes": [],
          "identity_schema_version": 0,
          "private": "bnVsbA==",
          "dependencies": [
            "aws_s3_bucket.media_files"
          ]
        }
      ]
    },
    {
      "mode": "managed",
      "type": "aws_s3_bucket_cors_configuration",
      "name": "static_assets",
      "provider": "provider[\"registry.terraform.io/hashicorp/aws\"]",
      "instances": [
        {
          "schema_version": 0,
          "attributes": {
            "bucket": "rapro-prod-static-assets",
            "cors_rule": [
              {
                "allowed_headers": [
                  "*"
                ],
                "allowed_methods": [
                  "GET",
                  "HEAD"
                ],
                "allowed_origins": [
                  "*"
                ],
                "expose_headers": [
                  "ETag"
                ],
                "id": "",
                "max_age_seconds": 3000
              }
            ],
            "expected_bucket_owner": "",
            "id": "rapro-prod-static-assets"
          },
          "sensitive_attributes": [],
          "identity_schema_version": 0,
          "private": "bnVsbA==",
          "dependencies": [
            "aws_s3_bucket.static_assets"
          ]
        }
      ]
    },
    {
      "mode": "managed",
      "type": "aws_s3_bucket_lifecycle_configuration",
      "name": "backups",
      "provider": "provider[\"registry.terraform.io/hashicorp/aws\"]",
      "instances": [
        {
          "schema_version": 1,
          "attributes": {
            "bucket": "rapro-prod-backups",
            "expected_bucket_owner": "",
            "id": "rapro-prod-backups",
            "rule": [
              {
                "abort_incomplete_multipart_upload": [],
                "expiration": [
                  {
                    "date": null,
                    "days": 2555,
                    "expired_object_delete_marker": false
                  }
                ],
                "filter": [
                  {
                    "and": [],
                    "object_size_greater_than": null,
                    "object_size_less_than": null,
                    "prefix": "",
                    "tag": []
                  }
                ],
                "id": "backups_lifecycle",
                "noncurrent_version_expiration": [
                  {
                    "newer_noncurrent_versions": null,
                    "noncurrent_days": 30
                  }
                ],
                "noncurrent_version_transition": [],
                "prefix": "",
                "status": "Enabled",
                "transition": [
                  {
                    "date": null,
                    "days": 30,
                    "storage_class": "STANDARD_IA"
                  },
                  {
                    "date": null,
                    "days": 365,
                    "storage_class": "DEEP_ARCHIVE"
                  },
                  {
                    "date": null,
                    "days": 90,
                    "storage_class": "GLACIER"
                  }
                ]
              }
            ],
            "timeouts": null,
            "transition_default_minimum_object_size": "all_storage_classes_128K"
          },
          "sensitive_attributes": [],
          "identity_schema_version": 0,
          "dependencies": [
            "aws_s3_bucket.backups"
          ]
        }
      ]
    },
    {
      "mode": "managed",
      "type": "aws_s3_bucket_lifecycle_configuration",
      "name": "codepipeline_artifacts",
      "provider": "provider[\"registry.terraform.io/hashicorp/aws\"]",
      "instances": [
        {
          "schema_version": 1,
          "attributes": {
            "bucket": "rapro-prod-codepipeline-artifacts",
            "expected_bucket_owner": "",
            "id": "rapro-prod-codepipeline-artifacts",
            "rule": [
              {
                "abort_incomplete_multipart_upload": [
                  {
                    "days_after_initiation": 1
                  }
                ],
                "expiration": [
                  {
                    "date": null,
                    "days": 30,
                    "expired_object_delete_marker": false
                  }
                ],
                "filter": [
                  {
                    "and": [],
                    "object_size_greater_than": null,
                    "object_size_less_than": null,
                    "prefix": "",
                    "tag": []
                  }
                ],
                "id": "codepipeline_artifacts_lifecycle",
                "noncurrent_version_expiration": [
                  {
                    "newer_noncurrent_versions": null,
                    "noncurrent_days": 7
                  }
                ],
                "noncurrent_version_transition": [],
                "prefix": "",
                "status": "Enabled",
                "transition": []
              }
            ],
            "timeouts": null,
            "transition_default_minimum_object_size": "all_storage_classes_128K"
          },
          "sensitive_attributes": [],
          "identity_schema_version": 0,
          "dependencies": [
            "aws_s3_bucket.codepipeline_artifacts"
          ]
        }
      ]
    },
    {
      "mode": "managed",
      "type": "aws_s3_bucket_lifecycle_configuration",
      "name": "media_files",
      "provider": "provider[\"registry.terraform.io/hashicorp/aws\"]",
      "instances": [
        {
          "schema_version": 1,
          "attributes": {
            "bucket": "rapro-prod-media-files",
            "expected_bucket_owner": "",
            "id": "rapro-prod-media-files",
            "rule": [
              {
                "abort_incomplete_multipart_upload": [
                  {
                    "days_after_initiation": 7
                  }
                ],
                "expiration": [],
                "filter": [
                  {
                    "and": [],
                    "object_size_greater_than": null,
                    "object_size_less_than": null,
                    "prefix": "",
                    "tag": []
                  }
                ],
                "id": "media_files_lifecycle",
                "noncurrent_version_expiration": [
                  {
                    "newer_noncurrent_versions": null,
                    "noncurrent_days": 90
                  }
                ],
                "noncurrent_version_transition": [],
                "prefix": "",
                "status": "Enabled",
                "transition": [
                  {
                    "date": null,
                    "days": 30,
                    "storage_class": "STANDARD_IA"
                  },
                  {
                    "date": null,
                    "days": 90,
                    "storage_class": "GLACIER"
                  }
                ]
              }
            ],
            "timeouts": null,
            "transition_default_minimum_object_size": "all_storage_classes_128K"
          },
          "sensitive_attributes": [],
          "identity_schema_version": 0,
          "dependencies": [
            "aws_s3_bucket.media_files"
          ]
        }
      ]
    },
    {
      "mode": "managed",
      "type": "aws_s3_bucket_lifecycle_configuration",
      "name": "static_assets",
      "provider": "provider[\"registry.terraform.io/hashicorp/aws\"]",
      "instances": [
        {
          "schema_version": 1,
          "attributes": {
            "bucket": "rapro-prod-static-assets",
            "expected_bucket_owner": "",
            "id": "rapro-prod-static-assets",
            "rule": [
              {
                "abort_incomplete_multipart_upload": [],
                "expiration": [],
                "filter": [
                  {
                    "and": [],
                    "object_size_greater_than": null,
                    "object_size_less_than": null,
                    "prefix": "",
                    "tag": []
                  }
                ],
                "id": "static_assets_lifecycle",
                "noncurrent_version_expiration": [
                  {
                    "newer_noncurrent_versions": null,
                    "noncurrent_days": 30
                  }
                ],
                "noncurrent_version_transition": [],
                "prefix": "",
                "status": "Enabled",
                "transition": [
                  {
                    "date": null,
                    "days": 30,
                    "storage_class": "INTELLIGENT_TIERING"
                  }
                ]
              }
            ],
            "timeouts": null,
            "transition_default_minimum_object_size": "all_storage_classes_128K"
          },
          "sensitive_attributes": [],
          "identity_schema_version": 0,
          "dependencies": [
            "aws_s3_bucket.static_assets"
          ]
        }
      ]
    },
    {
      "mode": "managed",
      "type": "aws_s3_bucket_public_access_block",
      "name": "backups",
      "provider": "provider[\"registry.terraform.io/hashicorp/aws\"]",
      "instances": [
        {
          "schema_version": 0,
          "attributes": {
            "block_public_acls": true,
            "block_public_policy": true,
            "bucket": "rapro-prod-backups",
            "id": "rapro-prod-backups",
            "ignore_public_acls": true,
            "restrict_public_buckets": true
          },
          "sensitive_attributes": [],
          "identity_schema_version": 0,
          "private": "bnVsbA==",
          "dependencies": [
            "aws_s3_bucket.backups"
          ]
        }
      ]
    },
    {
      "mode": "managed",
      "type": "aws_s3_bucket_public_access_block",
      "name": "codepipeline_artifacts",
      "provider": "provider[\"registry.terraform.io/hashicorp/aws\"]",
      "instances": [
        {
          "schema_version": 0,
          "attributes": {
            "block_public_acls": true,
            "block_public_policy": true,
            "bucket": "rapro-prod-codepipeline-artifacts",
            "id": "rapro-prod-codepipeline-artifacts",
            "ignore_public_acls": true,
            "restrict_public_buckets": true
          },
          "sensitive_attributes": [],
          "identity_schema_version": 0,
          "private": "bnVsbA==",
          "dependencies": [
            "aws_s3_bucket.codepipeline_artifacts"
          ]
        }
      ]
    },
    {
      "mode": "managed",
      "type": "aws_s3_bucket_public_access_block",
      "name": "media_files",
      "provider": "provider[\"registry.terraform.io/hashicorp/aws\"]",
      "instances": [
        {
          "schema_version": 0,
          "attributes": {
            "block_public_acls": true,
            "block_public_policy": true,
            "bucket": "rapro-prod-media-files",
            "id": "rapro-prod-media-files",
            "ignore_public_acls": true,
            "restrict_public_buckets": true
          },
          "sensitive_attributes": [],
          "identity_schema_version": 0,
          "private": "bnVsbA==",
          "dependencies": [
            "aws_s3_bucket.media_files"
          ]
        }
      ]
    },
    {
      "mode": "managed",
      "type": "aws_s3_bucket_public_access_block",
      "name": "static_assets",
      "provider": "provider[\"registry.terraform.io/hashicorp/aws\"]",
      "instances": [
        {
          "schema_version": 0,
          "attributes": {
            "block_public_acls": false,
            "block_public_policy": false,
            "bucket": "rapro-prod-static-assets",
            "id": "rapro-prod-static-assets",
            "ignore_public_acls": false,
            "restrict_public_buckets": false
          },
          "sensitive_attributes": [],
          "identity_schema_version": 0,
          "private": "bnVsbA==",
          "dependencies": [
            "aws_s3_bucket.static_assets"
          ]
        }
      ]
    },
    {
      "mode": "managed",
      "type": "aws_s3_bucket_server_side_encryption_configuration",
      "name": "backups",
      "provider": "provider[\"registry.terraform.io/hashicorp/aws\"]",
      "instances": [
        {
          "schema_version": 0,
          "attributes": {
            "bucket": "rapro-prod-backups",
            "expected_bucket_owner": "",
            "id": "rapro-prod-backups",
            "rule": [
              {
                "apply_server_side_encryption_by_default": [
                  {
                    "kms_master_key_id": "",
                    "sse_algorithm": "AES256"
                  }
                ],
                "bucket_key_enabled": false
              }
            ]
          },
          "sensitive_attributes": [],
          "identity_schema_version": 0,
          "private": "bnVsbA==",
          "dependencies": [
            "aws_s3_bucket.backups"
          ]
        }
      ]
    },
    {
      "mode": "managed",
      "type": "aws_s3_bucket_server_side_encryption_configuration",
      "name": "codepipeline_artifacts",
      "provider": "provider[\"registry.terraform.io/hashicorp/aws\"]",
      "instances": [
        {
          "schema_version": 0,
          "attributes": {
            "bucket": "rapro-prod-codepipeline-artifacts",
            "expected_bucket_owner": "",
            "id": "rapro-prod-codepipeline-artifacts",
            "rule": [
              {
                "apply_server_side_encryption_by_default": [
                  {
                    "kms_master_key_id": "",
                    "sse_algorithm": "AES256"
                  }
                ],
                "bucket_key_enabled": false
              }
            ]
          },
          "sensitive_attributes": [],
          "identity_schema_version": 0,
          "private": "bnVsbA==",
          "dependencies": [
            "aws_s3_bucket.codepipeline_artifacts"
          ]
        }
      ]
    },
    {
      "mode": "managed",
      "type": "aws_s3_bucket_server_side_encryption_configuration",
      "name": "media_files",
      "provider": "provider[\"registry.terraform.io/hashicorp/aws\"]",
      "instances": [
        {
          "schema_version": 0,
          "attributes": {
            "bucket": "rapro-prod-media-files",
            "expected_bucket_owner": "",
            "id": "rapro-prod-media-files",
            "rule": [
              {
                "apply_server_side_encryption_by_default": [
                  {
                    "kms_master_key_id": "",
                    "sse_algorithm": "AES256"
                  }
                ],
                "bucket_key_enabled": false
              }
            ]
          },
          "sensitive_attributes": [],
          "identity_schema_version": 0,
          "private": "bnVsbA==",
          "dependencies": [
            "aws_s3_bucket.media_files"
          ]
        }
      ]
    },
    {
      "mode": "managed",
      "type": "aws_s3_bucket_versioning",
      "name": "backups",
      "provider": "provider[\"registry.terraform.io/hashicorp/aws\"]",
      "instances": [
        {
          "schema_version": 0,
          "attributes": {
            "bucket": "rapro-prod-backups",
            "expected_bucket_owner": "",
            "id": "rapro-prod-backups",
            "mfa": null,
            "versioning_configuration": [
              {
                "mfa_delete": "",
                "status": "Enabled"
              }
            ]
          },
          "sensitive_attributes": [],
          "identity_schema_version": 0,
          "private": "bnVsbA==",
          "dependencies": [
            "aws_s3_bucket.backups"
          ]
        }
      ]
    },
    {
      "mode": "managed",
      "type": "aws_s3_bucket_versioning",
      "name": "codepipeline_artifacts",
      "provider": "provider[\"registry.terraform.io/hashicorp/aws\"]",
      "instances": [
        {
          "schema_version": 0,
          "attributes": {
            "bucket": "rapro-prod-codepipeline-artifacts",
            "expected_bucket_owner": "",
            "id": "rapro-prod-codepipeline-artifacts",
            "mfa": null,
            "versioning_configuration": [
              {
                "mfa_delete": "",
                "status": "Enabled"
              }
            ]
          },
          "sensitive_attributes": [],
          "identity_schema_version": 0,
          "private": "bnVsbA==",
          "dependencies": [
            "aws_s3_bucket.codepipeline_artifacts"
          ]
        }
      ]
    },
    {
      "mode": "managed",
      "type": "aws_s3_bucket_versioning",
      "name": "media_files",
      "provider": "provider[\"registry.terraform.io/hashicorp/aws\"]",
      "instances": [
        {
          "schema_version": 0,
          "attributes": {
            "bucket": "rapro-prod-media-files",
            "expected_bucket_owner": "",
            "id": "rapro-prod-media-files",
            "mfa": null,
            "versioning_configuration": [
              {
                "mfa_delete": "",
                "status": "Enabled"
              }
            ]
          },
          "sensitive_attributes": [],
          "identity_schema_version": 0,
          "private": "bnVsbA==",
          "dependencies": [
            "aws_s3_bucket.media_files"
          ]
        }
      ]
    },
    {
      "mode": "managed",
      "type": "aws_s3_bucket_versioning",
      "name": "static_assets",
      "provider": "provider[\"registry.terraform.io/hashicorp/aws\"]",
      "instances": [
        {
          "schema_version": 0,
          "attributes": {
            "bucket": "rapro-prod-static-assets",
            "expected_bucket_owner": "",
            "id": "rapro-prod-static-assets",
            "mfa": null,
            "versioning_configuration": [
              {
                "mfa_delete": "",
                "status": "Enabled"
              }
            ]
          },
          "sensitive_attributes": [],
          "identity_schema_version": 0,
          "private": "bnVsbA==",
          "dependencies": [
            "aws_s3_bucket.static_assets"
          ]
        }
      ]
    },
    {
      "mode": "managed",
      "type": "aws_secretsmanager_secret",
      "name": "db_password",
      "provider": "provider[\"registry.terraform.io/hashicorp/aws\"]",
      "instances": [
        {
          "schema_version": 0,
          "attributes": {
            "arn": "arn:aws:secretsmanager:us-east-1:794038228127:secret:rapro-prod-db-password-xhB8yK",
            "description": "PostgreSQL database password",
            "force_overwrite_replica_secret": false,
            "id": "arn:aws:secretsmanager:us-east-1:794038228127:secret:rapro-prod-db-password-xhB8yK",
            "kms_key_id": "",
            "name": "rapro-prod-db-password",
            "name_prefix": "",
            "policy": "",
            "recovery_window_in_days": 30,
            "replica": [],
            "tags": {
              "Environment": "prod",
              "ManagedBy": "Terraform",
              "Name": "rapro-prod-db-password",
              "Project": "rapro"
            },
            "tags_all": {
              "Environment": "prod",
              "ManagedBy": "Terraform",
              "Name": "rapro-prod-db-password",
              "Project": "rapro"
            }
          },
          "sensitive_attributes": [],
          "identity_schema_version": 0,
          "private": "bnVsbA=="
        }
      ]
    },
    {
      "mode": "managed",
      "type": "aws_secretsmanager_secret_version",
      "name": "db_password",
      "provider": "provider[\"registry.terraform.io/hashicorp/aws\"]",
      "instances": [
        {
          "schema_version": 0,
          "attributes": {
            "arn": "arn:aws:secretsmanager:us-east-1:794038228127:secret:rapro-prod-db-password-xhB8yK",
            "has_secret_string_wo": null,
            "id": "arn:aws:secretsmanager:us-east-1:794038228127:secret:rapro-prod-db-password-xhB8yK|terraform-20250903134742196300000005",
            "secret_binary": "",
            "secret_id": "arn:aws:secretsmanager:us-east-1:794038228127:secret:rapro-prod-db-password-xhB8yK",
            "secret_string": "{\"password\":\"Md22%0#]!#ku5:Rcp3EShK(!(pVUy(_Q\"}",
            "secret_string_wo": null,
            "secret_string_wo_version": null,
            "version_id": "terraform-20250903134742196300000005",
            "version_stages": [
              "AWSCURRENT"
            ]
          },
          "sensitive_attributes": [
            [
              {
                "type": "get_attr",
                "value": "secret_binary"
              }
            ],
            [
              {
                "type": "get_attr",
                "value": "secret_string"
              }
            ],
            [
              {
                "type": "get_attr",
                "value": "secret_string_wo"
              }
            ]
          ],
          "identity_schema_version": 0,
          "private": "bnVsbA==",
          "dependencies": [
            "aws_secretsmanager_secret.db_password",
            "random_password.db_password"
          ]
        }
      ]
    },
    {
      "mode": "managed",
      "type": "aws_security_group",
      "name": "alb",
      "provider": "provider[\"registry.terraform.io/hashicorp/aws\"]",
      "instances": [
        {
          "schema_version": 1,
          "attributes": {
            "arn": "arn:aws:ec2:us-east-1:794038228127:security-group/sg-03e197eaf22577163",
            "description": "Security group for Application Load Balancer",
            "egress": [
              {
                "cidr_blocks": [
                  "0.0.0.0/0"
                ],
                "description": "All outbound traffic",
                "from_port": 0,
                "ipv6_cidr_blocks": [],
                "prefix_list_ids": [],
                "protocol": "-1",
                "security_groups": [],
                "self": false,
                "to_port": 0
              }
            ],
            "id": "sg-03e197eaf22577163",
            "ingress": [
              {
                "cidr_blocks": [
                  "0.0.0.0/0"
                ],
                "description": "HTTP access from internet",
                "from_port": 80,
                "ipv6_cidr_blocks": [],
                "prefix_list_ids": [],
                "protocol": "tcp",
                "security_groups": [],
                "self": false,
                "to_port": 80
              },
              {
                "cidr_blocks": [
                  "0.0.0.0/0"
                ],
                "description": "HTTPS access from internet",
                "from_port": 443,
                "ipv6_cidr_blocks": [],
                "prefix_list_ids": [],
                "protocol": "tcp",
                "security_groups": [],
                "self": false,
                "to_port": 443
              }
            ],
            "name": "rapro-prod-alb20250903134752310100000007",
            "name_prefix": "rapro-prod-alb",
            "owner_id": "794038228127",
            "revoke_rules_on_delete": false,
            "tags": {
              "Environment": "prod",
              "ManagedBy": "Terraform",
              "Name": "rapro-prod-alb-sg",
              "Project": "rapro"
            },
            "tags_all": {
              "Environment": "prod",
              "ManagedBy": "Terraform",
              "Name": "rapro-prod-alb-sg",
              "Project": "rapro"
            },
            "timeouts": null,
            "vpc_id": "vpc-09aa8258d53221483"
          },
          "sensitive_attributes": [],
          "identity_schema_version": 0,
          "private": "eyJlMmJmYjczMC1lY2FhLTExZTYtOGY4OC0zNDM2M2JjN2M0YzAiOnsiY3JlYXRlIjo2MDAwMDAwMDAwMDAsImRlbGV0ZSI6OTAwMDAwMDAwMDAwfSwic2NoZW1hX3ZlcnNpb24iOiIxIn0=",
          "dependencies": [
            "aws_vpc.main"
          ],
          "create_before_destroy": true
        }
      ]
    },
    {
      "mode": "managed",
      "type": "aws_security_group",
      "name": "codebuild",
      "provider": "provider[\"registry.terraform.io/hashicorp/aws\"]",
      "instances": [
        {
          "schema_version": 1,
          "attributes": {
            "arn": "arn:aws:ec2:us-east-1:794038228127:security-group/sg-009d7ce20fff40655",
            "description": "Security group for CodeBuild projects",
            "egress": [
              {
                "cidr_blocks": [
                  "0.0.0.0/0"
                ],
                "description": "All outbound traffic",
                "from_port": 0,
                "ipv6_cidr_blocks": [],
                "prefix_list_ids": [],
                "protocol": "-1",
                "security_groups": [],
                "self": false,
                "to_port": 0
              }
            ],
            "id": "sg-009d7ce20fff40655",
            "ingress": [],
            "name": "rapro-prod-codebuild20250903134758427600000009",
            "name_prefix": "rapro-prod-codebuild",
            "owner_id": "794038228127",
            "revoke_rules_on_delete": false,
            "tags": {
              "Environment": "prod",
              "ManagedBy": "Terraform",
              "Name": "rapro-prod-codebuild-sg",
              "Project": "rapro"
            },
            "tags_all": {
              "Environment": "prod",
              "ManagedBy": "Terraform",
              "Name": "rapro-prod-codebuild-sg",
              "Project": "rapro"
            },
            "timeouts": null,
            "vpc_id": "vpc-09aa8258d53221483"
          },
          "sensitive_attributes": [],
          "identity_schema_version": 0,
          "private": "eyJlMmJmYjczMC1lY2FhLTExZTYtOGY4OC0zNDM2M2JjN2M0YzAiOnsiY3JlYXRlIjo2MDAwMDAwMDAwMDAsImRlbGV0ZSI6OTAwMDAwMDAwMDAwfSwic2NoZW1hX3ZlcnNpb24iOiIxIn0=",
          "dependencies": [
            "aws_vpc.main"
          ],
          "create_before_destroy": true
        }
      ]
    },
    {
      "mode": "managed",
      "type": "aws_security_group",
      "name": "ecs_tasks",
      "provider": "provider[\"registry.terraform.io/hashicorp/aws\"]",
      "instances": [
        {
          "schema_version": 1,
          "attributes": {
            "arn": "arn:aws:ec2:us-east-1:794038228127:security-group/sg-0bd802a9db8e9f5c9",
            "description": "Security group for ECS tasks",
            "egress": [
              {
                "cidr_blocks": [
                  "0.0.0.0/0"
                ],
                "description": "All outbound traffic",
                "from_port": 0,
                "ipv6_cidr_blocks": [],
                "prefix_list_ids": [],
                "protocol": "-1",
                "security_groups": [],
                "self": false,
                "to_port": 0
              }
            ],
            "id": "sg-0bd802a9db8e9f5c9",
            "ingress": [
              {
                "cidr_blocks": [],
                "description": "Backend port access from ALB",
                "from_port": 8000,
                "ipv6_cidr_blocks": [],
                "prefix_list_ids": [],
                "protocol": "tcp",
                "security_groups": [
                  "sg-03e197eaf22577163"
                ],
                "self": false,
                "to_port": 8000
              },
              {
                "cidr_blocks": [],
                "description": "Celery Flower monitoring access",
                "from_port": 5555,
                "ipv6_cidr_blocks": [],
                "prefix_list_ids": [],
                "protocol": "tcp",
                "security_groups": [
                  "sg-03e197eaf22577163"
                ],
                "self": false,
                "to_port": 5555
              },
              {
                "cidr_blocks": [],
                "description": "Frontend port access from ALB",
                "from_port": 3000,
                "ipv6_cidr_blocks": [],
                "prefix_list_ids": [],
                "protocol": "tcp",
                "security_groups": [
                  "sg-03e197eaf22577163"
                ],
                "self": false,
                "to_port": 3000
              },
              {
                "cidr_blocks": [],
                "description": "Inter-container communication",
                "from_port": 0,
                "ipv6_cidr_blocks": [],
                "prefix_list_ids": [],
                "protocol": "tcp",
                "security_groups": [],
                "self": true,
                "to_port": 65535
              }
            ],
            "name": "rapro-prod-ecs-tasks2025090313480073570000000c",
            "name_prefix": "rapro-prod-ecs-tasks",
            "owner_id": "794038228127",
            "revoke_rules_on_delete": false,
            "tags": {
              "Environment": "prod",
              "ManagedBy": "Terraform",
              "Name": "rapro-prod-ecs-tasks-sg",
              "Project": "rapro"
            },
            "tags_all": {
              "Environment": "prod",
              "ManagedBy": "Terraform",
              "Name": "rapro-prod-ecs-tasks-sg",
              "Project": "rapro"
            },
            "timeouts": null,
            "vpc_id": "vpc-09aa8258d53221483"
          },
          "sensitive_attributes": [],
          "identity_schema_version": 0,
          "private": "eyJlMmJmYjczMC1lY2FhLTExZTYtOGY4OC0zNDM2M2JjN2M0YzAiOnsiY3JlYXRlIjo2MDAwMDAwMDAwMDAsImRlbGV0ZSI6OTAwMDAwMDAwMDAwfSwic2NoZW1hX3ZlcnNpb24iOiIxIn0=",
          "dependencies": [
            "aws_security_group.alb",
            "aws_vpc.main"
          ],
          "create_before_destroy": true
        }
      ]
    },
    {
      "mode": "managed",
      "type": "aws_security_group",
      "name": "elasticache",
      "provider": "provider[\"registry.terraform.io/hashicorp/aws\"]",
      "instances": [
        {
          "schema_version": 1,
          "attributes": {
            "arn": "arn:aws:ec2:us-east-1:794038228127:security-group/sg-09f5a4dfdedce043a",
            "description": "Security group for ElastiCache Redis cluster",
            "egress": [],
            "id": "sg-09f5a4dfdedce043a",
            "ingress": [
              {
                "cidr_blocks": [],
                "description": "Redis access from ECS tasks",
                "from_port": 6379,
                "ipv6_cidr_blocks": [],
                "prefix_list_ids": [],
                "protocol": "tcp",
                "security_groups": [
                  "sg-0bd802a9db8e9f5c9"
                ],
                "self": false,
                "to_port": 6379
              }
            ],
            "name": "rapro-prod-elasticache20250903134804543600000011",
            "name_prefix": "rapro-prod-elasticache",
            "owner_id": "794038228127",
            "revoke_rules_on_delete": false,
            "tags": {
              "Environment": "prod",
              "ManagedBy": "Terraform",
              "Name": "rapro-prod-elasticache-sg",
              "Project": "rapro"
            },
            "tags_all": {
              "Environment": "prod",
              "ManagedBy": "Terraform",
              "Name": "rapro-prod-elasticache-sg",
              "Project": "rapro"
            },
            "timeouts": null,
            "vpc_id": "vpc-09aa8258d53221483"
          },
          "sensitive_attributes": [],
          "identity_schema_version": 0,
          "private": "eyJlMmJmYjczMC1lY2FhLTExZTYtOGY4OC0zNDM2M2JjN2M0YzAiOnsiY3JlYXRlIjo2MDAwMDAwMDAwMDAsImRlbGV0ZSI6OTAwMDAwMDAwMDAwfSwic2NoZW1hX3ZlcnNpb24iOiIxIn0=",
          "dependencies": [
            "aws_security_group.alb",
            "aws_security_group.ecs_tasks",
            "aws_vpc.main"
          ],
          "create_before_destroy": true
        }
      ]
    },
    {
      "mode": "managed",
      "type": "aws_security_group",
      "name": "rds",
      "provider": "provider[\"registry.terraform.io/hashicorp/aws\"]",
      "instances": [
        {
          "schema_version": 1,
          "attributes": {
            "arn": "arn:aws:ec2:us-east-1:794038228127:security-group/sg-0293139127fd6214c",
            "description": "Security group for RDS PostgreSQL instance",
            "egress": [],
            "id": "sg-0293139127fd6214c",
            "ingress": [
              {
                "cidr_blocks": [],
                "description": "PostgreSQL access from ECS tasks",
                "from_port": 5432,
                "ipv6_cidr_blocks": [],
                "prefix_list_ids": [],
                "protocol": "tcp",
                "security_groups": [
                  "sg-0bd802a9db8e9f5c9"
                ],
                "self": false,
                "to_port": 5432
              }
            ],
            "name": "rapro-prod-rds20250903134805329300000012",
            "name_prefix": "rapro-prod-rds",
            "owner_id": "794038228127",
            "revoke_rules_on_delete": false,
            "tags": {
              "Environment": "prod",
              "ManagedBy": "Terraform",
              "Name": "rapro-prod-rds-sg",
              "Project": "rapro"
            },
            "tags_all": {
              "Environment": "prod",
              "ManagedBy": "Terraform",
              "Name": "rapro-prod-rds-sg",
              "Project": "rapro"
            },
            "timeouts": null,
            "vpc_id": "vpc-09aa8258d53221483"
          },
          "sensitive_attributes": [],
          "identity_schema_version": 0,
          "private": "eyJlMmJmYjczMC1lY2FhLTExZTYtOGY4OC0zNDM2M2JjN2M0YzAiOnsiY3JlYXRlIjo2MDAwMDAwMDAwMDAsImRlbGV0ZSI6OTAwMDAwMDAwMDAwfSwic2NoZW1hX3ZlcnNpb24iOiIxIn0=",
          "dependencies": [
            "aws_security_group.alb",
            "aws_security_group.ecs_tasks",
            "aws_vpc.main"
          ],
          "create_before_destroy": true
        }
      ]
    },
    {
      "mode": "managed",
      "type": "aws_security_group",
      "name": "vpc_endpoint",
      "provider": "provider[\"registry.terraform.io/hashicorp/aws\"]",
      "instances": [
        {
          "schema_version": 1,
          "attributes": {
            "arn": "arn:aws:ec2:us-east-1:794038228127:security-group/sg-0b326368f609fed8c",
            "description": "Security group for VPC endpoints",
            "egress": [],
            "id": "sg-0b326368f609fed8c",
            "ingress": [
              {
                "cidr_blocks": [
                  "10.0.0.0/16"
                ],
                "description": "",
                "from_port": 443,
                "ipv6_cidr_blocks": [],
                "prefix_list_ids": [],
                "protocol": "tcp",
                "security_groups": [],
                "self": false,
                "to_port": 443
              }
            ],
            "name": "rapro-prod-vpc-endpoint20250903134756379900000008",
            "name_prefix": "rapro-prod-vpc-endpoint",
            "owner_id": "794038228127",
            "revoke_rules_on_delete": false,
            "tags": {
              "Environment": "prod",
              "ManagedBy": "Terraform",
              "Name": "rapro-prod-vpc-endpoint-sg",
              "Project": "rapro"
            },
            "tags_all": {
              "Environment": "prod",
              "ManagedBy": "Terraform",
              "Name": "rapro-prod-vpc-endpoint-sg",
              "Project": "rapro"
            },
            "timeouts": null,
            "vpc_id": "vpc-09aa8258d53221483"
          },
          "sensitive_attributes": [],
          "identity_schema_version": 0,
          "private": "eyJlMmJmYjczMC1lY2FhLTExZTYtOGY4OC0zNDM2M2JjN2M0YzAiOnsiY3JlYXRlIjo2MDAwMDAwMDAwMDAsImRlbGV0ZSI6OTAwMDAwMDAwMDAwfSwic2NoZW1hX3ZlcnNpb24iOiIxIn0=",
          "dependencies": [
            "aws_vpc.main"
          ]
        }
      ]
    },
    {
      "mode": "managed",
      "type": "aws_sns_topic",
      "name": "alerts",
      "provider": "provider[\"registry.terraform.io/hashicorp/aws\"]",
      "instances": [
        {
          "index_key": 0,
          "schema_version": 0,
          "attributes": {
            "application_failure_feedback_role_arn": "",
            "application_success_feedback_role_arn": "",
            "application_success_feedback_sample_rate": 0,
            "archive_policy": "",
            "arn": "arn:aws:sns:us-east-1:794038228127:rapro-prod-alerts",
            "beginning_archive_time": "",
            "content_based_deduplication": false,
            "delivery_policy": "",
            "display_name": "RetirementAdvisorPro Alerts",
            "fifo_throughput_scope": "",
            "fifo_topic": false,
            "firehose_failure_feedback_role_arn": "",
            "firehose_success_feedback_role_arn": "",
            "firehose_success_feedback_sample_rate": 0,
            "http_failure_feedback_role_arn": "",
            "http_success_feedback_role_arn": "",
            "http_success_feedback_sample_rate": 0,
            "id": "arn:aws:sns:us-east-1:794038228127:rapro-prod-alerts",
            "kms_master_key_id": "",
            "lambda_failure_feedback_role_arn": "",
            "lambda_success_feedback_role_arn": "",
            "lambda_success_feedback_sample_rate": 0,
            "name": "rapro-prod-alerts",
            "name_prefix": "",
            "owner": "794038228127",
            "policy": "{\"Id\":\"__default_policy_ID\",\"Statement\":[{\"Action\":[\"SNS:GetTopicAttributes\",\"SNS:SetTopicAttributes\",\"SNS:AddPermission\",\"SNS:RemovePermission\",\"SNS:DeleteTopic\",\"SNS:Subscribe\",\"SNS:ListSubscriptionsByTopic\",\"SNS:Publish\"],\"Condition\":{\"StringEquals\":{\"AWS:SourceOwner\":\"794038228127\"}},\"Effect\":\"Allow\",\"Principal\":{\"AWS\":\"*\"},\"Resource\":\"arn:aws:sns:us-east-1:794038228127:rapro-prod-alerts\",\"Sid\":\"__default_statement_ID\"}],\"Version\":\"2008-10-17\"}",
            "signature_version": 0,
            "sqs_failure_feedback_role_arn": "",
            "sqs_success_feedback_role_arn": "",
            "sqs_success_feedback_sample_rate": 0,
            "tags": {
              "Environment": "prod",
              "ManagedBy": "Terraform",
              "Name": "rapro-prod-alerts",
              "Project": "rapro"
            },
            "tags_all": {
              "Environment": "prod",
              "ManagedBy": "Terraform",
              "Name": "rapro-prod-alerts",
              "Project": "rapro"
            },
            "tracing_config": ""
          },
          "sensitive_attributes": [],
          "identity_schema_version": 0,
          "private": "bnVsbA=="
        }
      ]
    },
    {
      "mode": "managed",
      "type": "aws_sns_topic",
      "name": "pipeline_approval",
      "provider": "provider[\"registry.terraform.io/hashicorp/aws\"]",
      "instances": [
        {
          "schema_version": 0,
          "attributes": {
            "application_failure_feedback_role_arn": "",
            "application_success_feedback_role_arn": "",
            "application_success_feedback_sample_rate": 0,
            "archive_policy": "",
            "arn": "arn:aws:sns:us-east-1:794038228127:rapro-prod-pipeline-approval",
            "beginning_archive_time": "",
            "content_based_deduplication": false,
            "delivery_policy": "",
            "display_name": "",
            "fifo_throughput_scope": "",
            "fifo_topic": false,
            "firehose_failure_feedback_role_arn": "",
            "firehose_success_feedback_role_arn": "",
            "firehose_success_feedback_sample_rate": 0,
            "http_failure_feedback_role_arn": "",
            "http_success_feedback_role_arn": "",
            "http_success_feedback_sample_rate": 0,
            "id": "arn:aws:sns:us-east-1:794038228127:rapro-prod-pipeline-approval",
            "kms_master_key_id": "",
            "lambda_failure_feedback_role_arn": "",
            "lambda_success_feedback_role_arn": "",
            "lambda_success_feedback_sample_rate": 0,
            "name": "rapro-prod-pipeline-approval",
            "name_prefix": "",
            "owner": "794038228127",
            "policy": "{\"Id\":\"__default_policy_ID\",\"Statement\":[{\"Action\":[\"SNS:GetTopicAttributes\",\"SNS:SetTopicAttributes\",\"SNS:AddPermission\",\"SNS:RemovePermission\",\"SNS:DeleteTopic\",\"SNS:Subscribe\",\"SNS:ListSubscriptionsByTopic\",\"SNS:Publish\"],\"Condition\":{\"StringEquals\":{\"AWS:SourceOwner\":\"794038228127\"}},\"Effect\":\"Allow\",\"Principal\":{\"AWS\":\"*\"},\"Resource\":\"arn:aws:sns:us-east-1:794038228127:rapro-prod-pipeline-approval\",\"Sid\":\"__default_statement_ID\"}],\"Version\":\"2008-10-17\"}",
            "signature_version": 0,
            "sqs_failure_feedback_role_arn": "",
            "sqs_success_feedback_role_arn": "",
            "sqs_success_feedback_sample_rate": 0,
            "tags": {
              "Environment": "prod",
              "ManagedBy": "Terraform",
              "Name": "rapro-prod-pipeline-approval",
              "Project": "rapro"
            },
            "tags_all": {
              "Environment": "prod",
              "ManagedBy": "Terraform",
              "Name": "rapro-prod-pipeline-approval",
              "Project": "rapro"
            },
            "tracing_config": ""
          },
          "sensitive_attributes": [],
          "identity_schema_version": 0,
          "private": "bnVsbA=="
        }
      ]
    },
    {
      "mode": "managed",
      "type": "aws_sns_topic_subscription",
      "name": "email_alerts",
      "provider": "provider[\"registry.terraform.io/hashicorp/aws\"]",
      "instances": [
        {
          "index_key": 0,
          "schema_version": 0,
          "attributes": {
            "arn": "arn:aws:sns:us-east-1:794038228127:rapro-prod-alerts:8d2cb2ea-00d7-4a39-b817-9bedb7a3e214",
            "confirmation_timeout_in_minutes": 1,
            "confirmation_was_authenticated": false,
            "delivery_policy": "",
            "endpoint": "mannese@wearemimic.com",
            "endpoint_auto_confirms": false,
            "filter_policy": "",
            "filter_policy_scope": "",
            "id": "arn:aws:sns:us-east-1:794038228127:rapro-prod-alerts:8d2cb2ea-00d7-4a39-b817-9bedb7a3e214",
            "owner_id": "794038228127",
            "pending_confirmation": true,
            "protocol": "email",
            "raw_message_delivery": false,
            "redrive_policy": "",
            "replay_policy": "",
            "subscription_role_arn": "",
            "topic_arn": "arn:aws:sns:us-east-1:794038228127:rapro-prod-alerts"
          },
          "sensitive_attributes": [],
          "identity_schema_version": 0,
          "private": "bnVsbA==",
          "dependencies": [
            "aws_sns_topic.alerts"
          ]
        }
      ]
    },
    {
      "mode": "managed",
      "type": "aws_sns_topic_subscription",
      "name": "pipeline_approval_email",
      "provider": "provider[\"registry.terraform.io/hashicorp/aws\"]",
      "instances": [
        {
          "index_key": 0,
          "schema_version": 0,
          "attributes": {
            "arn": "arn:aws:sns:us-east-1:794038228127:rapro-prod-pipeline-approval:eedee6d6-c728-4253-b1f6-3a35d963f4d5",
            "confirmation_timeout_in_minutes": 1,
            "confirmation_was_authenticated": false,
            "delivery_policy": "",
            "endpoint": "mannese@wearemimic.com",
            "endpoint_auto_confirms": false,
            "filter_policy": "",
            "filter_policy_scope": "",
            "id": "arn:aws:sns:us-east-1:794038228127:rapro-prod-pipeline-approval:eedee6d6-c728-4253-b1f6-3a35d963f4d5",
            "owner_id": "794038228127",
            "pending_confirmation": true,
            "protocol": "email",
            "raw_message_delivery": false,
            "redrive_policy": "",
            "replay_policy": "",
            "subscription_role_arn": "",
            "topic_arn": "arn:aws:sns:us-east-1:794038228127:rapro-prod-pipeline-approval"
          },
          "sensitive_attributes": [],
          "identity_schema_version": 0,
          "private": "bnVsbA==",
          "dependencies": [
            "aws_sns_topic.pipeline_approval"
          ]
        }
      ]
    },
    {
      "mode": "managed",
      "type": "aws_ssm_parameter",
      "name": "anthropic_api_key",
      "provider": "provider[\"registry.terraform.io/hashicorp/aws\"]",
      "instances": [
        {
          "schema_version": 0,
          "attributes": {
            "allowed_pattern": "",
            "arn": "arn:aws:ssm:us-east-1:794038228127:parameter/rapro-prod/ai/anthropic-api-key",
            "data_type": "text",
            "description": "Anthropic API key for AI features",
            "has_value_wo": null,
            "id": "/rapro-prod/ai/anthropic-api-key",
            "insecure_value": null,
            "key_id": "alias/aws/ssm",
            "name": "/rapro-prod/ai/anthropic-api-key",
            "overwrite": null,
            "tags": {
              "Environment": "prod",
              "ManagedBy": "Terraform",
              "Name": "rapro-prod-anthropic-api-key",
              "Project": "rapro"
            },
            "tags_all": {
              "Environment": "prod",
              "ManagedBy": "Terraform",
              "Name": "rapro-prod-anthropic-api-key",
              "Project": "rapro"
            },
            "tier": "Standard",
            "type": "SecureString",
            "value": "PLACEHOLDER_SET_MANUALLY",
            "value_wo": null,
            "value_wo_version": null,
            "version": 1
          },
          "sensitive_attributes": [
            [
              {
                "type": "get_attr",
                "value": "value"
              }
            ],
            [
              {
                "type": "get_attr",
                "value": "value_wo"
              }
            ]
          ],
          "identity_schema_version": 0,
          "private": "bnVsbA=="
        }
      ]
    },
    {
      "mode": "managed",
      "type": "aws_ssm_parameter",
      "name": "auth0_audience",
      "provider": "provider[\"registry.terraform.io/hashicorp/aws\"]",
      "instances": [
        {
          "schema_version": 0,
          "attributes": {
            "allowed_pattern": "",
            "arn": "arn:aws:ssm:us-east-1:794038228127:parameter/rapro-prod/auth0/audience",
            "data_type": "text",
            "description": "Auth0 audience for API authentication",
            "has_value_wo": null,
            "id": "/rapro-prod/auth0/audience",
            "insecure_value": null,
            "key_id": "",
            "name": "/rapro-prod/auth0/audience",
            "overwrite": null,
            "tags": {
              "Environment": "prod",
              "ManagedBy": "Terraform",
              "Name": "rapro-prod-auth0-audience",
              "Project": "rapro"
            },
            "tags_all": {
              "Environment": "prod",
              "ManagedBy": "Terraform",
              "Name": "rapro-prod-auth0-audience",
              "Project": "rapro"
            },
            "tier": "Standard",
            "type": "String",
            "value": "https://api.retirementadvisorpro.com",
            "value_wo": null,
            "value_wo_version": null,
            "version": 1
          },
          "sensitive_attributes": [
            [
              {
                "type": "get_attr",
                "value": "value"
              }
            ],
            [
              {
                "type": "get_attr",
                "value": "value_wo"
              }
            ]
          ],
          "identity_schema_version": 0,
          "private": "bnVsbA=="
        }
      ]
    },
    {
      "mode": "managed",
      "type": "aws_ssm_parameter",
      "name": "auth0_client_id",
      "provider": "provider[\"registry.terraform.io/hashicorp/aws\"]",
      "instances": [
        {
          "schema_version": 0,
          "attributes": {
            "allowed_pattern": "",
            "arn": "arn:aws:ssm:us-east-1:794038228127:parameter/rapro-prod/auth0/client-id",
            "data_type": "text",
            "description": "Auth0 client ID for authentication",
            "has_value_wo": null,
            "id": "/rapro-prod/auth0/client-id",
            "insecure_value": null,
            "key_id": "",
            "name": "/rapro-prod/auth0/client-id",
            "overwrite": null,
            "tags": {
              "Environment": "prod",
              "ManagedBy": "Terraform",
              "Name": "rapro-prod-auth0-client-id",
              "Project": "rapro"
            },
            "tags_all": {
              "Environment": "prod",
              "ManagedBy": "Terraform",
              "Name": "rapro-prod-auth0-client-id",
              "Project": "rapro"
            },
            "tier": "Standard",
            "type": "String",
            "value": "MS2O3usgLl8btDkPNwO6i0ZzC4LxR0Jw",
            "value_wo": null,
            "value_wo_version": null,
            "version": 1
          },
          "sensitive_attributes": [
            [
              {
                "type": "get_attr",
                "value": "value"
              }
            ],
            [
              {
                "type": "get_attr",
                "value": "value_wo"
              }
            ]
          ],
          "identity_schema_version": 0,
          "private": "bnVsbA=="
        }
      ]
    },
    {
      "mode": "managed",
      "type": "aws_ssm_parameter",
      "name": "auth0_client_secret",
      "provider": "provider[\"registry.terraform.io/hashicorp/aws\"]",
      "instances": [
        {
          "schema_version": 0,
          "attributes": {
            "allowed_pattern": "",
            "arn": "arn:aws:ssm:us-east-1:794038228127:parameter/rapro-prod/auth0/client-secret",
            "data_type": "text",
            "description": "Auth0 client secret for authentication",
            "has_value_wo": null,
            "id": "/rapro-prod/auth0/client-secret",
            "insecure_value": null,
            "key_id": "alias/aws/ssm",
            "name": "/rapro-prod/auth0/client-secret",
            "overwrite": null,
            "tags": {
              "Environment": "prod",
              "ManagedBy": "Terraform",
              "Name": "rapro-prod-auth0-client-secret",
              "Project": "rapro"
            },
            "tags_all": {
              "Environment": "prod",
              "ManagedBy": "Terraform",
              "Name": "rapro-prod-auth0-client-secret",
              "Project": "rapro"
            },
            "tier": "Standard",
            "type": "SecureString",
            "value": "PLACEHOLDER_SET_MANUALLY",
            "value_wo": null,
            "value_wo_version": null,
            "version": 1
          },
          "sensitive_attributes": [
            [
              {
                "type": "get_attr",
                "value": "value"
              }
            ],
            [
              {
                "type": "get_attr",
                "value": "value_wo"
              }
            ]
          ],
          "identity_schema_version": 0,
          "private": "bnVsbA=="
        }
      ]
    },
    {
      "mode": "managed",
      "type": "aws_ssm_parameter",
      "name": "auth0_domain",
      "provider": "provider[\"registry.terraform.io/hashicorp/aws\"]",
      "instances": [
        {
          "schema_version": 0,
          "attributes": {
            "allowed_pattern": "",
            "arn": "arn:aws:ssm:us-east-1:794038228127:parameter/rapro-prod/auth0/domain",
            "data_type": "text",
            "description": "Auth0 domain for authentication",
            "has_value_wo": null,
            "id": "/rapro-prod/auth0/domain",
            "insecure_value": null,
            "key_id": "",
            "name": "/rapro-prod/auth0/domain",
            "overwrite": null,
            "tags": {
              "Environment": "prod",
              "ManagedBy": "Terraform",
              "Name": "rapro-prod-auth0-domain",
              "Project": "rapro"
            },
            "tags_all": {
              "Environment": "prod",
              "ManagedBy": "Terraform",
              "Name": "rapro-prod-auth0-domain",
              "Project": "rapro"
            },
            "tier": "Standard",
            "type": "String",
            "value": "genai-030069804226358743.us.auth0.com",
            "value_wo": null,
            "value_wo_version": null,
            "version": 1
          },
          "sensitive_attributes": [
            [
              {
                "type": "get_attr",
                "value": "value"
              }
            ],
            [
              {
                "type": "get_attr",
                "value": "value_wo"
              }
            ]
          ],
          "identity_schema_version": 0,
          "private": "bnVsbA=="
        }
      ]
    },
    {
      "mode": "managed",
      "type": "aws_ssm_parameter",
      "name": "backend_url",
      "provider": "provider[\"registry.terraform.io/hashicorp/aws\"]",
      "instances": [
        {
          "schema_version": 0,
          "attributes": {
            "allowed_pattern": "",
            "arn": "arn:aws:ssm:us-east-1:794038228127:parameter/rapro-prod/urls/backend",
            "data_type": "text",
            "description": "Backend API URL",
            "has_value_wo": null,
            "id": "/rapro-prod/urls/backend",
            "insecure_value": null,
            "key_id": "",
            "name": "/rapro-prod/urls/backend",
            "overwrite": null,
            "tags": {
              "Environment": "prod",
              "ManagedBy": "Terraform",
              "Name": "rapro-prod-backend-url",
              "Project": "rapro"
            },
            "tags_all": {
              "Environment": "prod",
              "ManagedBy": "Terraform",
              "Name": "rapro-prod-backend-url",
              "Project": "rapro"
            },
            "tier": "Standard",
            "type": "String",
            "value": "https://app.retirementadvisorpro.com/api",
            "value_wo": null,
            "value_wo_version": null,
            "version": 1
          },
          "sensitive_attributes": [
            [
              {
                "type": "get_attr",
                "value": "value"
              }
            ],
            [
              {
                "type": "get_attr",
                "value": "value_wo"
              }
            ]
          ],
          "identity_schema_version": 0,
          "private": "bnVsbA==",
          "dependencies": [
            "aws_lb.main",
            "aws_s3_bucket.static_assets",
            "aws_security_group.alb",
            "aws_subnet.public",
            "aws_vpc.main",
            "data.aws_availability_zones.available"
          ]
        }
      ]
    },
    {
      "mode": "managed",
      "type": "aws_ssm_parameter",
      "name": "database_host",
      "provider": "provider[\"registry.terraform.io/hashicorp/aws\"]",
      "instances": [
        {
          "schema_version": 0,
          "attributes": {
            "allowed_pattern": "",
            "arn": "arn:aws:ssm:us-east-1:794038228127:parameter/rapro-prod/database/host",
            "data_type": "text",
            "description": "RDS PostgreSQL database host",
            "has_value_wo": null,
            "id": "/rapro-prod/database/host",
            "insecure_value": null,
            "key_id": "",
            "name": "/rapro-prod/database/host",
            "overwrite": null,
            "tags": {
              "Environment": "prod",
              "ManagedBy": "Terraform",
              "Name": "rapro-prod-database-host",
              "Project": "rapro"
            },
            "tags_all": {
              "Environment": "prod",
              "ManagedBy": "Terraform",
              "Name": "rapro-prod-database-host",
              "Project": "rapro"
            },
            "tier": "Standard",
            "type": "String",
            "value": "rapro-prod-postgres.cmvso6wyccpe.us-east-1.rds.amazonaws.com:5432",
            "value_wo": null,
            "value_wo_version": null,
            "version": 1
          },
          "sensitive_attributes": [
            [
              {
                "type": "get_attr",
                "value": "value"
              }
            ],
            [
              {
                "type": "get_attr",
                "value": "value_wo"
              }
            ]
          ],
          "identity_schema_version": 0,
          "private": "bnVsbA==",
          "dependencies": [
            "aws_db_instance.main",
            "aws_db_parameter_group.main",
            "aws_db_subnet_group.main",
            "aws_iam_role.rds_monitoring",
            "aws_security_group.alb",
            "aws_security_group.ecs_tasks",
            "aws_security_group.rds",
            "aws_subnet.database",
            "aws_vpc.main",
            "data.aws_availability_zones.available",
            "random_password.db_password"
          ]
        }
      ]
    },
    {
      "mode": "managed",
      "type": "aws_ssm_parameter",
      "name": "database_name",
      "provider": "provider[\"registry.terraform.io/hashicorp/aws\"]",
      "instances": [
        {
          "schema_version": 0,
          "attributes": {
            "allowed_pattern": "",
            "arn": "arn:aws:ssm:us-east-1:794038228127:parameter/rapro-prod/database/name",
            "data_type": "text",
            "description": "RDS PostgreSQL database name",
            "has_value_wo": null,
            "id": "/rapro-prod/database/name",
            "insecure_value": null,
            "key_id": "",
            "name": "/rapro-prod/database/name",
            "overwrite": null,
            "tags": {
              "Environment": "prod",
              "ManagedBy": "Terraform",
              "Name": "rapro-prod-database-name",
              "Project": "rapro"
            },
            "tags_all": {
              "Environment": "prod",
              "ManagedBy": "Terraform",
              "Name": "rapro-prod-database-name",
              "Project": "rapro"
            },
            "tier": "Standard",
            "type": "String",
            "value": "retirementadvisorpro",
            "value_wo": null,
            "value_wo_version": null,
            "version": 1
          },
          "sensitive_attributes": [
            [
              {
                "type": "get_attr",
                "value": "value"
              }
            ],
            [
              {
                "type": "get_attr",
                "value": "value_wo"
              }
            ]
          ],
          "identity_schema_version": 0,
          "private": "bnVsbA==",
          "dependencies": [
            "aws_db_instance.main",
            "aws_db_parameter_group.main",
            "aws_db_subnet_group.main",
            "aws_iam_role.rds_monitoring",
            "aws_security_group.alb",
            "aws_security_group.ecs_tasks",
            "aws_security_group.rds",
            "aws_subnet.database",
            "aws_vpc.main",
            "data.aws_availability_zones.available",
            "random_password.db_password"
          ]
        }
      ]
    },
    {
      "mode": "managed",
      "type": "aws_ssm_parameter",
      "name": "database_port",
      "provider": "provider[\"registry.terraform.io/hashicorp/aws\"]",
      "instances": [
        {
          "schema_version": 0,
          "attributes": {
            "allowed_pattern": "",
            "arn": "arn:aws:ssm:us-east-1:794038228127:parameter/rapro-prod/database/port",
            "data_type": "text",
            "description": "RDS PostgreSQL database port",
            "has_value_wo": null,
            "id": "/rapro-prod/database/port",
            "insecure_value": null,
            "key_id": "",
            "name": "/rapro-prod/database/port",
            "overwrite": null,
            "tags": {
              "Environment": "prod",
              "ManagedBy": "Terraform",
              "Name": "rapro-prod-database-port",
              "Project": "rapro"
            },
            "tags_all": {
              "Environment": "prod",
              "ManagedBy": "Terraform",
              "Name": "rapro-prod-database-port",
              "Project": "rapro"
            },
            "tier": "Standard",
            "type": "String",
            "value": "5432",
            "value_wo": null,
            "value_wo_version": null,
            "version": 1
          },
          "sensitive_attributes": [
            [
              {
                "type": "get_attr",
                "value": "value"
              }
            ],
            [
              {
                "type": "get_attr",
                "value": "value_wo"
              }
            ]
          ],
          "identity_schema_version": 0,
          "private": "bnVsbA==",
          "dependencies": [
            "aws_db_instance.main",
            "aws_db_parameter_group.main",
            "aws_db_subnet_group.main",
            "aws_iam_role.rds_monitoring",
            "aws_security_group.alb",
            "aws_security_group.ecs_tasks",
            "aws_security_group.rds",
            "aws_subnet.database",
            "aws_vpc.main",
            "data.aws_availability_zones.available",
            "random_password.db_password"
          ]
        }
      ]
    },
    {
      "mode": "managed",
      "type": "aws_ssm_parameter",
      "name": "db_password",
      "provider": "provider[\"registry.terraform.io/hashicorp/aws\"]",
      "instances": [
        {
          "schema_version": 0,
          "attributes": {
            "allowed_pattern": "",
            "arn": "arn:aws:ssm:us-east-1:794038228127:parameter/rapro-prod/database/password",
            "data_type": "text",
            "description": "Database password for PostgreSQL",
            "has_value_wo": null,
            "id": "/rapro-prod/database/password",
            "insecure_value": null,
            "key_id": "alias/aws/ssm",
            "name": "/rapro-prod/database/password",
            "overwrite": null,
            "tags": {
              "Environment": "prod",
              "ManagedBy": "Terraform",
              "Name": "rapro-prod-db-password",
              "Project": "rapro"
            },
            "tags_all": {
              "Environment": "prod",
              "ManagedBy": "Terraform",
              "Name": "rapro-prod-db-password",
              "Project": "rapro"
            },
            "tier": "Standard",
            "type": "SecureString",
            "value": "Md22%0#]!#ku5:Rcp3EShK(!(pVUy(_Q",
            "value_wo": null,
            "value_wo_version": null,
            "version": 1
          },
          "sensitive_attributes": [
            [
              {
                "type": "get_attr",
                "value": "value"
              }
            ],
            [
              {
                "type": "get_attr",
                "value": "value_wo"
              }
            ]
          ],
          "identity_schema_version": 0,
          "private": "bnVsbA==",
          "dependencies": [
            "random_password.db_password"
          ]
        }
      ]
    },
    {
      "mode": "managed",
      "type": "aws_ssm_parameter",
      "name": "django_secret_key",
      "provider": "provider[\"registry.terraform.io/hashicorp/aws\"]",
      "instances": [
        {
          "schema_version": 0,
          "attributes": {
            "allowed_pattern": "",
            "arn": "arn:aws:ssm:us-east-1:794038228127:parameter/rapro-prod/django/secret-key",
            "data_type": "text",
            "description": "Django secret key for RetirementAdvisorPro",
            "has_value_wo": null,
            "id": "/rapro-prod/django/secret-key",
            "insecure_value": null,
            "key_id": "alias/aws/ssm",
            "name": "/rapro-prod/django/secret-key",
            "overwrite": null,
            "tags": {
              "Environment": "prod",
              "ManagedBy": "Terraform",
              "Name": "rapro-prod-django-secret-key",
              "Project": "rapro"
            },
            "tags_all": {
              "Environment": "prod",
              "ManagedBy": "Terraform",
              "Name": "rapro-prod-django-secret-key",
              "Project": "rapro"
            },
            "tier": "Standard",
            "type": "SecureString",
            "value": "15\u00260!@er7?9aQ:i3g}1@JI(AyT60CW\u003eS_D\u0026i1bB?()K3bQNb??",
            "value_wo": null,
            "value_wo_version": null,
            "version": 1
          },
          "sensitive_attributes": [
            [
              {
                "type": "get_attr",
                "value": "value"
              }
            ],
            [
              {
                "type": "get_attr",
                "value": "value_wo"
              }
            ]
          ],
          "identity_schema_version": 0,
          "private": "bnVsbA==",
          "dependencies": [
            "random_password.django_secret_key"
          ]
        }
      ]
    },
    {
      "mode": "managed",
      "type": "aws_ssm_parameter",
      "name": "frontend_url",
      "provider": "provider[\"registry.terraform.io/hashicorp/aws\"]",
      "instances": [
        {
          "schema_version": 0,
          "attributes": {
            "allowed_pattern": "",
            "arn": "arn:aws:ssm:us-east-1:794038228127:parameter/rapro-prod/urls/frontend",
            "data_type": "text",
            "description": "Frontend application URL",
            "has_value_wo": null,
            "id": "/rapro-prod/urls/frontend",
            "insecure_value": null,
            "key_id": "",
            "name": "/rapro-prod/urls/frontend",
            "overwrite": null,
            "tags": {
              "Environment": "prod",
              "ManagedBy": "Terraform",
              "Name": "rapro-prod-frontend-url",
              "Project": "rapro"
            },
            "tags_all": {
              "Environment": "prod",
              "ManagedBy": "Terraform",
              "Name": "rapro-prod-frontend-url",
              "Project": "rapro"
            },
            "tier": "Standard",
            "type": "String",
            "value": "https://app.retirementadvisorpro.com",
            "value_wo": null,
            "value_wo_version": null,
            "version": 1
          },
          "sensitive_attributes": [
            [
              {
                "type": "get_attr",
                "value": "value"
              }
            ],
            [
              {
                "type": "get_attr",
                "value": "value_wo"
              }
            ]
          ],
          "identity_schema_version": 0,
          "private": "bnVsbA==",
          "dependencies": [
            "aws_lb.main",
            "aws_s3_bucket.static_assets",
            "aws_security_group.alb",
            "aws_subnet.public",
            "aws_vpc.main",
            "data.aws_availability_zones.available"
          ]
        }
      ]
    },
    {
      "mode": "managed",
      "type": "aws_ssm_parameter",
      "name": "openai_api_key",
      "provider": "provider[\"registry.terraform.io/hashicorp/aws\"]",
      "instances": [
        {
          "schema_version": 0,
          "attributes": {
            "allowed_pattern": "",
            "arn": "arn:aws:ssm:us-east-1:794038228127:parameter/rapro-prod/ai/openai-api-key",
            "data_type": "text",
            "description": "OpenAI API key for AI features",
            "has_value_wo": null,
            "id": "/rapro-prod/ai/openai-api-key",
            "insecure_value": null,
            "key_id": "alias/aws/ssm",
            "name": "/rapro-prod/ai/openai-api-key",
            "overwrite": null,
            "tags": {
              "Environment": "prod",
              "ManagedBy": "Terraform",
              "Name": "rapro-prod-openai-api-key",
              "Project": "rapro"
            },
            "tags_all": {
              "Environment": "prod",
              "ManagedBy": "Terraform",
              "Name": "rapro-prod-openai-api-key",
              "Project": "rapro"
            },
            "tier": "Standard",
            "type": "SecureString",
            "value": "PLACEHOLDER_SET_MANUALLY",
            "value_wo": null,
            "value_wo_version": null,
            "version": 1
          },
          "sensitive_attributes": [
            [
              {
                "type": "get_attr",
                "value": "value"
              }
            ],
            [
              {
                "type": "get_attr",
                "value": "value_wo"
              }
            ]
          ],
          "identity_schema_version": 0,
          "private": "bnVsbA=="
        }
      ]
    },
    {
      "mode": "managed",
      "type": "aws_ssm_parameter",
      "name": "redis_host",
      "provider": "provider[\"registry.terraform.io/hashicorp/aws\"]",
      "instances": [
        {
          "schema_version": 0,
          "attributes": {
            "allowed_pattern": "",
            "arn": "arn:aws:ssm:us-east-1:794038228127:parameter/rapro-prod/redis/host",
            "data_type": "text",
            "description": "ElastiCache Redis host",
            "has_value_wo": null,
            "id": "/rapro-prod/redis/host",
            "insecure_value": null,
            "key_id": "",
            "name": "/rapro-prod/redis/host",
            "overwrite": null,
            "tags": {
              "Environment": "prod",
              "ManagedBy": "Terraform",
              "Name": "rapro-prod-redis-host",
              "Project": "rapro"
            },
            "tags_all": {
              "Environment": "prod",
              "ManagedBy": "Terraform",
              "Name": "rapro-prod-redis-host",
              "Project": "rapro"
            },
            "tier": "Standard",
            "type": "String",
            "value": "rapro-prod-redis.ijkoc1.ng.0001.use1.cache.amazonaws.com",
            "value_wo": null,
            "value_wo_version": null,
            "version": 1
          },
          "sensitive_attributes": [
            [
              {
                "type": "get_attr",
                "value": "value"
              }
            ],
            [
              {
                "type": "get_attr",
                "value": "value_wo"
              }
            ]
          ],
          "identity_schema_version": 0,
          "private": "bnVsbA==",
          "dependencies": [
            "aws_elasticache_parameter_group.main",
            "aws_elasticache_replication_group.main",
            "aws_elasticache_subnet_group.main",
            "aws_security_group.alb",
            "aws_security_group.ecs_tasks",
            "aws_security_group.elasticache",
            "aws_sns_topic.alerts",
            "aws_subnet.private",
            "aws_vpc.main",
            "data.aws_availability_zones.available"
          ]
        }
      ]
    },
    {
      "mode": "managed",
      "type": "aws_ssm_parameter",
      "name": "redis_port",
      "provider": "provider[\"registry.terraform.io/hashicorp/aws\"]",
      "instances": [
        {
          "schema_version": 0,
          "attributes": {
            "allowed_pattern": "",
            "arn": "arn:aws:ssm:us-east-1:794038228127:parameter/rapro-prod/redis/port",
            "data_type": "text",
            "description": "ElastiCache Redis port",
            "has_value_wo": null,
            "id": "/rapro-prod/redis/port",
            "insecure_value": null,
            "key_id": "",
            "name": "/rapro-prod/redis/port",
            "overwrite": null,
            "tags": {
              "Environment": "prod",
              "ManagedBy": "Terraform",
              "Name": "rapro-prod-redis-port",
              "Project": "rapro"
            },
            "tags_all": {
              "Environment": "prod",
              "ManagedBy": "Terraform",
              "Name": "rapro-prod-redis-port",
              "Project": "rapro"
            },
            "tier": "Standard",
            "type": "String",
            "value": "6379",
            "value_wo": null,
            "value_wo_version": null,
            "version": 1
          },
          "sensitive_attributes": [
            [
              {
                "type": "get_attr",
                "value": "value"
              }
            ],
            [
              {
                "type": "get_attr",
                "value": "value_wo"
              }
            ]
          ],
          "identity_schema_version": 0,
          "private": "bnVsbA=="
        }
      ]
    },
    {
      "mode": "managed",
      "type": "aws_ssm_parameter",
      "name": "s3_media_bucket",
      "provider": "provider[\"registry.terraform.io/hashicorp/aws\"]",
      "instances": [
        {
          "schema_version": 0,
          "attributes": {
            "allowed_pattern": "",
            "arn": "arn:aws:ssm:us-east-1:794038228127:parameter/rapro-prod/s3/media-bucket",
            "data_type": "text",
            "description": "S3 bucket for media files",
            "has_value_wo": null,
            "id": "/rapro-prod/s3/media-bucket",
            "insecure_value": null,
            "key_id": "",
            "name": "/rapro-prod/s3/media-bucket",
            "overwrite": null,
            "tags": {
              "Environment": "prod",
              "ManagedBy": "Terraform",
              "Name": "rapro-prod-s3-media-bucket",
              "Project": "rapro"
            },
            "tags_all": {
              "Environment": "prod",
              "ManagedBy": "Terraform",
              "Name": "rapro-prod-s3-media-bucket",
              "Project": "rapro"
            },
            "tier": "Standard",
            "type": "String",
            "value": "rapro-prod-media-files",
            "value_wo": null,
            "value_wo_version": null,
            "version": 1
          },
          "sensitive_attributes": [
            [
              {
                "type": "get_attr",
                "value": "value"
              }
            ],
            [
              {
                "type": "get_attr",
                "value": "value_wo"
              }
            ]
          ],
          "identity_schema_version": 0,
          "private": "bnVsbA==",
          "dependencies": [
            "aws_s3_bucket.media_files"
          ]
        }
      ]
    },
    {
      "mode": "managed",
      "type": "aws_ssm_parameter",
      "name": "s3_static_bucket",
      "provider": "provider[\"registry.terraform.io/hashicorp/aws\"]",
      "instances": [
        {
          "schema_version": 0,
          "attributes": {
            "allowed_pattern": "",
            "arn": "arn:aws:ssm:us-east-1:794038228127:parameter/rapro-prod/s3/static-bucket",
            "data_type": "text",
            "description": "S3 bucket for static assets",
            "has_value_wo": null,
            "id": "/rapro-prod/s3/static-bucket",
            "insecure_value": null,
            "key_id": "",
            "name": "/rapro-prod/s3/static-bucket",
            "overwrite": null,
            "tags": {
              "Environment": "prod",
              "ManagedBy": "Terraform",
              "Name": "rapro-prod-s3-static-bucket",
              "Project": "rapro"
            },
            "tags_all": {
              "Environment": "prod",
              "ManagedBy": "Terraform",
              "Name": "rapro-prod-s3-static-bucket",
              "Project": "rapro"
            },
            "tier": "Standard",
            "type": "String",
            "value": "rapro-prod-static-assets",
            "value_wo": null,
            "value_wo_version": null,
            "version": 1
          },
          "sensitive_attributes": [
            [
              {
                "type": "get_attr",
                "value": "value"
              }
            ],
            [
              {
                "type": "get_attr",
                "value": "value_wo"
              }
            ]
          ],
          "identity_schema_version": 0,
          "private": "bnVsbA==",
          "dependencies": [
            "aws_s3_bucket.static_assets"
          ]
        }
      ]
    },
    {
      "mode": "managed",
      "type": "aws_ssm_parameter",
      "name": "stripe_annual_price_id",
      "provider": "provider[\"registry.terraform.io/hashicorp/aws\"]",
      "instances": [
        {
          "schema_version": 0,
          "attributes": {
            "allowed_pattern": "",
            "arn": "arn:aws:ssm:us-east-1:794038228127:parameter/rapro-prod/stripe/annual-price-id",
            "data_type": "text",
            "description": "Stripe annual subscription price ID",
            "has_value_wo": null,
            "id": "/rapro-prod/stripe/annual-price-id",
            "insecure_value": null,
            "key_id": "",
            "name": "/rapro-prod/stripe/annual-price-id",
            "overwrite": null,
            "tags": {
              "Environment": "prod",
              "ManagedBy": "Terraform",
              "Name": "rapro-prod-stripe-annual-price-id",
              "Project": "rapro"
            },
            "tags_all": {
              "Environment": "prod",
              "ManagedBy": "Terraform",
              "Name": "rapro-prod-stripe-annual-price-id",
              "Project": "rapro"
            },
            "tier": "Standard",
            "type": "String",
            "value": "PLACEHOLDER_SET_MANUALLY",
            "value_wo": null,
            "value_wo_version": null,
            "version": 1
          },
          "sensitive_attributes": [
            [
              {
                "type": "get_attr",
                "value": "value"
              }
            ],
            [
              {
                "type": "get_attr",
                "value": "value_wo"
              }
            ]
          ],
          "identity_schema_version": 0,
          "private": "bnVsbA=="
        }
      ]
    },
    {
      "mode": "managed",
      "type": "aws_ssm_parameter",
      "name": "stripe_monthly_price_id",
      "provider": "provider[\"registry.terraform.io/hashicorp/aws\"]",
      "instances": [
        {
          "schema_version": 0,
          "attributes": {
            "allowed_pattern": "",
            "arn": "arn:aws:ssm:us-east-1:794038228127:parameter/rapro-prod/stripe/monthly-price-id",
            "data_type": "text",
            "description": "Stripe monthly subscription price ID",
            "has_value_wo": null,
            "id": "/rapro-prod/stripe/monthly-price-id",
            "insecure_value": null,
            "key_id": "",
            "name": "/rapro-prod/stripe/monthly-price-id",
            "overwrite": null,
            "tags": {
              "Environment": "prod",
              "ManagedBy": "Terraform",
              "Name": "rapro-prod-stripe-monthly-price-id",
              "Project": "rapro"
            },
            "tags_all": {
              "Environment": "prod",
              "ManagedBy": "Terraform",
              "Name": "rapro-prod-stripe-monthly-price-id",
              "Project": "rapro"
            },
            "tier": "Standard",
            "type": "String",
            "value": "PLACEHOLDER_SET_MANUALLY",
            "value_wo": null,
            "value_wo_version": null,
            "version": 1
          },
          "sensitive_attributes": [
            [
              {
                "type": "get_attr",
                "value": "value"
              }
            ],
            [
              {
                "type": "get_attr",
                "value": "value_wo"
              }
            ]
          ],
          "identity_schema_version": 0,
          "private": "bnVsbA=="
        }
      ]
    },
    {
      "mode": "managed",
      "type": "aws_ssm_parameter",
      "name": "stripe_secret_key",
      "provider": "provider[\"registry.terraform.io/hashicorp/aws\"]",
      "instances": [
        {
          "schema_version": 0,
          "attributes": {
            "allowed_pattern": "",
            "arn": "arn:aws:ssm:us-east-1:794038228127:parameter/rapro-prod/stripe/secret-key",
            "data_type": "text",
            "description": "Stripe secret key for payment processing",
            "has_value_wo": null,
            "id": "/rapro-prod/stripe/secret-key",
            "insecure_value": null,
            "key_id": "alias/aws/ssm",
            "name": "/rapro-prod/stripe/secret-key",
            "overwrite": null,
            "tags": {
              "Environment": "prod",
              "ManagedBy": "Terraform",
              "Name": "rapro-prod-stripe-secret-key",
              "Project": "rapro"
            },
            "tags_all": {
              "Environment": "prod",
              "ManagedBy": "Terraform",
              "Name": "rapro-prod-stripe-secret-key",
              "Project": "rapro"
            },
            "tier": "Standard",
            "type": "SecureString",
            "value": "PLACEHOLDER_SET_MANUALLY",
            "value_wo": null,
            "value_wo_version": null,
            "version": 1
          },
          "sensitive_attributes": [
            [
              {
                "type": "get_attr",
                "value": "value"
              }
            ],
            [
              {
                "type": "get_attr",
                "value": "value_wo"
              }
            ]
          ],
          "identity_schema_version": 0,
          "private": "bnVsbA=="
        }
      ]
    },
    {
      "mode": "managed",
      "type": "aws_ssm_parameter",
      "name": "stripe_webhook_secret",
      "provider": "provider[\"registry.terraform.io/hashicorp/aws\"]",
      "instances": [
        {
          "schema_version": 0,
          "attributes": {
            "allowed_pattern": "",
            "arn": "arn:aws:ssm:us-east-1:794038228127:parameter/rapro-prod/stripe/webhook-secret",
            "data_type": "text",
            "description": "Stripe webhook secret for event validation",
            "has_value_wo": null,
            "id": "/rapro-prod/stripe/webhook-secret",
            "insecure_value": null,
            "key_id": "alias/aws/ssm",
            "name": "/rapro-prod/stripe/webhook-secret",
            "overwrite": null,
            "tags": {
              "Environment": "prod",
              "ManagedBy": "Terraform",
              "Name": "rapro-prod-stripe-webhook-secret",
              "Project": "rapro"
            },
            "tags_all": {
              "Environment": "prod",
              "ManagedBy": "Terraform",
              "Name": "rapro-prod-stripe-webhook-secret",
              "Project": "rapro"
            },
            "tier": "Standard",
            "type": "SecureString",
            "value": "PLACEHOLDER_SET_MANUALLY",
            "value_wo": null,
            "value_wo_version": null,
            "version": 1
          },
          "sensitive_attributes": [
            [
              {
                "type": "get_attr",
                "value": "value"
              }
            ],
            [
              {
                "type": "get_attr",
                "value": "value_wo"
              }
            ]
          ],
          "identity_schema_version": 0,
          "private": "bnVsbA=="
        }
      ]
    },
    {
      "mode": "managed",
      "type": "aws_subnet",
      "name": "database",
      "provider": "provider[\"registry.terraform.io/hashicorp/aws\"]",
      "instances": [
        {
          "index_key": 0,
          "schema_version": 1,
          "attributes": {
            "arn": "arn:aws:ec2:us-east-1:794038228127:subnet/subnet-0e611cf1ba5d69e09",
            "assign_ipv6_address_on_creation": false,
            "availability_zone": "us-east-1a",
            "availability_zone_id": "use1-az4",
            "cidr_block": "10.0.30.0/24",
            "customer_owned_ipv4_pool": "",
            "enable_dns64": false,
            "enable_lni_at_device_index": 0,
            "enable_resource_name_dns_a_record_on_launch": false,
            "enable_resource_name_dns_aaaa_record_on_launch": false,
            "id": "subnet-0e611cf1ba5d69e09",
            "ipv6_cidr_block": "",
            "ipv6_cidr_block_association_id": "",
            "ipv6_native": false,
            "map_customer_owned_ip_on_launch": false,
            "map_public_ip_on_launch": false,
            "outpost_arn": "",
            "owner_id": "794038228127",
            "private_dns_hostname_type_on_launch": "ip-name",
            "tags": {
              "Environment": "prod",
              "ManagedBy": "Terraform",
              "Name": "rapro-prod-database-subnet-1",
              "Project": "rapro",
              "Type": "Database"
            },
            "tags_all": {
              "Environment": "prod",
              "ManagedBy": "Terraform",
              "Name": "rapro-prod-database-subnet-1",
              "Project": "rapro",
              "Type": "Database"
            },
            "timeouts": null,
            "vpc_id": "vpc-09aa8258d53221483"
          },
          "sensitive_attributes": [],
          "identity_schema_version": 0,
          "private": "eyJlMmJmYjczMC1lY2FhLTExZTYtOGY4OC0zNDM2M2JjN2M0YzAiOnsiY3JlYXRlIjo2MDAwMDAwMDAwMDAsImRlbGV0ZSI6MTIwMDAwMDAwMDAwMH0sInNjaGVtYV92ZXJzaW9uIjoiMSJ9",
          "dependencies": [
            "aws_vpc.main",
            "data.aws_availability_zones.available"
          ]
        },
        {
          "index_key": 1,
          "schema_version": 1,
          "attributes": {
            "arn": "arn:aws:ec2:us-east-1:794038228127:subnet/subnet-00b47391dc20a3c1b",
            "assign_ipv6_address_on_creation": false,
            "availability_zone": "us-east-1b",
            "availability_zone_id": "use1-az6",
            "cidr_block": "10.0.31.0/24",
            "customer_owned_ipv4_pool": "",
            "enable_dns64": false,
            "enable_lni_at_device_index": 0,
            "enable_resource_name_dns_a_record_on_launch": false,
            "enable_resource_name_dns_aaaa_record_on_launch": false,
            "id": "subnet-00b47391dc20a3c1b",
            "ipv6_cidr_block": "",
            "ipv6_cidr_block_association_id": "",
            "ipv6_native": false,
            "map_customer_owned_ip_on_launch": false,
            "map_public_ip_on_launch": false,
            "outpost_arn": "",
            "owner_id": "794038228127",
            "private_dns_hostname_type_on_launch": "ip-name",
            "tags": {
              "Environment": "prod",
              "ManagedBy": "Terraform",
              "Name": "rapro-prod-database-subnet-2",
              "Project": "rapro",
              "Type": "Database"
            },
            "tags_all": {
              "Environment": "prod",
              "ManagedBy": "Terraform",
              "Name": "rapro-prod-database-subnet-2",
              "Project": "rapro",
              "Type": "Database"
            },
            "timeouts": null,
            "vpc_id": "vpc-09aa8258d53221483"
          },
          "sensitive_attributes": [],
          "identity_schema_version": 0,
          "private": "eyJlMmJmYjczMC1lY2FhLTExZTYtOGY4OC0zNDM2M2JjN2M0YzAiOnsiY3JlYXRlIjo2MDAwMDAwMDAwMDAsImRlbGV0ZSI6MTIwMDAwMDAwMDAwMH0sInNjaGVtYV92ZXJzaW9uIjoiMSJ9",
          "dependencies": [
            "aws_vpc.main",
            "data.aws_availability_zones.available"
          ]
        }
      ]
    },
    {
      "mode": "managed",
      "type": "aws_subnet",
      "name": "private",
      "provider": "provider[\"registry.terraform.io/hashicorp/aws\"]",
      "instances": [
        {
          "index_key": 0,
          "schema_version": 1,
          "attributes": {
            "arn": "arn:aws:ec2:us-east-1:794038228127:subnet/subnet-04350b1e31f9f0439",
            "assign_ipv6_address_on_creation": false,
            "availability_zone": "us-east-1a",
            "availability_zone_id": "use1-az4",
            "cidr_block": "10.0.20.0/24",
            "customer_owned_ipv4_pool": "",
            "enable_dns64": false,
            "enable_lni_at_device_index": 0,
            "enable_resource_name_dns_a_record_on_launch": false,
            "enable_resource_name_dns_aaaa_record_on_launch": false,
            "id": "subnet-04350b1e31f9f0439",
            "ipv6_cidr_block": "",
            "ipv6_cidr_block_association_id": "",
            "ipv6_native": false,
            "map_customer_owned_ip_on_launch": false,
            "map_public_ip_on_launch": false,
            "outpost_arn": "",
            "owner_id": "794038228127",
            "private_dns_hostname_type_on_launch": "ip-name",
            "tags": {
              "Environment": "prod",
              "ManagedBy": "Terraform",
              "Name": "rapro-prod-private-subnet-1",
              "Project": "rapro",
              "Type": "Private"
            },
            "tags_all": {
              "Environment": "prod",
              "ManagedBy": "Terraform",
              "Name": "rapro-prod-private-subnet-1",
              "Project": "rapro",
              "Type": "Private"
            },
            "timeouts": null,
            "vpc_id": "vpc-09aa8258d53221483"
          },
          "sensitive_attributes": [],
          "identity_schema_version": 0,
          "private": "eyJlMmJmYjczMC1lY2FhLTExZTYtOGY4OC0zNDM2M2JjN2M0YzAiOnsiY3JlYXRlIjo2MDAwMDAwMDAwMDAsImRlbGV0ZSI6MTIwMDAwMDAwMDAwMH0sInNjaGVtYV92ZXJzaW9uIjoiMSJ9",
          "dependencies": [
            "aws_vpc.main",
            "data.aws_availability_zones.available"
          ]
        },
        {
          "index_key": 1,
          "schema_version": 1,
          "attributes": {
            "arn": "arn:aws:ec2:us-east-1:794038228127:subnet/subnet-0491a088b456eee93",
            "assign_ipv6_address_on_creation": false,
            "availability_zone": "us-east-1b",
            "availability_zone_id": "use1-az6",
            "cidr_block": "10.0.21.0/24",
            "customer_owned_ipv4_pool": "",
            "enable_dns64": false,
            "enable_lni_at_device_index": 0,
            "enable_resource_name_dns_a_record_on_launch": false,
            "enable_resource_name_dns_aaaa_record_on_launch": false,
            "id": "subnet-0491a088b456eee93",
            "ipv6_cidr_block": "",
            "ipv6_cidr_block_association_id": "",
            "ipv6_native": false,
            "map_customer_owned_ip_on_launch": false,
            "map_public_ip_on_launch": false,
            "outpost_arn": "",
            "owner_id": "794038228127",
            "private_dns_hostname_type_on_launch": "ip-name",
            "tags": {
              "Environment": "prod",
              "ManagedBy": "Terraform",
              "Name": "rapro-prod-private-subnet-2",
              "Project": "rapro",
              "Type": "Private"
            },
            "tags_all": {
              "Environment": "prod",
              "ManagedBy": "Terraform",
              "Name": "rapro-prod-private-subnet-2",
              "Project": "rapro",
              "Type": "Private"
            },
            "timeouts": null,
            "vpc_id": "vpc-09aa8258d53221483"
          },
          "sensitive_attributes": [],
          "identity_schema_version": 0,
          "private": "eyJlMmJmYjczMC1lY2FhLTExZTYtOGY4OC0zNDM2M2JjN2M0YzAiOnsiY3JlYXRlIjo2MDAwMDAwMDAwMDAsImRlbGV0ZSI6MTIwMDAwMDAwMDAwMH0sInNjaGVtYV92ZXJzaW9uIjoiMSJ9",
          "dependencies": [
            "aws_vpc.main",
            "data.aws_availability_zones.available"
          ]
        }
      ]
    },
    {
      "mode": "managed",
      "type": "aws_subnet",
      "name": "public",
      "provider": "provider[\"registry.terraform.io/hashicorp/aws\"]",
      "instances": [
        {
          "index_key": 0,
          "schema_version": 1,
          "attributes": {
            "arn": "arn:aws:ec2:us-east-1:794038228127:subnet/subnet-0dece0809bacad08f",
            "assign_ipv6_address_on_creation": false,
            "availability_zone": "us-east-1a",
            "availability_zone_id": "use1-az4",
            "cidr_block": "10.0.10.0/24",
            "customer_owned_ipv4_pool": "",
            "enable_dns64": false,
            "enable_lni_at_device_index": 0,
            "enable_resource_name_dns_a_record_on_launch": false,
            "enable_resource_name_dns_aaaa_record_on_launch": false,
            "id": "subnet-0dece0809bacad08f",
            "ipv6_cidr_block": "",
            "ipv6_cidr_block_association_id": "",
            "ipv6_native": false,
            "map_customer_owned_ip_on_launch": false,
            "map_public_ip_on_launch": true,
            "outpost_arn": "",
            "owner_id": "794038228127",
            "private_dns_hostname_type_on_launch": "ip-name",
            "tags": {
              "Environment": "prod",
              "ManagedBy": "Terraform",
              "Name": "rapro-prod-public-subnet-1",
              "Project": "rapro",
              "Type": "Public"
            },
            "tags_all": {
              "Environment": "prod",
              "ManagedBy": "Terraform",
              "Name": "rapro-prod-public-subnet-1",
              "Project": "rapro",
              "Type": "Public"
            },
            "timeouts": null,
            "vpc_id": "vpc-09aa8258d53221483"
          },
          "sensitive_attributes": [],
          "identity_schema_version": 0,
          "private": "eyJlMmJmYjczMC1lY2FhLTExZTYtOGY4OC0zNDM2M2JjN2M0YzAiOnsiY3JlYXRlIjo2MDAwMDAwMDAwMDAsImRlbGV0ZSI6MTIwMDAwMDAwMDAwMH0sInNjaGVtYV92ZXJzaW9uIjoiMSJ9",
          "dependencies": [
            "aws_vpc.main",
            "data.aws_availability_zones.available"
          ]
        },
        {
          "index_key": 1,
          "schema_version": 1,
          "attributes": {
            "arn": "arn:aws:ec2:us-east-1:794038228127:subnet/subnet-088cff0339d0ad563",
            "assign_ipv6_address_on_creation": false,
            "availability_zone": "us-east-1b",
            "availability_zone_id": "use1-az6",
            "cidr_block": "10.0.11.0/24",
            "customer_owned_ipv4_pool": "",
            "enable_dns64": false,
            "enable_lni_at_device_index": 0,
            "enable_resource_name_dns_a_record_on_launch": false,
            "enable_resource_name_dns_aaaa_record_on_launch": false,
            "id": "subnet-088cff0339d0ad563",
            "ipv6_cidr_block": "",
            "ipv6_cidr_block_association_id": "",
            "ipv6_native": false,
            "map_customer_owned_ip_on_launch": false,
            "map_public_ip_on_launch": true,
            "outpost_arn": "",
            "owner_id": "794038228127",
            "private_dns_hostname_type_on_launch": "ip-name",
            "tags": {
              "Environment": "prod",
              "ManagedBy": "Terraform",
              "Name": "rapro-prod-public-subnet-2",
              "Project": "rapro",
              "Type": "Public"
            },
            "tags_all": {
              "Environment": "prod",
              "ManagedBy": "Terraform",
              "Name": "rapro-prod-public-subnet-2",
              "Project": "rapro",
              "Type": "Public"
            },
            "timeouts": null,
            "vpc_id": "vpc-09aa8258d53221483"
          },
          "sensitive_attributes": [],
          "identity_schema_version": 0,
          "private": "eyJlMmJmYjczMC1lY2FhLTExZTYtOGY4OC0zNDM2M2JjN2M0YzAiOnsiY3JlYXRlIjo2MDAwMDAwMDAwMDAsImRlbGV0ZSI6MTIwMDAwMDAwMDAwMH0sInNjaGVtYV92ZXJzaW9uIjoiMSJ9",
          "dependencies": [
            "aws_vpc.main",
            "data.aws_availability_zones.available"
          ]
        }
      ]
    },
    {
      "mode": "managed",
      "type": "aws_vpc",
      "name": "main",
      "provider": "provider[\"registry.terraform.io/hashicorp/aws\"]",
      "instances": [
        {
          "schema_version": 1,
          "attributes": {
            "arn": "arn:aws:ec2:us-east-1:794038228127:vpc/vpc-09aa8258d53221483",
            "assign_generated_ipv6_cidr_block": false,
            "cidr_block": "10.0.0.0/16",
            "default_network_acl_id": "acl-0f00354f51a9abae3",
            "default_route_table_id": "rtb-0f10a61431e885b90",
            "default_security_group_id": "sg-06a4e672a29dfcf21",
            "dhcp_options_id": "dopt-07f8fcdc9d5f35077",
            "enable_dns_hostnames": true,
            "enable_dns_support": true,
            "enable_network_address_usage_metrics": false,
            "id": "vpc-09aa8258d53221483",
            "instance_tenancy": "default",
            "ipv4_ipam_pool_id": null,
            "ipv4_netmask_length": null,
            "ipv6_association_id": "",
            "ipv6_cidr_block": "",
            "ipv6_cidr_block_network_border_group": "",
            "ipv6_ipam_pool_id": "",
            "ipv6_netmask_length": 0,
            "main_route_table_id": "rtb-0f10a61431e885b90",
            "owner_id": "794038228127",
            "tags": {
              "Environment": "prod",
              "ManagedBy": "Terraform",
              "Name": "rapro-prod-vpc",
              "Project": "rapro"
            },
            "tags_all": {
              "Environment": "prod",
              "ManagedBy": "Terraform",
              "Name": "rapro-prod-vpc",
              "Project": "rapro"
            }
          },
          "sensitive_attributes": [],
          "identity_schema_version": 0,
          "private": "eyJzY2hlbWFfdmVyc2lvbiI6IjEifQ==",
          "create_before_destroy": true
        }
      ]
    },
    {
      "mode": "managed",
      "type": "aws_vpc_endpoint",
      "name": "ecr_api",
      "provider": "provider[\"registry.terraform.io/hashicorp/aws\"]",
      "instances": [
        {
          "schema_version": 0,
          "attributes": {
            "arn": "arn:aws:ec2:us-east-1:794038228127:vpc-endpoint/vpce-0f461bf344629f679",
            "auto_accept": null,
            "cidr_blocks": [],
            "dns_entry": [
              {
                "dns_name": "vpce-0f461bf344629f679-oke6o9bq.api.ecr.us-east-1.vpce.amazonaws.com",
                "hosted_zone_id": "Z7HUB22UULQXV"
              },
              {
                "dns_name": "vpce-0f461bf344629f679-oke6o9bq-us-east-1a.api.ecr.us-east-1.vpce.amazonaws.com",
                "hosted_zone_id": "Z7HUB22UULQXV"
              },
              {
                "dns_name": "vpce-0f461bf344629f679-oke6o9bq-us-east-1b.api.ecr.us-east-1.vpce.amazonaws.com",
                "hosted_zone_id": "Z7HUB22UULQXV"
              }
            ],
            "dns_options": [
              {
                "dns_record_ip_type": "ipv4",
                "private_dns_only_for_inbound_resolver_endpoint": false
              }
            ],
            "id": "vpce-0f461bf344629f679",
            "ip_address_type": "ipv4",
            "network_interface_ids": [
              "eni-04756e8884d3f6380",
              "eni-0746384745d50e1a6"
            ],
            "owner_id": "794038228127",
            "policy": "{\"Statement\":[{\"Action\":[\"ecr:GetDownloadUrlForLayer\",\"ecr:GetAuthorizationToken\",\"ecr:BatchGetImage\",\"ecr:BatchCheckLayerAvailability\"],\"Effect\":\"Allow\",\"Principal\":\"*\",\"Resource\":\"*\"}],\"Version\":\"2012-10-17\"}",
            "prefix_list_id": null,
            "private_dns_enabled": false,
            "requester_managed": false,
            "resource_configuration_arn": "",
            "route_table_ids": [],
            "security_group_ids": [
              "sg-0b326368f609fed8c"
            ],
            "service_name": "com.amazonaws.us-east-1.ecr.api",
            "service_network_arn": "",
            "service_region": "us-east-1",
            "state": "available",
            "subnet_configuration": [
              {
                "ipv4": "10.0.20.163",
                "ipv6": "",
                "subnet_id": "subnet-04350b1e31f9f0439"
              },
              {
                "ipv4": "10.0.21.6",
                "ipv6": "",
                "subnet_id": "subnet-0491a088b456eee93"
              }
            ],
            "subnet_ids": [
              "subnet-04350b1e31f9f0439",
              "subnet-0491a088b456eee93"
            ],
            "tags": {
              "Environment": "prod",
              "ManagedBy": "Terraform",
              "Name": "rapro-prod-ecr-api-endpoint",
              "Project": "rapro"
            },
            "tags_all": {
              "Environment": "prod",
              "ManagedBy": "Terraform",
              "Name": "rapro-prod-ecr-api-endpoint",
              "Project": "rapro"
            },
            "timeouts": null,
            "vpc_endpoint_type": "Interface",
            "vpc_id": "vpc-09aa8258d53221483"
          },
          "sensitive_attributes": [],
          "identity_schema_version": 0,
          "private": "eyJlMmJmYjczMC1lY2FhLTExZTYtOGY4OC0zNDM2M2JjN2M0YzAiOnsiY3JlYXRlIjo2MDAwMDAwMDAwMDAsImRlbGV0ZSI6NjAwMDAwMDAwMDAwLCJ1cGRhdGUiOjYwMDAwMDAwMDAwMH19",
          "dependencies": [
            "aws_security_group.vpc_endpoint",
            "aws_subnet.private",
            "aws_vpc.main",
            "data.aws_availability_zones.available",
            "data.aws_iam_policy_document.ecr_endpoint_policy"
          ]
        }
      ]
    },
    {
      "mode": "managed",
      "type": "aws_vpc_endpoint",
      "name": "ecr_dkr",
      "provider": "provider[\"registry.terraform.io/hashicorp/aws\"]",
      "instances": [
        {
          "schema_version": 0,
          "attributes": {
            "arn": "arn:aws:ec2:us-east-1:794038228127:vpc-endpoint/vpce-00599a4e9b09e98ef",
            "auto_accept": null,
            "cidr_blocks": [],
            "dns_entry": [
              {
                "dns_name": "vpce-00599a4e9b09e98ef-dij0yymq.dkr.ecr.us-east-1.vpce.amazonaws.com",
                "hosted_zone_id": "Z7HUB22UULQXV"
              },
              {
                "dns_name": "vpce-00599a4e9b09e98ef-dij0yymq-us-east-1a.dkr.ecr.us-east-1.vpce.amazonaws.com",
                "hosted_zone_id": "Z7HUB22UULQXV"
              },
              {
                "dns_name": "vpce-00599a4e9b09e98ef-dij0yymq-us-east-1b.dkr.ecr.us-east-1.vpce.amazonaws.com",
                "hosted_zone_id": "Z7HUB22UULQXV"
              }
            ],
            "dns_options": [
              {
                "dns_record_ip_type": "ipv4",
                "private_dns_only_for_inbound_resolver_endpoint": false
              }
            ],
            "id": "vpce-00599a4e9b09e98ef",
            "ip_address_type": "ipv4",
            "network_interface_ids": [
              "eni-0505d1882f45974ea",
              "eni-0b36d9d20336704a8"
            ],
            "owner_id": "794038228127",
            "policy": "{\"Statement\":[{\"Action\":[\"ecr:GetDownloadUrlForLayer\",\"ecr:GetAuthorizationToken\",\"ecr:BatchGetImage\",\"ecr:BatchCheckLayerAvailability\"],\"Effect\":\"Allow\",\"Principal\":\"*\",\"Resource\":\"*\"}],\"Version\":\"2012-10-17\"}",
            "prefix_list_id": null,
            "private_dns_enabled": false,
            "requester_managed": false,
            "resource_configuration_arn": "",
            "route_table_ids": [],
            "security_group_ids": [
              "sg-0b326368f609fed8c"
            ],
            "service_name": "com.amazonaws.us-east-1.ecr.dkr",
            "service_network_arn": "",
            "service_region": "us-east-1",
            "state": "available",
            "subnet_configuration": [
              {
                "ipv4": "10.0.20.223",
                "ipv6": "",
                "subnet_id": "subnet-04350b1e31f9f0439"
              },
              {
                "ipv4": "10.0.21.173",
                "ipv6": "",
                "subnet_id": "subnet-0491a088b456eee93"
              }
            ],
            "subnet_ids": [
              "subnet-04350b1e31f9f0439",
              "subnet-0491a088b456eee93"
            ],
            "tags": {
              "Environment": "prod",
              "ManagedBy": "Terraform",
              "Name": "rapro-prod-ecr-dkr-endpoint",
              "Project": "rapro"
            },
            "tags_all": {
              "Environment": "prod",
              "ManagedBy": "Terraform",
              "Name": "rapro-prod-ecr-dkr-endpoint",
              "Project": "rapro"
            },
            "timeouts": null,
            "vpc_endpoint_type": "Interface",
            "vpc_id": "vpc-09aa8258d53221483"
          },
          "sensitive_attributes": [],
          "identity_schema_version": 0,
          "private": "eyJlMmJmYjczMC1lY2FhLTExZTYtOGY4OC0zNDM2M2JjN2M0YzAiOnsiY3JlYXRlIjo2MDAwMDAwMDAwMDAsImRlbGV0ZSI6NjAwMDAwMDAwMDAwLCJ1cGRhdGUiOjYwMDAwMDAwMDAwMH19",
          "dependencies": [
            "aws_security_group.vpc_endpoint",
            "aws_subnet.private",
            "aws_vpc.main",
            "data.aws_availability_zones.available",
            "data.aws_iam_policy_document.ecr_endpoint_policy"
          ]
        }
      ]
    },
    {
      "mode": "managed",
      "type": "aws_vpc_endpoint",
      "name": "logs",
      "provider": "provider[\"registry.terraform.io/hashicorp/aws\"]",
      "instances": [
        {
          "schema_version": 0,
          "attributes": {
            "arn": "arn:aws:ec2:us-east-1:794038228127:vpc-endpoint/vpce-040cf67538f9e17fa",
            "auto_accept": null,
            "cidr_blocks": [],
            "dns_entry": [
              {
                "dns_name": "vpce-040cf67538f9e17fa-8nng37rf.logs.us-east-1.vpce.amazonaws.com",
                "hosted_zone_id": "Z7HUB22UULQXV"
              },
              {
                "dns_name": "vpce-040cf67538f9e17fa-8nng37rf-us-east-1a.logs.us-east-1.vpce.amazonaws.com",
                "hosted_zone_id": "Z7HUB22UULQXV"
              },
              {
                "dns_name": "vpce-040cf67538f9e17fa-8nng37rf-us-east-1b.logs.us-east-1.vpce.amazonaws.com",
                "hosted_zone_id": "Z7HUB22UULQXV"
              }
            ],
            "dns_options": [
              {
                "dns_record_ip_type": "ipv4",
                "private_dns_only_for_inbound_resolver_endpoint": false
              }
            ],
            "id": "vpce-040cf67538f9e17fa",
            "ip_address_type": "ipv4",
            "network_interface_ids": [
              "eni-034890f2227df990a",
              "eni-0fa8be03227c9ece5"
            ],
            "owner_id": "794038228127",
            "policy": "{\"Statement\":[{\"Action\":\"*\",\"Effect\":\"Allow\",\"Principal\":\"*\",\"Resource\":\"*\"}]}",
            "prefix_list_id": null,
            "private_dns_enabled": false,
            "requester_managed": false,
            "resource_configuration_arn": "",
            "route_table_ids": [],
            "security_group_ids": [
              "sg-0b326368f609fed8c"
            ],
            "service_name": "com.amazonaws.us-east-1.logs",
            "service_network_arn": "",
            "service_region": "us-east-1",
            "state": "available",
            "subnet_configuration": [
              {
                "ipv4": "10.0.20.159",
                "ipv6": "",
                "subnet_id": "subnet-04350b1e31f9f0439"
              },
              {
                "ipv4": "10.0.21.166",
                "ipv6": "",
                "subnet_id": "subnet-0491a088b456eee93"
              }
            ],
            "subnet_ids": [
              "subnet-04350b1e31f9f0439",
              "subnet-0491a088b456eee93"
            ],
            "tags": {
              "Environment": "prod",
              "ManagedBy": "Terraform",
              "Name": "rapro-prod-logs-endpoint",
              "Project": "rapro"
            },
            "tags_all": {
              "Environment": "prod",
              "ManagedBy": "Terraform",
              "Name": "rapro-prod-logs-endpoint",
              "Project": "rapro"
            },
            "timeouts": null,
            "vpc_endpoint_type": "Interface",
            "vpc_id": "vpc-09aa8258d53221483"
          },
          "sensitive_attributes": [],
          "identity_schema_version": 0,
          "private": "eyJlMmJmYjczMC1lY2FhLTExZTYtOGY4OC0zNDM2M2JjN2M0YzAiOnsiY3JlYXRlIjo2MDAwMDAwMDAwMDAsImRlbGV0ZSI6NjAwMDAwMDAwMDAwLCJ1cGRhdGUiOjYwMDAwMDAwMDAwMH19",
          "dependencies": [
            "aws_security_group.vpc_endpoint",
            "aws_subnet.private",
            "aws_vpc.main",
            "data.aws_availability_zones.available"
          ]
        }
      ]
    },
    {
      "mode": "managed",
      "type": "aws_vpc_endpoint",
      "name": "s3",
      "provider": "provider[\"registry.terraform.io/hashicorp/aws\"]",
      "instances": [
        {
          "schema_version": 0,
          "attributes": {
            "arn": "arn:aws:ec2:us-east-1:794038228127:vpc-endpoint/vpce-074e3532f9ce46a32",
            "auto_accept": null,
            "cidr_blocks": [
              "16.15.176.0/20",
              "16.182.0.0/16",
              "18.34.0.0/19",
              "52.216.0.0/15",
              "54.231.0.0/16",
              "3.5.0.0/19",
              "18.34.232.0/21",
              "16.15.192.0/18"
            ],
            "dns_entry": [],
            "dns_options": [],
            "id": "vpce-074e3532f9ce46a32",
            "ip_address_type": "",
            "network_interface_ids": [],
            "owner_id": "794038228127",
            "policy": "{\"Statement\":[{\"Action\":\"*\",\"Effect\":\"Allow\",\"Principal\":\"*\",\"Resource\":\"*\"}],\"Version\":\"2008-10-17\"}",
            "prefix_list_id": "pl-63a5400a",
            "private_dns_enabled": false,
            "requester_managed": false,
            "resource_configuration_arn": "",
            "route_table_ids": [
              "rtb-07e936fd5a79435d5",
              "rtb-0c8cec57ecb1453a4",
              "rtb-0fb06a963e27d497c"
            ],
            "security_group_ids": [],
            "service_name": "com.amazonaws.us-east-1.s3",
            "service_network_arn": "",
            "service_region": "us-east-1",
            "state": "available",
            "subnet_configuration": [],
            "subnet_ids": [],
            "tags": {
              "Environment": "prod",
              "ManagedBy": "Terraform",
              "Name": "rapro-prod-s3-endpoint",
              "Project": "rapro"
            },
            "tags_all": {
              "Environment": "prod",
              "ManagedBy": "Terraform",
              "Name": "rapro-prod-s3-endpoint",
              "Project": "rapro"
            },
            "timeouts": null,
            "vpc_endpoint_type": "Gateway",
            "vpc_id": "vpc-09aa8258d53221483"
          },
          "sensitive_attributes": [],
          "identity_schema_version": 0,
          "private": "eyJlMmJmYjczMC1lY2FhLTExZTYtOGY4OC0zNDM2M2JjN2M0YzAiOnsiY3JlYXRlIjo2MDAwMDAwMDAwMDAsImRlbGV0ZSI6NjAwMDAwMDAwMDAwLCJ1cGRhdGUiOjYwMDAwMDAwMDAwMH19",
          "dependencies": [
            "aws_vpc.main"
          ]
        }
      ]
    },
    {
      "mode": "managed",
      "type": "aws_vpc_endpoint_route_table_association",
      "name": "s3_private",
      "provider": "provider[\"registry.terraform.io/hashicorp/aws\"]",
      "instances": [
        {
          "index_key": 0,
          "schema_version": 0,
          "attributes": {
            "id": "a-vpce-074e3532f9ce46a322343047296",
            "route_table_id": "rtb-0c8cec57ecb1453a4",
            "vpc_endpoint_id": "vpce-074e3532f9ce46a32"
          },
          "sensitive_attributes": [],
          "identity_schema_version": 0,
          "private": "bnVsbA==",
          "dependencies": [
            "aws_eip.nat",
            "aws_internet_gateway.main",
            "aws_nat_gateway.main",
            "aws_route_table.private",
            "aws_subnet.public",
            "aws_vpc.main",
            "aws_vpc_endpoint.s3",
            "data.aws_availability_zones.available"
          ]
        },
        {
          "index_key": 1,
          "schema_version": 0,
          "attributes": {
            "id": "a-vpce-074e3532f9ce46a321490267649",
            "route_table_id": "rtb-0fb06a963e27d497c",
            "vpc_endpoint_id": "vpce-074e3532f9ce46a32"
          },
          "sensitive_attributes": [],
          "identity_schema_version": 0,
          "private": "bnVsbA==",
          "dependencies": [
            "aws_eip.nat",
            "aws_internet_gateway.main",
            "aws_nat_gateway.main",
            "aws_route_table.private",
            "aws_subnet.public",
            "aws_vpc.main",
            "aws_vpc_endpoint.s3",
            "data.aws_availability_zones.available"
          ]
        }
      ]
    },
    {
      "mode": "managed",
      "type": "aws_vpc_endpoint_route_table_association",
      "name": "s3_public",
      "provider": "provider[\"registry.terraform.io/hashicorp/aws\"]",
      "instances": [
        {
          "schema_version": 0,
          "attributes": {
            "id": "a-vpce-074e3532f9ce46a32687650126",
            "route_table_id": "rtb-07e936fd5a79435d5",
            "vpc_endpoint_id": "vpce-074e3532f9ce46a32"
          },
          "sensitive_attributes": [],
          "identity_schema_version": 0,
          "private": "bnVsbA==",
          "dependencies": [
            "aws_internet_gateway.main",
            "aws_route_table.public",
            "aws_vpc.main",
            "aws_vpc_endpoint.s3"
          ]
        }
      ]
    },
    {
      "mode": "managed",
      "type": "random_password",
      "name": "db_password",
      "provider": "provider[\"registry.terraform.io/hashicorp/random\"]",
      "instances": [
        {
          "schema_version": 3,
          "attributes": {
            "bcrypt_hash": "$2a$10$0hbQurz0YPAHtBYBegBUJ.FZXzK5tS6RJGyW4Hl93o/j3ratTrZkS",
            "id": "none",
            "keepers": null,
            "length": 32,
            "lower": true,
            "min_lower": 0,
            "min_numeric": 0,
            "min_special": 0,
            "min_upper": 0,
            "number": true,
            "numeric": true,
            "override_special": null,
            "result": "Md22%0#]!#ku5:Rcp3EShK(!(pVUy(_Q",
            "special": true,
            "upper": true
          },
          "sensitive_attributes": [
            [
              {
                "type": "get_attr",
                "value": "bcrypt_hash"
              }
            ],
            [
              {
                "type": "get_attr",
                "value": "result"
              }
            ]
          ],
          "identity_schema_version": 0
        }
      ]
    },
    {
      "mode": "managed",
      "type": "random_password",
      "name": "django_secret_key",
      "provider": "provider[\"registry.terraform.io/hashicorp/random\"]",
      "instances": [
        {
          "schema_version": 3,
          "attributes": {
            "bcrypt_hash": "$2a$10$EwkBZkeuzCs35c2RE3gsQuz7r/pLhnkJfos9wgkX1GcZlfv2HrWVu",
            "id": "none",
            "keepers": null,
            "length": 50,
            "lower": true,
            "min_lower": 0,
            "min_numeric": 0,
            "min_special": 0,
            "min_upper": 0,
            "number": true,
            "numeric": true,
            "override_special": null,
            "result": "15\u00260!@er7?9aQ:i3g}1@JI(AyT60CW\u003eS_D\u0026i1bB?()K3bQNb??",
            "special": true,
            "upper": true
          },
          "sensitive_attributes": [
            [
              {
                "type": "get_attr",
                "value": "bcrypt_hash"
              }
            ],
            [
              {
                "type": "get_attr",
                "value": "result"
              }
            ]
          ],
          "identity_schema_version": 0
        }
      ]
    }
  ],
  "check_results": null
}
